{
  "version": 4,
  "terraform_version": "1.6.6",
  "serial": 902,
  "lineage": "5fb284f2-dc0d-0325-8351-4b1949b32326",
  "outputs": {},
  "resources": [
    {
      "mode": "managed",
      "type": "google_artifact_registry_repository",
      "name": "challenge_repository",
      "provider": "provider[\"registry.terraform.io/hashicorp/google-beta\"]",
      "instances": [
        {
          "index_key": "challenge00",
          "schema_version": 0,
          "attributes": {
            "cleanup_policies": [],
            "cleanup_policy_dry_run": false,
            "create_time": "2023-12-23T16:48:51.131001Z",
            "description": "challenge00 challenge repository",
            "docker_config": [],
            "effective_labels": {},
            "format": "DOCKER",
            "id": "projects/potluck-ctf/locations/europe-west3/repositories/challenge00-repository",
            "kms_key_name": "",
            "labels": {},
            "location": "europe-west3",
            "maven_config": [],
            "mode": "STANDARD_REPOSITORY",
            "name": "challenge00-repository",
            "project": "potluck-ctf",
            "remote_repository_config": [],
            "repository_id": "challenge00-repository",
            "terraform_labels": {},
            "timeouts": null,
            "update_time": "2023-12-23T17:06:30.070645Z",
            "virtual_repository_config": []
          },
          "sensitive_attributes": [],
          "private": "eyJlMmJmYjczMC1lY2FhLTExZTYtOGY4OC0zNDM2M2JjN2M0YzAiOnsiY3JlYXRlIjoxMjAwMDAwMDAwMDAwLCJkZWxldGUiOjEyMDAwMDAwMDAwMDAsInVwZGF0ZSI6MTIwMDAwMDAwMDAwMH19"
        },
        {
          "index_key": "challenge01",
          "schema_version": 0,
          "attributes": {
            "cleanup_policies": [],
            "cleanup_policy_dry_run": false,
            "create_time": "2023-12-23T18:46:26.356190Z",
            "description": "challenge01 challenge repository",
            "docker_config": [],
            "effective_labels": {},
            "format": "DOCKER",
            "id": "projects/potluck-ctf/locations/europe-west3/repositories/challenge01-repository",
            "kms_key_name": "",
            "labels": {},
            "location": "europe-west3",
            "maven_config": [],
            "mode": "STANDARD_REPOSITORY",
            "name": "challenge01-repository",
            "project": "potluck-ctf",
            "remote_repository_config": [],
            "repository_id": "challenge01-repository",
            "terraform_labels": {},
            "timeouts": null,
            "update_time": "2023-12-26T20:59:30.249417Z",
            "virtual_repository_config": []
          },
          "sensitive_attributes": [],
          "private": "eyJlMmJmYjczMC1lY2FhLTExZTYtOGY4OC0zNDM2M2JjN2M0YzAiOnsiY3JlYXRlIjoxMjAwMDAwMDAwMDAwLCJkZWxldGUiOjEyMDAwMDAwMDAwMDAsInVwZGF0ZSI6MTIwMDAwMDAwMDAwMH19"
        },
        {
          "index_key": "challenge03",
          "schema_version": 0,
          "attributes": {
            "cleanup_policies": [],
            "cleanup_policy_dry_run": false,
            "create_time": "2023-12-23T18:46:05.499417Z",
            "description": "challenge03 challenge repository",
            "docker_config": [],
            "effective_labels": {},
            "format": "DOCKER",
            "id": "projects/potluck-ctf/locations/europe-west3/repositories/challenge03-repository",
            "kms_key_name": "",
            "labels": {},
            "location": "europe-west3",
            "maven_config": [],
            "mode": "STANDARD_REPOSITORY",
            "name": "challenge03-repository",
            "project": "potluck-ctf",
            "remote_repository_config": [],
            "repository_id": "challenge03-repository",
            "terraform_labels": {},
            "timeouts": null,
            "update_time": "2023-12-23T21:55:21.110013Z",
            "virtual_repository_config": []
          },
          "sensitive_attributes": [],
          "private": "eyJlMmJmYjczMC1lY2FhLTExZTYtOGY4OC0zNDM2M2JjN2M0YzAiOnsiY3JlYXRlIjoxMjAwMDAwMDAwMDAwLCJkZWxldGUiOjEyMDAwMDAwMDAwMDAsInVwZGF0ZSI6MTIwMDAwMDAwMDAwMH19"
        },
        {
          "index_key": "challenge05",
          "schema_version": 0,
          "attributes": {
            "cleanup_policies": [],
            "cleanup_policy_dry_run": false,
            "create_time": "2023-12-23T18:46:25.886244Z",
            "description": "challenge05 challenge repository",
            "docker_config": [],
            "effective_labels": {},
            "format": "DOCKER",
            "id": "projects/potluck-ctf/locations/europe-west3/repositories/challenge05-repository",
            "kms_key_name": "",
            "labels": {},
            "location": "europe-west3",
            "maven_config": [],
            "mode": "STANDARD_REPOSITORY",
            "name": "challenge05-repository",
            "project": "potluck-ctf",
            "remote_repository_config": [],
            "repository_id": "challenge05-repository",
            "terraform_labels": {},
            "timeouts": null,
            "update_time": "2023-12-23T21:56:25.829786Z",
            "virtual_repository_config": []
          },
          "sensitive_attributes": [],
          "private": "eyJlMmJmYjczMC1lY2FhLTExZTYtOGY4OC0zNDM2M2JjN2M0YzAiOnsiY3JlYXRlIjoxMjAwMDAwMDAwMDAwLCJkZWxldGUiOjEyMDAwMDAwMDAwMDAsInVwZGF0ZSI6MTIwMDAwMDAwMDAwMH19"
        },
        {
          "index_key": "challenge06",
          "schema_version": 0,
          "attributes": {
            "cleanup_policies": [],
            "cleanup_policy_dry_run": false,
            "create_time": "2023-12-23T22:17:28.122804Z",
            "description": "challenge06 challenge repository",
            "docker_config": [],
            "effective_labels": {},
            "format": "DOCKER",
            "id": "projects/potluck-ctf/locations/europe-west3/repositories/challenge06-repository",
            "kms_key_name": "",
            "labels": {},
            "location": "europe-west3",
            "maven_config": [],
            "mode": "STANDARD_REPOSITORY",
            "name": "challenge06-repository",
            "project": "potluck-ctf",
            "remote_repository_config": [],
            "repository_id": "challenge06-repository",
            "terraform_labels": {},
            "timeouts": null,
            "update_time": "2023-12-23T22:19:13.301351Z",
            "virtual_repository_config": []
          },
          "sensitive_attributes": [],
          "private": "eyJlMmJmYjczMC1lY2FhLTExZTYtOGY4OC0zNDM2M2JjN2M0YzAiOnsiY3JlYXRlIjoxMjAwMDAwMDAwMDAwLCJkZWxldGUiOjEyMDAwMDAwMDAwMDAsInVwZGF0ZSI6MTIwMDAwMDAwMDAwMH19"
        },
        {
          "index_key": "challenge07",
          "schema_version": 0,
          "attributes": {
            "cleanup_policies": [],
            "cleanup_policy_dry_run": false,
            "create_time": "2023-12-23T18:46:15.890567Z",
            "description": "challenge07 challenge repository",
            "docker_config": [],
            "effective_labels": {},
            "format": "DOCKER",
            "id": "projects/potluck-ctf/locations/europe-west3/repositories/challenge07-repository",
            "kms_key_name": "",
            "labels": {},
            "location": "europe-west3",
            "maven_config": [],
            "mode": "STANDARD_REPOSITORY",
            "name": "challenge07-repository",
            "project": "potluck-ctf",
            "remote_repository_config": [],
            "repository_id": "challenge07-repository",
            "terraform_labels": {},
            "timeouts": null,
            "update_time": "2023-12-26T17:55:04.989282Z",
            "virtual_repository_config": []
          },
          "sensitive_attributes": [],
          "private": "eyJlMmJmYjczMC1lY2FhLTExZTYtOGY4OC0zNDM2M2JjN2M0YzAiOnsiY3JlYXRlIjoxMjAwMDAwMDAwMDAwLCJkZWxldGUiOjEyMDAwMDAwMDAwMDAsInVwZGF0ZSI6MTIwMDAwMDAwMDAwMH19"
        },
        {
          "index_key": "challenge09",
          "schema_version": 0,
          "attributes": {
            "cleanup_policies": [],
            "cleanup_policy_dry_run": false,
            "create_time": "2023-12-23T18:46:06.601944Z",
            "description": "challenge09 challenge repository",
            "docker_config": [],
            "effective_labels": {},
            "format": "DOCKER",
            "id": "projects/potluck-ctf/locations/europe-west3/repositories/challenge09-repository",
            "kms_key_name": "",
            "labels": {},
            "location": "europe-west3",
            "maven_config": [],
            "mode": "STANDARD_REPOSITORY",
            "name": "challenge09-repository",
            "project": "potluck-ctf",
            "remote_repository_config": [],
            "repository_id": "challenge09-repository",
            "terraform_labels": {},
            "timeouts": null,
            "update_time": "2023-12-25T15:57:58.347945Z",
            "virtual_repository_config": []
          },
          "sensitive_attributes": [],
          "private": "eyJlMmJmYjczMC1lY2FhLTExZTYtOGY4OC0zNDM2M2JjN2M0YzAiOnsiY3JlYXRlIjoxMjAwMDAwMDAwMDAwLCJkZWxldGUiOjEyMDAwMDAwMDAwMDAsInVwZGF0ZSI6MTIwMDAwMDAwMDAwMH19"
        },
        {
          "index_key": "challenge11",
          "schema_version": 0,
          "attributes": {
            "cleanup_policies": [],
            "cleanup_policy_dry_run": false,
            "create_time": "2023-12-23T18:46:15.816596Z",
            "description": "challenge11 challenge repository",
            "docker_config": [],
            "effective_labels": {},
            "format": "DOCKER",
            "id": "projects/potluck-ctf/locations/europe-west3/repositories/challenge11-repository",
            "kms_key_name": "",
            "labels": {},
            "location": "europe-west3",
            "maven_config": [],
            "mode": "STANDARD_REPOSITORY",
            "name": "challenge11-repository",
            "project": "potluck-ctf",
            "remote_repository_config": [],
            "repository_id": "challenge11-repository",
            "terraform_labels": {},
            "timeouts": null,
            "update_time": "2023-12-23T18:46:15.816596Z",
            "virtual_repository_config": []
          },
          "sensitive_attributes": [],
          "private": "eyJlMmJmYjczMC1lY2FhLTExZTYtOGY4OC0zNDM2M2JjN2M0YzAiOnsiY3JlYXRlIjoxMjAwMDAwMDAwMDAwLCJkZWxldGUiOjEyMDAwMDAwMDAwMDAsInVwZGF0ZSI6MTIwMDAwMDAwMDAwMH19"
        },
        {
          "index_key": "challenge12",
          "schema_version": 0,
          "attributes": {
            "cleanup_policies": [],
            "cleanup_policy_dry_run": false,
            "create_time": "2023-12-23T18:46:15.987364Z",
            "description": "challenge12 challenge repository",
            "docker_config": [],
            "effective_labels": {},
            "format": "DOCKER",
            "id": "projects/potluck-ctf/locations/europe-west3/repositories/challenge12-repository",
            "kms_key_name": "",
            "labels": {},
            "location": "europe-west3",
            "maven_config": [],
            "mode": "STANDARD_REPOSITORY",
            "name": "challenge12-repository",
            "project": "potluck-ctf",
            "remote_repository_config": [],
            "repository_id": "challenge12-repository",
            "terraform_labels": {},
            "timeouts": null,
            "update_time": "2023-12-26T16:43:11.248625Z",
            "virtual_repository_config": []
          },
          "sensitive_attributes": [],
          "private": "eyJlMmJmYjczMC1lY2FhLTExZTYtOGY4OC0zNDM2M2JjN2M0YzAiOnsiY3JlYXRlIjoxMjAwMDAwMDAwMDAwLCJkZWxldGUiOjEyMDAwMDAwMDAwMDAsInVwZGF0ZSI6MTIwMDAwMDAwMDAwMH19"
        },
        {
          "index_key": "challenge13",
          "schema_version": 0,
          "attributes": {
            "cleanup_policies": [],
            "cleanup_policy_dry_run": false,
            "create_time": "2023-12-23T18:46:15.494934Z",
            "description": "challenge13 challenge repository",
            "docker_config": [],
            "effective_labels": {},
            "format": "DOCKER",
            "id": "projects/potluck-ctf/locations/europe-west3/repositories/challenge13-repository",
            "kms_key_name": "",
            "labels": {},
            "location": "europe-west3",
            "maven_config": [],
            "mode": "STANDARD_REPOSITORY",
            "name": "challenge13-repository",
            "project": "potluck-ctf",
            "remote_repository_config": [],
            "repository_id": "challenge13-repository",
            "terraform_labels": {},
            "timeouts": null,
            "update_time": "2023-12-26T22:43:01.503521Z",
            "virtual_repository_config": []
          },
          "sensitive_attributes": [],
          "private": "eyJlMmJmYjczMC1lY2FhLTExZTYtOGY4OC0zNDM2M2JjN2M0YzAiOnsiY3JlYXRlIjoxMjAwMDAwMDAwMDAwLCJkZWxldGUiOjEyMDAwMDAwMDAwMDAsInVwZGF0ZSI6MTIwMDAwMDAwMDAwMH19"
        },
        {
          "index_key": "challenge15",
          "schema_version": 0,
          "attributes": {
            "cleanup_policies": [],
            "cleanup_policy_dry_run": false,
            "create_time": "2023-12-23T18:46:05.014032Z",
            "description": "challenge15 challenge repository",
            "docker_config": [],
            "effective_labels": {},
            "format": "DOCKER",
            "id": "projects/potluck-ctf/locations/europe-west3/repositories/challenge15-repository",
            "kms_key_name": "",
            "labels": {},
            "location": "europe-west3",
            "maven_config": [],
            "mode": "STANDARD_REPOSITORY",
            "name": "challenge15-repository",
            "project": "potluck-ctf",
            "remote_repository_config": [],
            "repository_id": "challenge15-repository",
            "terraform_labels": {},
            "timeouts": null,
            "update_time": "2023-12-26T17:54:24.930264Z",
            "virtual_repository_config": []
          },
          "sensitive_attributes": [],
          "private": "eyJlMmJmYjczMC1lY2FhLTExZTYtOGY4OC0zNDM2M2JjN2M0YzAiOnsiY3JlYXRlIjoxMjAwMDAwMDAwMDAwLCJkZWxldGUiOjEyMDAwMDAwMDAwMDAsInVwZGF0ZSI6MTIwMDAwMDAwMDAwMH19"
        },
        {
          "index_key": "challenge18",
          "schema_version": 0,
          "attributes": {
            "cleanup_policies": [],
            "cleanup_policy_dry_run": false,
            "create_time": "2023-12-23T18:46:17.047898Z",
            "description": "challenge18 challenge repository",
            "docker_config": [],
            "effective_labels": {},
            "format": "DOCKER",
            "id": "projects/potluck-ctf/locations/europe-west3/repositories/challenge18-repository",
            "kms_key_name": "",
            "labels": {},
            "location": "europe-west3",
            "maven_config": [],
            "mode": "STANDARD_REPOSITORY",
            "name": "challenge18-repository",
            "project": "potluck-ctf",
            "remote_repository_config": [],
            "repository_id": "challenge18-repository",
            "terraform_labels": {},
            "timeouts": null,
            "update_time": "2023-12-23T22:34:16.339251Z",
            "virtual_repository_config": []
          },
          "sensitive_attributes": [],
          "private": "eyJlMmJmYjczMC1lY2FhLTExZTYtOGY4OC0zNDM2M2JjN2M0YzAiOnsiY3JlYXRlIjoxMjAwMDAwMDAwMDAwLCJkZWxldGUiOjEyMDAwMDAwMDAwMDAsInVwZGF0ZSI6MTIwMDAwMDAwMDAwMH19"
        },
        {
          "index_key": "challenge19",
          "schema_version": 0,
          "attributes": {
            "cleanup_policies": [],
            "cleanup_policy_dry_run": false,
            "create_time": "2023-12-23T18:46:27.849291Z",
            "description": "challenge19 challenge repository",
            "docker_config": [],
            "effective_labels": {},
            "format": "DOCKER",
            "id": "projects/potluck-ctf/locations/europe-west3/repositories/challenge19-repository",
            "kms_key_name": "",
            "labels": {},
            "location": "europe-west3",
            "maven_config": [],
            "mode": "STANDARD_REPOSITORY",
            "name": "challenge19-repository",
            "project": "potluck-ctf",
            "remote_repository_config": [],
            "repository_id": "challenge19-repository",
            "terraform_labels": {},
            "timeouts": null,
            "update_time": "2023-12-25T21:52:09.911253Z",
            "virtual_repository_config": []
          },
          "sensitive_attributes": [],
          "private": "eyJlMmJmYjczMC1lY2FhLTExZTYtOGY4OC0zNDM2M2JjN2M0YzAiOnsiY3JlYXRlIjoxMjAwMDAwMDAwMDAwLCJkZWxldGUiOjEyMDAwMDAwMDAwMDAsInVwZGF0ZSI6MTIwMDAwMDAwMDAwMH19"
        },
        {
          "index_key": "challenge21",
          "schema_version": 0,
          "attributes": {
            "cleanup_policies": [],
            "cleanup_policy_dry_run": false,
            "create_time": "2023-12-23T18:46:17.302034Z",
            "description": "challenge21 challenge repository",
            "docker_config": [],
            "effective_labels": {},
            "format": "DOCKER",
            "id": "projects/potluck-ctf/locations/europe-west3/repositories/challenge21-repository",
            "kms_key_name": "",
            "labels": {},
            "location": "europe-west3",
            "maven_config": [],
            "mode": "STANDARD_REPOSITORY",
            "name": "challenge21-repository",
            "project": "potluck-ctf",
            "remote_repository_config": [],
            "repository_id": "challenge21-repository",
            "terraform_labels": {},
            "timeouts": null,
            "update_time": "2023-12-26T14:52:50.181531Z",
            "virtual_repository_config": []
          },
          "sensitive_attributes": [],
          "private": "eyJlMmJmYjczMC1lY2FhLTExZTYtOGY4OC0zNDM2M2JjN2M0YzAiOnsiY3JlYXRlIjoxMjAwMDAwMDAwMDAwLCJkZWxldGUiOjEyMDAwMDAwMDAwMDAsInVwZGF0ZSI6MTIwMDAwMDAwMDAwMH19"
        },
        {
          "index_key": "challenge22",
          "schema_version": 0,
          "attributes": {
            "cleanup_policies": [],
            "cleanup_policy_dry_run": false,
            "create_time": "2023-12-23T18:46:16.127264Z",
            "description": "challenge22 challenge repository",
            "docker_config": [],
            "effective_labels": {},
            "format": "DOCKER",
            "id": "projects/potluck-ctf/locations/europe-west3/repositories/challenge22-repository",
            "kms_key_name": "",
            "labels": {},
            "location": "europe-west3",
            "maven_config": [],
            "mode": "STANDARD_REPOSITORY",
            "name": "challenge22-repository",
            "project": "potluck-ctf",
            "remote_repository_config": [],
            "repository_id": "challenge22-repository",
            "terraform_labels": {},
            "timeouts": null,
            "update_time": "2023-12-26T16:50:23.415373Z",
            "virtual_repository_config": []
          },
          "sensitive_attributes": [],
          "private": "eyJlMmJmYjczMC1lY2FhLTExZTYtOGY4OC0zNDM2M2JjN2M0YzAiOnsiY3JlYXRlIjoxMjAwMDAwMDAwMDAwLCJkZWxldGUiOjEyMDAwMDAwMDAwMDAsInVwZGF0ZSI6MTIwMDAwMDAwMDAwMH19"
        },
        {
          "index_key": "challenge24",
          "schema_version": 0,
          "attributes": {
            "cleanup_policies": [],
            "cleanup_policy_dry_run": false,
            "create_time": "2023-12-23T18:46:26.344158Z",
            "description": "challenge24 challenge repository",
            "docker_config": [],
            "effective_labels": {},
            "format": "DOCKER",
            "id": "projects/potluck-ctf/locations/europe-west3/repositories/challenge24-repository",
            "kms_key_name": "",
            "labels": {},
            "location": "europe-west3",
            "maven_config": [],
            "mode": "STANDARD_REPOSITORY",
            "name": "challenge24-repository",
            "project": "potluck-ctf",
            "remote_repository_config": [],
            "repository_id": "challenge24-repository",
            "terraform_labels": {},
            "timeouts": null,
            "update_time": "2023-12-25T18:18:46.483092Z",
            "virtual_repository_config": []
          },
          "sensitive_attributes": [],
          "private": "eyJlMmJmYjczMC1lY2FhLTExZTYtOGY4OC0zNDM2M2JjN2M0YzAiOnsiY3JlYXRlIjoxMjAwMDAwMDAwMDAwLCJkZWxldGUiOjEyMDAwMDAwMDAwMDAsInVwZGF0ZSI6MTIwMDAwMDAwMDAwMH19"
        },
        {
          "index_key": "challenge25",
          "schema_version": 0,
          "attributes": {
            "cleanup_policies": [],
            "cleanup_policy_dry_run": false,
            "create_time": "2023-12-23T18:46:05.512994Z",
            "description": "challenge25 challenge repository",
            "docker_config": [],
            "effective_labels": {},
            "format": "DOCKER",
            "id": "projects/potluck-ctf/locations/europe-west3/repositories/challenge25-repository",
            "kms_key_name": "",
            "labels": {},
            "location": "europe-west3",
            "maven_config": [],
            "mode": "STANDARD_REPOSITORY",
            "name": "challenge25-repository",
            "project": "potluck-ctf",
            "remote_repository_config": [],
            "repository_id": "challenge25-repository",
            "terraform_labels": {},
            "timeouts": null,
            "update_time": "2023-12-23T18:46:05.512994Z",
            "virtual_repository_config": []
          },
          "sensitive_attributes": [],
          "private": "eyJlMmJmYjczMC1lY2FhLTExZTYtOGY4OC0zNDM2M2JjN2M0YzAiOnsiY3JlYXRlIjoxMjAwMDAwMDAwMDAwLCJkZWxldGUiOjEyMDAwMDAwMDAwMDAsInVwZGF0ZSI6MTIwMDAwMDAwMDAwMH19"
        },
        {
          "index_key": "challenge26",
          "schema_version": 0,
          "attributes": {
            "cleanup_policies": [],
            "cleanup_policy_dry_run": false,
            "create_time": "2023-12-23T18:46:06.570835Z",
            "description": "challenge26 challenge repository",
            "docker_config": [],
            "effective_labels": {},
            "format": "DOCKER",
            "id": "projects/potluck-ctf/locations/europe-west3/repositories/challenge26-repository",
            "kms_key_name": "",
            "labels": {},
            "location": "europe-west3",
            "maven_config": [],
            "mode": "STANDARD_REPOSITORY",
            "name": "challenge26-repository",
            "project": "potluck-ctf",
            "remote_repository_config": [],
            "repository_id": "challenge26-repository",
            "terraform_labels": {},
            "timeouts": null,
            "update_time": "2023-12-26T18:11:30.560109Z",
            "virtual_repository_config": []
          },
          "sensitive_attributes": [],
          "private": "eyJlMmJmYjczMC1lY2FhLTExZTYtOGY4OC0zNDM2M2JjN2M0YzAiOnsiY3JlYXRlIjoxMjAwMDAwMDAwMDAwLCJkZWxldGUiOjEyMDAwMDAwMDAwMDAsInVwZGF0ZSI6MTIwMDAwMDAwMDAwMH19"
        },
        {
          "index_key": "challenge27",
          "schema_version": 0,
          "attributes": {
            "cleanup_policies": [],
            "cleanup_policy_dry_run": false,
            "create_time": "2023-12-23T18:46:26.493969Z",
            "description": "challenge27 challenge repository",
            "docker_config": [],
            "effective_labels": {},
            "format": "DOCKER",
            "id": "projects/potluck-ctf/locations/europe-west3/repositories/challenge27-repository",
            "kms_key_name": "",
            "labels": {},
            "location": "europe-west3",
            "maven_config": [],
            "mode": "STANDARD_REPOSITORY",
            "name": "challenge27-repository",
            "project": "potluck-ctf",
            "remote_repository_config": [],
            "repository_id": "challenge27-repository",
            "terraform_labels": {},
            "timeouts": null,
            "update_time": "2023-12-25T18:28:16.127817Z",
            "virtual_repository_config": []
          },
          "sensitive_attributes": [],
          "private": "eyJlMmJmYjczMC1lY2FhLTExZTYtOGY4OC0zNDM2M2JjN2M0YzAiOnsiY3JlYXRlIjoxMjAwMDAwMDAwMDAwLCJkZWxldGUiOjEyMDAwMDAwMDAwMDAsInVwZGF0ZSI6MTIwMDAwMDAwMDAwMH19"
        },
        {
          "index_key": "challenge28",
          "schema_version": 0,
          "attributes": {
            "cleanup_policies": [],
            "cleanup_policy_dry_run": false,
            "create_time": "2023-12-23T18:46:26.577063Z",
            "description": "challenge28 challenge repository",
            "docker_config": [],
            "effective_labels": {},
            "format": "DOCKER",
            "id": "projects/potluck-ctf/locations/europe-west3/repositories/challenge28-repository",
            "kms_key_name": "",
            "labels": {},
            "location": "europe-west3",
            "maven_config": [],
            "mode": "STANDARD_REPOSITORY",
            "name": "challenge28-repository",
            "project": "potluck-ctf",
            "remote_repository_config": [],
            "repository_id": "challenge28-repository",
            "terraform_labels": {},
            "timeouts": null,
            "update_time": "2023-12-25T16:29:40.827278Z",
            "virtual_repository_config": []
          },
          "sensitive_attributes": [],
          "private": "eyJlMmJmYjczMC1lY2FhLTExZTYtOGY4OC0zNDM2M2JjN2M0YzAiOnsiY3JlYXRlIjoxMjAwMDAwMDAwMDAwLCJkZWxldGUiOjEyMDAwMDAwMDAwMDAsInVwZGF0ZSI6MTIwMDAwMDAwMDAwMH19"
        },
        {
          "index_key": "challenge29",
          "schema_version": 0,
          "attributes": {
            "cleanup_policies": [],
            "cleanup_policy_dry_run": false,
            "create_time": "2023-12-23T22:43:56.004913Z",
            "description": "challenge29 challenge repository",
            "docker_config": [],
            "effective_labels": {},
            "format": "DOCKER",
            "id": "projects/potluck-ctf/locations/europe-west3/repositories/challenge29-repository",
            "kms_key_name": "",
            "labels": {},
            "location": "europe-west3",
            "maven_config": [],
            "mode": "STANDARD_REPOSITORY",
            "name": "challenge29-repository",
            "project": "potluck-ctf",
            "remote_repository_config": [],
            "repository_id": "challenge29-repository",
            "terraform_labels": {},
            "timeouts": null,
            "update_time": "2023-12-26T17:01:57.089091Z",
            "virtual_repository_config": []
          },
          "sensitive_attributes": [],
          "private": "eyJlMmJmYjczMC1lY2FhLTExZTYtOGY4OC0zNDM2M2JjN2M0YzAiOnsiY3JlYXRlIjoxMjAwMDAwMDAwMDAwLCJkZWxldGUiOjEyMDAwMDAwMDAwMDAsInVwZGF0ZSI6MTIwMDAwMDAwMDAwMH19"
        }
      ]
    },
    {
      "mode": "managed",
      "type": "google_artifact_registry_repository_iam_member",
      "name": "member",
      "provider": "provider[\"registry.terraform.io/hashicorp/google-beta\"]",
      "instances": [
        {
          "index_key": "challenge00",
          "schema_version": 0,
          "attributes": {
            "condition": [],
            "etag": "BwYNMBwijII=",
            "id": "projects/potluck-ctf/locations/europe-west3/repositories/challenge00-repository/roles/artifactregistry.reader/serviceAccount:challenge00-service-account@potluck-ctf.iam.gserviceaccount.com",
            "location": "europe-west3",
            "member": "serviceAccount:challenge00-service-account@potluck-ctf.iam.gserviceaccount.com",
            "project": "potluck-ctf",
            "repository": "projects/potluck-ctf/locations/europe-west3/repositories/challenge00-repository",
            "role": "roles/artifactregistry.reader"
          },
          "sensitive_attributes": [],
          "private": "bnVsbA==",
          "dependencies": [
            "google_artifact_registry_repository.challenge_repository",
            "google_service_account.challenge_service_account"
          ]
        },
        {
          "index_key": "challenge01",
          "schema_version": 0,
          "attributes": {
            "condition": [],
            "etag": "BwYNMdUBLCI=",
            "id": "projects/potluck-ctf/locations/europe-west3/repositories/challenge01-repository/roles/artifactregistry.reader/serviceAccount:challenge01-service-account@potluck-ctf.iam.gserviceaccount.com",
            "location": "europe-west3",
            "member": "serviceAccount:challenge01-service-account@potluck-ctf.iam.gserviceaccount.com",
            "project": "potluck-ctf",
            "repository": "projects/potluck-ctf/locations/europe-west3/repositories/challenge01-repository",
            "role": "roles/artifactregistry.reader"
          },
          "sensitive_attributes": [],
          "private": "bnVsbA==",
          "dependencies": [
            "google_artifact_registry_repository.challenge_repository",
            "google_service_account.challenge_service_account"
          ]
        },
        {
          "index_key": "challenge03",
          "schema_version": 0,
          "attributes": {
            "condition": [],
            "etag": "BwYNMdUEK/o=",
            "id": "projects/potluck-ctf/locations/europe-west3/repositories/challenge03-repository/roles/artifactregistry.reader/serviceAccount:challenge03-service-account@potluck-ctf.iam.gserviceaccount.com",
            "location": "europe-west3",
            "member": "serviceAccount:challenge03-service-account@potluck-ctf.iam.gserviceaccount.com",
            "project": "potluck-ctf",
            "repository": "projects/potluck-ctf/locations/europe-west3/repositories/challenge03-repository",
            "role": "roles/artifactregistry.reader"
          },
          "sensitive_attributes": [],
          "private": "bnVsbA==",
          "dependencies": [
            "google_artifact_registry_repository.challenge_repository",
            "google_service_account.challenge_service_account"
          ]
        },
        {
          "index_key": "challenge05",
          "schema_version": 0,
          "attributes": {
            "condition": [],
            "etag": "BwYNMdS+C+4=",
            "id": "projects/potluck-ctf/locations/europe-west3/repositories/challenge05-repository/roles/artifactregistry.reader/serviceAccount:challenge05-service-account@potluck-ctf.iam.gserviceaccount.com",
            "location": "europe-west3",
            "member": "serviceAccount:challenge05-service-account@potluck-ctf.iam.gserviceaccount.com",
            "project": "potluck-ctf",
            "repository": "projects/potluck-ctf/locations/europe-west3/repositories/challenge05-repository",
            "role": "roles/artifactregistry.reader"
          },
          "sensitive_attributes": [],
          "private": "bnVsbA==",
          "dependencies": [
            "google_artifact_registry_repository.challenge_repository",
            "google_service_account.challenge_service_account"
          ]
        },
        {
          "index_key": "challenge06",
          "schema_version": 0,
          "attributes": {
            "condition": [],
            "etag": "BwYNNLNVY10=",
            "id": "projects/potluck-ctf/locations/europe-west3/repositories/challenge06-repository/roles/artifactregistry.reader/serviceAccount:challenge06-service-account@potluck-ctf.iam.gserviceaccount.com",
            "location": "europe-west3",
            "member": "serviceAccount:challenge06-service-account@potluck-ctf.iam.gserviceaccount.com",
            "project": "potluck-ctf",
            "repository": "projects/potluck-ctf/locations/europe-west3/repositories/challenge06-repository",
            "role": "roles/artifactregistry.reader"
          },
          "sensitive_attributes": [],
          "private": "bnVsbA==",
          "dependencies": [
            "google_artifact_registry_repository.challenge_repository",
            "google_service_account.challenge_service_account"
          ]
        },
        {
          "index_key": "challenge07",
          "schema_version": 0,
          "attributes": {
            "condition": [],
            "etag": "BwYNMdUI1e4=",
            "id": "projects/potluck-ctf/locations/europe-west3/repositories/challenge07-repository/roles/artifactregistry.reader/serviceAccount:challenge07-service-account@potluck-ctf.iam.gserviceaccount.com",
            "location": "europe-west3",
            "member": "serviceAccount:challenge07-service-account@potluck-ctf.iam.gserviceaccount.com",
            "project": "potluck-ctf",
            "repository": "projects/potluck-ctf/locations/europe-west3/repositories/challenge07-repository",
            "role": "roles/artifactregistry.reader"
          },
          "sensitive_attributes": [],
          "private": "bnVsbA==",
          "dependencies": [
            "google_artifact_registry_repository.challenge_repository",
            "google_service_account.challenge_service_account"
          ]
        },
        {
          "index_key": "challenge09",
          "schema_version": 0,
          "attributes": {
            "condition": [],
            "etag": "BwYNMdS7DNs=",
            "id": "projects/potluck-ctf/locations/europe-west3/repositories/challenge09-repository/roles/artifactregistry.reader/serviceAccount:challenge09-service-account@potluck-ctf.iam.gserviceaccount.com",
            "location": "europe-west3",
            "member": "serviceAccount:challenge09-service-account@potluck-ctf.iam.gserviceaccount.com",
            "project": "potluck-ctf",
            "repository": "projects/potluck-ctf/locations/europe-west3/repositories/challenge09-repository",
            "role": "roles/artifactregistry.reader"
          },
          "sensitive_attributes": [],
          "private": "bnVsbA==",
          "dependencies": [
            "google_artifact_registry_repository.challenge_repository",
            "google_service_account.challenge_service_account"
          ]
        },
        {
          "index_key": "challenge11",
          "schema_version": 0,
          "attributes": {
            "condition": [],
            "etag": "BwYNMdS+D8c=",
            "id": "projects/potluck-ctf/locations/europe-west3/repositories/challenge11-repository/roles/artifactregistry.reader/serviceAccount:challenge11-service-account@potluck-ctf.iam.gserviceaccount.com",
            "location": "europe-west3",
            "member": "serviceAccount:challenge11-service-account@potluck-ctf.iam.gserviceaccount.com",
            "project": "potluck-ctf",
            "repository": "projects/potluck-ctf/locations/europe-west3/repositories/challenge11-repository",
            "role": "roles/artifactregistry.reader"
          },
          "sensitive_attributes": [],
          "private": "bnVsbA==",
          "dependencies": [
            "google_artifact_registry_repository.challenge_repository",
            "google_service_account.challenge_service_account"
          ]
        },
        {
          "index_key": "challenge12",
          "schema_version": 0,
          "attributes": {
            "condition": [],
            "etag": "BwYNMdS6/Qc=",
            "id": "projects/potluck-ctf/locations/europe-west3/repositories/challenge12-repository/roles/artifactregistry.reader/serviceAccount:challenge12-service-account@potluck-ctf.iam.gserviceaccount.com",
            "location": "europe-west3",
            "member": "serviceAccount:challenge12-service-account@potluck-ctf.iam.gserviceaccount.com",
            "project": "potluck-ctf",
            "repository": "projects/potluck-ctf/locations/europe-west3/repositories/challenge12-repository",
            "role": "roles/artifactregistry.reader"
          },
          "sensitive_attributes": [],
          "private": "bnVsbA==",
          "dependencies": [
            "google_artifact_registry_repository.challenge_repository",
            "google_service_account.challenge_service_account"
          ]
        },
        {
          "index_key": "challenge13",
          "schema_version": 0,
          "attributes": {
            "condition": [],
            "etag": "BwYNMdS/+a4=",
            "id": "projects/potluck-ctf/locations/europe-west3/repositories/challenge13-repository/roles/artifactregistry.reader/serviceAccount:challenge13-service-account@potluck-ctf.iam.gserviceaccount.com",
            "location": "europe-west3",
            "member": "serviceAccount:challenge13-service-account@potluck-ctf.iam.gserviceaccount.com",
            "project": "potluck-ctf",
            "repository": "projects/potluck-ctf/locations/europe-west3/repositories/challenge13-repository",
            "role": "roles/artifactregistry.reader"
          },
          "sensitive_attributes": [],
          "private": "bnVsbA==",
          "dependencies": [
            "google_artifact_registry_repository.challenge_repository",
            "google_service_account.challenge_service_account"
          ]
        },
        {
          "index_key": "challenge15",
          "schema_version": 0,
          "attributes": {
            "condition": [],
            "etag": "BwYNMdUEZ7k=",
            "id": "projects/potluck-ctf/locations/europe-west3/repositories/challenge15-repository/roles/artifactregistry.reader/serviceAccount:challenge15-service-account@potluck-ctf.iam.gserviceaccount.com",
            "location": "europe-west3",
            "member": "serviceAccount:challenge15-service-account@potluck-ctf.iam.gserviceaccount.com",
            "project": "potluck-ctf",
            "repository": "projects/potluck-ctf/locations/europe-west3/repositories/challenge15-repository",
            "role": "roles/artifactregistry.reader"
          },
          "sensitive_attributes": [],
          "private": "bnVsbA==",
          "dependencies": [
            "google_artifact_registry_repository.challenge_repository",
            "google_service_account.challenge_service_account"
          ]
        },
        {
          "index_key": "challenge18",
          "schema_version": 0,
          "attributes": {
            "condition": [],
            "etag": "BwYNMdUHkHk=",
            "id": "projects/potluck-ctf/locations/europe-west3/repositories/challenge18-repository/roles/artifactregistry.reader/serviceAccount:challenge18-service-account@potluck-ctf.iam.gserviceaccount.com",
            "location": "europe-west3",
            "member": "serviceAccount:challenge18-service-account@potluck-ctf.iam.gserviceaccount.com",
            "project": "potluck-ctf",
            "repository": "projects/potluck-ctf/locations/europe-west3/repositories/challenge18-repository",
            "role": "roles/artifactregistry.reader"
          },
          "sensitive_attributes": [],
          "private": "bnVsbA==",
          "dependencies": [
            "google_artifact_registry_repository.challenge_repository",
            "google_service_account.challenge_service_account"
          ]
        },
        {
          "index_key": "challenge19",
          "schema_version": 0,
          "attributes": {
            "condition": [],
            "etag": "BwYNMdS/lZQ=",
            "id": "projects/potluck-ctf/locations/europe-west3/repositories/challenge19-repository/roles/artifactregistry.reader/serviceAccount:challenge19-service-account@potluck-ctf.iam.gserviceaccount.com",
            "location": "europe-west3",
            "member": "serviceAccount:challenge19-service-account@potluck-ctf.iam.gserviceaccount.com",
            "project": "potluck-ctf",
            "repository": "projects/potluck-ctf/locations/europe-west3/repositories/challenge19-repository",
            "role": "roles/artifactregistry.reader"
          },
          "sensitive_attributes": [],
          "private": "bnVsbA==",
          "dependencies": [
            "google_artifact_registry_repository.challenge_repository",
            "google_service_account.challenge_service_account"
          ]
        },
        {
          "index_key": "challenge21",
          "schema_version": 0,
          "attributes": {
            "condition": [],
            "etag": "BwYNMdUKSts=",
            "id": "projects/potluck-ctf/locations/europe-west3/repositories/challenge21-repository/roles/artifactregistry.reader/serviceAccount:challenge21-service-account@potluck-ctf.iam.gserviceaccount.com",
            "location": "europe-west3",
            "member": "serviceAccount:challenge21-service-account@potluck-ctf.iam.gserviceaccount.com",
            "project": "potluck-ctf",
            "repository": "projects/potluck-ctf/locations/europe-west3/repositories/challenge21-repository",
            "role": "roles/artifactregistry.reader"
          },
          "sensitive_attributes": [],
          "private": "bnVsbA==",
          "dependencies": [
            "google_artifact_registry_repository.challenge_repository",
            "google_service_account.challenge_service_account"
          ]
        },
        {
          "index_key": "challenge22",
          "schema_version": 0,
          "attributes": {
            "condition": [],
            "etag": "BwYNMdT/ndo=",
            "id": "projects/potluck-ctf/locations/europe-west3/repositories/challenge22-repository/roles/artifactregistry.reader/serviceAccount:challenge22-service-account@potluck-ctf.iam.gserviceaccount.com",
            "location": "europe-west3",
            "member": "serviceAccount:challenge22-service-account@potluck-ctf.iam.gserviceaccount.com",
            "project": "potluck-ctf",
            "repository": "projects/potluck-ctf/locations/europe-west3/repositories/challenge22-repository",
            "role": "roles/artifactregistry.reader"
          },
          "sensitive_attributes": [],
          "private": "bnVsbA==",
          "dependencies": [
            "google_artifact_registry_repository.challenge_repository",
            "google_service_account.challenge_service_account"
          ]
        },
        {
          "index_key": "challenge24",
          "schema_version": 0,
          "attributes": {
            "condition": [],
            "etag": "BwYNMdS9+QQ=",
            "id": "projects/potluck-ctf/locations/europe-west3/repositories/challenge24-repository/roles/artifactregistry.reader/serviceAccount:challenge24-service-account@potluck-ctf.iam.gserviceaccount.com",
            "location": "europe-west3",
            "member": "serviceAccount:challenge24-service-account@potluck-ctf.iam.gserviceaccount.com",
            "project": "potluck-ctf",
            "repository": "projects/potluck-ctf/locations/europe-west3/repositories/challenge24-repository",
            "role": "roles/artifactregistry.reader"
          },
          "sensitive_attributes": [],
          "private": "bnVsbA==",
          "dependencies": [
            "google_artifact_registry_repository.challenge_repository",
            "google_service_account.challenge_service_account"
          ]
        },
        {
          "index_key": "challenge25",
          "schema_version": 0,
          "attributes": {
            "condition": [],
            "etag": "BwYNMdS+Frc=",
            "id": "projects/potluck-ctf/locations/europe-west3/repositories/challenge25-repository/roles/artifactregistry.reader/serviceAccount:challenge25-service-account@potluck-ctf.iam.gserviceaccount.com",
            "location": "europe-west3",
            "member": "serviceAccount:challenge25-service-account@potluck-ctf.iam.gserviceaccount.com",
            "project": "potluck-ctf",
            "repository": "projects/potluck-ctf/locations/europe-west3/repositories/challenge25-repository",
            "role": "roles/artifactregistry.reader"
          },
          "sensitive_attributes": [],
          "private": "bnVsbA==",
          "dependencies": [
            "google_artifact_registry_repository.challenge_repository",
            "google_service_account.challenge_service_account"
          ]
        },
        {
          "index_key": "challenge26",
          "schema_version": 0,
          "attributes": {
            "condition": [],
            "etag": "BwYNMdS7AbE=",
            "id": "projects/potluck-ctf/locations/europe-west3/repositories/challenge26-repository/roles/artifactregistry.reader/serviceAccount:challenge26-service-account@potluck-ctf.iam.gserviceaccount.com",
            "location": "europe-west3",
            "member": "serviceAccount:challenge26-service-account@potluck-ctf.iam.gserviceaccount.com",
            "project": "potluck-ctf",
            "repository": "projects/potluck-ctf/locations/europe-west3/repositories/challenge26-repository",
            "role": "roles/artifactregistry.reader"
          },
          "sensitive_attributes": [],
          "private": "bnVsbA==",
          "dependencies": [
            "google_artifact_registry_repository.challenge_repository",
            "google_service_account.challenge_service_account"
          ]
        },
        {
          "index_key": "challenge27",
          "schema_version": 0,
          "attributes": {
            "condition": [],
            "etag": "BwYNMdUBFKw=",
            "id": "projects/potluck-ctf/locations/europe-west3/repositories/challenge27-repository/roles/artifactregistry.reader/serviceAccount:challenge27-service-account@potluck-ctf.iam.gserviceaccount.com",
            "location": "europe-west3",
            "member": "serviceAccount:challenge27-service-account@potluck-ctf.iam.gserviceaccount.com",
            "project": "potluck-ctf",
            "repository": "projects/potluck-ctf/locations/europe-west3/repositories/challenge27-repository",
            "role": "roles/artifactregistry.reader"
          },
          "sensitive_attributes": [],
          "private": "bnVsbA==",
          "dependencies": [
            "google_artifact_registry_repository.challenge_repository",
            "google_service_account.challenge_service_account"
          ]
        },
        {
          "index_key": "challenge28",
          "schema_version": 0,
          "attributes": {
            "condition": [],
            "etag": "BwYNMdUESws=",
            "id": "projects/potluck-ctf/locations/europe-west3/repositories/challenge28-repository/roles/artifactregistry.reader/serviceAccount:challenge28-service-account@potluck-ctf.iam.gserviceaccount.com",
            "location": "europe-west3",
            "member": "serviceAccount:challenge28-service-account@potluck-ctf.iam.gserviceaccount.com",
            "project": "potluck-ctf",
            "repository": "projects/potluck-ctf/locations/europe-west3/repositories/challenge28-repository",
            "role": "roles/artifactregistry.reader"
          },
          "sensitive_attributes": [],
          "private": "bnVsbA==",
          "dependencies": [
            "google_artifact_registry_repository.challenge_repository",
            "google_service_account.challenge_service_account"
          ]
        },
        {
          "index_key": "challenge29",
          "schema_version": 0,
          "attributes": {
            "condition": [],
            "etag": "BwYNNRIA69Q=",
            "id": "projects/potluck-ctf/locations/europe-west3/repositories/challenge29-repository/roles/artifactregistry.reader/serviceAccount:challenge29-service-account@potluck-ctf.iam.gserviceaccount.com",
            "location": "europe-west3",
            "member": "serviceAccount:challenge29-service-account@potluck-ctf.iam.gserviceaccount.com",
            "project": "potluck-ctf",
            "repository": "projects/potluck-ctf/locations/europe-west3/repositories/challenge29-repository",
            "role": "roles/artifactregistry.reader"
          },
          "sensitive_attributes": [],
          "private": "bnVsbA==",
          "dependencies": [
            "google_artifact_registry_repository.challenge_repository",
            "google_service_account.challenge_service_account"
          ]
        }
      ]
    },
    {
      "mode": "managed",
      "type": "google_compute_backend_service",
      "name": "challenge_service",
      "provider": "provider[\"registry.terraform.io/hashicorp/google-beta\"]",
      "instances": [
        {
          "index_key": "challenge00",
          "schema_version": 1,
          "attributes": {
            "affinity_cookie_ttl_sec": 0,
            "backend": [
              {
                "balancing_mode": "UTILIZATION",
                "capacity_scaler": 1,
                "description": "",
                "group": "https://www.googleapis.com/compute/v1/projects/potluck-ctf/zones/europe-west3-b/instanceGroups/challenge00-group",
                "max_connections": 0,
                "max_connections_per_endpoint": 0,
                "max_connections_per_instance": 0,
                "max_rate": 0,
                "max_rate_per_endpoint": 0,
                "max_rate_per_instance": 0,
                "max_utilization": 1
              }
            ],
            "cdn_policy": [],
            "circuit_breakers": [],
            "compression_mode": "",
            "connection_draining_timeout_sec": 300,
            "consistent_hash": [],
            "creation_timestamp": "2023-12-26T02:11:43.610-08:00",
            "custom_request_headers": [],
            "custom_response_headers": [],
            "description": "",
            "edge_security_policy": "",
            "enable_cdn": false,
            "fingerprint": "4zHOdxjMijM=",
            "generated_id": 8944940670383495216,
            "health_checks": [
              "https://www.googleapis.com/compute/v1/projects/potluck-ctf/global/healthChecks/challenge00-health-check"
            ],
            "iap": [],
            "id": "projects/potluck-ctf/global/backendServices/challenge00-backend-service",
            "load_balancing_scheme": "EXTERNAL",
            "locality_lb_policies": [],
            "locality_lb_policy": "",
            "log_config": [],
            "name": "challenge00-backend-service",
            "outlier_detection": [],
            "port_name": "challenge",
            "project": "potluck-ctf",
            "protocol": "TCP",
            "security_policy": "",
            "security_settings": [],
            "self_link": "https://www.googleapis.com/compute/v1/projects/potluck-ctf/global/backendServices/challenge00-backend-service",
            "session_affinity": "CLIENT_IP",
            "timeout_sec": 10,
            "timeouts": null
          },
          "sensitive_attributes": [],
          "private": "eyJlMmJmYjczMC1lY2FhLTExZTYtOGY4OC0zNDM2M2JjN2M0YzAiOnsiY3JlYXRlIjoxMjAwMDAwMDAwMDAwLCJkZWxldGUiOjEyMDAwMDAwMDAwMDAsInVwZGF0ZSI6MTIwMDAwMDAwMDAwMH0sInNjaGVtYV92ZXJzaW9uIjoiMSJ9",
          "dependencies": [
            "google_compute_health_check.challenge_healthcheck",
            "google_compute_instance.challenge_server",
            "google_compute_instance_group.challenge_group",
            "google_compute_network.potluckctf_network",
            "google_compute_subnetwork.potluckctf_challenge_subnet",
            "google_service_account.challenge_service_account"
          ]
        },
        {
          "index_key": "challenge01",
          "schema_version": 1,
          "attributes": {
            "affinity_cookie_ttl_sec": 0,
            "backend": [
              {
                "balancing_mode": "UTILIZATION",
                "capacity_scaler": 1,
                "description": "",
                "group": "https://www.googleapis.com/compute/v1/projects/potluck-ctf/zones/europe-west3-b/instanceGroups/challenge01-group",
                "max_connections": 0,
                "max_connections_per_endpoint": 0,
                "max_connections_per_instance": 0,
                "max_rate": 0,
                "max_rate_per_endpoint": 0,
                "max_rate_per_instance": 0,
                "max_utilization": 1
              }
            ],
            "cdn_policy": [],
            "circuit_breakers": [],
            "compression_mode": "",
            "connection_draining_timeout_sec": 300,
            "consistent_hash": [],
            "creation_timestamp": "2023-12-26T02:11:09.589-08:00",
            "custom_request_headers": [],
            "custom_response_headers": [],
            "description": "",
            "edge_security_policy": "",
            "enable_cdn": false,
            "fingerprint": "sKYiqe2_xRM=",
            "generated_id": 9023154258226649170,
            "health_checks": [
              "https://www.googleapis.com/compute/v1/projects/potluck-ctf/global/healthChecks/challenge01-health-check"
            ],
            "iap": [],
            "id": "projects/potluck-ctf/global/backendServices/challenge01-backend-service",
            "load_balancing_scheme": "EXTERNAL",
            "locality_lb_policies": [],
            "locality_lb_policy": "",
            "log_config": [],
            "name": "challenge01-backend-service",
            "outlier_detection": [],
            "port_name": "challenge",
            "project": "potluck-ctf",
            "protocol": "TCP",
            "security_policy": "",
            "security_settings": [],
            "self_link": "https://www.googleapis.com/compute/v1/projects/potluck-ctf/global/backendServices/challenge01-backend-service",
            "session_affinity": "CLIENT_IP",
            "timeout_sec": 10,
            "timeouts": null
          },
          "sensitive_attributes": [],
          "private": "eyJlMmJmYjczMC1lY2FhLTExZTYtOGY4OC0zNDM2M2JjN2M0YzAiOnsiY3JlYXRlIjoxMjAwMDAwMDAwMDAwLCJkZWxldGUiOjEyMDAwMDAwMDAwMDAsInVwZGF0ZSI6MTIwMDAwMDAwMDAwMH0sInNjaGVtYV92ZXJzaW9uIjoiMSJ9",
          "dependencies": [
            "google_compute_health_check.challenge_healthcheck",
            "google_compute_instance.challenge_server",
            "google_compute_instance_group.challenge_group",
            "google_compute_network.potluckctf_network",
            "google_compute_subnetwork.potluckctf_challenge_subnet",
            "google_service_account.challenge_service_account"
          ]
        },
        {
          "index_key": "challenge03",
          "schema_version": 1,
          "attributes": {
            "affinity_cookie_ttl_sec": 0,
            "backend": [
              {
                "balancing_mode": "UTILIZATION",
                "capacity_scaler": 1,
                "description": "",
                "group": "https://www.googleapis.com/compute/v1/projects/potluck-ctf/zones/europe-west3-b/instanceGroups/challenge03-group",
                "max_connections": 0,
                "max_connections_per_endpoint": 0,
                "max_connections_per_instance": 0,
                "max_rate": 0,
                "max_rate_per_endpoint": 0,
                "max_rate_per_instance": 0,
                "max_utilization": 1
              }
            ],
            "cdn_policy": [],
            "circuit_breakers": [],
            "compression_mode": "",
            "connection_draining_timeout_sec": 300,
            "consistent_hash": [],
            "creation_timestamp": "2023-12-26T02:11:56.003-08:00",
            "custom_request_headers": [],
            "custom_response_headers": [],
            "description": "",
            "edge_security_policy": "",
            "enable_cdn": false,
            "fingerprint": "ZoqpPyGejgQ=",
            "generated_id": 7214048135468226564,
            "health_checks": [
              "https://www.googleapis.com/compute/v1/projects/potluck-ctf/global/healthChecks/challenge03-health-check"
            ],
            "iap": [],
            "id": "projects/potluck-ctf/global/backendServices/challenge03-backend-service",
            "load_balancing_scheme": "EXTERNAL",
            "locality_lb_policies": [],
            "locality_lb_policy": "",
            "log_config": [],
            "name": "challenge03-backend-service",
            "outlier_detection": [],
            "port_name": "challenge",
            "project": "potluck-ctf",
            "protocol": "TCP",
            "security_policy": "",
            "security_settings": [],
            "self_link": "https://www.googleapis.com/compute/v1/projects/potluck-ctf/global/backendServices/challenge03-backend-service",
            "session_affinity": "CLIENT_IP",
            "timeout_sec": 10,
            "timeouts": null
          },
          "sensitive_attributes": [],
          "private": "eyJlMmJmYjczMC1lY2FhLTExZTYtOGY4OC0zNDM2M2JjN2M0YzAiOnsiY3JlYXRlIjoxMjAwMDAwMDAwMDAwLCJkZWxldGUiOjEyMDAwMDAwMDAwMDAsInVwZGF0ZSI6MTIwMDAwMDAwMDAwMH0sInNjaGVtYV92ZXJzaW9uIjoiMSJ9",
          "dependencies": [
            "google_compute_health_check.challenge_healthcheck",
            "google_compute_instance.challenge_server",
            "google_compute_instance_group.challenge_group",
            "google_compute_network.potluckctf_network",
            "google_compute_subnetwork.potluckctf_challenge_subnet",
            "google_service_account.challenge_service_account"
          ]
        },
        {
          "index_key": "challenge05",
          "schema_version": 1,
          "attributes": {
            "affinity_cookie_ttl_sec": 0,
            "backend": [
              {
                "balancing_mode": "UTILIZATION",
                "capacity_scaler": 1,
                "description": "",
                "group": "https://www.googleapis.com/compute/v1/projects/potluck-ctf/zones/europe-west3-b/instanceGroups/challenge05-group",
                "max_connections": 0,
                "max_connections_per_endpoint": 0,
                "max_connections_per_instance": 0,
                "max_rate": 0,
                "max_rate_per_endpoint": 0,
                "max_rate_per_instance": 0,
                "max_utilization": 1
              }
            ],
            "cdn_policy": [],
            "circuit_breakers": [],
            "compression_mode": "",
            "connection_draining_timeout_sec": 300,
            "consistent_hash": [],
            "creation_timestamp": "2023-12-26T02:11:42.448-08:00",
            "custom_request_headers": [],
            "custom_response_headers": [],
            "description": "",
            "edge_security_policy": "",
            "enable_cdn": false,
            "fingerprint": "ys-v5f1t-38=",
            "generated_id": 2781730461106772017,
            "health_checks": [
              "https://www.googleapis.com/compute/v1/projects/potluck-ctf/global/healthChecks/challenge05-health-check"
            ],
            "iap": [],
            "id": "projects/potluck-ctf/global/backendServices/challenge05-backend-service",
            "load_balancing_scheme": "EXTERNAL",
            "locality_lb_policies": [],
            "locality_lb_policy": "",
            "log_config": [],
            "name": "challenge05-backend-service",
            "outlier_detection": [],
            "port_name": "challenge",
            "project": "potluck-ctf",
            "protocol": "TCP",
            "security_policy": "",
            "security_settings": [],
            "self_link": "https://www.googleapis.com/compute/v1/projects/potluck-ctf/global/backendServices/challenge05-backend-service",
            "session_affinity": "CLIENT_IP",
            "timeout_sec": 10,
            "timeouts": null
          },
          "sensitive_attributes": [],
          "private": "eyJlMmJmYjczMC1lY2FhLTExZTYtOGY4OC0zNDM2M2JjN2M0YzAiOnsiY3JlYXRlIjoxMjAwMDAwMDAwMDAwLCJkZWxldGUiOjEyMDAwMDAwMDAwMDAsInVwZGF0ZSI6MTIwMDAwMDAwMDAwMH0sInNjaGVtYV92ZXJzaW9uIjoiMSJ9",
          "dependencies": [
            "google_compute_health_check.challenge_healthcheck",
            "google_compute_instance.challenge_server",
            "google_compute_instance_group.challenge_group",
            "google_compute_network.potluckctf_network",
            "google_compute_subnetwork.potluckctf_challenge_subnet",
            "google_service_account.challenge_service_account"
          ]
        },
        {
          "index_key": "challenge06",
          "schema_version": 1,
          "attributes": {
            "affinity_cookie_ttl_sec": 0,
            "backend": [
              {
                "balancing_mode": "UTILIZATION",
                "capacity_scaler": 1,
                "description": "",
                "group": "https://www.googleapis.com/compute/v1/projects/potluck-ctf/zones/europe-west3-b/instanceGroups/challenge06-group",
                "max_connections": 0,
                "max_connections_per_endpoint": 0,
                "max_connections_per_instance": 0,
                "max_rate": 0,
                "max_rate_per_endpoint": 0,
                "max_rate_per_instance": 0,
                "max_utilization": 1
              }
            ],
            "cdn_policy": [],
            "circuit_breakers": [],
            "compression_mode": "",
            "connection_draining_timeout_sec": 300,
            "consistent_hash": [],
            "creation_timestamp": "2023-12-26T02:11:56.594-08:00",
            "custom_request_headers": [],
            "custom_response_headers": [],
            "description": "",
            "edge_security_policy": "",
            "enable_cdn": false,
            "fingerprint": "Ue4K9JAMUC8=",
            "generated_id": 3158817113542957059,
            "health_checks": [
              "https://www.googleapis.com/compute/v1/projects/potluck-ctf/global/healthChecks/challenge06-health-check"
            ],
            "iap": [],
            "id": "projects/potluck-ctf/global/backendServices/challenge06-backend-service",
            "load_balancing_scheme": "EXTERNAL",
            "locality_lb_policies": [],
            "locality_lb_policy": "",
            "log_config": [],
            "name": "challenge06-backend-service",
            "outlier_detection": [],
            "port_name": "challenge",
            "project": "potluck-ctf",
            "protocol": "TCP",
            "security_policy": "",
            "security_settings": [],
            "self_link": "https://www.googleapis.com/compute/v1/projects/potluck-ctf/global/backendServices/challenge06-backend-service",
            "session_affinity": "CLIENT_IP",
            "timeout_sec": 10,
            "timeouts": null
          },
          "sensitive_attributes": [],
          "private": "eyJlMmJmYjczMC1lY2FhLTExZTYtOGY4OC0zNDM2M2JjN2M0YzAiOnsiY3JlYXRlIjoxMjAwMDAwMDAwMDAwLCJkZWxldGUiOjEyMDAwMDAwMDAwMDAsInVwZGF0ZSI6MTIwMDAwMDAwMDAwMH0sInNjaGVtYV92ZXJzaW9uIjoiMSJ9",
          "dependencies": [
            "google_compute_health_check.challenge_healthcheck",
            "google_compute_instance.challenge_server",
            "google_compute_instance_group.challenge_group",
            "google_compute_network.potluckctf_network",
            "google_compute_subnetwork.potluckctf_challenge_subnet",
            "google_service_account.challenge_service_account"
          ]
        },
        {
          "index_key": "challenge07",
          "schema_version": 1,
          "attributes": {
            "affinity_cookie_ttl_sec": 0,
            "backend": [
              {
                "balancing_mode": "UTILIZATION",
                "capacity_scaler": 1,
                "description": "",
                "group": "https://www.googleapis.com/compute/v1/projects/potluck-ctf/zones/europe-west3-b/instanceGroups/challenge07-group",
                "max_connections": 0,
                "max_connections_per_endpoint": 0,
                "max_connections_per_instance": 0,
                "max_rate": 0,
                "max_rate_per_endpoint": 0,
                "max_rate_per_instance": 0,
                "max_utilization": 1
              }
            ],
            "cdn_policy": [],
            "circuit_breakers": [],
            "compression_mode": "",
            "connection_draining_timeout_sec": 300,
            "consistent_hash": [],
            "creation_timestamp": "2023-12-26T02:11:08.925-08:00",
            "custom_request_headers": [],
            "custom_response_headers": [],
            "description": "",
            "edge_security_policy": "",
            "enable_cdn": false,
            "fingerprint": "IGEJd47hhSU=",
            "generated_id": 600005383907907667,
            "health_checks": [
              "https://www.googleapis.com/compute/v1/projects/potluck-ctf/global/healthChecks/challenge07-health-check"
            ],
            "iap": [],
            "id": "projects/potluck-ctf/global/backendServices/challenge07-backend-service",
            "load_balancing_scheme": "EXTERNAL",
            "locality_lb_policies": [],
            "locality_lb_policy": "",
            "log_config": [],
            "name": "challenge07-backend-service",
            "outlier_detection": [],
            "port_name": "challenge",
            "project": "potluck-ctf",
            "protocol": "TCP",
            "security_policy": "",
            "security_settings": [],
            "self_link": "https://www.googleapis.com/compute/v1/projects/potluck-ctf/global/backendServices/challenge07-backend-service",
            "session_affinity": "CLIENT_IP",
            "timeout_sec": 10,
            "timeouts": null
          },
          "sensitive_attributes": [],
          "private": "eyJlMmJmYjczMC1lY2FhLTExZTYtOGY4OC0zNDM2M2JjN2M0YzAiOnsiY3JlYXRlIjoxMjAwMDAwMDAwMDAwLCJkZWxldGUiOjEyMDAwMDAwMDAwMDAsInVwZGF0ZSI6MTIwMDAwMDAwMDAwMH0sInNjaGVtYV92ZXJzaW9uIjoiMSJ9",
          "dependencies": [
            "google_compute_health_check.challenge_healthcheck",
            "google_compute_instance.challenge_server",
            "google_compute_instance_group.challenge_group",
            "google_compute_network.potluckctf_network",
            "google_compute_subnetwork.potluckctf_challenge_subnet",
            "google_service_account.challenge_service_account"
          ]
        },
        {
          "index_key": "challenge09",
          "schema_version": 1,
          "attributes": {
            "affinity_cookie_ttl_sec": 0,
            "backend": [
              {
                "balancing_mode": "UTILIZATION",
                "capacity_scaler": 1,
                "description": "",
                "group": "https://www.googleapis.com/compute/v1/projects/potluck-ctf/zones/europe-west3-b/instanceGroups/challenge09-group",
                "max_connections": 0,
                "max_connections_per_endpoint": 0,
                "max_connections_per_instance": 0,
                "max_rate": 0,
                "max_rate_per_endpoint": 0,
                "max_rate_per_instance": 0,
                "max_utilization": 1
              }
            ],
            "cdn_policy": [],
            "circuit_breakers": [],
            "compression_mode": "",
            "connection_draining_timeout_sec": 300,
            "consistent_hash": [],
            "creation_timestamp": "2023-12-26T02:11:42.374-08:00",
            "custom_request_headers": [],
            "custom_response_headers": [],
            "description": "",
            "edge_security_policy": "",
            "enable_cdn": false,
            "fingerprint": "p5rjAFPwxGU=",
            "generated_id": 4648371600690190385,
            "health_checks": [
              "https://www.googleapis.com/compute/v1/projects/potluck-ctf/global/healthChecks/challenge09-health-check"
            ],
            "iap": [],
            "id": "projects/potluck-ctf/global/backendServices/challenge09-backend-service",
            "load_balancing_scheme": "EXTERNAL",
            "locality_lb_policies": [],
            "locality_lb_policy": "",
            "log_config": [],
            "name": "challenge09-backend-service",
            "outlier_detection": [],
            "port_name": "challenge",
            "project": "potluck-ctf",
            "protocol": "TCP",
            "security_policy": "",
            "security_settings": [],
            "self_link": "https://www.googleapis.com/compute/v1/projects/potluck-ctf/global/backendServices/challenge09-backend-service",
            "session_affinity": "CLIENT_IP",
            "timeout_sec": 10,
            "timeouts": null
          },
          "sensitive_attributes": [],
          "private": "eyJlMmJmYjczMC1lY2FhLTExZTYtOGY4OC0zNDM2M2JjN2M0YzAiOnsiY3JlYXRlIjoxMjAwMDAwMDAwMDAwLCJkZWxldGUiOjEyMDAwMDAwMDAwMDAsInVwZGF0ZSI6MTIwMDAwMDAwMDAwMH0sInNjaGVtYV92ZXJzaW9uIjoiMSJ9",
          "dependencies": [
            "google_compute_health_check.challenge_healthcheck",
            "google_compute_instance.challenge_server",
            "google_compute_instance_group.challenge_group",
            "google_compute_network.potluckctf_network",
            "google_compute_subnetwork.potluckctf_challenge_subnet",
            "google_service_account.challenge_service_account"
          ]
        },
        {
          "index_key": "challenge11",
          "schema_version": 1,
          "attributes": {
            "affinity_cookie_ttl_sec": 0,
            "backend": [
              {
                "balancing_mode": "UTILIZATION",
                "capacity_scaler": 1,
                "description": "",
                "group": "https://www.googleapis.com/compute/v1/projects/potluck-ctf/zones/europe-west3-b/instanceGroups/challenge11-group",
                "max_connections": 0,
                "max_connections_per_endpoint": 0,
                "max_connections_per_instance": 0,
                "max_rate": 0,
                "max_rate_per_endpoint": 0,
                "max_rate_per_instance": 0,
                "max_utilization": 1
              }
            ],
            "cdn_policy": [],
            "circuit_breakers": [],
            "compression_mode": "",
            "connection_draining_timeout_sec": 300,
            "consistent_hash": [],
            "creation_timestamp": "2023-12-26T02:11:09.614-08:00",
            "custom_request_headers": [],
            "custom_response_headers": [],
            "description": "",
            "edge_security_policy": "",
            "enable_cdn": false,
            "fingerprint": "V31V3tZUGIY=",
            "generated_id": 3817625372596836434,
            "health_checks": [
              "https://www.googleapis.com/compute/v1/projects/potluck-ctf/global/healthChecks/challenge11-health-check"
            ],
            "iap": [],
            "id": "projects/potluck-ctf/global/backendServices/challenge11-backend-service",
            "load_balancing_scheme": "EXTERNAL",
            "locality_lb_policies": [],
            "locality_lb_policy": "",
            "log_config": [],
            "name": "challenge11-backend-service",
            "outlier_detection": [],
            "port_name": "challenge",
            "project": "potluck-ctf",
            "protocol": "TCP",
            "security_policy": "",
            "security_settings": [],
            "self_link": "https://www.googleapis.com/compute/v1/projects/potluck-ctf/global/backendServices/challenge11-backend-service",
            "session_affinity": "CLIENT_IP",
            "timeout_sec": 10,
            "timeouts": null
          },
          "sensitive_attributes": [],
          "private": "eyJlMmJmYjczMC1lY2FhLTExZTYtOGY4OC0zNDM2M2JjN2M0YzAiOnsiY3JlYXRlIjoxMjAwMDAwMDAwMDAwLCJkZWxldGUiOjEyMDAwMDAwMDAwMDAsInVwZGF0ZSI6MTIwMDAwMDAwMDAwMH0sInNjaGVtYV92ZXJzaW9uIjoiMSJ9",
          "dependencies": [
            "google_compute_health_check.challenge_healthcheck",
            "google_compute_instance.challenge_server",
            "google_compute_instance_group.challenge_group",
            "google_compute_network.potluckctf_network",
            "google_compute_subnetwork.potluckctf_challenge_subnet",
            "google_service_account.challenge_service_account"
          ]
        },
        {
          "index_key": "challenge12",
          "schema_version": 1,
          "attributes": {
            "affinity_cookie_ttl_sec": 0,
            "backend": [
              {
                "balancing_mode": "UTILIZATION",
                "capacity_scaler": 1,
                "description": "",
                "group": "https://www.googleapis.com/compute/v1/projects/potluck-ctf/zones/europe-west3-b/instanceGroups/challenge12-group",
                "max_connections": 0,
                "max_connections_per_endpoint": 0,
                "max_connections_per_instance": 0,
                "max_rate": 0,
                "max_rate_per_endpoint": 0,
                "max_rate_per_instance": 0,
                "max_utilization": 1
              }
            ],
            "cdn_policy": [],
            "circuit_breakers": [],
            "compression_mode": "",
            "connection_draining_timeout_sec": 300,
            "consistent_hash": [],
            "creation_timestamp": "2023-12-26T02:11:09.415-08:00",
            "custom_request_headers": [],
            "custom_response_headers": [],
            "description": "",
            "edge_security_policy": "",
            "enable_cdn": false,
            "fingerprint": "_ev9fX3fVNM=",
            "generated_id": 281793855402481746,
            "health_checks": [
              "https://www.googleapis.com/compute/v1/projects/potluck-ctf/global/healthChecks/challenge12-health-check"
            ],
            "iap": [],
            "id": "projects/potluck-ctf/global/backendServices/challenge12-backend-service",
            "load_balancing_scheme": "EXTERNAL",
            "locality_lb_policies": [],
            "locality_lb_policy": "",
            "log_config": [],
            "name": "challenge12-backend-service",
            "outlier_detection": [],
            "port_name": "challenge",
            "project": "potluck-ctf",
            "protocol": "TCP",
            "security_policy": "",
            "security_settings": [],
            "self_link": "https://www.googleapis.com/compute/v1/projects/potluck-ctf/global/backendServices/challenge12-backend-service",
            "session_affinity": "CLIENT_IP",
            "timeout_sec": 10,
            "timeouts": null
          },
          "sensitive_attributes": [],
          "private": "eyJlMmJmYjczMC1lY2FhLTExZTYtOGY4OC0zNDM2M2JjN2M0YzAiOnsiY3JlYXRlIjoxMjAwMDAwMDAwMDAwLCJkZWxldGUiOjEyMDAwMDAwMDAwMDAsInVwZGF0ZSI6MTIwMDAwMDAwMDAwMH0sInNjaGVtYV92ZXJzaW9uIjoiMSJ9",
          "dependencies": [
            "google_compute_health_check.challenge_healthcheck",
            "google_compute_instance.challenge_server",
            "google_compute_instance_group.challenge_group",
            "google_compute_network.potluckctf_network",
            "google_compute_subnetwork.potluckctf_challenge_subnet",
            "google_service_account.challenge_service_account"
          ]
        },
        {
          "index_key": "challenge13",
          "schema_version": 1,
          "attributes": {
            "affinity_cookie_ttl_sec": 0,
            "backend": [
              {
                "balancing_mode": "UTILIZATION",
                "capacity_scaler": 1,
                "description": "",
                "group": "https://www.googleapis.com/compute/v1/projects/potluck-ctf/zones/europe-west3-b/instanceGroups/challenge13-group",
                "max_connections": 0,
                "max_connections_per_endpoint": 0,
                "max_connections_per_instance": 0,
                "max_rate": 0,
                "max_rate_per_endpoint": 0,
                "max_rate_per_instance": 0,
                "max_utilization": 1
              }
            ],
            "cdn_policy": [],
            "circuit_breakers": [],
            "compression_mode": "",
            "connection_draining_timeout_sec": 300,
            "consistent_hash": [],
            "creation_timestamp": "2023-12-26T02:11:42.366-08:00",
            "custom_request_headers": [],
            "custom_response_headers": [],
            "description": "",
            "edge_security_policy": "",
            "enable_cdn": false,
            "fingerprint": "wK2rfJVRa6w=",
            "generated_id": 6467237413858514993,
            "health_checks": [
              "https://www.googleapis.com/compute/v1/projects/potluck-ctf/global/healthChecks/challenge13-health-check"
            ],
            "iap": [],
            "id": "projects/potluck-ctf/global/backendServices/challenge13-backend-service",
            "load_balancing_scheme": "EXTERNAL",
            "locality_lb_policies": [],
            "locality_lb_policy": "",
            "log_config": [],
            "name": "challenge13-backend-service",
            "outlier_detection": [],
            "port_name": "challenge",
            "project": "potluck-ctf",
            "protocol": "TCP",
            "security_policy": "",
            "security_settings": [],
            "self_link": "https://www.googleapis.com/compute/v1/projects/potluck-ctf/global/backendServices/challenge13-backend-service",
            "session_affinity": "CLIENT_IP",
            "timeout_sec": 10,
            "timeouts": null
          },
          "sensitive_attributes": [],
          "private": "eyJlMmJmYjczMC1lY2FhLTExZTYtOGY4OC0zNDM2M2JjN2M0YzAiOnsiY3JlYXRlIjoxMjAwMDAwMDAwMDAwLCJkZWxldGUiOjEyMDAwMDAwMDAwMDAsInVwZGF0ZSI6MTIwMDAwMDAwMDAwMH0sInNjaGVtYV92ZXJzaW9uIjoiMSJ9",
          "dependencies": [
            "google_compute_health_check.challenge_healthcheck",
            "google_compute_instance.challenge_server",
            "google_compute_instance_group.challenge_group",
            "google_compute_network.potluckctf_network",
            "google_compute_subnetwork.potluckctf_challenge_subnet",
            "google_service_account.challenge_service_account"
          ]
        },
        {
          "index_key": "challenge15",
          "schema_version": 1,
          "attributes": {
            "affinity_cookie_ttl_sec": 0,
            "backend": [
              {
                "balancing_mode": "UTILIZATION",
                "capacity_scaler": 1,
                "description": "",
                "group": "https://www.googleapis.com/compute/v1/projects/potluck-ctf/zones/europe-west3-b/instanceGroups/challenge15-group",
                "max_connections": 0,
                "max_connections_per_endpoint": 0,
                "max_connections_per_instance": 0,
                "max_rate": 0,
                "max_rate_per_endpoint": 0,
                "max_rate_per_instance": 0,
                "max_utilization": 1
              }
            ],
            "cdn_policy": [],
            "circuit_breakers": [],
            "compression_mode": "",
            "connection_draining_timeout_sec": 300,
            "consistent_hash": [],
            "creation_timestamp": "2023-12-26T02:11:33.510-08:00",
            "custom_request_headers": [],
            "custom_response_headers": [],
            "description": "",
            "edge_security_policy": "",
            "enable_cdn": false,
            "fingerprint": "GgI8Br5sUHA=",
            "generated_id": 2990952379817859130,
            "health_checks": [
              "https://www.googleapis.com/compute/v1/projects/potluck-ctf/global/healthChecks/challenge15-health-check"
            ],
            "iap": [],
            "id": "projects/potluck-ctf/global/backendServices/challenge15-backend-service",
            "load_balancing_scheme": "EXTERNAL",
            "locality_lb_policies": [],
            "locality_lb_policy": "",
            "log_config": [],
            "name": "challenge15-backend-service",
            "outlier_detection": [],
            "port_name": "challenge",
            "project": "potluck-ctf",
            "protocol": "TCP",
            "security_policy": "",
            "security_settings": [],
            "self_link": "https://www.googleapis.com/compute/v1/projects/potluck-ctf/global/backendServices/challenge15-backend-service",
            "session_affinity": "CLIENT_IP",
            "timeout_sec": 10,
            "timeouts": null
          },
          "sensitive_attributes": [],
          "private": "eyJlMmJmYjczMC1lY2FhLTExZTYtOGY4OC0zNDM2M2JjN2M0YzAiOnsiY3JlYXRlIjoxMjAwMDAwMDAwMDAwLCJkZWxldGUiOjEyMDAwMDAwMDAwMDAsInVwZGF0ZSI6MTIwMDAwMDAwMDAwMH0sInNjaGVtYV92ZXJzaW9uIjoiMSJ9",
          "dependencies": [
            "google_compute_health_check.challenge_healthcheck",
            "google_compute_instance.challenge_server",
            "google_compute_instance_group.challenge_group",
            "google_compute_network.potluckctf_network",
            "google_compute_subnetwork.potluckctf_challenge_subnet",
            "google_service_account.challenge_service_account"
          ]
        },
        {
          "index_key": "challenge18",
          "schema_version": 1,
          "attributes": {
            "affinity_cookie_ttl_sec": 0,
            "backend": [
              {
                "balancing_mode": "UTILIZATION",
                "capacity_scaler": 1,
                "description": "",
                "group": "https://www.googleapis.com/compute/v1/projects/potluck-ctf/zones/europe-west3-b/instanceGroups/challenge18-group",
                "max_connections": 0,
                "max_connections_per_endpoint": 0,
                "max_connections_per_instance": 0,
                "max_rate": 0,
                "max_rate_per_endpoint": 0,
                "max_rate_per_instance": 0,
                "max_utilization": 1
              }
            ],
            "cdn_policy": [],
            "circuit_breakers": [],
            "compression_mode": "",
            "connection_draining_timeout_sec": 300,
            "consistent_hash": [],
            "creation_timestamp": "2023-12-26T02:11:42.879-08:00",
            "custom_request_headers": [],
            "custom_response_headers": [],
            "description": "",
            "edge_security_policy": "",
            "enable_cdn": false,
            "fingerprint": "VdXESsw-GDo=",
            "generated_id": 1301328746835810353,
            "health_checks": [
              "https://www.googleapis.com/compute/v1/projects/potluck-ctf/global/healthChecks/challenge18-health-check"
            ],
            "iap": [],
            "id": "projects/potluck-ctf/global/backendServices/challenge18-backend-service",
            "load_balancing_scheme": "EXTERNAL",
            "locality_lb_policies": [],
            "locality_lb_policy": "",
            "log_config": [],
            "name": "challenge18-backend-service",
            "outlier_detection": [],
            "port_name": "challenge",
            "project": "potluck-ctf",
            "protocol": "TCP",
            "security_policy": "",
            "security_settings": [],
            "self_link": "https://www.googleapis.com/compute/v1/projects/potluck-ctf/global/backendServices/challenge18-backend-service",
            "session_affinity": "CLIENT_IP",
            "timeout_sec": 10,
            "timeouts": null
          },
          "sensitive_attributes": [],
          "private": "eyJlMmJmYjczMC1lY2FhLTExZTYtOGY4OC0zNDM2M2JjN2M0YzAiOnsiY3JlYXRlIjoxMjAwMDAwMDAwMDAwLCJkZWxldGUiOjEyMDAwMDAwMDAwMDAsInVwZGF0ZSI6MTIwMDAwMDAwMDAwMH0sInNjaGVtYV92ZXJzaW9uIjoiMSJ9",
          "dependencies": [
            "google_compute_health_check.challenge_healthcheck",
            "google_compute_instance.challenge_server",
            "google_compute_instance_group.challenge_group",
            "google_compute_network.potluckctf_network",
            "google_compute_subnetwork.potluckctf_challenge_subnet",
            "google_service_account.challenge_service_account"
          ]
        },
        {
          "index_key": "challenge19",
          "schema_version": 1,
          "attributes": {
            "affinity_cookie_ttl_sec": 0,
            "backend": [
              {
                "balancing_mode": "UTILIZATION",
                "capacity_scaler": 1,
                "description": "",
                "group": "https://www.googleapis.com/compute/v1/projects/potluck-ctf/zones/europe-west3-b/instanceGroups/challenge19-group",
                "max_connections": 0,
                "max_connections_per_endpoint": 0,
                "max_connections_per_instance": 0,
                "max_rate": 0,
                "max_rate_per_endpoint": 0,
                "max_rate_per_instance": 0,
                "max_utilization": 1
              }
            ],
            "cdn_policy": [],
            "circuit_breakers": [],
            "compression_mode": "",
            "connection_draining_timeout_sec": 300,
            "consistent_hash": [],
            "creation_timestamp": "2023-12-26T02:11:32.604-08:00",
            "custom_request_headers": [],
            "custom_response_headers": [],
            "description": "",
            "edge_security_policy": "",
            "enable_cdn": false,
            "fingerprint": "4poMxVwu-D0=",
            "generated_id": 3937421399280785467,
            "health_checks": [
              "https://www.googleapis.com/compute/v1/projects/potluck-ctf/global/healthChecks/challenge19-health-check"
            ],
            "iap": [],
            "id": "projects/potluck-ctf/global/backendServices/challenge19-backend-service",
            "load_balancing_scheme": "EXTERNAL",
            "locality_lb_policies": [],
            "locality_lb_policy": "",
            "log_config": [],
            "name": "challenge19-backend-service",
            "outlier_detection": [],
            "port_name": "challenge",
            "project": "potluck-ctf",
            "protocol": "TCP",
            "security_policy": "",
            "security_settings": [],
            "self_link": "https://www.googleapis.com/compute/v1/projects/potluck-ctf/global/backendServices/challenge19-backend-service",
            "session_affinity": "CLIENT_IP",
            "timeout_sec": 10,
            "timeouts": null
          },
          "sensitive_attributes": [],
          "private": "eyJlMmJmYjczMC1lY2FhLTExZTYtOGY4OC0zNDM2M2JjN2M0YzAiOnsiY3JlYXRlIjoxMjAwMDAwMDAwMDAwLCJkZWxldGUiOjEyMDAwMDAwMDAwMDAsInVwZGF0ZSI6MTIwMDAwMDAwMDAwMH0sInNjaGVtYV92ZXJzaW9uIjoiMSJ9",
          "dependencies": [
            "google_compute_health_check.challenge_healthcheck",
            "google_compute_instance.challenge_server",
            "google_compute_instance_group.challenge_group",
            "google_compute_network.potluckctf_network",
            "google_compute_subnetwork.potluckctf_challenge_subnet",
            "google_service_account.challenge_service_account"
          ]
        },
        {
          "index_key": "challenge21",
          "schema_version": 1,
          "attributes": {
            "affinity_cookie_ttl_sec": 0,
            "backend": [
              {
                "balancing_mode": "UTILIZATION",
                "capacity_scaler": 1,
                "description": "",
                "group": "https://www.googleapis.com/compute/v1/projects/potluck-ctf/zones/europe-west3-b/instanceGroups/challenge21-group",
                "max_connections": 0,
                "max_connections_per_endpoint": 0,
                "max_connections_per_instance": 0,
                "max_rate": 0,
                "max_rate_per_endpoint": 0,
                "max_rate_per_instance": 0,
                "max_utilization": 1
              }
            ],
            "cdn_policy": [],
            "circuit_breakers": [],
            "compression_mode": "",
            "connection_draining_timeout_sec": 300,
            "consistent_hash": [],
            "creation_timestamp": "2023-12-26T02:11:09.464-08:00",
            "custom_request_headers": [],
            "custom_response_headers": [],
            "description": "",
            "edge_security_policy": "",
            "enable_cdn": false,
            "fingerprint": "8_FgchCYoqE=",
            "generated_id": 4435955484736297042,
            "health_checks": [
              "https://www.googleapis.com/compute/v1/projects/potluck-ctf/global/healthChecks/challenge21-health-check"
            ],
            "iap": [],
            "id": "projects/potluck-ctf/global/backendServices/challenge21-backend-service",
            "load_balancing_scheme": "EXTERNAL",
            "locality_lb_policies": [],
            "locality_lb_policy": "",
            "log_config": [],
            "name": "challenge21-backend-service",
            "outlier_detection": [],
            "port_name": "challenge",
            "project": "potluck-ctf",
            "protocol": "TCP",
            "security_policy": "",
            "security_settings": [],
            "self_link": "https://www.googleapis.com/compute/v1/projects/potluck-ctf/global/backendServices/challenge21-backend-service",
            "session_affinity": "CLIENT_IP",
            "timeout_sec": 10,
            "timeouts": null
          },
          "sensitive_attributes": [],
          "private": "eyJlMmJmYjczMC1lY2FhLTExZTYtOGY4OC0zNDM2M2JjN2M0YzAiOnsiY3JlYXRlIjoxMjAwMDAwMDAwMDAwLCJkZWxldGUiOjEyMDAwMDAwMDAwMDAsInVwZGF0ZSI6MTIwMDAwMDAwMDAwMH0sInNjaGVtYV92ZXJzaW9uIjoiMSJ9",
          "dependencies": [
            "google_compute_health_check.challenge_healthcheck",
            "google_compute_instance.challenge_server",
            "google_compute_instance_group.challenge_group",
            "google_compute_network.potluckctf_network",
            "google_compute_subnetwork.potluckctf_challenge_subnet",
            "google_service_account.challenge_service_account"
          ]
        },
        {
          "index_key": "challenge22",
          "schema_version": 1,
          "attributes": {
            "affinity_cookie_ttl_sec": 0,
            "backend": [
              {
                "balancing_mode": "UTILIZATION",
                "capacity_scaler": 1,
                "description": "",
                "group": "https://www.googleapis.com/compute/v1/projects/potluck-ctf/zones/europe-west3-b/instanceGroups/challenge22-group",
                "max_connections": 0,
                "max_connections_per_endpoint": 0,
                "max_connections_per_instance": 0,
                "max_rate": 0,
                "max_rate_per_endpoint": 0,
                "max_rate_per_instance": 0,
                "max_utilization": 1
              }
            ],
            "cdn_policy": [],
            "circuit_breakers": [],
            "compression_mode": "",
            "connection_draining_timeout_sec": 300,
            "consistent_hash": [],
            "creation_timestamp": "2023-12-26T02:11:09.480-08:00",
            "custom_request_headers": [],
            "custom_response_headers": [],
            "description": "",
            "edge_security_policy": "",
            "enable_cdn": false,
            "fingerprint": "J5hOK6yc5pY=",
            "generated_id": 1949319018358184018,
            "health_checks": [
              "https://www.googleapis.com/compute/v1/projects/potluck-ctf/global/healthChecks/challenge22-health-check"
            ],
            "iap": [],
            "id": "projects/potluck-ctf/global/backendServices/challenge22-backend-service",
            "load_balancing_scheme": "EXTERNAL",
            "locality_lb_policies": [],
            "locality_lb_policy": "",
            "log_config": [],
            "name": "challenge22-backend-service",
            "outlier_detection": [],
            "port_name": "challenge",
            "project": "potluck-ctf",
            "protocol": "TCP",
            "security_policy": "",
            "security_settings": [],
            "self_link": "https://www.googleapis.com/compute/v1/projects/potluck-ctf/global/backendServices/challenge22-backend-service",
            "session_affinity": "CLIENT_IP",
            "timeout_sec": 10,
            "timeouts": null
          },
          "sensitive_attributes": [],
          "private": "eyJlMmJmYjczMC1lY2FhLTExZTYtOGY4OC0zNDM2M2JjN2M0YzAiOnsiY3JlYXRlIjoxMjAwMDAwMDAwMDAwLCJkZWxldGUiOjEyMDAwMDAwMDAwMDAsInVwZGF0ZSI6MTIwMDAwMDAwMDAwMH0sInNjaGVtYV92ZXJzaW9uIjoiMSJ9",
          "dependencies": [
            "google_compute_health_check.challenge_healthcheck",
            "google_compute_instance.challenge_server",
            "google_compute_instance_group.challenge_group",
            "google_compute_network.potluckctf_network",
            "google_compute_subnetwork.potluckctf_challenge_subnet",
            "google_service_account.challenge_service_account"
          ]
        },
        {
          "index_key": "challenge24",
          "schema_version": 1,
          "attributes": {
            "affinity_cookie_ttl_sec": 0,
            "backend": [
              {
                "balancing_mode": "UTILIZATION",
                "capacity_scaler": 1,
                "description": "",
                "group": "https://www.googleapis.com/compute/v1/projects/potluck-ctf/zones/europe-west3-b/instanceGroups/challenge24-group",
                "max_connections": 0,
                "max_connections_per_endpoint": 0,
                "max_connections_per_instance": 0,
                "max_rate": 0,
                "max_rate_per_endpoint": 0,
                "max_rate_per_instance": 0,
                "max_utilization": 1
              }
            ],
            "cdn_policy": [],
            "circuit_breakers": [],
            "compression_mode": "",
            "connection_draining_timeout_sec": 300,
            "consistent_hash": [],
            "creation_timestamp": "2023-12-26T02:11:32.381-08:00",
            "custom_request_headers": [],
            "custom_response_headers": [],
            "description": "",
            "edge_security_policy": "",
            "enable_cdn": false,
            "fingerprint": "xh_IxFguN3Q=",
            "generated_id": 2130748873711753275,
            "health_checks": [
              "https://www.googleapis.com/compute/v1/projects/potluck-ctf/global/healthChecks/challenge24-health-check"
            ],
            "iap": [],
            "id": "projects/potluck-ctf/global/backendServices/challenge24-backend-service",
            "load_balancing_scheme": "EXTERNAL",
            "locality_lb_policies": [],
            "locality_lb_policy": "",
            "log_config": [],
            "name": "challenge24-backend-service",
            "outlier_detection": [],
            "port_name": "challenge",
            "project": "potluck-ctf",
            "protocol": "TCP",
            "security_policy": "",
            "security_settings": [],
            "self_link": "https://www.googleapis.com/compute/v1/projects/potluck-ctf/global/backendServices/challenge24-backend-service",
            "session_affinity": "CLIENT_IP",
            "timeout_sec": 10,
            "timeouts": null
          },
          "sensitive_attributes": [],
          "private": "eyJlMmJmYjczMC1lY2FhLTExZTYtOGY4OC0zNDM2M2JjN2M0YzAiOnsiY3JlYXRlIjoxMjAwMDAwMDAwMDAwLCJkZWxldGUiOjEyMDAwMDAwMDAwMDAsInVwZGF0ZSI6MTIwMDAwMDAwMDAwMH0sInNjaGVtYV92ZXJzaW9uIjoiMSJ9",
          "dependencies": [
            "google_compute_health_check.challenge_healthcheck",
            "google_compute_instance.challenge_server",
            "google_compute_instance_group.challenge_group",
            "google_compute_network.potluckctf_network",
            "google_compute_subnetwork.potluckctf_challenge_subnet",
            "google_service_account.challenge_service_account"
          ]
        },
        {
          "index_key": "challenge25",
          "schema_version": 1,
          "attributes": {
            "affinity_cookie_ttl_sec": 0,
            "backend": [
              {
                "balancing_mode": "UTILIZATION",
                "capacity_scaler": 1,
                "description": "",
                "group": "https://www.googleapis.com/compute/v1/projects/potluck-ctf/zones/europe-west3-b/instanceGroups/challenge25-group",
                "max_connections": 0,
                "max_connections_per_endpoint": 0,
                "max_connections_per_instance": 0,
                "max_rate": 0,
                "max_rate_per_endpoint": 0,
                "max_rate_per_instance": 0,
                "max_utilization": 1
              }
            ],
            "cdn_policy": [],
            "circuit_breakers": [],
            "compression_mode": "",
            "connection_draining_timeout_sec": 300,
            "consistent_hash": [],
            "creation_timestamp": "2023-12-26T02:11:42.698-08:00",
            "custom_request_headers": [],
            "custom_response_headers": [],
            "description": "",
            "edge_security_policy": "",
            "enable_cdn": false,
            "fingerprint": "yNkRm7rCt2Q=",
            "generated_id": 6980393178602346545,
            "health_checks": [
              "https://www.googleapis.com/compute/v1/projects/potluck-ctf/global/healthChecks/challenge25-health-check"
            ],
            "iap": [],
            "id": "projects/potluck-ctf/global/backendServices/challenge25-backend-service",
            "load_balancing_scheme": "EXTERNAL",
            "locality_lb_policies": [],
            "locality_lb_policy": "",
            "log_config": [],
            "name": "challenge25-backend-service",
            "outlier_detection": [],
            "port_name": "challenge",
            "project": "potluck-ctf",
            "protocol": "TCP",
            "security_policy": "",
            "security_settings": [],
            "self_link": "https://www.googleapis.com/compute/v1/projects/potluck-ctf/global/backendServices/challenge25-backend-service",
            "session_affinity": "CLIENT_IP",
            "timeout_sec": 10,
            "timeouts": null
          },
          "sensitive_attributes": [],
          "private": "eyJlMmJmYjczMC1lY2FhLTExZTYtOGY4OC0zNDM2M2JjN2M0YzAiOnsiY3JlYXRlIjoxMjAwMDAwMDAwMDAwLCJkZWxldGUiOjEyMDAwMDAwMDAwMDAsInVwZGF0ZSI6MTIwMDAwMDAwMDAwMH0sInNjaGVtYV92ZXJzaW9uIjoiMSJ9",
          "dependencies": [
            "google_compute_health_check.challenge_healthcheck",
            "google_compute_instance.challenge_server",
            "google_compute_instance_group.challenge_group",
            "google_compute_network.potluckctf_network",
            "google_compute_subnetwork.potluckctf_challenge_subnet",
            "google_service_account.challenge_service_account"
          ]
        },
        {
          "index_key": "challenge26",
          "schema_version": 1,
          "attributes": {
            "affinity_cookie_ttl_sec": 0,
            "backend": [
              {
                "balancing_mode": "UTILIZATION",
                "capacity_scaler": 1,
                "description": "",
                "group": "https://www.googleapis.com/compute/v1/projects/potluck-ctf/zones/europe-west3-b/instanceGroups/challenge26-group",
                "max_connections": 0,
                "max_connections_per_endpoint": 0,
                "max_connections_per_instance": 0,
                "max_rate": 0,
                "max_rate_per_endpoint": 0,
                "max_rate_per_instance": 0,
                "max_utilization": 1
              }
            ],
            "cdn_policy": [],
            "circuit_breakers": [],
            "compression_mode": "",
            "connection_draining_timeout_sec": 300,
            "consistent_hash": [],
            "creation_timestamp": "2023-12-26T02:11:32.671-08:00",
            "custom_request_headers": [],
            "custom_response_headers": [],
            "description": "",
            "edge_security_policy": "",
            "enable_cdn": false,
            "fingerprint": "zKdGKs9bHjs=",
            "generated_id": 9047614913021155387,
            "health_checks": [
              "https://www.googleapis.com/compute/v1/projects/potluck-ctf/global/healthChecks/challenge26-health-check"
            ],
            "iap": [],
            "id": "projects/potluck-ctf/global/backendServices/challenge26-backend-service",
            "load_balancing_scheme": "EXTERNAL",
            "locality_lb_policies": [],
            "locality_lb_policy": "",
            "log_config": [],
            "name": "challenge26-backend-service",
            "outlier_detection": [],
            "port_name": "challenge",
            "project": "potluck-ctf",
            "protocol": "TCP",
            "security_policy": "",
            "security_settings": [],
            "self_link": "https://www.googleapis.com/compute/v1/projects/potluck-ctf/global/backendServices/challenge26-backend-service",
            "session_affinity": "CLIENT_IP",
            "timeout_sec": 10,
            "timeouts": null
          },
          "sensitive_attributes": [],
          "private": "eyJlMmJmYjczMC1lY2FhLTExZTYtOGY4OC0zNDM2M2JjN2M0YzAiOnsiY3JlYXRlIjoxMjAwMDAwMDAwMDAwLCJkZWxldGUiOjEyMDAwMDAwMDAwMDAsInVwZGF0ZSI6MTIwMDAwMDAwMDAwMH0sInNjaGVtYV92ZXJzaW9uIjoiMSJ9",
          "dependencies": [
            "google_compute_health_check.challenge_healthcheck",
            "google_compute_instance.challenge_server",
            "google_compute_instance_group.challenge_group",
            "google_compute_network.potluckctf_network",
            "google_compute_subnetwork.potluckctf_challenge_subnet",
            "google_service_account.challenge_service_account"
          ]
        },
        {
          "index_key": "challenge27",
          "schema_version": 1,
          "attributes": {
            "affinity_cookie_ttl_sec": 0,
            "backend": [
              {
                "balancing_mode": "UTILIZATION",
                "capacity_scaler": 1,
                "description": "",
                "group": "https://www.googleapis.com/compute/v1/projects/potluck-ctf/zones/europe-west3-b/instanceGroups/challenge27-group",
                "max_connections": 0,
                "max_connections_per_endpoint": 0,
                "max_connections_per_instance": 0,
                "max_rate": 0,
                "max_rate_per_endpoint": 0,
                "max_rate_per_instance": 0,
                "max_utilization": 1
              }
            ],
            "cdn_policy": [],
            "circuit_breakers": [],
            "compression_mode": "",
            "connection_draining_timeout_sec": 300,
            "consistent_hash": [],
            "creation_timestamp": "2023-12-26T02:11:10.181-08:00",
            "custom_request_headers": [],
            "custom_response_headers": [],
            "description": "",
            "edge_security_policy": "",
            "enable_cdn": false,
            "fingerprint": "FhHPCiOrmUc=",
            "generated_id": 4264236305625847889,
            "health_checks": [
              "https://www.googleapis.com/compute/v1/projects/potluck-ctf/global/healthChecks/challenge27-health-check"
            ],
            "iap": [],
            "id": "projects/potluck-ctf/global/backendServices/challenge27-backend-service",
            "load_balancing_scheme": "EXTERNAL",
            "locality_lb_policies": [],
            "locality_lb_policy": "",
            "log_config": [],
            "name": "challenge27-backend-service",
            "outlier_detection": [],
            "port_name": "challenge",
            "project": "potluck-ctf",
            "protocol": "TCP",
            "security_policy": "",
            "security_settings": [],
            "self_link": "https://www.googleapis.com/compute/v1/projects/potluck-ctf/global/backendServices/challenge27-backend-service",
            "session_affinity": "CLIENT_IP",
            "timeout_sec": 10,
            "timeouts": null
          },
          "sensitive_attributes": [],
          "private": "eyJlMmJmYjczMC1lY2FhLTExZTYtOGY4OC0zNDM2M2JjN2M0YzAiOnsiY3JlYXRlIjoxMjAwMDAwMDAwMDAwLCJkZWxldGUiOjEyMDAwMDAwMDAwMDAsInVwZGF0ZSI6MTIwMDAwMDAwMDAwMH0sInNjaGVtYV92ZXJzaW9uIjoiMSJ9",
          "dependencies": [
            "google_compute_health_check.challenge_healthcheck",
            "google_compute_instance.challenge_server",
            "google_compute_instance_group.challenge_group",
            "google_compute_network.potluckctf_network",
            "google_compute_subnetwork.potluckctf_challenge_subnet",
            "google_service_account.challenge_service_account"
          ]
        },
        {
          "index_key": "challenge28",
          "schema_version": 1,
          "attributes": {
            "affinity_cookie_ttl_sec": 0,
            "backend": [
              {
                "balancing_mode": "UTILIZATION",
                "capacity_scaler": 1,
                "description": "",
                "group": "https://www.googleapis.com/compute/v1/projects/potluck-ctf/zones/europe-west3-b/instanceGroups/challenge28-group",
                "max_connections": 0,
                "max_connections_per_endpoint": 0,
                "max_connections_per_instance": 0,
                "max_rate": 0,
                "max_rate_per_endpoint": 0,
                "max_rate_per_instance": 0,
                "max_utilization": 1
              }
            ],
            "cdn_policy": [],
            "circuit_breakers": [],
            "compression_mode": "",
            "connection_draining_timeout_sec": 300,
            "consistent_hash": [],
            "creation_timestamp": "2023-12-26T02:11:09.422-08:00",
            "custom_request_headers": [],
            "custom_response_headers": [],
            "description": "",
            "edge_security_policy": "",
            "enable_cdn": false,
            "fingerprint": "-XEkY-6uTNs=",
            "generated_id": 3314529039735527506,
            "health_checks": [
              "https://www.googleapis.com/compute/v1/projects/potluck-ctf/global/healthChecks/challenge28-health-check"
            ],
            "iap": [],
            "id": "projects/potluck-ctf/global/backendServices/challenge28-backend-service",
            "load_balancing_scheme": "EXTERNAL",
            "locality_lb_policies": [],
            "locality_lb_policy": "",
            "log_config": [],
            "name": "challenge28-backend-service",
            "outlier_detection": [],
            "port_name": "challenge",
            "project": "potluck-ctf",
            "protocol": "TCP",
            "security_policy": "",
            "security_settings": [],
            "self_link": "https://www.googleapis.com/compute/v1/projects/potluck-ctf/global/backendServices/challenge28-backend-service",
            "session_affinity": "CLIENT_IP",
            "timeout_sec": 10,
            "timeouts": null
          },
          "sensitive_attributes": [],
          "private": "eyJlMmJmYjczMC1lY2FhLTExZTYtOGY4OC0zNDM2M2JjN2M0YzAiOnsiY3JlYXRlIjoxMjAwMDAwMDAwMDAwLCJkZWxldGUiOjEyMDAwMDAwMDAwMDAsInVwZGF0ZSI6MTIwMDAwMDAwMDAwMH0sInNjaGVtYV92ZXJzaW9uIjoiMSJ9",
          "dependencies": [
            "google_compute_health_check.challenge_healthcheck",
            "google_compute_instance.challenge_server",
            "google_compute_instance_group.challenge_group",
            "google_compute_network.potluckctf_network",
            "google_compute_subnetwork.potluckctf_challenge_subnet",
            "google_service_account.challenge_service_account"
          ]
        },
        {
          "index_key": "challenge29",
          "schema_version": 1,
          "attributes": {
            "affinity_cookie_ttl_sec": 0,
            "backend": [
              {
                "balancing_mode": "UTILIZATION",
                "capacity_scaler": 1,
                "description": "",
                "group": "https://www.googleapis.com/compute/v1/projects/potluck-ctf/zones/europe-west3-b/instanceGroups/challenge29-group",
                "max_connections": 0,
                "max_connections_per_endpoint": 0,
                "max_connections_per_instance": 0,
                "max_rate": 0,
                "max_rate_per_endpoint": 0,
                "max_rate_per_instance": 0,
                "max_utilization": 1
              }
            ],
            "cdn_policy": [],
            "circuit_breakers": [],
            "compression_mode": "",
            "connection_draining_timeout_sec": 300,
            "consistent_hash": [],
            "creation_timestamp": "2023-12-26T02:11:09.730-08:00",
            "custom_request_headers": [],
            "custom_response_headers": [],
            "description": "",
            "edge_security_policy": "",
            "enable_cdn": false,
            "fingerprint": "BmR_aI1Z2HI=",
            "generated_id": 2999273574011181138,
            "health_checks": [
              "https://www.googleapis.com/compute/v1/projects/potluck-ctf/global/healthChecks/challenge29-health-check"
            ],
            "iap": [],
            "id": "projects/potluck-ctf/global/backendServices/challenge29-backend-service",
            "load_balancing_scheme": "EXTERNAL",
            "locality_lb_policies": [],
            "locality_lb_policy": "",
            "log_config": [],
            "name": "challenge29-backend-service",
            "outlier_detection": [],
            "port_name": "challenge",
            "project": "potluck-ctf",
            "protocol": "TCP",
            "security_policy": "",
            "security_settings": [],
            "self_link": "https://www.googleapis.com/compute/v1/projects/potluck-ctf/global/backendServices/challenge29-backend-service",
            "session_affinity": "CLIENT_IP",
            "timeout_sec": 10,
            "timeouts": null
          },
          "sensitive_attributes": [],
          "private": "eyJlMmJmYjczMC1lY2FhLTExZTYtOGY4OC0zNDM2M2JjN2M0YzAiOnsiY3JlYXRlIjoxMjAwMDAwMDAwMDAwLCJkZWxldGUiOjEyMDAwMDAwMDAwMDAsInVwZGF0ZSI6MTIwMDAwMDAwMDAwMH0sInNjaGVtYV92ZXJzaW9uIjoiMSJ9",
          "dependencies": [
            "google_compute_health_check.challenge_healthcheck",
            "google_compute_instance.challenge_server",
            "google_compute_instance_group.challenge_group",
            "google_compute_network.potluckctf_network",
            "google_compute_subnetwork.potluckctf_challenge_subnet",
            "google_service_account.challenge_service_account"
          ]
        }
      ]
    },
    {
      "mode": "managed",
      "type": "google_compute_firewall",
      "name": "potlucktf_firewall_challenge_iap",
      "provider": "provider[\"registry.terraform.io/hashicorp/google-beta\"]",
      "instances": [
        {
          "index_key": 0,
          "schema_version": 1,
          "attributes": {
            "allow": [
              {
                "ports": [
                  "31337"
                ],
                "protocol": "tcp"
              }
            ],
            "creation_timestamp": "2023-12-26T02:08:12.768-08:00",
            "deny": [],
            "description": "",
            "destination_ranges": [],
            "direction": "INGRESS",
            "disabled": false,
            "enable_logging": null,
            "id": "projects/potluck-ctf/global/firewalls/potluckctf-fw-challenge-iap",
            "log_config": [],
            "name": "potluckctf-fw-challenge-iap",
            "network": "https://www.googleapis.com/compute/v1/projects/potluck-ctf/global/networks/potluckctf-network",
            "priority": 1000,
            "project": "potluck-ctf",
            "self_link": "https://www.googleapis.com/compute/v1/projects/potluck-ctf/global/firewalls/potluckctf-fw-challenge-iap",
            "source_ranges": [
              "35.235.240.0/20"
            ],
            "source_service_accounts": [],
            "source_tags": [],
            "target_service_accounts": [],
            "target_tags": [],
            "timeouts": null
          },
          "sensitive_attributes": [],
          "private": "eyJlMmJmYjczMC1lY2FhLTExZTYtOGY4OC0zNDM2M2JjN2M0YzAiOnsiY3JlYXRlIjoxMjAwMDAwMDAwMDAwLCJkZWxldGUiOjEyMDAwMDAwMDAwMDAsInVwZGF0ZSI6MTIwMDAwMDAwMDAwMH0sInNjaGVtYV92ZXJzaW9uIjoiMSJ9",
          "dependencies": [
            "google_compute_network.potluckctf_network"
          ]
        }
      ]
    },
    {
      "mode": "managed",
      "type": "google_compute_firewall",
      "name": "potlucktf_firewall_healthcheck",
      "provider": "provider[\"registry.terraform.io/hashicorp/google-beta\"]",
      "instances": [
        {
          "index_key": 0,
          "schema_version": 1,
          "attributes": {
            "allow": [
              {
                "ports": [
                  "80"
                ],
                "protocol": "tcp"
              }
            ],
            "creation_timestamp": "2023-12-26T02:08:12.984-08:00",
            "deny": [],
            "description": "",
            "destination_ranges": [],
            "direction": "INGRESS",
            "disabled": false,
            "enable_logging": null,
            "id": "projects/potluck-ctf/global/firewalls/potluckctf-fw-healthcheck",
            "log_config": [],
            "name": "potluckctf-fw-healthcheck",
            "network": "https://www.googleapis.com/compute/v1/projects/potluck-ctf/global/networks/potluckctf-network",
            "priority": 1000,
            "project": "potluck-ctf",
            "self_link": "https://www.googleapis.com/compute/v1/projects/potluck-ctf/global/firewalls/potluckctf-fw-healthcheck",
            "source_ranges": [
              "130.211.0.0/22",
              "35.191.0.0/16"
            ],
            "source_service_accounts": [],
            "source_tags": [],
            "target_service_accounts": [],
            "target_tags": [
              "challenge"
            ],
            "timeouts": null
          },
          "sensitive_attributes": [],
          "private": "eyJlMmJmYjczMC1lY2FhLTExZTYtOGY4OC0zNDM2M2JjN2M0YzAiOnsiY3JlYXRlIjoxMjAwMDAwMDAwMDAwLCJkZWxldGUiOjEyMDAwMDAwMDAwMDAsInVwZGF0ZSI6MTIwMDAwMDAwMDAwMH0sInNjaGVtYV92ZXJzaW9uIjoiMSJ9",
          "dependencies": [
            "google_compute_network.potluckctf_network"
          ]
        }
      ]
    },
    {
      "mode": "managed",
      "type": "google_compute_firewall",
      "name": "potlucktf_firewall_monitor_http",
      "provider": "provider[\"registry.terraform.io/hashicorp/google-beta\"]",
      "instances": [
        {
          "schema_version": 1,
          "attributes": {
            "allow": [
              {
                "ports": [
                  "80",
                  "443"
                ],
                "protocol": "tcp"
              }
            ],
            "creation_timestamp": "2023-12-20T13:38:42.296-08:00",
            "deny": [],
            "description": "",
            "destination_ranges": [],
            "direction": "INGRESS",
            "disabled": false,
            "enable_logging": null,
            "id": "projects/potluck-ctf/global/firewalls/potluckctf-fw-monitor-http",
            "log_config": [],
            "name": "potluckctf-fw-monitor-http",
            "network": "https://www.googleapis.com/compute/v1/projects/potluck-ctf/global/networks/potluckctf-network",
            "priority": 1000,
            "project": "potluck-ctf",
            "self_link": "https://www.googleapis.com/compute/v1/projects/potluck-ctf/global/firewalls/potluckctf-fw-monitor-http",
            "source_ranges": [
              "0.0.0.0/0"
            ],
            "source_service_accounts": [],
            "source_tags": [],
            "target_service_accounts": [],
            "target_tags": [
              "monitor"
            ],
            "timeouts": null
          },
          "sensitive_attributes": [],
          "private": "eyJlMmJmYjczMC1lY2FhLTExZTYtOGY4OC0zNDM2M2JjN2M0YzAiOnsiY3JlYXRlIjoxMjAwMDAwMDAwMDAwLCJkZWxldGUiOjEyMDAwMDAwMDAwMDAsInVwZGF0ZSI6MTIwMDAwMDAwMDAwMH0sInNjaGVtYV92ZXJzaW9uIjoiMSJ9",
          "dependencies": [
            "google_compute_network.potluckctf_network"
          ]
        }
      ]
    },
    {
      "mode": "managed",
      "type": "google_compute_firewall",
      "name": "potlucktf_firewall_node_exporter",
      "provider": "provider[\"registry.terraform.io/hashicorp/google-beta\"]",
      "instances": [
        {
          "schema_version": 1,
          "attributes": {
            "allow": [
              {
                "ports": [
                  "9100"
                ],
                "protocol": "tcp"
              }
            ],
            "creation_timestamp": "2023-12-20T13:38:42.237-08:00",
            "deny": [],
            "description": "",
            "destination_ranges": [],
            "direction": "INGRESS",
            "disabled": false,
            "enable_logging": null,
            "id": "projects/potluck-ctf/global/firewalls/potluckctf-fw-node-exporter",
            "log_config": [],
            "name": "potluckctf-fw-node-exporter",
            "network": "https://www.googleapis.com/compute/v1/projects/potluck-ctf/global/networks/potluckctf-network",
            "priority": 1000,
            "project": "potluck-ctf",
            "self_link": "https://www.googleapis.com/compute/v1/projects/potluck-ctf/global/firewalls/potluckctf-fw-node-exporter",
            "source_ranges": [
              "10.0.0.0/8"
            ],
            "source_service_accounts": [],
            "source_tags": [],
            "target_service_accounts": [],
            "target_tags": [],
            "timeouts": null
          },
          "sensitive_attributes": [],
          "private": "eyJlMmJmYjczMC1lY2FhLTExZTYtOGY4OC0zNDM2M2JjN2M0YzAiOnsiY3JlYXRlIjoxMjAwMDAwMDAwMDAwLCJkZWxldGUiOjEyMDAwMDAwMDAwMDAsInVwZGF0ZSI6MTIwMDAwMDAwMDAwMH0sInNjaGVtYV92ZXJzaW9uIjoiMSJ9",
          "dependencies": [
            "google_compute_network.potluckctf_network"
          ]
        }
      ]
    },
    {
      "mode": "managed",
      "type": "google_compute_firewall",
      "name": "potlucktf_firewall_scoreboard_http",
      "provider": "provider[\"registry.terraform.io/hashicorp/google-beta\"]",
      "instances": [
        {
          "index_key": 0,
          "schema_version": 1,
          "attributes": {
            "allow": [
              {
                "ports": [
                  "80",
                  "443"
                ],
                "protocol": "tcp"
              }
            ],
            "creation_timestamp": "2023-12-20T15:03:35.043-08:00",
            "deny": [],
            "description": "",
            "destination_ranges": [],
            "direction": "INGRESS",
            "disabled": false,
            "enable_logging": null,
            "id": "projects/potluck-ctf/global/firewalls/potluckctf-fw-scoreboard-http",
            "log_config": [],
            "name": "potluckctf-fw-scoreboard-http",
            "network": "https://www.googleapis.com/compute/v1/projects/potluck-ctf/global/networks/potluckctf-network",
            "priority": 1000,
            "project": "potluck-ctf",
            "self_link": "https://www.googleapis.com/compute/v1/projects/potluck-ctf/global/firewalls/potluckctf-fw-scoreboard-http",
            "source_ranges": [
              "0.0.0.0/0"
            ],
            "source_service_accounts": [],
            "source_tags": [],
            "target_service_accounts": [],
            "target_tags": [
              "scoreboard"
            ],
            "timeouts": null
          },
          "sensitive_attributes": [],
          "private": "eyJlMmJmYjczMC1lY2FhLTExZTYtOGY4OC0zNDM2M2JjN2M0YzAiOnsiY3JlYXRlIjoxMjAwMDAwMDAwMDAwLCJkZWxldGUiOjEyMDAwMDAwMDAwMDAsInVwZGF0ZSI6MTIwMDAwMDAwMDAwMH0sInNjaGVtYV92ZXJzaW9uIjoiMSJ9",
          "dependencies": [
            "google_compute_network.potluckctf_network"
          ]
        }
      ]
    },
    {
      "mode": "managed",
      "type": "google_compute_firewall",
      "name": "potlucktf_firewall_ssh",
      "provider": "provider[\"registry.terraform.io/hashicorp/google-beta\"]",
      "instances": [
        {
          "schema_version": 1,
          "attributes": {
            "allow": [
              {
                "ports": [
                  "22"
                ],
                "protocol": "tcp"
              }
            ],
            "creation_timestamp": "2023-12-20T13:38:42.282-08:00",
            "deny": [],
            "description": "",
            "destination_ranges": [],
            "direction": "INGRESS",
            "disabled": false,
            "enable_logging": null,
            "id": "projects/potluck-ctf/global/firewalls/potluckctf-fw-ssh",
            "log_config": [],
            "name": "potluckctf-fw-ssh",
            "network": "https://www.googleapis.com/compute/v1/projects/potluck-ctf/global/networks/potluckctf-network",
            "priority": 1000,
            "project": "potluck-ctf",
            "self_link": "https://www.googleapis.com/compute/v1/projects/potluck-ctf/global/firewalls/potluckctf-fw-ssh",
            "source_ranges": [
              "35.235.240.0/20"
            ],
            "source_service_accounts": [],
            "source_tags": [],
            "target_service_accounts": [],
            "target_tags": [],
            "timeouts": null
          },
          "sensitive_attributes": [],
          "private": "eyJlMmJmYjczMC1lY2FhLTExZTYtOGY4OC0zNDM2M2JjN2M0YzAiOnsiY3JlYXRlIjoxMjAwMDAwMDAwMDAwLCJkZWxldGUiOjEyMDAwMDAwMDAwMDAsInVwZGF0ZSI6MTIwMDAwMDAwMDAwMH0sInNjaGVtYV92ZXJzaW9uIjoiMSJ9",
          "dependencies": [
            "google_compute_network.potluckctf_network"
          ]
        }
      ]
    },
    {
      "mode": "managed",
      "type": "google_compute_firewall",
      "name": "potlucktf_firewall_syslog",
      "provider": "provider[\"registry.terraform.io/hashicorp/google-beta\"]",
      "instances": [
        {
          "schema_version": 1,
          "attributes": {
            "allow": [
              {
                "ports": [
                  "514"
                ],
                "protocol": "tcp"
              }
            ],
            "creation_timestamp": "2023-12-20T13:38:41.883-08:00",
            "deny": [],
            "description": "",
            "destination_ranges": [],
            "direction": "INGRESS",
            "disabled": false,
            "enable_logging": null,
            "id": "projects/potluck-ctf/global/firewalls/potluckctf-fw-syslog",
            "log_config": [],
            "name": "potluckctf-fw-syslog",
            "network": "https://www.googleapis.com/compute/v1/projects/potluck-ctf/global/networks/potluckctf-network",
            "priority": 1000,
            "project": "potluck-ctf",
            "self_link": "https://www.googleapis.com/compute/v1/projects/potluck-ctf/global/firewalls/potluckctf-fw-syslog",
            "source_ranges": [
              "10.0.0.0/8"
            ],
            "source_service_accounts": [],
            "source_tags": [],
            "target_service_accounts": [],
            "target_tags": [
              "monitor"
            ],
            "timeouts": null
          },
          "sensitive_attributes": [],
          "private": "eyJlMmJmYjczMC1lY2FhLTExZTYtOGY4OC0zNDM2M2JjN2M0YzAiOnsiY3JlYXRlIjoxMjAwMDAwMDAwMDAwLCJkZWxldGUiOjEyMDAwMDAwMDAwMDAsInVwZGF0ZSI6MTIwMDAwMDAwMDAwMH0sInNjaGVtYV92ZXJzaW9uIjoiMSJ9",
          "dependencies": [
            "google_compute_network.potluckctf_network"
          ]
        }
      ]
    },
    {
      "mode": "managed",
      "type": "google_compute_global_address",
      "name": "challenge_ip",
      "provider": "provider[\"registry.terraform.io/hashicorp/google-beta\"]",
      "instances": [
        {
          "index_key": "challenge00",
          "schema_version": 0,
          "attributes": {
            "address": "34.117.182.222",
            "address_type": "EXTERNAL",
            "creation_timestamp": "2023-12-26T02:09:20.087-08:00",
            "description": "",
            "effective_labels": {},
            "id": "projects/potluck-ctf/global/addresses/challenge00-ip",
            "ip_version": "",
            "label_fingerprint": "42WmSpB8rSM=",
            "labels": {},
            "name": "challenge00-ip",
            "network": "",
            "prefix_length": 0,
            "project": "potluck-ctf",
            "purpose": "",
            "self_link": "https://www.googleapis.com/compute/v1/projects/potluck-ctf/global/addresses/challenge00-ip",
            "terraform_labels": {},
            "timeouts": null
          },
          "sensitive_attributes": [],
          "private": "eyJlMmJmYjczMC1lY2FhLTExZTYtOGY4OC0zNDM2M2JjN2M0YzAiOnsiY3JlYXRlIjoxMjAwMDAwMDAwMDAwLCJkZWxldGUiOjEyMDAwMDAwMDAwMDAsInVwZGF0ZSI6MTIwMDAwMDAwMDAwMH19"
        },
        {
          "index_key": "challenge01",
          "schema_version": 0,
          "attributes": {
            "address": "34.107.204.216",
            "address_type": "EXTERNAL",
            "creation_timestamp": "2023-12-26T02:09:21.196-08:00",
            "description": "",
            "effective_labels": {},
            "id": "projects/potluck-ctf/global/addresses/challenge01-ip",
            "ip_version": "",
            "label_fingerprint": "42WmSpB8rSM=",
            "labels": {},
            "name": "challenge01-ip",
            "network": "",
            "prefix_length": 0,
            "project": "potluck-ctf",
            "purpose": "",
            "self_link": "https://www.googleapis.com/compute/v1/projects/potluck-ctf/global/addresses/challenge01-ip",
            "terraform_labels": {},
            "timeouts": null
          },
          "sensitive_attributes": [],
          "private": "eyJlMmJmYjczMC1lY2FhLTExZTYtOGY4OC0zNDM2M2JjN2M0YzAiOnsiY3JlYXRlIjoxMjAwMDAwMDAwMDAwLCJkZWxldGUiOjEyMDAwMDAwMDAwMDAsInVwZGF0ZSI6MTIwMDAwMDAwMDAwMH19"
        },
        {
          "index_key": "challenge03",
          "schema_version": 0,
          "attributes": {
            "address": "107.178.254.251",
            "address_type": "EXTERNAL",
            "creation_timestamp": "2023-12-26T02:09:10.668-08:00",
            "description": "",
            "effective_labels": {},
            "id": "projects/potluck-ctf/global/addresses/challenge03-ip",
            "ip_version": "",
            "label_fingerprint": "42WmSpB8rSM=",
            "labels": {},
            "name": "challenge03-ip",
            "network": "",
            "prefix_length": 0,
            "project": "potluck-ctf",
            "purpose": "",
            "self_link": "https://www.googleapis.com/compute/v1/projects/potluck-ctf/global/addresses/challenge03-ip",
            "terraform_labels": {},
            "timeouts": null
          },
          "sensitive_attributes": [],
          "private": "eyJlMmJmYjczMC1lY2FhLTExZTYtOGY4OC0zNDM2M2JjN2M0YzAiOnsiY3JlYXRlIjoxMjAwMDAwMDAwMDAwLCJkZWxldGUiOjEyMDAwMDAwMDAwMDAsInVwZGF0ZSI6MTIwMDAwMDAwMDAwMH19"
        },
        {
          "index_key": "challenge05",
          "schema_version": 0,
          "attributes": {
            "address": "35.244.253.69",
            "address_type": "EXTERNAL",
            "creation_timestamp": "2023-12-26T02:08:59.248-08:00",
            "description": "",
            "effective_labels": {},
            "id": "projects/potluck-ctf/global/addresses/challenge05-ip",
            "ip_version": "",
            "label_fingerprint": "42WmSpB8rSM=",
            "labels": {},
            "name": "challenge05-ip",
            "network": "",
            "prefix_length": 0,
            "project": "potluck-ctf",
            "purpose": "",
            "self_link": "https://www.googleapis.com/compute/v1/projects/potluck-ctf/global/addresses/challenge05-ip",
            "terraform_labels": {},
            "timeouts": null
          },
          "sensitive_attributes": [],
          "private": "eyJlMmJmYjczMC1lY2FhLTExZTYtOGY4OC0zNDM2M2JjN2M0YzAiOnsiY3JlYXRlIjoxMjAwMDAwMDAwMDAwLCJkZWxldGUiOjEyMDAwMDAwMDAwMDAsInVwZGF0ZSI6MTIwMDAwMDAwMDAwMH19"
        },
        {
          "index_key": "challenge06",
          "schema_version": 0,
          "attributes": {
            "address": "34.111.95.66",
            "address_type": "EXTERNAL",
            "creation_timestamp": "2023-12-26T02:08:12.828-08:00",
            "description": "",
            "effective_labels": {},
            "id": "projects/potluck-ctf/global/addresses/challenge06-ip",
            "ip_version": "",
            "label_fingerprint": "42WmSpB8rSM=",
            "labels": {},
            "name": "challenge06-ip",
            "network": "",
            "prefix_length": 0,
            "project": "potluck-ctf",
            "purpose": "",
            "self_link": "https://www.googleapis.com/compute/v1/projects/potluck-ctf/global/addresses/challenge06-ip",
            "terraform_labels": {},
            "timeouts": null
          },
          "sensitive_attributes": [],
          "private": "eyJlMmJmYjczMC1lY2FhLTExZTYtOGY4OC0zNDM2M2JjN2M0YzAiOnsiY3JlYXRlIjoxMjAwMDAwMDAwMDAwLCJkZWxldGUiOjEyMDAwMDAwMDAwMDAsInVwZGF0ZSI6MTIwMDAwMDAwMDAwMH19"
        },
        {
          "index_key": "challenge07",
          "schema_version": 0,
          "attributes": {
            "address": "34.144.192.21",
            "address_type": "EXTERNAL",
            "creation_timestamp": "2023-12-26T02:08:58.357-08:00",
            "description": "",
            "effective_labels": {},
            "id": "projects/potluck-ctf/global/addresses/challenge07-ip",
            "ip_version": "",
            "label_fingerprint": "42WmSpB8rSM=",
            "labels": {},
            "name": "challenge07-ip",
            "network": "",
            "prefix_length": 0,
            "project": "potluck-ctf",
            "purpose": "",
            "self_link": "https://www.googleapis.com/compute/v1/projects/potluck-ctf/global/addresses/challenge07-ip",
            "terraform_labels": {},
            "timeouts": null
          },
          "sensitive_attributes": [],
          "private": "eyJlMmJmYjczMC1lY2FhLTExZTYtOGY4OC0zNDM2M2JjN2M0YzAiOnsiY3JlYXRlIjoxMjAwMDAwMDAwMDAwLCJkZWxldGUiOjEyMDAwMDAwMDAwMDAsInVwZGF0ZSI6MTIwMDAwMDAwMDAwMH19"
        },
        {
          "index_key": "challenge09",
          "schema_version": 0,
          "attributes": {
            "address": "34.120.122.99",
            "address_type": "EXTERNAL",
            "creation_timestamp": "2023-12-26T02:08:59.457-08:00",
            "description": "",
            "effective_labels": {},
            "id": "projects/potluck-ctf/global/addresses/challenge09-ip",
            "ip_version": "",
            "label_fingerprint": "42WmSpB8rSM=",
            "labels": {},
            "name": "challenge09-ip",
            "network": "",
            "prefix_length": 0,
            "project": "potluck-ctf",
            "purpose": "",
            "self_link": "https://www.googleapis.com/compute/v1/projects/potluck-ctf/global/addresses/challenge09-ip",
            "terraform_labels": {},
            "timeouts": null
          },
          "sensitive_attributes": [],
          "private": "eyJlMmJmYjczMC1lY2FhLTExZTYtOGY4OC0zNDM2M2JjN2M0YzAiOnsiY3JlYXRlIjoxMjAwMDAwMDAwMDAwLCJkZWxldGUiOjEyMDAwMDAwMDAwMDAsInVwZGF0ZSI6MTIwMDAwMDAwMDAwMH19"
        },
        {
          "index_key": "challenge11",
          "schema_version": 0,
          "attributes": {
            "address": "34.36.128.223",
            "address_type": "EXTERNAL",
            "creation_timestamp": "2023-12-26T02:09:08.467-08:00",
            "description": "",
            "effective_labels": {},
            "id": "projects/potluck-ctf/global/addresses/challenge11-ip",
            "ip_version": "",
            "label_fingerprint": "42WmSpB8rSM=",
            "labels": {},
            "name": "challenge11-ip",
            "network": "",
            "prefix_length": 0,
            "project": "potluck-ctf",
            "purpose": "",
            "self_link": "https://www.googleapis.com/compute/v1/projects/potluck-ctf/global/addresses/challenge11-ip",
            "terraform_labels": {},
            "timeouts": null
          },
          "sensitive_attributes": [],
          "private": "eyJlMmJmYjczMC1lY2FhLTExZTYtOGY4OC0zNDM2M2JjN2M0YzAiOnsiY3JlYXRlIjoxMjAwMDAwMDAwMDAwLCJkZWxldGUiOjEyMDAwMDAwMDAwMDAsInVwZGF0ZSI6MTIwMDAwMDAwMDAwMH19"
        },
        {
          "index_key": "challenge12",
          "schema_version": 0,
          "attributes": {
            "address": "34.128.167.54",
            "address_type": "EXTERNAL",
            "creation_timestamp": "2023-12-26T02:09:10.779-08:00",
            "description": "",
            "effective_labels": {},
            "id": "projects/potluck-ctf/global/addresses/challenge12-ip",
            "ip_version": "",
            "label_fingerprint": "42WmSpB8rSM=",
            "labels": {},
            "name": "challenge12-ip",
            "network": "",
            "prefix_length": 0,
            "project": "potluck-ctf",
            "purpose": "",
            "self_link": "https://www.googleapis.com/compute/v1/projects/potluck-ctf/global/addresses/challenge12-ip",
            "terraform_labels": {},
            "timeouts": null
          },
          "sensitive_attributes": [],
          "private": "eyJlMmJmYjczMC1lY2FhLTExZTYtOGY4OC0zNDM2M2JjN2M0YzAiOnsiY3JlYXRlIjoxMjAwMDAwMDAwMDAwLCJkZWxldGUiOjEyMDAwMDAwMDAwMDAsInVwZGF0ZSI6MTIwMDAwMDAwMDAwMH19"
        },
        {
          "index_key": "challenge13",
          "schema_version": 0,
          "attributes": {
            "address": "34.107.252.3",
            "address_type": "EXTERNAL",
            "creation_timestamp": "2023-12-26T02:09:09.368-08:00",
            "description": "",
            "effective_labels": {},
            "id": "projects/potluck-ctf/global/addresses/challenge13-ip",
            "ip_version": "",
            "label_fingerprint": "42WmSpB8rSM=",
            "labels": {},
            "name": "challenge13-ip",
            "network": "",
            "prefix_length": 0,
            "project": "potluck-ctf",
            "purpose": "",
            "self_link": "https://www.googleapis.com/compute/v1/projects/potluck-ctf/global/addresses/challenge13-ip",
            "terraform_labels": {},
            "timeouts": null
          },
          "sensitive_attributes": [],
          "private": "eyJlMmJmYjczMC1lY2FhLTExZTYtOGY4OC0zNDM2M2JjN2M0YzAiOnsiY3JlYXRlIjoxMjAwMDAwMDAwMDAwLCJkZWxldGUiOjEyMDAwMDAwMDAwMDAsInVwZGF0ZSI6MTIwMDAwMDAwMDAwMH19"
        },
        {
          "index_key": "challenge15",
          "schema_version": 0,
          "attributes": {
            "address": "34.160.151.106",
            "address_type": "EXTERNAL",
            "creation_timestamp": "2023-12-26T02:09:20.467-08:00",
            "description": "",
            "effective_labels": {},
            "id": "projects/potluck-ctf/global/addresses/challenge15-ip",
            "ip_version": "",
            "label_fingerprint": "42WmSpB8rSM=",
            "labels": {},
            "name": "challenge15-ip",
            "network": "",
            "prefix_length": 0,
            "project": "potluck-ctf",
            "purpose": "",
            "self_link": "https://www.googleapis.com/compute/v1/projects/potluck-ctf/global/addresses/challenge15-ip",
            "terraform_labels": {},
            "timeouts": null
          },
          "sensitive_attributes": [],
          "private": "eyJlMmJmYjczMC1lY2FhLTExZTYtOGY4OC0zNDM2M2JjN2M0YzAiOnsiY3JlYXRlIjoxMjAwMDAwMDAwMDAwLCJkZWxldGUiOjEyMDAwMDAwMDAwMDAsInVwZGF0ZSI6MTIwMDAwMDAwMDAwMH19"
        },
        {
          "index_key": "challenge18",
          "schema_version": 0,
          "attributes": {
            "address": "34.144.255.97",
            "address_type": "EXTERNAL",
            "creation_timestamp": "2023-12-26T02:09:18.885-08:00",
            "description": "",
            "effective_labels": {},
            "id": "projects/potluck-ctf/global/addresses/challenge18-ip",
            "ip_version": "",
            "label_fingerprint": "42WmSpB8rSM=",
            "labels": {},
            "name": "challenge18-ip",
            "network": "",
            "prefix_length": 0,
            "project": "potluck-ctf",
            "purpose": "",
            "self_link": "https://www.googleapis.com/compute/v1/projects/potluck-ctf/global/addresses/challenge18-ip",
            "terraform_labels": {},
            "timeouts": null
          },
          "sensitive_attributes": [],
          "private": "eyJlMmJmYjczMC1lY2FhLTExZTYtOGY4OC0zNDM2M2JjN2M0YzAiOnsiY3JlYXRlIjoxMjAwMDAwMDAwMDAwLCJkZWxldGUiOjEyMDAwMDAwMDAwMDAsInVwZGF0ZSI6MTIwMDAwMDAwMDAwMH19"
        },
        {
          "index_key": "challenge19",
          "schema_version": 0,
          "attributes": {
            "address": "34.128.154.35",
            "address_type": "EXTERNAL",
            "creation_timestamp": "2023-12-26T02:09:20.971-08:00",
            "description": "",
            "effective_labels": {},
            "id": "projects/potluck-ctf/global/addresses/challenge19-ip",
            "ip_version": "",
            "label_fingerprint": "42WmSpB8rSM=",
            "labels": {},
            "name": "challenge19-ip",
            "network": "",
            "prefix_length": 0,
            "project": "potluck-ctf",
            "purpose": "",
            "self_link": "https://www.googleapis.com/compute/v1/projects/potluck-ctf/global/addresses/challenge19-ip",
            "terraform_labels": {},
            "timeouts": null
          },
          "sensitive_attributes": [],
          "private": "eyJlMmJmYjczMC1lY2FhLTExZTYtOGY4OC0zNDM2M2JjN2M0YzAiOnsiY3JlYXRlIjoxMjAwMDAwMDAwMDAwLCJkZWxldGUiOjEyMDAwMDAwMDAwMDAsInVwZGF0ZSI6MTIwMDAwMDAwMDAwMH19"
        },
        {
          "index_key": "challenge21",
          "schema_version": 0,
          "attributes": {
            "address": "34.36.29.126",
            "address_type": "EXTERNAL",
            "creation_timestamp": "2023-12-26T02:08:59.238-08:00",
            "description": "",
            "effective_labels": {},
            "id": "projects/potluck-ctf/global/addresses/challenge21-ip",
            "ip_version": "",
            "label_fingerprint": "42WmSpB8rSM=",
            "labels": {},
            "name": "challenge21-ip",
            "network": "",
            "prefix_length": 0,
            "project": "potluck-ctf",
            "purpose": "",
            "self_link": "https://www.googleapis.com/compute/v1/projects/potluck-ctf/global/addresses/challenge21-ip",
            "terraform_labels": {},
            "timeouts": null
          },
          "sensitive_attributes": [],
          "private": "eyJlMmJmYjczMC1lY2FhLTExZTYtOGY4OC0zNDM2M2JjN2M0YzAiOnsiY3JlYXRlIjoxMjAwMDAwMDAwMDAwLCJkZWxldGUiOjEyMDAwMDAwMDAwMDAsInVwZGF0ZSI6MTIwMDAwMDAwMDAwMH19"
        },
        {
          "index_key": "challenge22",
          "schema_version": 0,
          "attributes": {
            "address": "34.117.148.182",
            "address_type": "EXTERNAL",
            "creation_timestamp": "2023-12-26T02:08:13.397-08:00",
            "description": "",
            "effective_labels": {},
            "id": "projects/potluck-ctf/global/addresses/challenge22-ip",
            "ip_version": "",
            "label_fingerprint": "42WmSpB8rSM=",
            "labels": {},
            "name": "challenge22-ip",
            "network": "",
            "prefix_length": 0,
            "project": "potluck-ctf",
            "purpose": "",
            "self_link": "https://www.googleapis.com/compute/v1/projects/potluck-ctf/global/addresses/challenge22-ip",
            "terraform_labels": {},
            "timeouts": null
          },
          "sensitive_attributes": [],
          "private": "eyJlMmJmYjczMC1lY2FhLTExZTYtOGY4OC0zNDM2M2JjN2M0YzAiOnsiY3JlYXRlIjoxMjAwMDAwMDAwMDAwLCJkZWxldGUiOjEyMDAwMDAwMDAwMDAsInVwZGF0ZSI6MTIwMDAwMDAwMDAwMH19"
        },
        {
          "index_key": "challenge24",
          "schema_version": 0,
          "attributes": {
            "address": "34.120.15.221",
            "address_type": "EXTERNAL",
            "creation_timestamp": "2023-12-26T02:09:18.558-08:00",
            "description": "",
            "effective_labels": {},
            "id": "projects/potluck-ctf/global/addresses/challenge24-ip",
            "ip_version": "",
            "label_fingerprint": "42WmSpB8rSM=",
            "labels": {},
            "name": "challenge24-ip",
            "network": "",
            "prefix_length": 0,
            "project": "potluck-ctf",
            "purpose": "",
            "self_link": "https://www.googleapis.com/compute/v1/projects/potluck-ctf/global/addresses/challenge24-ip",
            "terraform_labels": {},
            "timeouts": null
          },
          "sensitive_attributes": [],
          "private": "eyJlMmJmYjczMC1lY2FhLTExZTYtOGY4OC0zNDM2M2JjN2M0YzAiOnsiY3JlYXRlIjoxMjAwMDAwMDAwMDAwLCJkZWxldGUiOjEyMDAwMDAwMDAwMDAsInVwZGF0ZSI6MTIwMDAwMDAwMDAwMH19"
        },
        {
          "index_key": "challenge25",
          "schema_version": 0,
          "attributes": {
            "address": "34.102.231.130",
            "address_type": "EXTERNAL",
            "creation_timestamp": "2023-12-26T02:09:22.498-08:00",
            "description": "",
            "effective_labels": {},
            "id": "projects/potluck-ctf/global/addresses/challenge25-ip",
            "ip_version": "",
            "label_fingerprint": "42WmSpB8rSM=",
            "labels": {},
            "name": "challenge25-ip",
            "network": "",
            "prefix_length": 0,
            "project": "potluck-ctf",
            "purpose": "",
            "self_link": "https://www.googleapis.com/compute/v1/projects/potluck-ctf/global/addresses/challenge25-ip",
            "terraform_labels": {},
            "timeouts": null
          },
          "sensitive_attributes": [],
          "private": "eyJlMmJmYjczMC1lY2FhLTExZTYtOGY4OC0zNDM2M2JjN2M0YzAiOnsiY3JlYXRlIjoxMjAwMDAwMDAwMDAwLCJkZWxldGUiOjEyMDAwMDAwMDAwMDAsInVwZGF0ZSI6MTIwMDAwMDAwMDAwMH19"
        },
        {
          "index_key": "challenge26",
          "schema_version": 0,
          "attributes": {
            "address": "35.227.211.43",
            "address_type": "EXTERNAL",
            "creation_timestamp": "2023-12-26T02:08:13.265-08:00",
            "description": "",
            "effective_labels": {},
            "id": "projects/potluck-ctf/global/addresses/challenge26-ip",
            "ip_version": "",
            "label_fingerprint": "42WmSpB8rSM=",
            "labels": {},
            "name": "challenge26-ip",
            "network": "",
            "prefix_length": 0,
            "project": "potluck-ctf",
            "purpose": "",
            "self_link": "https://www.googleapis.com/compute/v1/projects/potluck-ctf/global/addresses/challenge26-ip",
            "terraform_labels": {},
            "timeouts": null
          },
          "sensitive_attributes": [],
          "private": "eyJlMmJmYjczMC1lY2FhLTExZTYtOGY4OC0zNDM2M2JjN2M0YzAiOnsiY3JlYXRlIjoxMjAwMDAwMDAwMDAwLCJkZWxldGUiOjEyMDAwMDAwMDAwMDAsInVwZGF0ZSI6MTIwMDAwMDAwMDAwMH19"
        },
        {
          "index_key": "challenge27",
          "schema_version": 0,
          "attributes": {
            "address": "34.110.200.53",
            "address_type": "EXTERNAL",
            "creation_timestamp": "2023-12-26T02:09:11.615-08:00",
            "description": "",
            "effective_labels": {},
            "id": "projects/potluck-ctf/global/addresses/challenge27-ip",
            "ip_version": "",
            "label_fingerprint": "42WmSpB8rSM=",
            "labels": {},
            "name": "challenge27-ip",
            "network": "",
            "prefix_length": 0,
            "project": "potluck-ctf",
            "purpose": "",
            "self_link": "https://www.googleapis.com/compute/v1/projects/potluck-ctf/global/addresses/challenge27-ip",
            "terraform_labels": {},
            "timeouts": null
          },
          "sensitive_attributes": [],
          "private": "eyJlMmJmYjczMC1lY2FhLTExZTYtOGY4OC0zNDM2M2JjN2M0YzAiOnsiY3JlYXRlIjoxMjAwMDAwMDAwMDAwLCJkZWxldGUiOjEyMDAwMDAwMDAwMDAsInVwZGF0ZSI6MTIwMDAwMDAwMDAwMH19"
        },
        {
          "index_key": "challenge28",
          "schema_version": 0,
          "attributes": {
            "address": "34.144.203.150",
            "address_type": "EXTERNAL",
            "creation_timestamp": "2023-12-26T02:09:08.375-08:00",
            "description": "",
            "effective_labels": {},
            "id": "projects/potluck-ctf/global/addresses/challenge28-ip",
            "ip_version": "",
            "label_fingerprint": "42WmSpB8rSM=",
            "labels": {},
            "name": "challenge28-ip",
            "network": "",
            "prefix_length": 0,
            "project": "potluck-ctf",
            "purpose": "",
            "self_link": "https://www.googleapis.com/compute/v1/projects/potluck-ctf/global/addresses/challenge28-ip",
            "terraform_labels": {},
            "timeouts": null
          },
          "sensitive_attributes": [],
          "private": "eyJlMmJmYjczMC1lY2FhLTExZTYtOGY4OC0zNDM2M2JjN2M0YzAiOnsiY3JlYXRlIjoxMjAwMDAwMDAwMDAwLCJkZWxldGUiOjEyMDAwMDAwMDAwMDAsInVwZGF0ZSI6MTIwMDAwMDAwMDAwMH19"
        },
        {
          "index_key": "challenge29",
          "schema_version": 0,
          "attributes": {
            "address": "34.36.167.111",
            "address_type": "EXTERNAL",
            "creation_timestamp": "2023-12-26T02:09:09.410-08:00",
            "description": "",
            "effective_labels": {},
            "id": "projects/potluck-ctf/global/addresses/challenge29-ip",
            "ip_version": "",
            "label_fingerprint": "42WmSpB8rSM=",
            "labels": {},
            "name": "challenge29-ip",
            "network": "",
            "prefix_length": 0,
            "project": "potluck-ctf",
            "purpose": "",
            "self_link": "https://www.googleapis.com/compute/v1/projects/potluck-ctf/global/addresses/challenge29-ip",
            "terraform_labels": {},
            "timeouts": null
          },
          "sensitive_attributes": [],
          "private": "eyJlMmJmYjczMC1lY2FhLTExZTYtOGY4OC0zNDM2M2JjN2M0YzAiOnsiY3JlYXRlIjoxMjAwMDAwMDAwMDAwLCJkZWxldGUiOjEyMDAwMDAwMDAwMDAsInVwZGF0ZSI6MTIwMDAwMDAwMDAwMH19"
        }
      ]
    },
    {
      "mode": "managed",
      "type": "google_compute_global_forwarding_rule",
      "name": "challenge_forwarding",
      "provider": "provider[\"registry.terraform.io/hashicorp/google-beta\"]",
      "instances": [
        {
          "index_key": "challenge00",
          "schema_version": 0,
          "attributes": {
            "allow_psc_global_access": false,
            "base_forwarding_rule": "",
            "description": "",
            "effective_labels": {},
            "id": "projects/potluck-ctf/global/forwardingRules/challenge00-forwarding-rule",
            "ip_address": "34.117.182.222",
            "ip_protocol": "TCP",
            "ip_version": "",
            "label_fingerprint": "42WmSpB8rSM=",
            "labels": {},
            "load_balancing_scheme": "EXTERNAL",
            "metadata_filters": [],
            "name": "challenge00-forwarding-rule",
            "network": "",
            "no_automate_dns_zone": null,
            "port_range": "31337-31337",
            "project": "potluck-ctf",
            "psc_connection_id": "",
            "psc_connection_status": "",
            "self_link": "https://www.googleapis.com/compute/v1/projects/potluck-ctf/global/forwardingRules/challenge00-forwarding-rule",
            "service_directory_registrations": [],
            "source_ip_ranges": [],
            "subnetwork": "",
            "target": "https://www.googleapis.com/compute/beta/projects/potluck-ctf/global/targetTcpProxies/challenge00-health-check",
            "terraform_labels": {},
            "timeouts": null
          },
          "sensitive_attributes": [],
          "private": "eyJlMmJmYjczMC1lY2FhLTExZTYtOGY4OC0zNDM2M2JjN2M0YzAiOnsiY3JlYXRlIjoxMjAwMDAwMDAwMDAwLCJkZWxldGUiOjEyMDAwMDAwMDAwMDAsInVwZGF0ZSI6MTIwMDAwMDAwMDAwMH19",
          "dependencies": [
            "google_compute_backend_service.challenge_service",
            "google_compute_global_address.challenge_ip",
            "google_compute_health_check.challenge_healthcheck",
            "google_compute_instance.challenge_server",
            "google_compute_instance_group.challenge_group",
            "google_compute_network.potluckctf_network",
            "google_compute_subnetwork.potluckctf_challenge_subnet",
            "google_compute_target_tcp_proxy.challenge_proxy",
            "google_service_account.challenge_service_account"
          ]
        },
        {
          "index_key": "challenge01",
          "schema_version": 0,
          "attributes": {
            "allow_psc_global_access": false,
            "base_forwarding_rule": "",
            "description": "",
            "effective_labels": {},
            "id": "projects/potluck-ctf/global/forwardingRules/challenge01-forwarding-rule",
            "ip_address": "34.107.204.216",
            "ip_protocol": "TCP",
            "ip_version": "",
            "label_fingerprint": "42WmSpB8rSM=",
            "labels": {},
            "load_balancing_scheme": "EXTERNAL",
            "metadata_filters": [],
            "name": "challenge01-forwarding-rule",
            "network": "",
            "no_automate_dns_zone": null,
            "port_range": "31337-31337",
            "project": "potluck-ctf",
            "psc_connection_id": "",
            "psc_connection_status": "",
            "self_link": "https://www.googleapis.com/compute/v1/projects/potluck-ctf/global/forwardingRules/challenge01-forwarding-rule",
            "service_directory_registrations": [],
            "source_ip_ranges": [],
            "subnetwork": "",
            "target": "https://www.googleapis.com/compute/beta/projects/potluck-ctf/global/targetTcpProxies/challenge01-health-check",
            "terraform_labels": {},
            "timeouts": null
          },
          "sensitive_attributes": [],
          "private": "eyJlMmJmYjczMC1lY2FhLTExZTYtOGY4OC0zNDM2M2JjN2M0YzAiOnsiY3JlYXRlIjoxMjAwMDAwMDAwMDAwLCJkZWxldGUiOjEyMDAwMDAwMDAwMDAsInVwZGF0ZSI6MTIwMDAwMDAwMDAwMH19",
          "dependencies": [
            "google_compute_backend_service.challenge_service",
            "google_compute_global_address.challenge_ip",
            "google_compute_health_check.challenge_healthcheck",
            "google_compute_instance.challenge_server",
            "google_compute_instance_group.challenge_group",
            "google_compute_network.potluckctf_network",
            "google_compute_subnetwork.potluckctf_challenge_subnet",
            "google_compute_target_tcp_proxy.challenge_proxy",
            "google_service_account.challenge_service_account"
          ]
        },
        {
          "index_key": "challenge03",
          "schema_version": 0,
          "attributes": {
            "allow_psc_global_access": false,
            "base_forwarding_rule": "",
            "description": "",
            "effective_labels": {},
            "id": "projects/potluck-ctf/global/forwardingRules/challenge03-forwarding-rule",
            "ip_address": "107.178.254.251",
            "ip_protocol": "TCP",
            "ip_version": "",
            "label_fingerprint": "42WmSpB8rSM=",
            "labels": {},
            "load_balancing_scheme": "EXTERNAL",
            "metadata_filters": [],
            "name": "challenge03-forwarding-rule",
            "network": "",
            "no_automate_dns_zone": null,
            "port_range": "31337-31337",
            "project": "potluck-ctf",
            "psc_connection_id": "",
            "psc_connection_status": "",
            "self_link": "https://www.googleapis.com/compute/v1/projects/potluck-ctf/global/forwardingRules/challenge03-forwarding-rule",
            "service_directory_registrations": [],
            "source_ip_ranges": [],
            "subnetwork": "",
            "target": "https://www.googleapis.com/compute/beta/projects/potluck-ctf/global/targetTcpProxies/challenge03-health-check",
            "terraform_labels": {},
            "timeouts": null
          },
          "sensitive_attributes": [],
          "private": "eyJlMmJmYjczMC1lY2FhLTExZTYtOGY4OC0zNDM2M2JjN2M0YzAiOnsiY3JlYXRlIjoxMjAwMDAwMDAwMDAwLCJkZWxldGUiOjEyMDAwMDAwMDAwMDAsInVwZGF0ZSI6MTIwMDAwMDAwMDAwMH19",
          "dependencies": [
            "google_compute_backend_service.challenge_service",
            "google_compute_global_address.challenge_ip",
            "google_compute_health_check.challenge_healthcheck",
            "google_compute_instance.challenge_server",
            "google_compute_instance_group.challenge_group",
            "google_compute_network.potluckctf_network",
            "google_compute_subnetwork.potluckctf_challenge_subnet",
            "google_compute_target_tcp_proxy.challenge_proxy",
            "google_service_account.challenge_service_account"
          ]
        },
        {
          "index_key": "challenge05",
          "schema_version": 0,
          "attributes": {
            "allow_psc_global_access": false,
            "base_forwarding_rule": "",
            "description": "",
            "effective_labels": {},
            "id": "projects/potluck-ctf/global/forwardingRules/challenge05-forwarding-rule",
            "ip_address": "35.244.253.69",
            "ip_protocol": "TCP",
            "ip_version": "",
            "label_fingerprint": "42WmSpB8rSM=",
            "labels": {},
            "load_balancing_scheme": "EXTERNAL",
            "metadata_filters": [],
            "name": "challenge05-forwarding-rule",
            "network": "",
            "no_automate_dns_zone": null,
            "port_range": "31337-31337",
            "project": "potluck-ctf",
            "psc_connection_id": "",
            "psc_connection_status": "",
            "self_link": "https://www.googleapis.com/compute/v1/projects/potluck-ctf/global/forwardingRules/challenge05-forwarding-rule",
            "service_directory_registrations": [],
            "source_ip_ranges": [],
            "subnetwork": "",
            "target": "https://www.googleapis.com/compute/beta/projects/potluck-ctf/global/targetTcpProxies/challenge05-health-check",
            "terraform_labels": {},
            "timeouts": null
          },
          "sensitive_attributes": [],
          "private": "eyJlMmJmYjczMC1lY2FhLTExZTYtOGY4OC0zNDM2M2JjN2M0YzAiOnsiY3JlYXRlIjoxMjAwMDAwMDAwMDAwLCJkZWxldGUiOjEyMDAwMDAwMDAwMDAsInVwZGF0ZSI6MTIwMDAwMDAwMDAwMH19",
          "dependencies": [
            "google_compute_backend_service.challenge_service",
            "google_compute_global_address.challenge_ip",
            "google_compute_health_check.challenge_healthcheck",
            "google_compute_instance.challenge_server",
            "google_compute_instance_group.challenge_group",
            "google_compute_network.potluckctf_network",
            "google_compute_subnetwork.potluckctf_challenge_subnet",
            "google_compute_target_tcp_proxy.challenge_proxy",
            "google_service_account.challenge_service_account"
          ]
        },
        {
          "index_key": "challenge06",
          "schema_version": 0,
          "attributes": {
            "allow_psc_global_access": false,
            "base_forwarding_rule": "",
            "description": "",
            "effective_labels": {},
            "id": "projects/potluck-ctf/global/forwardingRules/challenge06-forwarding-rule",
            "ip_address": "34.111.95.66",
            "ip_protocol": "TCP",
            "ip_version": "",
            "label_fingerprint": "42WmSpB8rSM=",
            "labels": {},
            "load_balancing_scheme": "EXTERNAL",
            "metadata_filters": [],
            "name": "challenge06-forwarding-rule",
            "network": "",
            "no_automate_dns_zone": null,
            "port_range": "31337-31337",
            "project": "potluck-ctf",
            "psc_connection_id": "",
            "psc_connection_status": "",
            "self_link": "https://www.googleapis.com/compute/v1/projects/potluck-ctf/global/forwardingRules/challenge06-forwarding-rule",
            "service_directory_registrations": [],
            "source_ip_ranges": [],
            "subnetwork": "",
            "target": "https://www.googleapis.com/compute/beta/projects/potluck-ctf/global/targetTcpProxies/challenge06-health-check",
            "terraform_labels": {},
            "timeouts": null
          },
          "sensitive_attributes": [],
          "private": "eyJlMmJmYjczMC1lY2FhLTExZTYtOGY4OC0zNDM2M2JjN2M0YzAiOnsiY3JlYXRlIjoxMjAwMDAwMDAwMDAwLCJkZWxldGUiOjEyMDAwMDAwMDAwMDAsInVwZGF0ZSI6MTIwMDAwMDAwMDAwMH19",
          "dependencies": [
            "google_compute_backend_service.challenge_service",
            "google_compute_global_address.challenge_ip",
            "google_compute_health_check.challenge_healthcheck",
            "google_compute_instance.challenge_server",
            "google_compute_instance_group.challenge_group",
            "google_compute_network.potluckctf_network",
            "google_compute_subnetwork.potluckctf_challenge_subnet",
            "google_compute_target_tcp_proxy.challenge_proxy",
            "google_service_account.challenge_service_account"
          ]
        },
        {
          "index_key": "challenge07",
          "schema_version": 0,
          "attributes": {
            "allow_psc_global_access": false,
            "base_forwarding_rule": "",
            "description": "",
            "effective_labels": {},
            "id": "projects/potluck-ctf/global/forwardingRules/challenge07-forwarding-rule",
            "ip_address": "34.144.192.21",
            "ip_protocol": "TCP",
            "ip_version": "",
            "label_fingerprint": "42WmSpB8rSM=",
            "labels": {},
            "load_balancing_scheme": "EXTERNAL",
            "metadata_filters": [],
            "name": "challenge07-forwarding-rule",
            "network": "",
            "no_automate_dns_zone": null,
            "port_range": "31337-31337",
            "project": "potluck-ctf",
            "psc_connection_id": "",
            "psc_connection_status": "",
            "self_link": "https://www.googleapis.com/compute/v1/projects/potluck-ctf/global/forwardingRules/challenge07-forwarding-rule",
            "service_directory_registrations": [],
            "source_ip_ranges": [],
            "subnetwork": "",
            "target": "https://www.googleapis.com/compute/beta/projects/potluck-ctf/global/targetTcpProxies/challenge07-health-check",
            "terraform_labels": {},
            "timeouts": null
          },
          "sensitive_attributes": [],
          "private": "eyJlMmJmYjczMC1lY2FhLTExZTYtOGY4OC0zNDM2M2JjN2M0YzAiOnsiY3JlYXRlIjoxMjAwMDAwMDAwMDAwLCJkZWxldGUiOjEyMDAwMDAwMDAwMDAsInVwZGF0ZSI6MTIwMDAwMDAwMDAwMH19",
          "dependencies": [
            "google_compute_backend_service.challenge_service",
            "google_compute_global_address.challenge_ip",
            "google_compute_health_check.challenge_healthcheck",
            "google_compute_instance.challenge_server",
            "google_compute_instance_group.challenge_group",
            "google_compute_network.potluckctf_network",
            "google_compute_subnetwork.potluckctf_challenge_subnet",
            "google_compute_target_tcp_proxy.challenge_proxy",
            "google_service_account.challenge_service_account"
          ]
        },
        {
          "index_key": "challenge09",
          "schema_version": 0,
          "attributes": {
            "allow_psc_global_access": false,
            "base_forwarding_rule": "",
            "description": "",
            "effective_labels": {},
            "id": "projects/potluck-ctf/global/forwardingRules/challenge09-forwarding-rule",
            "ip_address": "34.120.122.99",
            "ip_protocol": "TCP",
            "ip_version": "",
            "label_fingerprint": "42WmSpB8rSM=",
            "labels": {},
            "load_balancing_scheme": "EXTERNAL",
            "metadata_filters": [],
            "name": "challenge09-forwarding-rule",
            "network": "",
            "no_automate_dns_zone": null,
            "port_range": "31337-31337",
            "project": "potluck-ctf",
            "psc_connection_id": "",
            "psc_connection_status": "",
            "self_link": "https://www.googleapis.com/compute/v1/projects/potluck-ctf/global/forwardingRules/challenge09-forwarding-rule",
            "service_directory_registrations": [],
            "source_ip_ranges": [],
            "subnetwork": "",
            "target": "https://www.googleapis.com/compute/beta/projects/potluck-ctf/global/targetTcpProxies/challenge09-health-check",
            "terraform_labels": {},
            "timeouts": null
          },
          "sensitive_attributes": [],
          "private": "eyJlMmJmYjczMC1lY2FhLTExZTYtOGY4OC0zNDM2M2JjN2M0YzAiOnsiY3JlYXRlIjoxMjAwMDAwMDAwMDAwLCJkZWxldGUiOjEyMDAwMDAwMDAwMDAsInVwZGF0ZSI6MTIwMDAwMDAwMDAwMH19",
          "dependencies": [
            "google_compute_backend_service.challenge_service",
            "google_compute_global_address.challenge_ip",
            "google_compute_health_check.challenge_healthcheck",
            "google_compute_instance.challenge_server",
            "google_compute_instance_group.challenge_group",
            "google_compute_network.potluckctf_network",
            "google_compute_subnetwork.potluckctf_challenge_subnet",
            "google_compute_target_tcp_proxy.challenge_proxy",
            "google_service_account.challenge_service_account"
          ]
        },
        {
          "index_key": "challenge11",
          "schema_version": 0,
          "attributes": {
            "allow_psc_global_access": false,
            "base_forwarding_rule": "",
            "description": "",
            "effective_labels": {},
            "id": "projects/potluck-ctf/global/forwardingRules/challenge11-forwarding-rule",
            "ip_address": "34.36.128.223",
            "ip_protocol": "TCP",
            "ip_version": "",
            "label_fingerprint": "42WmSpB8rSM=",
            "labels": {},
            "load_balancing_scheme": "EXTERNAL",
            "metadata_filters": [],
            "name": "challenge11-forwarding-rule",
            "network": "",
            "no_automate_dns_zone": null,
            "port_range": "31337-31337",
            "project": "potluck-ctf",
            "psc_connection_id": "",
            "psc_connection_status": "",
            "self_link": "https://www.googleapis.com/compute/v1/projects/potluck-ctf/global/forwardingRules/challenge11-forwarding-rule",
            "service_directory_registrations": [],
            "source_ip_ranges": [],
            "subnetwork": "",
            "target": "https://www.googleapis.com/compute/beta/projects/potluck-ctf/global/targetTcpProxies/challenge11-health-check",
            "terraform_labels": {},
            "timeouts": null
          },
          "sensitive_attributes": [],
          "private": "eyJlMmJmYjczMC1lY2FhLTExZTYtOGY4OC0zNDM2M2JjN2M0YzAiOnsiY3JlYXRlIjoxMjAwMDAwMDAwMDAwLCJkZWxldGUiOjEyMDAwMDAwMDAwMDAsInVwZGF0ZSI6MTIwMDAwMDAwMDAwMH19",
          "dependencies": [
            "google_compute_backend_service.challenge_service",
            "google_compute_global_address.challenge_ip",
            "google_compute_health_check.challenge_healthcheck",
            "google_compute_instance.challenge_server",
            "google_compute_instance_group.challenge_group",
            "google_compute_network.potluckctf_network",
            "google_compute_subnetwork.potluckctf_challenge_subnet",
            "google_compute_target_tcp_proxy.challenge_proxy",
            "google_service_account.challenge_service_account"
          ]
        },
        {
          "index_key": "challenge12",
          "schema_version": 0,
          "attributes": {
            "allow_psc_global_access": false,
            "base_forwarding_rule": "",
            "description": "",
            "effective_labels": {},
            "id": "projects/potluck-ctf/global/forwardingRules/challenge12-forwarding-rule",
            "ip_address": "34.128.167.54",
            "ip_protocol": "TCP",
            "ip_version": "",
            "label_fingerprint": "42WmSpB8rSM=",
            "labels": {},
            "load_balancing_scheme": "EXTERNAL",
            "metadata_filters": [],
            "name": "challenge12-forwarding-rule",
            "network": "",
            "no_automate_dns_zone": null,
            "port_range": "31337-31337",
            "project": "potluck-ctf",
            "psc_connection_id": "",
            "psc_connection_status": "",
            "self_link": "https://www.googleapis.com/compute/v1/projects/potluck-ctf/global/forwardingRules/challenge12-forwarding-rule",
            "service_directory_registrations": [],
            "source_ip_ranges": [],
            "subnetwork": "",
            "target": "https://www.googleapis.com/compute/beta/projects/potluck-ctf/global/targetTcpProxies/challenge12-health-check",
            "terraform_labels": {},
            "timeouts": null
          },
          "sensitive_attributes": [],
          "private": "eyJlMmJmYjczMC1lY2FhLTExZTYtOGY4OC0zNDM2M2JjN2M0YzAiOnsiY3JlYXRlIjoxMjAwMDAwMDAwMDAwLCJkZWxldGUiOjEyMDAwMDAwMDAwMDAsInVwZGF0ZSI6MTIwMDAwMDAwMDAwMH19",
          "dependencies": [
            "google_compute_backend_service.challenge_service",
            "google_compute_global_address.challenge_ip",
            "google_compute_health_check.challenge_healthcheck",
            "google_compute_instance.challenge_server",
            "google_compute_instance_group.challenge_group",
            "google_compute_network.potluckctf_network",
            "google_compute_subnetwork.potluckctf_challenge_subnet",
            "google_compute_target_tcp_proxy.challenge_proxy",
            "google_service_account.challenge_service_account"
          ]
        },
        {
          "index_key": "challenge13",
          "schema_version": 0,
          "attributes": {
            "allow_psc_global_access": false,
            "base_forwarding_rule": "",
            "description": "",
            "effective_labels": {},
            "id": "projects/potluck-ctf/global/forwardingRules/challenge13-forwarding-rule",
            "ip_address": "34.107.252.3",
            "ip_protocol": "TCP",
            "ip_version": "",
            "label_fingerprint": "42WmSpB8rSM=",
            "labels": {},
            "load_balancing_scheme": "EXTERNAL",
            "metadata_filters": [],
            "name": "challenge13-forwarding-rule",
            "network": "",
            "no_automate_dns_zone": null,
            "port_range": "31337-31337",
            "project": "potluck-ctf",
            "psc_connection_id": "",
            "psc_connection_status": "",
            "self_link": "https://www.googleapis.com/compute/v1/projects/potluck-ctf/global/forwardingRules/challenge13-forwarding-rule",
            "service_directory_registrations": [],
            "source_ip_ranges": [],
            "subnetwork": "",
            "target": "https://www.googleapis.com/compute/beta/projects/potluck-ctf/global/targetTcpProxies/challenge13-health-check",
            "terraform_labels": {},
            "timeouts": null
          },
          "sensitive_attributes": [],
          "private": "eyJlMmJmYjczMC1lY2FhLTExZTYtOGY4OC0zNDM2M2JjN2M0YzAiOnsiY3JlYXRlIjoxMjAwMDAwMDAwMDAwLCJkZWxldGUiOjEyMDAwMDAwMDAwMDAsInVwZGF0ZSI6MTIwMDAwMDAwMDAwMH19",
          "dependencies": [
            "google_compute_backend_service.challenge_service",
            "google_compute_global_address.challenge_ip",
            "google_compute_health_check.challenge_healthcheck",
            "google_compute_instance.challenge_server",
            "google_compute_instance_group.challenge_group",
            "google_compute_network.potluckctf_network",
            "google_compute_subnetwork.potluckctf_challenge_subnet",
            "google_compute_target_tcp_proxy.challenge_proxy",
            "google_service_account.challenge_service_account"
          ]
        },
        {
          "index_key": "challenge15",
          "schema_version": 0,
          "attributes": {
            "allow_psc_global_access": false,
            "base_forwarding_rule": "",
            "description": "",
            "effective_labels": {},
            "id": "projects/potluck-ctf/global/forwardingRules/challenge15-forwarding-rule",
            "ip_address": "34.160.151.106",
            "ip_protocol": "TCP",
            "ip_version": "",
            "label_fingerprint": "42WmSpB8rSM=",
            "labels": {},
            "load_balancing_scheme": "EXTERNAL",
            "metadata_filters": [],
            "name": "challenge15-forwarding-rule",
            "network": "",
            "no_automate_dns_zone": null,
            "port_range": "31337-31337",
            "project": "potluck-ctf",
            "psc_connection_id": "",
            "psc_connection_status": "",
            "self_link": "https://www.googleapis.com/compute/v1/projects/potluck-ctf/global/forwardingRules/challenge15-forwarding-rule",
            "service_directory_registrations": [],
            "source_ip_ranges": [],
            "subnetwork": "",
            "target": "https://www.googleapis.com/compute/beta/projects/potluck-ctf/global/targetTcpProxies/challenge15-health-check",
            "terraform_labels": {},
            "timeouts": null
          },
          "sensitive_attributes": [],
          "private": "eyJlMmJmYjczMC1lY2FhLTExZTYtOGY4OC0zNDM2M2JjN2M0YzAiOnsiY3JlYXRlIjoxMjAwMDAwMDAwMDAwLCJkZWxldGUiOjEyMDAwMDAwMDAwMDAsInVwZGF0ZSI6MTIwMDAwMDAwMDAwMH19",
          "dependencies": [
            "google_compute_backend_service.challenge_service",
            "google_compute_global_address.challenge_ip",
            "google_compute_health_check.challenge_healthcheck",
            "google_compute_instance.challenge_server",
            "google_compute_instance_group.challenge_group",
            "google_compute_network.potluckctf_network",
            "google_compute_subnetwork.potluckctf_challenge_subnet",
            "google_compute_target_tcp_proxy.challenge_proxy",
            "google_service_account.challenge_service_account"
          ]
        },
        {
          "index_key": "challenge18",
          "schema_version": 0,
          "attributes": {
            "allow_psc_global_access": false,
            "base_forwarding_rule": "",
            "description": "",
            "effective_labels": {},
            "id": "projects/potluck-ctf/global/forwardingRules/challenge18-forwarding-rule",
            "ip_address": "34.144.255.97",
            "ip_protocol": "TCP",
            "ip_version": "",
            "label_fingerprint": "42WmSpB8rSM=",
            "labels": {},
            "load_balancing_scheme": "EXTERNAL",
            "metadata_filters": [],
            "name": "challenge18-forwarding-rule",
            "network": "",
            "no_automate_dns_zone": null,
            "port_range": "31337-31337",
            "project": "potluck-ctf",
            "psc_connection_id": "",
            "psc_connection_status": "",
            "self_link": "https://www.googleapis.com/compute/v1/projects/potluck-ctf/global/forwardingRules/challenge18-forwarding-rule",
            "service_directory_registrations": [],
            "source_ip_ranges": [],
            "subnetwork": "",
            "target": "https://www.googleapis.com/compute/beta/projects/potluck-ctf/global/targetTcpProxies/challenge18-health-check",
            "terraform_labels": {},
            "timeouts": null
          },
          "sensitive_attributes": [],
          "private": "eyJlMmJmYjczMC1lY2FhLTExZTYtOGY4OC0zNDM2M2JjN2M0YzAiOnsiY3JlYXRlIjoxMjAwMDAwMDAwMDAwLCJkZWxldGUiOjEyMDAwMDAwMDAwMDAsInVwZGF0ZSI6MTIwMDAwMDAwMDAwMH19",
          "dependencies": [
            "google_compute_backend_service.challenge_service",
            "google_compute_global_address.challenge_ip",
            "google_compute_health_check.challenge_healthcheck",
            "google_compute_instance.challenge_server",
            "google_compute_instance_group.challenge_group",
            "google_compute_network.potluckctf_network",
            "google_compute_subnetwork.potluckctf_challenge_subnet",
            "google_compute_target_tcp_proxy.challenge_proxy",
            "google_service_account.challenge_service_account"
          ]
        },
        {
          "index_key": "challenge19",
          "schema_version": 0,
          "attributes": {
            "allow_psc_global_access": false,
            "base_forwarding_rule": "",
            "description": "",
            "effective_labels": {},
            "id": "projects/potluck-ctf/global/forwardingRules/challenge19-forwarding-rule",
            "ip_address": "34.128.154.35",
            "ip_protocol": "TCP",
            "ip_version": "",
            "label_fingerprint": "42WmSpB8rSM=",
            "labels": {},
            "load_balancing_scheme": "EXTERNAL",
            "metadata_filters": [],
            "name": "challenge19-forwarding-rule",
            "network": "",
            "no_automate_dns_zone": null,
            "port_range": "31337-31337",
            "project": "potluck-ctf",
            "psc_connection_id": "",
            "psc_connection_status": "",
            "self_link": "https://www.googleapis.com/compute/v1/projects/potluck-ctf/global/forwardingRules/challenge19-forwarding-rule",
            "service_directory_registrations": [],
            "source_ip_ranges": [],
            "subnetwork": "",
            "target": "https://www.googleapis.com/compute/beta/projects/potluck-ctf/global/targetTcpProxies/challenge19-health-check",
            "terraform_labels": {},
            "timeouts": null
          },
          "sensitive_attributes": [],
          "private": "eyJlMmJmYjczMC1lY2FhLTExZTYtOGY4OC0zNDM2M2JjN2M0YzAiOnsiY3JlYXRlIjoxMjAwMDAwMDAwMDAwLCJkZWxldGUiOjEyMDAwMDAwMDAwMDAsInVwZGF0ZSI6MTIwMDAwMDAwMDAwMH19",
          "dependencies": [
            "google_compute_backend_service.challenge_service",
            "google_compute_global_address.challenge_ip",
            "google_compute_health_check.challenge_healthcheck",
            "google_compute_instance.challenge_server",
            "google_compute_instance_group.challenge_group",
            "google_compute_network.potluckctf_network",
            "google_compute_subnetwork.potluckctf_challenge_subnet",
            "google_compute_target_tcp_proxy.challenge_proxy",
            "google_service_account.challenge_service_account"
          ]
        },
        {
          "index_key": "challenge21",
          "schema_version": 0,
          "attributes": {
            "allow_psc_global_access": false,
            "base_forwarding_rule": "",
            "description": "",
            "effective_labels": {},
            "id": "projects/potluck-ctf/global/forwardingRules/challenge21-forwarding-rule",
            "ip_address": "34.36.29.126",
            "ip_protocol": "TCP",
            "ip_version": "",
            "label_fingerprint": "42WmSpB8rSM=",
            "labels": {},
            "load_balancing_scheme": "EXTERNAL",
            "metadata_filters": [],
            "name": "challenge21-forwarding-rule",
            "network": "",
            "no_automate_dns_zone": null,
            "port_range": "31337-31337",
            "project": "potluck-ctf",
            "psc_connection_id": "",
            "psc_connection_status": "",
            "self_link": "https://www.googleapis.com/compute/v1/projects/potluck-ctf/global/forwardingRules/challenge21-forwarding-rule",
            "service_directory_registrations": [],
            "source_ip_ranges": [],
            "subnetwork": "",
            "target": "https://www.googleapis.com/compute/beta/projects/potluck-ctf/global/targetTcpProxies/challenge21-health-check",
            "terraform_labels": {},
            "timeouts": null
          },
          "sensitive_attributes": [],
          "private": "eyJlMmJmYjczMC1lY2FhLTExZTYtOGY4OC0zNDM2M2JjN2M0YzAiOnsiY3JlYXRlIjoxMjAwMDAwMDAwMDAwLCJkZWxldGUiOjEyMDAwMDAwMDAwMDAsInVwZGF0ZSI6MTIwMDAwMDAwMDAwMH19",
          "dependencies": [
            "google_compute_backend_service.challenge_service",
            "google_compute_global_address.challenge_ip",
            "google_compute_health_check.challenge_healthcheck",
            "google_compute_instance.challenge_server",
            "google_compute_instance_group.challenge_group",
            "google_compute_network.potluckctf_network",
            "google_compute_subnetwork.potluckctf_challenge_subnet",
            "google_compute_target_tcp_proxy.challenge_proxy",
            "google_service_account.challenge_service_account"
          ]
        },
        {
          "index_key": "challenge22",
          "schema_version": 0,
          "attributes": {
            "allow_psc_global_access": false,
            "base_forwarding_rule": "",
            "description": "",
            "effective_labels": {},
            "id": "projects/potluck-ctf/global/forwardingRules/challenge22-forwarding-rule",
            "ip_address": "34.117.148.182",
            "ip_protocol": "TCP",
            "ip_version": "",
            "label_fingerprint": "42WmSpB8rSM=",
            "labels": {},
            "load_balancing_scheme": "EXTERNAL",
            "metadata_filters": [],
            "name": "challenge22-forwarding-rule",
            "network": "",
            "no_automate_dns_zone": null,
            "port_range": "31337-31337",
            "project": "potluck-ctf",
            "psc_connection_id": "",
            "psc_connection_status": "",
            "self_link": "https://www.googleapis.com/compute/v1/projects/potluck-ctf/global/forwardingRules/challenge22-forwarding-rule",
            "service_directory_registrations": [],
            "source_ip_ranges": [],
            "subnetwork": "",
            "target": "https://www.googleapis.com/compute/beta/projects/potluck-ctf/global/targetTcpProxies/challenge22-health-check",
            "terraform_labels": {},
            "timeouts": null
          },
          "sensitive_attributes": [],
          "private": "eyJlMmJmYjczMC1lY2FhLTExZTYtOGY4OC0zNDM2M2JjN2M0YzAiOnsiY3JlYXRlIjoxMjAwMDAwMDAwMDAwLCJkZWxldGUiOjEyMDAwMDAwMDAwMDAsInVwZGF0ZSI6MTIwMDAwMDAwMDAwMH19",
          "dependencies": [
            "google_compute_backend_service.challenge_service",
            "google_compute_global_address.challenge_ip",
            "google_compute_health_check.challenge_healthcheck",
            "google_compute_instance.challenge_server",
            "google_compute_instance_group.challenge_group",
            "google_compute_network.potluckctf_network",
            "google_compute_subnetwork.potluckctf_challenge_subnet",
            "google_compute_target_tcp_proxy.challenge_proxy",
            "google_service_account.challenge_service_account"
          ]
        },
        {
          "index_key": "challenge24",
          "schema_version": 0,
          "attributes": {
            "allow_psc_global_access": false,
            "base_forwarding_rule": "",
            "description": "",
            "effective_labels": {},
            "id": "projects/potluck-ctf/global/forwardingRules/challenge24-forwarding-rule",
            "ip_address": "34.120.15.221",
            "ip_protocol": "TCP",
            "ip_version": "",
            "label_fingerprint": "42WmSpB8rSM=",
            "labels": {},
            "load_balancing_scheme": "EXTERNAL",
            "metadata_filters": [],
            "name": "challenge24-forwarding-rule",
            "network": "",
            "no_automate_dns_zone": null,
            "port_range": "31337-31337",
            "project": "potluck-ctf",
            "psc_connection_id": "",
            "psc_connection_status": "",
            "self_link": "https://www.googleapis.com/compute/v1/projects/potluck-ctf/global/forwardingRules/challenge24-forwarding-rule",
            "service_directory_registrations": [],
            "source_ip_ranges": [],
            "subnetwork": "",
            "target": "https://www.googleapis.com/compute/beta/projects/potluck-ctf/global/targetTcpProxies/challenge24-health-check",
            "terraform_labels": {},
            "timeouts": null
          },
          "sensitive_attributes": [],
          "private": "eyJlMmJmYjczMC1lY2FhLTExZTYtOGY4OC0zNDM2M2JjN2M0YzAiOnsiY3JlYXRlIjoxMjAwMDAwMDAwMDAwLCJkZWxldGUiOjEyMDAwMDAwMDAwMDAsInVwZGF0ZSI6MTIwMDAwMDAwMDAwMH19",
          "dependencies": [
            "google_compute_backend_service.challenge_service",
            "google_compute_global_address.challenge_ip",
            "google_compute_health_check.challenge_healthcheck",
            "google_compute_instance.challenge_server",
            "google_compute_instance_group.challenge_group",
            "google_compute_network.potluckctf_network",
            "google_compute_subnetwork.potluckctf_challenge_subnet",
            "google_compute_target_tcp_proxy.challenge_proxy",
            "google_service_account.challenge_service_account"
          ]
        },
        {
          "index_key": "challenge25",
          "schema_version": 0,
          "attributes": {
            "allow_psc_global_access": false,
            "base_forwarding_rule": "",
            "description": "",
            "effective_labels": {},
            "id": "projects/potluck-ctf/global/forwardingRules/challenge25-forwarding-rule",
            "ip_address": "34.102.231.130",
            "ip_protocol": "TCP",
            "ip_version": "",
            "label_fingerprint": "42WmSpB8rSM=",
            "labels": {},
            "load_balancing_scheme": "EXTERNAL",
            "metadata_filters": [],
            "name": "challenge25-forwarding-rule",
            "network": "",
            "no_automate_dns_zone": null,
            "port_range": "31337-31337",
            "project": "potluck-ctf",
            "psc_connection_id": "",
            "psc_connection_status": "",
            "self_link": "https://www.googleapis.com/compute/v1/projects/potluck-ctf/global/forwardingRules/challenge25-forwarding-rule",
            "service_directory_registrations": [],
            "source_ip_ranges": [],
            "subnetwork": "",
            "target": "https://www.googleapis.com/compute/beta/projects/potluck-ctf/global/targetTcpProxies/challenge25-health-check",
            "terraform_labels": {},
            "timeouts": null
          },
          "sensitive_attributes": [],
          "private": "eyJlMmJmYjczMC1lY2FhLTExZTYtOGY4OC0zNDM2M2JjN2M0YzAiOnsiY3JlYXRlIjoxMjAwMDAwMDAwMDAwLCJkZWxldGUiOjEyMDAwMDAwMDAwMDAsInVwZGF0ZSI6MTIwMDAwMDAwMDAwMH19",
          "dependencies": [
            "google_compute_backend_service.challenge_service",
            "google_compute_global_address.challenge_ip",
            "google_compute_health_check.challenge_healthcheck",
            "google_compute_instance.challenge_server",
            "google_compute_instance_group.challenge_group",
            "google_compute_network.potluckctf_network",
            "google_compute_subnetwork.potluckctf_challenge_subnet",
            "google_compute_target_tcp_proxy.challenge_proxy",
            "google_service_account.challenge_service_account"
          ]
        },
        {
          "index_key": "challenge26",
          "schema_version": 0,
          "attributes": {
            "allow_psc_global_access": false,
            "base_forwarding_rule": "",
            "description": "",
            "effective_labels": {},
            "id": "projects/potluck-ctf/global/forwardingRules/challenge26-forwarding-rule",
            "ip_address": "35.227.211.43",
            "ip_protocol": "TCP",
            "ip_version": "",
            "label_fingerprint": "42WmSpB8rSM=",
            "labels": {},
            "load_balancing_scheme": "EXTERNAL",
            "metadata_filters": [],
            "name": "challenge26-forwarding-rule",
            "network": "",
            "no_automate_dns_zone": null,
            "port_range": "31337-31337",
            "project": "potluck-ctf",
            "psc_connection_id": "",
            "psc_connection_status": "",
            "self_link": "https://www.googleapis.com/compute/v1/projects/potluck-ctf/global/forwardingRules/challenge26-forwarding-rule",
            "service_directory_registrations": [],
            "source_ip_ranges": [],
            "subnetwork": "",
            "target": "https://www.googleapis.com/compute/beta/projects/potluck-ctf/global/targetTcpProxies/challenge26-health-check",
            "terraform_labels": {},
            "timeouts": null
          },
          "sensitive_attributes": [],
          "private": "eyJlMmJmYjczMC1lY2FhLTExZTYtOGY4OC0zNDM2M2JjN2M0YzAiOnsiY3JlYXRlIjoxMjAwMDAwMDAwMDAwLCJkZWxldGUiOjEyMDAwMDAwMDAwMDAsInVwZGF0ZSI6MTIwMDAwMDAwMDAwMH19",
          "dependencies": [
            "google_compute_backend_service.challenge_service",
            "google_compute_global_address.challenge_ip",
            "google_compute_health_check.challenge_healthcheck",
            "google_compute_instance.challenge_server",
            "google_compute_instance_group.challenge_group",
            "google_compute_network.potluckctf_network",
            "google_compute_subnetwork.potluckctf_challenge_subnet",
            "google_compute_target_tcp_proxy.challenge_proxy",
            "google_service_account.challenge_service_account"
          ]
        },
        {
          "index_key": "challenge27",
          "schema_version": 0,
          "attributes": {
            "allow_psc_global_access": false,
            "base_forwarding_rule": "",
            "description": "",
            "effective_labels": {},
            "id": "projects/potluck-ctf/global/forwardingRules/challenge27-forwarding-rule",
            "ip_address": "34.110.200.53",
            "ip_protocol": "TCP",
            "ip_version": "",
            "label_fingerprint": "42WmSpB8rSM=",
            "labels": {},
            "load_balancing_scheme": "EXTERNAL",
            "metadata_filters": [],
            "name": "challenge27-forwarding-rule",
            "network": "",
            "no_automate_dns_zone": null,
            "port_range": "31337-31337",
            "project": "potluck-ctf",
            "psc_connection_id": "",
            "psc_connection_status": "",
            "self_link": "https://www.googleapis.com/compute/v1/projects/potluck-ctf/global/forwardingRules/challenge27-forwarding-rule",
            "service_directory_registrations": [],
            "source_ip_ranges": [],
            "subnetwork": "",
            "target": "https://www.googleapis.com/compute/beta/projects/potluck-ctf/global/targetTcpProxies/challenge27-health-check",
            "terraform_labels": {},
            "timeouts": null
          },
          "sensitive_attributes": [],
          "private": "eyJlMmJmYjczMC1lY2FhLTExZTYtOGY4OC0zNDM2M2JjN2M0YzAiOnsiY3JlYXRlIjoxMjAwMDAwMDAwMDAwLCJkZWxldGUiOjEyMDAwMDAwMDAwMDAsInVwZGF0ZSI6MTIwMDAwMDAwMDAwMH19",
          "dependencies": [
            "google_compute_backend_service.challenge_service",
            "google_compute_global_address.challenge_ip",
            "google_compute_health_check.challenge_healthcheck",
            "google_compute_instance.challenge_server",
            "google_compute_instance_group.challenge_group",
            "google_compute_network.potluckctf_network",
            "google_compute_subnetwork.potluckctf_challenge_subnet",
            "google_compute_target_tcp_proxy.challenge_proxy",
            "google_service_account.challenge_service_account"
          ]
        },
        {
          "index_key": "challenge28",
          "schema_version": 0,
          "attributes": {
            "allow_psc_global_access": false,
            "base_forwarding_rule": "",
            "description": "",
            "effective_labels": {},
            "id": "projects/potluck-ctf/global/forwardingRules/challenge28-forwarding-rule",
            "ip_address": "34.144.203.150",
            "ip_protocol": "TCP",
            "ip_version": "",
            "label_fingerprint": "42WmSpB8rSM=",
            "labels": {},
            "load_balancing_scheme": "EXTERNAL",
            "metadata_filters": [],
            "name": "challenge28-forwarding-rule",
            "network": "",
            "no_automate_dns_zone": null,
            "port_range": "31337-31337",
            "project": "potluck-ctf",
            "psc_connection_id": "",
            "psc_connection_status": "",
            "self_link": "https://www.googleapis.com/compute/v1/projects/potluck-ctf/global/forwardingRules/challenge28-forwarding-rule",
            "service_directory_registrations": [],
            "source_ip_ranges": [],
            "subnetwork": "",
            "target": "https://www.googleapis.com/compute/beta/projects/potluck-ctf/global/targetTcpProxies/challenge28-health-check",
            "terraform_labels": {},
            "timeouts": null
          },
          "sensitive_attributes": [],
          "private": "eyJlMmJmYjczMC1lY2FhLTExZTYtOGY4OC0zNDM2M2JjN2M0YzAiOnsiY3JlYXRlIjoxMjAwMDAwMDAwMDAwLCJkZWxldGUiOjEyMDAwMDAwMDAwMDAsInVwZGF0ZSI6MTIwMDAwMDAwMDAwMH19",
          "dependencies": [
            "google_compute_backend_service.challenge_service",
            "google_compute_global_address.challenge_ip",
            "google_compute_health_check.challenge_healthcheck",
            "google_compute_instance.challenge_server",
            "google_compute_instance_group.challenge_group",
            "google_compute_network.potluckctf_network",
            "google_compute_subnetwork.potluckctf_challenge_subnet",
            "google_compute_target_tcp_proxy.challenge_proxy",
            "google_service_account.challenge_service_account"
          ]
        },
        {
          "index_key": "challenge29",
          "schema_version": 0,
          "attributes": {
            "allow_psc_global_access": false,
            "base_forwarding_rule": "",
            "description": "",
            "effective_labels": {},
            "id": "projects/potluck-ctf/global/forwardingRules/challenge29-forwarding-rule",
            "ip_address": "34.36.167.111",
            "ip_protocol": "TCP",
            "ip_version": "",
            "label_fingerprint": "42WmSpB8rSM=",
            "labels": {},
            "load_balancing_scheme": "EXTERNAL",
            "metadata_filters": [],
            "name": "challenge29-forwarding-rule",
            "network": "",
            "no_automate_dns_zone": null,
            "port_range": "31337-31337",
            "project": "potluck-ctf",
            "psc_connection_id": "",
            "psc_connection_status": "",
            "self_link": "https://www.googleapis.com/compute/v1/projects/potluck-ctf/global/forwardingRules/challenge29-forwarding-rule",
            "service_directory_registrations": [],
            "source_ip_ranges": [],
            "subnetwork": "",
            "target": "https://www.googleapis.com/compute/beta/projects/potluck-ctf/global/targetTcpProxies/challenge29-health-check",
            "terraform_labels": {},
            "timeouts": null
          },
          "sensitive_attributes": [],
          "private": "eyJlMmJmYjczMC1lY2FhLTExZTYtOGY4OC0zNDM2M2JjN2M0YzAiOnsiY3JlYXRlIjoxMjAwMDAwMDAwMDAwLCJkZWxldGUiOjEyMDAwMDAwMDAwMDAsInVwZGF0ZSI6MTIwMDAwMDAwMDAwMH19",
          "dependencies": [
            "google_compute_backend_service.challenge_service",
            "google_compute_global_address.challenge_ip",
            "google_compute_health_check.challenge_healthcheck",
            "google_compute_instance.challenge_server",
            "google_compute_instance_group.challenge_group",
            "google_compute_network.potluckctf_network",
            "google_compute_subnetwork.potluckctf_challenge_subnet",
            "google_compute_target_tcp_proxy.challenge_proxy",
            "google_service_account.challenge_service_account"
          ]
        }
      ]
    },
    {
      "mode": "managed",
      "type": "google_compute_health_check",
      "name": "challenge_healthcheck",
      "provider": "provider[\"registry.terraform.io/hashicorp/google-beta\"]",
      "instances": [
        {
          "index_key": "challenge00",
          "schema_version": 0,
          "attributes": {
            "check_interval_sec": 1,
            "creation_timestamp": "2023-12-26T02:09:42.393-08:00",
            "description": "",
            "grpc_health_check": [],
            "healthy_threshold": 2,
            "http2_health_check": [],
            "http_health_check": [],
            "https_health_check": [],
            "id": "projects/potluck-ctf/global/healthChecks/challenge00-health-check",
            "log_config": [
              {
                "enable": false
              }
            ],
            "name": "challenge00-health-check",
            "project": "potluck-ctf",
            "self_link": "https://www.googleapis.com/compute/v1/projects/potluck-ctf/global/healthChecks/challenge00-health-check",
            "ssl_health_check": [],
            "tcp_health_check": [
              {
                "port": 80,
                "port_name": "",
                "port_specification": "",
                "proxy_header": "NONE",
                "request": "",
                "response": ""
              }
            ],
            "timeout_sec": 1,
            "timeouts": null,
            "type": "TCP",
            "unhealthy_threshold": 2
          },
          "sensitive_attributes": [],
          "private": "eyJlMmJmYjczMC1lY2FhLTExZTYtOGY4OC0zNDM2M2JjN2M0YzAiOnsiY3JlYXRlIjoxMjAwMDAwMDAwMDAwLCJkZWxldGUiOjEyMDAwMDAwMDAwMDAsInVwZGF0ZSI6MTIwMDAwMDAwMDAwMH19"
        },
        {
          "index_key": "challenge01",
          "schema_version": 0,
          "attributes": {
            "check_interval_sec": 1,
            "creation_timestamp": "2023-12-26T02:09:34.288-08:00",
            "description": "",
            "grpc_health_check": [],
            "healthy_threshold": 2,
            "http2_health_check": [],
            "http_health_check": [],
            "https_health_check": [],
            "id": "projects/potluck-ctf/global/healthChecks/challenge01-health-check",
            "log_config": [
              {
                "enable": false
              }
            ],
            "name": "challenge01-health-check",
            "project": "potluck-ctf",
            "self_link": "https://www.googleapis.com/compute/v1/projects/potluck-ctf/global/healthChecks/challenge01-health-check",
            "ssl_health_check": [],
            "tcp_health_check": [
              {
                "port": 80,
                "port_name": "",
                "port_specification": "",
                "proxy_header": "NONE",
                "request": "",
                "response": ""
              }
            ],
            "timeout_sec": 1,
            "timeouts": null,
            "type": "TCP",
            "unhealthy_threshold": 2
          },
          "sensitive_attributes": [],
          "private": "eyJlMmJmYjczMC1lY2FhLTExZTYtOGY4OC0zNDM2M2JjN2M0YzAiOnsiY3JlYXRlIjoxMjAwMDAwMDAwMDAwLCJkZWxldGUiOjEyMDAwMDAwMDAwMDAsInVwZGF0ZSI6MTIwMDAwMDAwMDAwMH19"
        },
        {
          "index_key": "challenge03",
          "schema_version": 0,
          "attributes": {
            "check_interval_sec": 1,
            "creation_timestamp": "2023-12-26T02:08:56.984-08:00",
            "description": "",
            "grpc_health_check": [],
            "healthy_threshold": 2,
            "http2_health_check": [],
            "http_health_check": [],
            "https_health_check": [],
            "id": "projects/potluck-ctf/global/healthChecks/challenge03-health-check",
            "log_config": [
              {
                "enable": false
              }
            ],
            "name": "challenge03-health-check",
            "project": "potluck-ctf",
            "self_link": "https://www.googleapis.com/compute/v1/projects/potluck-ctf/global/healthChecks/challenge03-health-check",
            "ssl_health_check": [],
            "tcp_health_check": [
              {
                "port": 80,
                "port_name": "",
                "port_specification": "",
                "proxy_header": "NONE",
                "request": "",
                "response": ""
              }
            ],
            "timeout_sec": 1,
            "timeouts": null,
            "type": "TCP",
            "unhealthy_threshold": 2
          },
          "sensitive_attributes": [],
          "private": "eyJlMmJmYjczMC1lY2FhLTExZTYtOGY4OC0zNDM2M2JjN2M0YzAiOnsiY3JlYXRlIjoxMjAwMDAwMDAwMDAwLCJkZWxldGUiOjEyMDAwMDAwMDAwMDAsInVwZGF0ZSI6MTIwMDAwMDAwMDAwMH19"
        },
        {
          "index_key": "challenge05",
          "schema_version": 0,
          "attributes": {
            "check_interval_sec": 1,
            "creation_timestamp": "2023-12-26T02:09:32.591-08:00",
            "description": "",
            "grpc_health_check": [],
            "healthy_threshold": 2,
            "http2_health_check": [],
            "http_health_check": [],
            "https_health_check": [],
            "id": "projects/potluck-ctf/global/healthChecks/challenge05-health-check",
            "log_config": [
              {
                "enable": false
              }
            ],
            "name": "challenge05-health-check",
            "project": "potluck-ctf",
            "self_link": "https://www.googleapis.com/compute/v1/projects/potluck-ctf/global/healthChecks/challenge05-health-check",
            "ssl_health_check": [],
            "tcp_health_check": [
              {
                "port": 80,
                "port_name": "",
                "port_specification": "",
                "proxy_header": "NONE",
                "request": "",
                "response": ""
              }
            ],
            "timeout_sec": 1,
            "timeouts": null,
            "type": "TCP",
            "unhealthy_threshold": 2
          },
          "sensitive_attributes": [],
          "private": "eyJlMmJmYjczMC1lY2FhLTExZTYtOGY4OC0zNDM2M2JjN2M0YzAiOnsiY3JlYXRlIjoxMjAwMDAwMDAwMDAwLCJkZWxldGUiOjEyMDAwMDAwMDAwMDAsInVwZGF0ZSI6MTIwMDAwMDAwMDAwMH19"
        },
        {
          "index_key": "challenge06",
          "schema_version": 0,
          "attributes": {
            "check_interval_sec": 1,
            "creation_timestamp": "2023-12-26T02:09:34.128-08:00",
            "description": "",
            "grpc_health_check": [],
            "healthy_threshold": 2,
            "http2_health_check": [],
            "http_health_check": [],
            "https_health_check": [],
            "id": "projects/potluck-ctf/global/healthChecks/challenge06-health-check",
            "log_config": [
              {
                "enable": false
              }
            ],
            "name": "challenge06-health-check",
            "project": "potluck-ctf",
            "self_link": "https://www.googleapis.com/compute/v1/projects/potluck-ctf/global/healthChecks/challenge06-health-check",
            "ssl_health_check": [],
            "tcp_health_check": [
              {
                "port": 80,
                "port_name": "",
                "port_specification": "",
                "proxy_header": "NONE",
                "request": "",
                "response": ""
              }
            ],
            "timeout_sec": 1,
            "timeouts": null,
            "type": "TCP",
            "unhealthy_threshold": 2
          },
          "sensitive_attributes": [],
          "private": "eyJlMmJmYjczMC1lY2FhLTExZTYtOGY4OC0zNDM2M2JjN2M0YzAiOnsiY3JlYXRlIjoxMjAwMDAwMDAwMDAwLCJkZWxldGUiOjEyMDAwMDAwMDAwMDAsInVwZGF0ZSI6MTIwMDAwMDAwMDAwMH19"
        },
        {
          "index_key": "challenge07",
          "schema_version": 0,
          "attributes": {
            "check_interval_sec": 1,
            "creation_timestamp": "2023-12-26T02:09:32.486-08:00",
            "description": "",
            "grpc_health_check": [],
            "healthy_threshold": 2,
            "http2_health_check": [],
            "http_health_check": [],
            "https_health_check": [],
            "id": "projects/potluck-ctf/global/healthChecks/challenge07-health-check",
            "log_config": [
              {
                "enable": false
              }
            ],
            "name": "challenge07-health-check",
            "project": "potluck-ctf",
            "self_link": "https://www.googleapis.com/compute/v1/projects/potluck-ctf/global/healthChecks/challenge07-health-check",
            "ssl_health_check": [],
            "tcp_health_check": [
              {
                "port": 80,
                "port_name": "",
                "port_specification": "",
                "proxy_header": "NONE",
                "request": "",
                "response": ""
              }
            ],
            "timeout_sec": 1,
            "timeouts": null,
            "type": "TCP",
            "unhealthy_threshold": 2
          },
          "sensitive_attributes": [],
          "private": "eyJlMmJmYjczMC1lY2FhLTExZTYtOGY4OC0zNDM2M2JjN2M0YzAiOnsiY3JlYXRlIjoxMjAwMDAwMDAwMDAwLCJkZWxldGUiOjEyMDAwMDAwMDAwMDAsInVwZGF0ZSI6MTIwMDAwMDAwMDAwMH19"
        },
        {
          "index_key": "challenge09",
          "schema_version": 0,
          "attributes": {
            "check_interval_sec": 1,
            "creation_timestamp": "2023-12-26T02:09:42.089-08:00",
            "description": "",
            "grpc_health_check": [],
            "healthy_threshold": 2,
            "http2_health_check": [],
            "http_health_check": [],
            "https_health_check": [],
            "id": "projects/potluck-ctf/global/healthChecks/challenge09-health-check",
            "log_config": [
              {
                "enable": false
              }
            ],
            "name": "challenge09-health-check",
            "project": "potluck-ctf",
            "self_link": "https://www.googleapis.com/compute/v1/projects/potluck-ctf/global/healthChecks/challenge09-health-check",
            "ssl_health_check": [],
            "tcp_health_check": [
              {
                "port": 80,
                "port_name": "",
                "port_specification": "",
                "proxy_header": "NONE",
                "request": "",
                "response": ""
              }
            ],
            "timeout_sec": 1,
            "timeouts": null,
            "type": "TCP",
            "unhealthy_threshold": 2
          },
          "sensitive_attributes": [],
          "private": "eyJlMmJmYjczMC1lY2FhLTExZTYtOGY4OC0zNDM2M2JjN2M0YzAiOnsiY3JlYXRlIjoxMjAwMDAwMDAwMDAwLCJkZWxldGUiOjEyMDAwMDAwMDAwMDAsInVwZGF0ZSI6MTIwMDAwMDAwMDAwMH19"
        },
        {
          "index_key": "challenge11",
          "schema_version": 0,
          "attributes": {
            "check_interval_sec": 1,
            "creation_timestamp": "2023-12-26T02:09:23.403-08:00",
            "description": "",
            "grpc_health_check": [],
            "healthy_threshold": 2,
            "http2_health_check": [],
            "http_health_check": [],
            "https_health_check": [],
            "id": "projects/potluck-ctf/global/healthChecks/challenge11-health-check",
            "log_config": [
              {
                "enable": false
              }
            ],
            "name": "challenge11-health-check",
            "project": "potluck-ctf",
            "self_link": "https://www.googleapis.com/compute/v1/projects/potluck-ctf/global/healthChecks/challenge11-health-check",
            "ssl_health_check": [],
            "tcp_health_check": [
              {
                "port": 80,
                "port_name": "",
                "port_specification": "",
                "proxy_header": "NONE",
                "request": "",
                "response": ""
              }
            ],
            "timeout_sec": 1,
            "timeouts": null,
            "type": "TCP",
            "unhealthy_threshold": 2
          },
          "sensitive_attributes": [],
          "private": "eyJlMmJmYjczMC1lY2FhLTExZTYtOGY4OC0zNDM2M2JjN2M0YzAiOnsiY3JlYXRlIjoxMjAwMDAwMDAwMDAwLCJkZWxldGUiOjEyMDAwMDAwMDAwMDAsInVwZGF0ZSI6MTIwMDAwMDAwMDAwMH19"
        },
        {
          "index_key": "challenge12",
          "schema_version": 0,
          "attributes": {
            "check_interval_sec": 1,
            "creation_timestamp": "2023-12-26T02:09:30.481-08:00",
            "description": "",
            "grpc_health_check": [],
            "healthy_threshold": 2,
            "http2_health_check": [],
            "http_health_check": [],
            "https_health_check": [],
            "id": "projects/potluck-ctf/global/healthChecks/challenge12-health-check",
            "log_config": [
              {
                "enable": false
              }
            ],
            "name": "challenge12-health-check",
            "project": "potluck-ctf",
            "self_link": "https://www.googleapis.com/compute/v1/projects/potluck-ctf/global/healthChecks/challenge12-health-check",
            "ssl_health_check": [],
            "tcp_health_check": [
              {
                "port": 80,
                "port_name": "",
                "port_specification": "",
                "proxy_header": "NONE",
                "request": "",
                "response": ""
              }
            ],
            "timeout_sec": 1,
            "timeouts": null,
            "type": "TCP",
            "unhealthy_threshold": 2
          },
          "sensitive_attributes": [],
          "private": "eyJlMmJmYjczMC1lY2FhLTExZTYtOGY4OC0zNDM2M2JjN2M0YzAiOnsiY3JlYXRlIjoxMjAwMDAwMDAwMDAwLCJkZWxldGUiOjEyMDAwMDAwMDAwMDAsInVwZGF0ZSI6MTIwMDAwMDAwMDAwMH19"
        },
        {
          "index_key": "challenge13",
          "schema_version": 0,
          "attributes": {
            "check_interval_sec": 1,
            "creation_timestamp": "2023-12-26T02:09:44.183-08:00",
            "description": "",
            "grpc_health_check": [],
            "healthy_threshold": 2,
            "http2_health_check": [],
            "http_health_check": [],
            "https_health_check": [],
            "id": "projects/potluck-ctf/global/healthChecks/challenge13-health-check",
            "log_config": [
              {
                "enable": false
              }
            ],
            "name": "challenge13-health-check",
            "project": "potluck-ctf",
            "self_link": "https://www.googleapis.com/compute/v1/projects/potluck-ctf/global/healthChecks/challenge13-health-check",
            "ssl_health_check": [],
            "tcp_health_check": [
              {
                "port": 80,
                "port_name": "",
                "port_specification": "",
                "proxy_header": "NONE",
                "request": "",
                "response": ""
              }
            ],
            "timeout_sec": 1,
            "timeouts": null,
            "type": "TCP",
            "unhealthy_threshold": 2
          },
          "sensitive_attributes": [],
          "private": "eyJlMmJmYjczMC1lY2FhLTExZTYtOGY4OC0zNDM2M2JjN2M0YzAiOnsiY3JlYXRlIjoxMjAwMDAwMDAwMDAwLCJkZWxldGUiOjEyMDAwMDAwMDAwMDAsInVwZGF0ZSI6MTIwMDAwMDAwMDAwMH19"
        },
        {
          "index_key": "challenge15",
          "schema_version": 0,
          "attributes": {
            "check_interval_sec": 1,
            "creation_timestamp": "2023-12-26T02:09:30.201-08:00",
            "description": "",
            "grpc_health_check": [],
            "healthy_threshold": 2,
            "http2_health_check": [],
            "http_health_check": [],
            "https_health_check": [],
            "id": "projects/potluck-ctf/global/healthChecks/challenge15-health-check",
            "log_config": [
              {
                "enable": false
              }
            ],
            "name": "challenge15-health-check",
            "project": "potluck-ctf",
            "self_link": "https://www.googleapis.com/compute/v1/projects/potluck-ctf/global/healthChecks/challenge15-health-check",
            "ssl_health_check": [],
            "tcp_health_check": [
              {
                "port": 80,
                "port_name": "",
                "port_specification": "",
                "proxy_header": "NONE",
                "request": "",
                "response": ""
              }
            ],
            "timeout_sec": 1,
            "timeouts": null,
            "type": "TCP",
            "unhealthy_threshold": 2
          },
          "sensitive_attributes": [],
          "private": "eyJlMmJmYjczMC1lY2FhLTExZTYtOGY4OC0zNDM2M2JjN2M0YzAiOnsiY3JlYXRlIjoxMjAwMDAwMDAwMDAwLCJkZWxldGUiOjEyMDAwMDAwMDAwMDAsInVwZGF0ZSI6MTIwMDAwMDAwMDAwMH19"
        },
        {
          "index_key": "challenge18",
          "schema_version": 0,
          "attributes": {
            "check_interval_sec": 1,
            "creation_timestamp": "2023-12-26T02:09:32.395-08:00",
            "description": "",
            "grpc_health_check": [],
            "healthy_threshold": 2,
            "http2_health_check": [],
            "http_health_check": [],
            "https_health_check": [],
            "id": "projects/potluck-ctf/global/healthChecks/challenge18-health-check",
            "log_config": [
              {
                "enable": false
              }
            ],
            "name": "challenge18-health-check",
            "project": "potluck-ctf",
            "self_link": "https://www.googleapis.com/compute/v1/projects/potluck-ctf/global/healthChecks/challenge18-health-check",
            "ssl_health_check": [],
            "tcp_health_check": [
              {
                "port": 80,
                "port_name": "",
                "port_specification": "",
                "proxy_header": "NONE",
                "request": "",
                "response": ""
              }
            ],
            "timeout_sec": 1,
            "timeouts": null,
            "type": "TCP",
            "unhealthy_threshold": 2
          },
          "sensitive_attributes": [],
          "private": "eyJlMmJmYjczMC1lY2FhLTExZTYtOGY4OC0zNDM2M2JjN2M0YzAiOnsiY3JlYXRlIjoxMjAwMDAwMDAwMDAwLCJkZWxldGUiOjEyMDAwMDAwMDAwMDAsInVwZGF0ZSI6MTIwMDAwMDAwMDAwMH19"
        },
        {
          "index_key": "challenge19",
          "schema_version": 0,
          "attributes": {
            "check_interval_sec": 1,
            "creation_timestamp": "2023-12-26T02:08:13.189-08:00",
            "description": "",
            "grpc_health_check": [],
            "healthy_threshold": 2,
            "http2_health_check": [],
            "http_health_check": [],
            "https_health_check": [],
            "id": "projects/potluck-ctf/global/healthChecks/challenge19-health-check",
            "log_config": [
              {
                "enable": false
              }
            ],
            "name": "challenge19-health-check",
            "project": "potluck-ctf",
            "self_link": "https://www.googleapis.com/compute/v1/projects/potluck-ctf/global/healthChecks/challenge19-health-check",
            "ssl_health_check": [],
            "tcp_health_check": [
              {
                "port": 80,
                "port_name": "",
                "port_specification": "",
                "proxy_header": "NONE",
                "request": "",
                "response": ""
              }
            ],
            "timeout_sec": 1,
            "timeouts": null,
            "type": "TCP",
            "unhealthy_threshold": 2
          },
          "sensitive_attributes": [],
          "private": "eyJlMmJmYjczMC1lY2FhLTExZTYtOGY4OC0zNDM2M2JjN2M0YzAiOnsiY3JlYXRlIjoxMjAwMDAwMDAwMDAwLCJkZWxldGUiOjEyMDAwMDAwMDAwMDAsInVwZGF0ZSI6MTIwMDAwMDAwMDAwMH19"
        },
        {
          "index_key": "challenge21",
          "schema_version": 0,
          "attributes": {
            "check_interval_sec": 1,
            "creation_timestamp": "2023-12-26T02:09:45.776-08:00",
            "description": "",
            "grpc_health_check": [],
            "healthy_threshold": 2,
            "http2_health_check": [],
            "http_health_check": [],
            "https_health_check": [],
            "id": "projects/potluck-ctf/global/healthChecks/challenge21-health-check",
            "log_config": [
              {
                "enable": false
              }
            ],
            "name": "challenge21-health-check",
            "project": "potluck-ctf",
            "self_link": "https://www.googleapis.com/compute/v1/projects/potluck-ctf/global/healthChecks/challenge21-health-check",
            "ssl_health_check": [],
            "tcp_health_check": [
              {
                "port": 80,
                "port_name": "",
                "port_specification": "",
                "proxy_header": "NONE",
                "request": "",
                "response": ""
              }
            ],
            "timeout_sec": 1,
            "timeouts": null,
            "type": "TCP",
            "unhealthy_threshold": 2
          },
          "sensitive_attributes": [],
          "private": "eyJlMmJmYjczMC1lY2FhLTExZTYtOGY4OC0zNDM2M2JjN2M0YzAiOnsiY3JlYXRlIjoxMjAwMDAwMDAwMDAwLCJkZWxldGUiOjEyMDAwMDAwMDAwMDAsInVwZGF0ZSI6MTIwMDAwMDAwMDAwMH19"
        },
        {
          "index_key": "challenge22",
          "schema_version": 0,
          "attributes": {
            "check_interval_sec": 1,
            "creation_timestamp": "2023-12-26T02:09:32.199-08:00",
            "description": "",
            "grpc_health_check": [],
            "healthy_threshold": 2,
            "http2_health_check": [],
            "http_health_check": [],
            "https_health_check": [],
            "id": "projects/potluck-ctf/global/healthChecks/challenge22-health-check",
            "log_config": [
              {
                "enable": false
              }
            ],
            "name": "challenge22-health-check",
            "project": "potluck-ctf",
            "self_link": "https://www.googleapis.com/compute/v1/projects/potluck-ctf/global/healthChecks/challenge22-health-check",
            "ssl_health_check": [],
            "tcp_health_check": [
              {
                "port": 80,
                "port_name": "",
                "port_specification": "",
                "proxy_header": "NONE",
                "request": "",
                "response": ""
              }
            ],
            "timeout_sec": 1,
            "timeouts": null,
            "type": "TCP",
            "unhealthy_threshold": 2
          },
          "sensitive_attributes": [],
          "private": "eyJlMmJmYjczMC1lY2FhLTExZTYtOGY4OC0zNDM2M2JjN2M0YzAiOnsiY3JlYXRlIjoxMjAwMDAwMDAwMDAwLCJkZWxldGUiOjEyMDAwMDAwMDAwMDAsInVwZGF0ZSI6MTIwMDAwMDAwMDAwMH19"
        },
        {
          "index_key": "challenge24",
          "schema_version": 0,
          "attributes": {
            "check_interval_sec": 1,
            "creation_timestamp": "2023-12-26T02:09:34.687-08:00",
            "description": "",
            "grpc_health_check": [],
            "healthy_threshold": 2,
            "http2_health_check": [],
            "http_health_check": [],
            "https_health_check": [],
            "id": "projects/potluck-ctf/global/healthChecks/challenge24-health-check",
            "log_config": [
              {
                "enable": false
              }
            ],
            "name": "challenge24-health-check",
            "project": "potluck-ctf",
            "self_link": "https://www.googleapis.com/compute/v1/projects/potluck-ctf/global/healthChecks/challenge24-health-check",
            "ssl_health_check": [],
            "tcp_health_check": [
              {
                "port": 80,
                "port_name": "",
                "port_specification": "",
                "proxy_header": "NONE",
                "request": "",
                "response": ""
              }
            ],
            "timeout_sec": 1,
            "timeouts": null,
            "type": "TCP",
            "unhealthy_threshold": 2
          },
          "sensitive_attributes": [],
          "private": "eyJlMmJmYjczMC1lY2FhLTExZTYtOGY4OC0zNDM2M2JjN2M0YzAiOnsiY3JlYXRlIjoxMjAwMDAwMDAwMDAwLCJkZWxldGUiOjEyMDAwMDAwMDAwMDAsInVwZGF0ZSI6MTIwMDAwMDAwMDAwMH19"
        },
        {
          "index_key": "challenge25",
          "schema_version": 0,
          "attributes": {
            "check_interval_sec": 1,
            "creation_timestamp": "2023-12-26T02:09:44.195-08:00",
            "description": "",
            "grpc_health_check": [],
            "healthy_threshold": 2,
            "http2_health_check": [],
            "http_health_check": [],
            "https_health_check": [],
            "id": "projects/potluck-ctf/global/healthChecks/challenge25-health-check",
            "log_config": [
              {
                "enable": false
              }
            ],
            "name": "challenge25-health-check",
            "project": "potluck-ctf",
            "self_link": "https://www.googleapis.com/compute/v1/projects/potluck-ctf/global/healthChecks/challenge25-health-check",
            "ssl_health_check": [],
            "tcp_health_check": [
              {
                "port": 80,
                "port_name": "",
                "port_specification": "",
                "proxy_header": "NONE",
                "request": "",
                "response": ""
              }
            ],
            "timeout_sec": 1,
            "timeouts": null,
            "type": "TCP",
            "unhealthy_threshold": 2
          },
          "sensitive_attributes": [],
          "private": "eyJlMmJmYjczMC1lY2FhLTExZTYtOGY4OC0zNDM2M2JjN2M0YzAiOnsiY3JlYXRlIjoxMjAwMDAwMDAwMDAwLCJkZWxldGUiOjEyMDAwMDAwMDAwMDAsInVwZGF0ZSI6MTIwMDAwMDAwMDAwMH19"
        },
        {
          "index_key": "challenge26",
          "schema_version": 0,
          "attributes": {
            "check_interval_sec": 1,
            "creation_timestamp": "2023-12-26T02:09:35.103-08:00",
            "description": "",
            "grpc_health_check": [],
            "healthy_threshold": 2,
            "http2_health_check": [],
            "http_health_check": [],
            "https_health_check": [],
            "id": "projects/potluck-ctf/global/healthChecks/challenge26-health-check",
            "log_config": [
              {
                "enable": false
              }
            ],
            "name": "challenge26-health-check",
            "project": "potluck-ctf",
            "self_link": "https://www.googleapis.com/compute/v1/projects/potluck-ctf/global/healthChecks/challenge26-health-check",
            "ssl_health_check": [],
            "tcp_health_check": [
              {
                "port": 80,
                "port_name": "",
                "port_specification": "",
                "proxy_header": "NONE",
                "request": "",
                "response": ""
              }
            ],
            "timeout_sec": 1,
            "timeouts": null,
            "type": "TCP",
            "unhealthy_threshold": 2
          },
          "sensitive_attributes": [],
          "private": "eyJlMmJmYjczMC1lY2FhLTExZTYtOGY4OC0zNDM2M2JjN2M0YzAiOnsiY3JlYXRlIjoxMjAwMDAwMDAwMDAwLCJkZWxldGUiOjEyMDAwMDAwMDAwMDAsInVwZGF0ZSI6MTIwMDAwMDAwMDAwMH19"
        },
        {
          "index_key": "challenge27",
          "schema_version": 0,
          "attributes": {
            "check_interval_sec": 1,
            "creation_timestamp": "2023-12-26T02:09:22.498-08:00",
            "description": "",
            "grpc_health_check": [],
            "healthy_threshold": 2,
            "http2_health_check": [],
            "http_health_check": [],
            "https_health_check": [],
            "id": "projects/potluck-ctf/global/healthChecks/challenge27-health-check",
            "log_config": [
              {
                "enable": false
              }
            ],
            "name": "challenge27-health-check",
            "project": "potluck-ctf",
            "self_link": "https://www.googleapis.com/compute/v1/projects/potluck-ctf/global/healthChecks/challenge27-health-check",
            "ssl_health_check": [],
            "tcp_health_check": [
              {
                "port": 80,
                "port_name": "",
                "port_specification": "",
                "proxy_header": "NONE",
                "request": "",
                "response": ""
              }
            ],
            "timeout_sec": 1,
            "timeouts": null,
            "type": "TCP",
            "unhealthy_threshold": 2
          },
          "sensitive_attributes": [],
          "private": "eyJlMmJmYjczMC1lY2FhLTExZTYtOGY4OC0zNDM2M2JjN2M0YzAiOnsiY3JlYXRlIjoxMjAwMDAwMDAwMDAwLCJkZWxldGUiOjEyMDAwMDAwMDAwMDAsInVwZGF0ZSI6MTIwMDAwMDAwMDAwMH19"
        },
        {
          "index_key": "challenge28",
          "schema_version": 0,
          "attributes": {
            "check_interval_sec": 1,
            "creation_timestamp": "2023-12-26T02:09:44.891-08:00",
            "description": "",
            "grpc_health_check": [],
            "healthy_threshold": 2,
            "http2_health_check": [],
            "http_health_check": [],
            "https_health_check": [],
            "id": "projects/potluck-ctf/global/healthChecks/challenge28-health-check",
            "log_config": [
              {
                "enable": false
              }
            ],
            "name": "challenge28-health-check",
            "project": "potluck-ctf",
            "self_link": "https://www.googleapis.com/compute/v1/projects/potluck-ctf/global/healthChecks/challenge28-health-check",
            "ssl_health_check": [],
            "tcp_health_check": [
              {
                "port": 80,
                "port_name": "",
                "port_specification": "",
                "proxy_header": "NONE",
                "request": "",
                "response": ""
              }
            ],
            "timeout_sec": 1,
            "timeouts": null,
            "type": "TCP",
            "unhealthy_threshold": 2
          },
          "sensitive_attributes": [],
          "private": "eyJlMmJmYjczMC1lY2FhLTExZTYtOGY4OC0zNDM2M2JjN2M0YzAiOnsiY3JlYXRlIjoxMjAwMDAwMDAwMDAwLCJkZWxldGUiOjEyMDAwMDAwMDAwMDAsInVwZGF0ZSI6MTIwMDAwMDAwMDAwMH19"
        },
        {
          "index_key": "challenge29",
          "schema_version": 0,
          "attributes": {
            "check_interval_sec": 1,
            "creation_timestamp": "2023-12-26T02:09:22.502-08:00",
            "description": "",
            "grpc_health_check": [],
            "healthy_threshold": 2,
            "http2_health_check": [],
            "http_health_check": [],
            "https_health_check": [],
            "id": "projects/potluck-ctf/global/healthChecks/challenge29-health-check",
            "log_config": [
              {
                "enable": false
              }
            ],
            "name": "challenge29-health-check",
            "project": "potluck-ctf",
            "self_link": "https://www.googleapis.com/compute/v1/projects/potluck-ctf/global/healthChecks/challenge29-health-check",
            "ssl_health_check": [],
            "tcp_health_check": [
              {
                "port": 80,
                "port_name": "",
                "port_specification": "",
                "proxy_header": "NONE",
                "request": "",
                "response": ""
              }
            ],
            "timeout_sec": 1,
            "timeouts": null,
            "type": "TCP",
            "unhealthy_threshold": 2
          },
          "sensitive_attributes": [],
          "private": "eyJlMmJmYjczMC1lY2FhLTExZTYtOGY4OC0zNDM2M2JjN2M0YzAiOnsiY3JlYXRlIjoxMjAwMDAwMDAwMDAwLCJkZWxldGUiOjEyMDAwMDAwMDAwMDAsInVwZGF0ZSI6MTIwMDAwMDAwMDAwMH19"
        }
      ]
    },
    {
      "mode": "managed",
      "type": "google_compute_instance",
      "name": "challenge_server",
      "provider": "provider[\"registry.terraform.io/hashicorp/google-beta\"]",
      "instances": [
        {
          "index_key": "challenge00-a",
          "schema_version": 6,
          "attributes": {
            "advanced_machine_features": [],
            "allow_stopping_for_update": true,
            "attached_disk": [],
            "boot_disk": [
              {
                "auto_delete": true,
                "device_name": "persistent-disk-0",
                "disk_encryption_key_raw": "",
                "disk_encryption_key_sha256": "",
                "initialize_params": [
                  {
                    "enable_confidential_compute": false,
                    "image": "https://www.googleapis.com/compute/beta/projects/debian-cloud/global/images/debian-11-bullseye-v20231212",
                    "labels": {},
                    "resource_manager_tags": {},
                    "size": 16,
                    "type": "pd-standard"
                  }
                ],
                "kms_key_self_link": "",
                "mode": "READ_WRITE",
                "source": "https://www.googleapis.com/compute/v1/projects/potluck-ctf/zones/europe-west3-b/disks/challenge00-a"
              }
            ],
            "can_ip_forward": false,
            "confidential_instance_config": [],
            "cpu_platform": "Intel Broadwell",
            "current_status": "RUNNING",
            "deletion_protection": false,
            "description": "",
            "desired_status": null,
            "effective_labels": {
              "challenge": "1"
            },
            "enable_display": false,
            "guest_accelerator": [],
            "hostname": "",
            "id": "projects/potluck-ctf/zones/europe-west3-b/instances/challenge00-a",
            "instance_id": "1985720416674977940",
            "label_fingerprint": "Q_iIQpWMFMc=",
            "labels": {
              "challenge": "1"
            },
            "machine_type": "e2-standard-2",
            "metadata": {},
            "metadata_fingerprint": "sPgbUE6W0-o=",
            "metadata_startup_script": null,
            "min_cpu_platform": "",
            "name": "challenge00-a",
            "network_interface": [
              {
                "access_config": [
                  {
                    "nat_ip": "34.89.167.255",
                    "network_tier": "PREMIUM",
                    "public_ptr_domain_name": "",
                    "security_policy": ""
                  }
                ],
                "alias_ip_range": [],
                "internal_ipv6_prefix_length": 0,
                "ipv6_access_config": [],
                "ipv6_access_type": "",
                "ipv6_address": "",
                "name": "nic0",
                "network": "https://www.googleapis.com/compute/v1/projects/potluck-ctf/global/networks/potluckctf-network",
                "network_attachment": "",
                "network_ip": "10.0.137.2",
                "nic_type": "",
                "queue_count": 0,
                "security_policy": "",
                "stack_type": "IPV4_ONLY",
                "subnetwork": "https://www.googleapis.com/compute/v1/projects/potluck-ctf/regions/europe-west3/subnetworks/potluckctf-challenge00-subnet",
                "subnetwork_project": "potluck-ctf"
              }
            ],
            "network_performance_config": [],
            "params": [],
            "project": "potluck-ctf",
            "reservation_affinity": [],
            "resource_policies": [],
            "scheduling": [
              {
                "automatic_restart": true,
                "instance_termination_action": "",
                "local_ssd_recovery_timeout": [],
                "maintenance_interval": "",
                "max_run_duration": [],
                "min_node_cpus": 0,
                "node_affinities": [],
                "on_host_maintenance": "MIGRATE",
                "preemptible": false,
                "provisioning_model": "STANDARD"
              }
            ],
            "scratch_disk": [],
            "self_link": "https://www.googleapis.com/compute/v1/projects/potluck-ctf/zones/europe-west3-b/instances/challenge00-a",
            "service_account": [
              {
                "email": "challenge00-service-account@potluck-ctf.iam.gserviceaccount.com",
                "scopes": [
                  "https://www.googleapis.com/auth/cloud-platform"
                ]
              }
            ],
            "shielded_instance_config": [
              {
                "enable_integrity_monitoring": true,
                "enable_secure_boot": false,
                "enable_vtpm": true
              }
            ],
            "tags": [
              "challenge",
              "challenge00",
              "potluckctf"
            ],
            "tags_fingerprint": "PurGMNoPVAk=",
            "terraform_labels": {
              "challenge": "1"
            },
            "timeouts": null,
            "zone": "europe-west3-b"
          },
          "sensitive_attributes": [],
          "private": "eyJlMmJmYjczMC1lY2FhLTExZTYtOGY4OC0zNDM2M2JjN2M0YzAiOnsiY3JlYXRlIjoxMjAwMDAwMDAwMDAwLCJkZWxldGUiOjEyMDAwMDAwMDAwMDAsInVwZGF0ZSI6MTIwMDAwMDAwMDAwMH0sInNjaGVtYV92ZXJzaW9uIjoiNiJ9",
          "dependencies": [
            "google_compute_network.potluckctf_network",
            "google_compute_subnetwork.potluckctf_challenge_subnet",
            "google_service_account.challenge_service_account"
          ]
        },
        {
          "index_key": "challenge01-a",
          "schema_version": 6,
          "attributes": {
            "advanced_machine_features": [
              {
                "enable_nested_virtualization": true,
                "threads_per_core": 0,
                "visible_core_count": 0
              }
            ],
            "allow_stopping_for_update": true,
            "attached_disk": [],
            "boot_disk": [
              {
                "auto_delete": true,
                "device_name": "persistent-disk-0",
                "disk_encryption_key_raw": "",
                "disk_encryption_key_sha256": "",
                "initialize_params": [
                  {
                    "enable_confidential_compute": false,
                    "image": "https://www.googleapis.com/compute/beta/projects/debian-cloud/global/images/debian-11-bullseye-v20231212",
                    "labels": {},
                    "resource_manager_tags": {},
                    "size": 16,
                    "type": "pd-standard"
                  }
                ],
                "kms_key_self_link": "",
                "mode": "READ_WRITE",
                "source": "https://www.googleapis.com/compute/v1/projects/potluck-ctf/zones/europe-west3-b/disks/challenge01-a"
              }
            ],
            "can_ip_forward": false,
            "confidential_instance_config": [],
            "cpu_platform": "Unknown CPU Platform",
            "current_status": "TERMINATED",
            "deletion_protection": false,
            "description": "",
            "desired_status": null,
            "effective_labels": {
              "challenge": "1"
            },
            "enable_display": false,
            "guest_accelerator": [],
            "hostname": "",
            "id": "projects/potluck-ctf/zones/europe-west3-b/instances/challenge01-a",
            "instance_id": "895627570574727322",
            "label_fingerprint": "Q_iIQpWMFMc=",
            "labels": {
              "challenge": "1"
            },
            "machine_type": "n2-standard-2",
            "metadata": {},
            "metadata_fingerprint": "sPgbUE6W0-o=",
            "metadata_startup_script": null,
            "min_cpu_platform": "",
            "name": "challenge01-a",
            "network_interface": [
              {
                "access_config": [
                  {
                    "nat_ip": "",
                    "network_tier": "PREMIUM",
                    "public_ptr_domain_name": "",
                    "security_policy": ""
                  }
                ],
                "alias_ip_range": [],
                "internal_ipv6_prefix_length": 0,
                "ipv6_access_config": [],
                "ipv6_access_type": "",
                "ipv6_address": "",
                "name": "nic0",
                "network": "https://www.googleapis.com/compute/v1/projects/potluck-ctf/global/networks/potluckctf-network",
                "network_attachment": "",
                "network_ip": "10.0.1.2",
                "nic_type": "",
                "queue_count": 0,
                "security_policy": "",
                "stack_type": "IPV4_ONLY",
                "subnetwork": "https://www.googleapis.com/compute/v1/projects/potluck-ctf/regions/europe-west3/subnetworks/potluckctf-challenge01-subnet",
                "subnetwork_project": "potluck-ctf"
              }
            ],
            "network_performance_config": [],
            "params": [],
            "project": "potluck-ctf",
            "reservation_affinity": [],
            "resource_policies": [],
            "scheduling": [
              {
                "automatic_restart": true,
                "instance_termination_action": "",
                "local_ssd_recovery_timeout": [],
                "maintenance_interval": "",
                "max_run_duration": [],
                "min_node_cpus": 0,
                "node_affinities": [],
                "on_host_maintenance": "MIGRATE",
                "preemptible": false,
                "provisioning_model": "STANDARD"
              }
            ],
            "scratch_disk": [],
            "self_link": "https://www.googleapis.com/compute/v1/projects/potluck-ctf/zones/europe-west3-b/instances/challenge01-a",
            "service_account": [
              {
                "email": "challenge01-service-account@potluck-ctf.iam.gserviceaccount.com",
                "scopes": [
                  "https://www.googleapis.com/auth/cloud-platform"
                ]
              }
            ],
            "shielded_instance_config": [
              {
                "enable_integrity_monitoring": true,
                "enable_secure_boot": false,
                "enable_vtpm": true
              }
            ],
            "tags": [
              "challenge",
              "challenge01",
              "potluckctf"
            ],
            "tags_fingerprint": "yVQWMsQo3HA=",
            "terraform_labels": {
              "challenge": "1"
            },
            "timeouts": null,
            "zone": "europe-west3-b"
          },
          "sensitive_attributes": [],
          "private": "eyJlMmJmYjczMC1lY2FhLTExZTYtOGY4OC0zNDM2M2JjN2M0YzAiOnsiY3JlYXRlIjoxMjAwMDAwMDAwMDAwLCJkZWxldGUiOjEyMDAwMDAwMDAwMDAsInVwZGF0ZSI6MTIwMDAwMDAwMDAwMH0sInNjaGVtYV92ZXJzaW9uIjoiNiJ9",
          "dependencies": [
            "google_compute_network.potluckctf_network",
            "google_compute_subnetwork.potluckctf_challenge_subnet",
            "google_service_account.challenge_service_account"
          ]
        },
        {
          "index_key": "challenge03-a",
          "schema_version": 6,
          "attributes": {
            "advanced_machine_features": [],
            "allow_stopping_for_update": true,
            "attached_disk": [],
            "boot_disk": [
              {
                "auto_delete": true,
                "device_name": "persistent-disk-0",
                "disk_encryption_key_raw": "",
                "disk_encryption_key_sha256": "",
                "initialize_params": [
                  {
                    "enable_confidential_compute": false,
                    "image": "https://www.googleapis.com/compute/beta/projects/debian-cloud/global/images/debian-11-bullseye-v20231212",
                    "labels": {},
                    "resource_manager_tags": {},
                    "size": 16,
                    "type": "pd-standard"
                  }
                ],
                "kms_key_self_link": "",
                "mode": "READ_WRITE",
                "source": "https://www.googleapis.com/compute/v1/projects/potluck-ctf/zones/europe-west3-b/disks/challenge03-a"
              }
            ],
            "can_ip_forward": false,
            "confidential_instance_config": [],
            "cpu_platform": "Intel Broadwell",
            "current_status": "RUNNING",
            "deletion_protection": false,
            "description": "",
            "desired_status": null,
            "effective_labels": {
              "challenge": "1"
            },
            "enable_display": false,
            "guest_accelerator": [],
            "hostname": "",
            "id": "projects/potluck-ctf/zones/europe-west3-b/instances/challenge03-a",
            "instance_id": "3073617701263317124",
            "label_fingerprint": "Q_iIQpWMFMc=",
            "labels": {
              "challenge": "1"
            },
            "machine_type": "e2-standard-2",
            "metadata": {},
            "metadata_fingerprint": "sPgbUE6W0-o=",
            "metadata_startup_script": null,
            "min_cpu_platform": "",
            "name": "challenge03-a",
            "network_interface": [
              {
                "access_config": [
                  {
                    "nat_ip": "34.89.149.2",
                    "network_tier": "PREMIUM",
                    "public_ptr_domain_name": "",
                    "security_policy": ""
                  }
                ],
                "alias_ip_range": [],
                "internal_ipv6_prefix_length": 0,
                "ipv6_access_config": [],
                "ipv6_access_type": "",
                "ipv6_address": "",
                "name": "nic0",
                "network": "https://www.googleapis.com/compute/v1/projects/potluck-ctf/global/networks/potluckctf-network",
                "network_attachment": "",
                "network_ip": "10.0.3.2",
                "nic_type": "",
                "queue_count": 0,
                "security_policy": "",
                "stack_type": "IPV4_ONLY",
                "subnetwork": "https://www.googleapis.com/compute/v1/projects/potluck-ctf/regions/europe-west3/subnetworks/potluckctf-challenge03-subnet",
                "subnetwork_project": "potluck-ctf"
              }
            ],
            "network_performance_config": [],
            "params": [],
            "project": "potluck-ctf",
            "reservation_affinity": [],
            "resource_policies": [],
            "scheduling": [
              {
                "automatic_restart": true,
                "instance_termination_action": "",
                "local_ssd_recovery_timeout": [],
                "maintenance_interval": "",
                "max_run_duration": [],
                "min_node_cpus": 0,
                "node_affinities": [],
                "on_host_maintenance": "MIGRATE",
                "preemptible": false,
                "provisioning_model": "STANDARD"
              }
            ],
            "scratch_disk": [],
            "self_link": "https://www.googleapis.com/compute/v1/projects/potluck-ctf/zones/europe-west3-b/instances/challenge03-a",
            "service_account": [
              {
                "email": "challenge03-service-account@potluck-ctf.iam.gserviceaccount.com",
                "scopes": [
                  "https://www.googleapis.com/auth/cloud-platform"
                ]
              }
            ],
            "shielded_instance_config": [
              {
                "enable_integrity_monitoring": true,
                "enable_secure_boot": false,
                "enable_vtpm": true
              }
            ],
            "tags": [
              "challenge",
              "challenge03",
              "potluckctf"
            ],
            "tags_fingerprint": "DM8weaEPUVI=",
            "terraform_labels": {
              "challenge": "1"
            },
            "timeouts": null,
            "zone": "europe-west3-b"
          },
          "sensitive_attributes": [],
          "private": "eyJlMmJmYjczMC1lY2FhLTExZTYtOGY4OC0zNDM2M2JjN2M0YzAiOnsiY3JlYXRlIjoxMjAwMDAwMDAwMDAwLCJkZWxldGUiOjEyMDAwMDAwMDAwMDAsInVwZGF0ZSI6MTIwMDAwMDAwMDAwMH0sInNjaGVtYV92ZXJzaW9uIjoiNiJ9",
          "dependencies": [
            "google_compute_network.potluckctf_network",
            "google_compute_subnetwork.potluckctf_challenge_subnet",
            "google_service_account.challenge_service_account"
          ]
        },
        {
          "index_key": "challenge05-a",
          "schema_version": 6,
          "attributes": {
            "advanced_machine_features": [],
            "allow_stopping_for_update": true,
            "attached_disk": [],
            "boot_disk": [
              {
                "auto_delete": true,
                "device_name": "persistent-disk-0",
                "disk_encryption_key_raw": "",
                "disk_encryption_key_sha256": "",
                "initialize_params": [
                  {
                    "enable_confidential_compute": false,
                    "image": "https://www.googleapis.com/compute/beta/projects/debian-cloud/global/images/debian-11-bullseye-v20231212",
                    "labels": {},
                    "resource_manager_tags": {},
                    "size": 16,
                    "type": "pd-standard"
                  }
                ],
                "kms_key_self_link": "",
                "mode": "READ_WRITE",
                "source": "https://www.googleapis.com/compute/v1/projects/potluck-ctf/zones/europe-west3-b/disks/challenge05-a"
              }
            ],
            "can_ip_forward": false,
            "confidential_instance_config": [],
            "cpu_platform": "Intel Broadwell",
            "current_status": "RUNNING",
            "deletion_protection": false,
            "description": "",
            "desired_status": null,
            "effective_labels": {
              "challenge": "1"
            },
            "enable_display": false,
            "guest_accelerator": [],
            "hostname": "",
            "id": "projects/potluck-ctf/zones/europe-west3-b/instances/challenge05-a",
            "instance_id": "4469091097295394965",
            "label_fingerprint": "Q_iIQpWMFMc=",
            "labels": {
              "challenge": "1"
            },
            "machine_type": "e2-standard-2",
            "metadata": {},
            "metadata_fingerprint": "sPgbUE6W0-o=",
            "metadata_startup_script": null,
            "min_cpu_platform": "",
            "name": "challenge05-a",
            "network_interface": [
              {
                "access_config": [
                  {
                    "nat_ip": "35.198.180.137",
                    "network_tier": "PREMIUM",
                    "public_ptr_domain_name": "",
                    "security_policy": ""
                  }
                ],
                "alias_ip_range": [],
                "internal_ipv6_prefix_length": 0,
                "ipv6_access_config": [],
                "ipv6_access_type": "",
                "ipv6_address": "",
                "name": "nic0",
                "network": "https://www.googleapis.com/compute/v1/projects/potluck-ctf/global/networks/potluckctf-network",
                "network_attachment": "",
                "network_ip": "10.0.5.2",
                "nic_type": "",
                "queue_count": 0,
                "security_policy": "",
                "stack_type": "IPV4_ONLY",
                "subnetwork": "https://www.googleapis.com/compute/v1/projects/potluck-ctf/regions/europe-west3/subnetworks/potluckctf-challenge05-subnet",
                "subnetwork_project": "potluck-ctf"
              }
            ],
            "network_performance_config": [],
            "params": [],
            "project": "potluck-ctf",
            "reservation_affinity": [],
            "resource_policies": [],
            "scheduling": [
              {
                "automatic_restart": true,
                "instance_termination_action": "",
                "local_ssd_recovery_timeout": [],
                "maintenance_interval": "",
                "max_run_duration": [],
                "min_node_cpus": 0,
                "node_affinities": [],
                "on_host_maintenance": "MIGRATE",
                "preemptible": false,
                "provisioning_model": "STANDARD"
              }
            ],
            "scratch_disk": [],
            "self_link": "https://www.googleapis.com/compute/v1/projects/potluck-ctf/zones/europe-west3-b/instances/challenge05-a",
            "service_account": [
              {
                "email": "challenge05-service-account@potluck-ctf.iam.gserviceaccount.com",
                "scopes": [
                  "https://www.googleapis.com/auth/cloud-platform"
                ]
              }
            ],
            "shielded_instance_config": [
              {
                "enable_integrity_monitoring": true,
                "enable_secure_boot": false,
                "enable_vtpm": true
              }
            ],
            "tags": [
              "challenge",
              "challenge05",
              "potluckctf"
            ],
            "tags_fingerprint": "h8cVUT_iN0w=",
            "terraform_labels": {
              "challenge": "1"
            },
            "timeouts": null,
            "zone": "europe-west3-b"
          },
          "sensitive_attributes": [],
          "private": "eyJlMmJmYjczMC1lY2FhLTExZTYtOGY4OC0zNDM2M2JjN2M0YzAiOnsiY3JlYXRlIjoxMjAwMDAwMDAwMDAwLCJkZWxldGUiOjEyMDAwMDAwMDAwMDAsInVwZGF0ZSI6MTIwMDAwMDAwMDAwMH0sInNjaGVtYV92ZXJzaW9uIjoiNiJ9",
          "dependencies": [
            "google_compute_network.potluckctf_network",
            "google_compute_subnetwork.potluckctf_challenge_subnet",
            "google_service_account.challenge_service_account"
          ]
        },
        {
          "index_key": "challenge06-a",
          "schema_version": 6,
          "attributes": {
            "advanced_machine_features": [],
            "allow_stopping_for_update": true,
            "attached_disk": [],
            "boot_disk": [
              {
                "auto_delete": true,
                "device_name": "persistent-disk-0",
                "disk_encryption_key_raw": "",
                "disk_encryption_key_sha256": "",
                "initialize_params": [
                  {
                    "enable_confidential_compute": false,
                    "image": "https://www.googleapis.com/compute/beta/projects/debian-cloud/global/images/debian-11-bullseye-v20231212",
                    "labels": {},
                    "resource_manager_tags": {},
                    "size": 16,
                    "type": "pd-standard"
                  }
                ],
                "kms_key_self_link": "",
                "mode": "READ_WRITE",
                "source": "https://www.googleapis.com/compute/v1/projects/potluck-ctf/zones/europe-west3-b/disks/challenge06-a"
              }
            ],
            "can_ip_forward": false,
            "confidential_instance_config": [],
            "cpu_platform": "Intel Broadwell",
            "current_status": "RUNNING",
            "deletion_protection": false,
            "description": "",
            "desired_status": null,
            "effective_labels": {
              "challenge": "1"
            },
            "enable_display": false,
            "guest_accelerator": [],
            "hostname": "",
            "id": "projects/potluck-ctf/zones/europe-west3-b/instances/challenge06-a",
            "instance_id": "6276885893523904666",
            "label_fingerprint": "Q_iIQpWMFMc=",
            "labels": {
              "challenge": "1"
            },
            "machine_type": "e2-standard-2",
            "metadata": {},
            "metadata_fingerprint": "sPgbUE6W0-o=",
            "metadata_startup_script": null,
            "min_cpu_platform": "",
            "name": "challenge06-a",
            "network_interface": [
              {
                "access_config": [
                  {
                    "nat_ip": "34.89.212.36",
                    "network_tier": "PREMIUM",
                    "public_ptr_domain_name": "",
                    "security_policy": ""
                  }
                ],
                "alias_ip_range": [],
                "internal_ipv6_prefix_length": 0,
                "ipv6_access_config": [],
                "ipv6_access_type": "",
                "ipv6_address": "",
                "name": "nic0",
                "network": "https://www.googleapis.com/compute/v1/projects/potluck-ctf/global/networks/potluckctf-network",
                "network_attachment": "",
                "network_ip": "10.0.6.2",
                "nic_type": "",
                "queue_count": 0,
                "security_policy": "",
                "stack_type": "IPV4_ONLY",
                "subnetwork": "https://www.googleapis.com/compute/v1/projects/potluck-ctf/regions/europe-west3/subnetworks/potluckctf-challenge06-subnet",
                "subnetwork_project": "potluck-ctf"
              }
            ],
            "network_performance_config": [],
            "params": [],
            "project": "potluck-ctf",
            "reservation_affinity": [],
            "resource_policies": [],
            "scheduling": [
              {
                "automatic_restart": true,
                "instance_termination_action": "",
                "local_ssd_recovery_timeout": [],
                "maintenance_interval": "",
                "max_run_duration": [],
                "min_node_cpus": 0,
                "node_affinities": [],
                "on_host_maintenance": "MIGRATE",
                "preemptible": false,
                "provisioning_model": "STANDARD"
              }
            ],
            "scratch_disk": [],
            "self_link": "https://www.googleapis.com/compute/v1/projects/potluck-ctf/zones/europe-west3-b/instances/challenge06-a",
            "service_account": [
              {
                "email": "challenge06-service-account@potluck-ctf.iam.gserviceaccount.com",
                "scopes": [
                  "https://www.googleapis.com/auth/cloud-platform"
                ]
              }
            ],
            "shielded_instance_config": [
              {
                "enable_integrity_monitoring": true,
                "enable_secure_boot": false,
                "enable_vtpm": true
              }
            ],
            "tags": [
              "challenge",
              "challenge06",
              "potluckctf"
            ],
            "tags_fingerprint": "1vMBKFpzGAA=",
            "terraform_labels": {
              "challenge": "1"
            },
            "timeouts": null,
            "zone": "europe-west3-b"
          },
          "sensitive_attributes": [],
          "private": "eyJlMmJmYjczMC1lY2FhLTExZTYtOGY4OC0zNDM2M2JjN2M0YzAiOnsiY3JlYXRlIjoxMjAwMDAwMDAwMDAwLCJkZWxldGUiOjEyMDAwMDAwMDAwMDAsInVwZGF0ZSI6MTIwMDAwMDAwMDAwMH0sInNjaGVtYV92ZXJzaW9uIjoiNiJ9",
          "dependencies": [
            "google_compute_network.potluckctf_network",
            "google_compute_subnetwork.potluckctf_challenge_subnet",
            "google_service_account.challenge_service_account"
          ]
        },
        {
          "index_key": "challenge07-a",
          "schema_version": 6,
          "attributes": {
            "advanced_machine_features": [],
            "allow_stopping_for_update": true,
            "attached_disk": [],
            "boot_disk": [
              {
                "auto_delete": true,
                "device_name": "persistent-disk-0",
                "disk_encryption_key_raw": "",
                "disk_encryption_key_sha256": "",
                "initialize_params": [
                  {
                    "enable_confidential_compute": false,
                    "image": "https://www.googleapis.com/compute/beta/projects/debian-cloud/global/images/debian-11-bullseye-v20231212",
                    "labels": {},
                    "resource_manager_tags": {},
                    "size": 16,
                    "type": "pd-standard"
                  }
                ],
                "kms_key_self_link": "",
                "mode": "READ_WRITE",
                "source": "https://www.googleapis.com/compute/v1/projects/potluck-ctf/zones/europe-west3-b/disks/challenge07-a"
              }
            ],
            "can_ip_forward": false,
            "confidential_instance_config": [],
            "cpu_platform": "Intel Broadwell",
            "current_status": "RUNNING",
            "deletion_protection": false,
            "description": "",
            "desired_status": null,
            "effective_labels": {
              "challenge": "1"
            },
            "enable_display": false,
            "guest_accelerator": [],
            "hostname": "",
            "id": "projects/potluck-ctf/zones/europe-west3-b/instances/challenge07-a",
            "instance_id": "8561607374562334873",
            "label_fingerprint": "Q_iIQpWMFMc=",
            "labels": {
              "challenge": "1"
            },
            "machine_type": "e2-standard-2",
            "metadata": {},
            "metadata_fingerprint": "sPgbUE6W0-o=",
            "metadata_startup_script": null,
            "min_cpu_platform": "",
            "name": "challenge07-a",
            "network_interface": [
              {
                "access_config": [
                  {
                    "nat_ip": "34.159.220.222",
                    "network_tier": "PREMIUM",
                    "public_ptr_domain_name": "",
                    "security_policy": ""
                  }
                ],
                "alias_ip_range": [],
                "internal_ipv6_prefix_length": 0,
                "ipv6_access_config": [],
                "ipv6_access_type": "",
                "ipv6_address": "",
                "name": "nic0",
                "network": "https://www.googleapis.com/compute/v1/projects/potluck-ctf/global/networks/potluckctf-network",
                "network_attachment": "",
                "network_ip": "10.0.7.2",
                "nic_type": "",
                "queue_count": 0,
                "security_policy": "",
                "stack_type": "IPV4_ONLY",
                "subnetwork": "https://www.googleapis.com/compute/v1/projects/potluck-ctf/regions/europe-west3/subnetworks/potluckctf-challenge07-subnet",
                "subnetwork_project": "potluck-ctf"
              }
            ],
            "network_performance_config": [],
            "params": [],
            "project": "potluck-ctf",
            "reservation_affinity": [],
            "resource_policies": [],
            "scheduling": [
              {
                "automatic_restart": true,
                "instance_termination_action": "",
                "local_ssd_recovery_timeout": [],
                "maintenance_interval": "",
                "max_run_duration": [],
                "min_node_cpus": 0,
                "node_affinities": [],
                "on_host_maintenance": "MIGRATE",
                "preemptible": false,
                "provisioning_model": "STANDARD"
              }
            ],
            "scratch_disk": [],
            "self_link": "https://www.googleapis.com/compute/v1/projects/potluck-ctf/zones/europe-west3-b/instances/challenge07-a",
            "service_account": [
              {
                "email": "challenge07-service-account@potluck-ctf.iam.gserviceaccount.com",
                "scopes": [
                  "https://www.googleapis.com/auth/cloud-platform"
                ]
              }
            ],
            "shielded_instance_config": [
              {
                "enable_integrity_monitoring": true,
                "enable_secure_boot": false,
                "enable_vtpm": true
              }
            ],
            "tags": [
              "challenge",
              "challenge07",
              "potluckctf"
            ],
            "tags_fingerprint": "mxoyYBrElnQ=",
            "terraform_labels": {
              "challenge": "1"
            },
            "timeouts": null,
            "zone": "europe-west3-b"
          },
          "sensitive_attributes": [],
          "private": "eyJlMmJmYjczMC1lY2FhLTExZTYtOGY4OC0zNDM2M2JjN2M0YzAiOnsiY3JlYXRlIjoxMjAwMDAwMDAwMDAwLCJkZWxldGUiOjEyMDAwMDAwMDAwMDAsInVwZGF0ZSI6MTIwMDAwMDAwMDAwMH0sInNjaGVtYV92ZXJzaW9uIjoiNiJ9",
          "dependencies": [
            "google_compute_network.potluckctf_network",
            "google_compute_subnetwork.potluckctf_challenge_subnet",
            "google_service_account.challenge_service_account"
          ]
        },
        {
          "index_key": "challenge09-a",
          "schema_version": 6,
          "attributes": {
            "advanced_machine_features": [],
            "allow_stopping_for_update": true,
            "attached_disk": [],
            "boot_disk": [
              {
                "auto_delete": true,
                "device_name": "persistent-disk-0",
                "disk_encryption_key_raw": "",
                "disk_encryption_key_sha256": "",
                "initialize_params": [
                  {
                    "enable_confidential_compute": false,
                    "image": "https://www.googleapis.com/compute/beta/projects/debian-cloud/global/images/debian-11-bullseye-v20231212",
                    "labels": {},
                    "resource_manager_tags": {},
                    "size": 16,
                    "type": "pd-standard"
                  }
                ],
                "kms_key_self_link": "",
                "mode": "READ_WRITE",
                "source": "https://www.googleapis.com/compute/v1/projects/potluck-ctf/zones/europe-west3-b/disks/challenge09-a"
              }
            ],
            "can_ip_forward": false,
            "confidential_instance_config": [],
            "cpu_platform": "AMD Rome",
            "current_status": "RUNNING",
            "deletion_protection": false,
            "description": "",
            "desired_status": null,
            "effective_labels": {
              "challenge": "1"
            },
            "enable_display": false,
            "guest_accelerator": [],
            "hostname": "",
            "id": "projects/potluck-ctf/zones/europe-west3-b/instances/challenge09-a",
            "instance_id": "6335896429183572124",
            "label_fingerprint": "Q_iIQpWMFMc=",
            "labels": {
              "challenge": "1"
            },
            "machine_type": "e2-standard-2",
            "metadata": {},
            "metadata_fingerprint": "sPgbUE6W0-o=",
            "metadata_startup_script": null,
            "min_cpu_platform": "",
            "name": "challenge09-a",
            "network_interface": [
              {
                "access_config": [
                  {
                    "nat_ip": "35.234.113.254",
                    "network_tier": "PREMIUM",
                    "public_ptr_domain_name": "",
                    "security_policy": ""
                  }
                ],
                "alias_ip_range": [],
                "internal_ipv6_prefix_length": 0,
                "ipv6_access_config": [],
                "ipv6_access_type": "",
                "ipv6_address": "",
                "name": "nic0",
                "network": "https://www.googleapis.com/compute/v1/projects/potluck-ctf/global/networks/potluckctf-network",
                "network_attachment": "",
                "network_ip": "10.0.9.2",
                "nic_type": "",
                "queue_count": 0,
                "security_policy": "",
                "stack_type": "IPV4_ONLY",
                "subnetwork": "https://www.googleapis.com/compute/v1/projects/potluck-ctf/regions/europe-west3/subnetworks/potluckctf-challenge09-subnet",
                "subnetwork_project": "potluck-ctf"
              }
            ],
            "network_performance_config": [],
            "params": [],
            "project": "potluck-ctf",
            "reservation_affinity": [],
            "resource_policies": [],
            "scheduling": [
              {
                "automatic_restart": true,
                "instance_termination_action": "",
                "local_ssd_recovery_timeout": [],
                "maintenance_interval": "",
                "max_run_duration": [],
                "min_node_cpus": 0,
                "node_affinities": [],
                "on_host_maintenance": "MIGRATE",
                "preemptible": false,
                "provisioning_model": "STANDARD"
              }
            ],
            "scratch_disk": [],
            "self_link": "https://www.googleapis.com/compute/v1/projects/potluck-ctf/zones/europe-west3-b/instances/challenge09-a",
            "service_account": [
              {
                "email": "challenge09-service-account@potluck-ctf.iam.gserviceaccount.com",
                "scopes": [
                  "https://www.googleapis.com/auth/cloud-platform"
                ]
              }
            ],
            "shielded_instance_config": [
              {
                "enable_integrity_monitoring": true,
                "enable_secure_boot": false,
                "enable_vtpm": true
              }
            ],
            "tags": [
              "challenge",
              "challenge09",
              "potluckctf"
            ],
            "tags_fingerprint": "sml8MgUpKPk=",
            "terraform_labels": {
              "challenge": "1"
            },
            "timeouts": null,
            "zone": "europe-west3-b"
          },
          "sensitive_attributes": [],
          "private": "eyJlMmJmYjczMC1lY2FhLTExZTYtOGY4OC0zNDM2M2JjN2M0YzAiOnsiY3JlYXRlIjoxMjAwMDAwMDAwMDAwLCJkZWxldGUiOjEyMDAwMDAwMDAwMDAsInVwZGF0ZSI6MTIwMDAwMDAwMDAwMH0sInNjaGVtYV92ZXJzaW9uIjoiNiJ9",
          "dependencies": [
            "google_compute_network.potluckctf_network",
            "google_compute_subnetwork.potluckctf_challenge_subnet",
            "google_service_account.challenge_service_account"
          ]
        },
        {
          "index_key": "challenge11-a",
          "schema_version": 6,
          "attributes": {
            "advanced_machine_features": [],
            "allow_stopping_for_update": true,
            "attached_disk": [],
            "boot_disk": [
              {
                "auto_delete": true,
                "device_name": "persistent-disk-0",
                "disk_encryption_key_raw": "",
                "disk_encryption_key_sha256": "",
                "initialize_params": [
                  {
                    "enable_confidential_compute": false,
                    "image": "https://www.googleapis.com/compute/beta/projects/debian-cloud/global/images/debian-11-bullseye-v20231212",
                    "labels": {},
                    "resource_manager_tags": {},
                    "size": 16,
                    "type": "pd-standard"
                  }
                ],
                "kms_key_self_link": "",
                "mode": "READ_WRITE",
                "source": "https://www.googleapis.com/compute/v1/projects/potluck-ctf/zones/europe-west3-b/disks/challenge11-a"
              }
            ],
            "can_ip_forward": false,
            "confidential_instance_config": [],
            "cpu_platform": "Intel Broadwell",
            "current_status": "RUNNING",
            "deletion_protection": false,
            "description": "",
            "desired_status": null,
            "effective_labels": {
              "challenge": "1"
            },
            "enable_display": false,
            "guest_accelerator": [],
            "hostname": "",
            "id": "projects/potluck-ctf/zones/europe-west3-b/instances/challenge11-a",
            "instance_id": "8616007168340465819",
            "label_fingerprint": "Q_iIQpWMFMc=",
            "labels": {
              "challenge": "1"
            },
            "machine_type": "e2-standard-2",
            "metadata": {},
            "metadata_fingerprint": "sPgbUE6W0-o=",
            "metadata_startup_script": null,
            "min_cpu_platform": "",
            "name": "challenge11-a",
            "network_interface": [
              {
                "access_config": [
                  {
                    "nat_ip": "35.246.218.162",
                    "network_tier": "PREMIUM",
                    "public_ptr_domain_name": "",
                    "security_policy": ""
                  }
                ],
                "alias_ip_range": [],
                "internal_ipv6_prefix_length": 0,
                "ipv6_access_config": [],
                "ipv6_access_type": "",
                "ipv6_address": "",
                "name": "nic0",
                "network": "https://www.googleapis.com/compute/v1/projects/potluck-ctf/global/networks/potluckctf-network",
                "network_attachment": "",
                "network_ip": "10.0.11.2",
                "nic_type": "",
                "queue_count": 0,
                "security_policy": "",
                "stack_type": "IPV4_ONLY",
                "subnetwork": "https://www.googleapis.com/compute/v1/projects/potluck-ctf/regions/europe-west3/subnetworks/potluckctf-challenge11-subnet",
                "subnetwork_project": "potluck-ctf"
              }
            ],
            "network_performance_config": [],
            "params": [],
            "project": "potluck-ctf",
            "reservation_affinity": [],
            "resource_policies": [],
            "scheduling": [
              {
                "automatic_restart": true,
                "instance_termination_action": "",
                "local_ssd_recovery_timeout": [],
                "maintenance_interval": "",
                "max_run_duration": [],
                "min_node_cpus": 0,
                "node_affinities": [],
                "on_host_maintenance": "MIGRATE",
                "preemptible": false,
                "provisioning_model": "STANDARD"
              }
            ],
            "scratch_disk": [],
            "self_link": "https://www.googleapis.com/compute/v1/projects/potluck-ctf/zones/europe-west3-b/instances/challenge11-a",
            "service_account": [
              {
                "email": "challenge11-service-account@potluck-ctf.iam.gserviceaccount.com",
                "scopes": [
                  "https://www.googleapis.com/auth/cloud-platform"
                ]
              }
            ],
            "shielded_instance_config": [
              {
                "enable_integrity_monitoring": true,
                "enable_secure_boot": false,
                "enable_vtpm": true
              }
            ],
            "tags": [
              "challenge",
              "challenge11",
              "potluckctf"
            ],
            "tags_fingerprint": "3bTOJQqaLGk=",
            "terraform_labels": {
              "challenge": "1"
            },
            "timeouts": null,
            "zone": "europe-west3-b"
          },
          "sensitive_attributes": [],
          "private": "eyJlMmJmYjczMC1lY2FhLTExZTYtOGY4OC0zNDM2M2JjN2M0YzAiOnsiY3JlYXRlIjoxMjAwMDAwMDAwMDAwLCJkZWxldGUiOjEyMDAwMDAwMDAwMDAsInVwZGF0ZSI6MTIwMDAwMDAwMDAwMH0sInNjaGVtYV92ZXJzaW9uIjoiNiJ9",
          "dependencies": [
            "google_compute_network.potluckctf_network",
            "google_compute_subnetwork.potluckctf_challenge_subnet",
            "google_service_account.challenge_service_account"
          ]
        },
        {
          "index_key": "challenge12-a",
          "schema_version": 6,
          "attributes": {
            "advanced_machine_features": [],
            "allow_stopping_for_update": true,
            "attached_disk": [],
            "boot_disk": [
              {
                "auto_delete": true,
                "device_name": "persistent-disk-0",
                "disk_encryption_key_raw": "",
                "disk_encryption_key_sha256": "",
                "initialize_params": [
                  {
                    "enable_confidential_compute": false,
                    "image": "https://www.googleapis.com/compute/beta/projects/debian-cloud/global/images/debian-11-bullseye-v20231212",
                    "labels": {},
                    "resource_manager_tags": {},
                    "size": 16,
                    "type": "pd-standard"
                  }
                ],
                "kms_key_self_link": "",
                "mode": "READ_WRITE",
                "source": "https://www.googleapis.com/compute/v1/projects/potluck-ctf/zones/europe-west3-b/disks/challenge12-a"
              }
            ],
            "can_ip_forward": false,
            "confidential_instance_config": [],
            "cpu_platform": "Intel Broadwell",
            "current_status": "RUNNING",
            "deletion_protection": false,
            "description": "",
            "desired_status": null,
            "effective_labels": {
              "challenge": "1"
            },
            "enable_display": false,
            "guest_accelerator": [],
            "hostname": "",
            "id": "projects/potluck-ctf/zones/europe-west3-b/instances/challenge12-a",
            "instance_id": "5606982806231521382",
            "label_fingerprint": "Q_iIQpWMFMc=",
            "labels": {
              "challenge": "1"
            },
            "machine_type": "e2-standard-2",
            "metadata": {},
            "metadata_fingerprint": "sPgbUE6W0-o=",
            "metadata_startup_script": null,
            "min_cpu_platform": "",
            "name": "challenge12-a",
            "network_interface": [
              {
                "access_config": [
                  {
                    "nat_ip": "34.107.115.59",
                    "network_tier": "PREMIUM",
                    "public_ptr_domain_name": "",
                    "security_policy": ""
                  }
                ],
                "alias_ip_range": [],
                "internal_ipv6_prefix_length": 0,
                "ipv6_access_config": [],
                "ipv6_access_type": "",
                "ipv6_address": "",
                "name": "nic0",
                "network": "https://www.googleapis.com/compute/v1/projects/potluck-ctf/global/networks/potluckctf-network",
                "network_attachment": "",
                "network_ip": "10.0.12.2",
                "nic_type": "",
                "queue_count": 0,
                "security_policy": "",
                "stack_type": "IPV4_ONLY",
                "subnetwork": "https://www.googleapis.com/compute/v1/projects/potluck-ctf/regions/europe-west3/subnetworks/potluckctf-challenge12-subnet",
                "subnetwork_project": "potluck-ctf"
              }
            ],
            "network_performance_config": [],
            "params": [],
            "project": "potluck-ctf",
            "reservation_affinity": [],
            "resource_policies": [],
            "scheduling": [
              {
                "automatic_restart": true,
                "instance_termination_action": "",
                "local_ssd_recovery_timeout": [],
                "maintenance_interval": "",
                "max_run_duration": [],
                "min_node_cpus": 0,
                "node_affinities": [],
                "on_host_maintenance": "MIGRATE",
                "preemptible": false,
                "provisioning_model": "STANDARD"
              }
            ],
            "scratch_disk": [],
            "self_link": "https://www.googleapis.com/compute/v1/projects/potluck-ctf/zones/europe-west3-b/instances/challenge12-a",
            "service_account": [
              {
                "email": "challenge12-service-account@potluck-ctf.iam.gserviceaccount.com",
                "scopes": [
                  "https://www.googleapis.com/auth/cloud-platform"
                ]
              }
            ],
            "shielded_instance_config": [
              {
                "enable_integrity_monitoring": true,
                "enable_secure_boot": false,
                "enable_vtpm": true
              }
            ],
            "tags": [
              "challenge",
              "challenge12",
              "potluckctf"
            ],
            "tags_fingerprint": "kbk_R3Nw8H4=",
            "terraform_labels": {
              "challenge": "1"
            },
            "timeouts": null,
            "zone": "europe-west3-b"
          },
          "sensitive_attributes": [],
          "private": "eyJlMmJmYjczMC1lY2FhLTExZTYtOGY4OC0zNDM2M2JjN2M0YzAiOnsiY3JlYXRlIjoxMjAwMDAwMDAwMDAwLCJkZWxldGUiOjEyMDAwMDAwMDAwMDAsInVwZGF0ZSI6MTIwMDAwMDAwMDAwMH0sInNjaGVtYV92ZXJzaW9uIjoiNiJ9",
          "dependencies": [
            "google_compute_network.potluckctf_network",
            "google_compute_subnetwork.potluckctf_challenge_subnet",
            "google_service_account.challenge_service_account"
          ]
        },
        {
          "index_key": "challenge13-a",
          "schema_version": 6,
          "attributes": {
            "advanced_machine_features": [],
            "allow_stopping_for_update": true,
            "attached_disk": [],
            "boot_disk": [
              {
                "auto_delete": true,
                "device_name": "persistent-disk-0",
                "disk_encryption_key_raw": "",
                "disk_encryption_key_sha256": "",
                "initialize_params": [
                  {
                    "enable_confidential_compute": false,
                    "image": "https://www.googleapis.com/compute/beta/projects/debian-cloud/global/images/debian-11-bullseye-v20231212",
                    "labels": {},
                    "resource_manager_tags": {},
                    "size": 16,
                    "type": "pd-standard"
                  }
                ],
                "kms_key_self_link": "",
                "mode": "READ_WRITE",
                "source": "https://www.googleapis.com/compute/v1/projects/potluck-ctf/zones/europe-west3-b/disks/challenge13-a"
              }
            ],
            "can_ip_forward": false,
            "confidential_instance_config": [],
            "cpu_platform": "Intel Broadwell",
            "current_status": "RUNNING",
            "deletion_protection": false,
            "description": "",
            "desired_status": null,
            "effective_labels": {
              "challenge": "1"
            },
            "enable_display": false,
            "guest_accelerator": [],
            "hostname": "",
            "id": "projects/potluck-ctf/zones/europe-west3-b/instances/challenge13-a",
            "instance_id": "5528237978178492524",
            "label_fingerprint": "Q_iIQpWMFMc=",
            "labels": {
              "challenge": "1"
            },
            "machine_type": "e2-standard-2",
            "metadata": {},
            "metadata_fingerprint": "sPgbUE6W0-o=",
            "metadata_startup_script": null,
            "min_cpu_platform": "",
            "name": "challenge13-a",
            "network_interface": [
              {
                "access_config": [
                  {
                    "nat_ip": "34.159.67.4",
                    "network_tier": "PREMIUM",
                    "public_ptr_domain_name": "",
                    "security_policy": ""
                  }
                ],
                "alias_ip_range": [],
                "internal_ipv6_prefix_length": 0,
                "ipv6_access_config": [],
                "ipv6_access_type": "",
                "ipv6_address": "",
                "name": "nic0",
                "network": "https://www.googleapis.com/compute/v1/projects/potluck-ctf/global/networks/potluckctf-network",
                "network_attachment": "",
                "network_ip": "10.0.13.2",
                "nic_type": "",
                "queue_count": 0,
                "security_policy": "",
                "stack_type": "IPV4_ONLY",
                "subnetwork": "https://www.googleapis.com/compute/v1/projects/potluck-ctf/regions/europe-west3/subnetworks/potluckctf-challenge13-subnet",
                "subnetwork_project": "potluck-ctf"
              }
            ],
            "network_performance_config": [],
            "params": [],
            "project": "potluck-ctf",
            "reservation_affinity": [],
            "resource_policies": [],
            "scheduling": [
              {
                "automatic_restart": true,
                "instance_termination_action": "",
                "local_ssd_recovery_timeout": [],
                "maintenance_interval": "",
                "max_run_duration": [],
                "min_node_cpus": 0,
                "node_affinities": [],
                "on_host_maintenance": "MIGRATE",
                "preemptible": false,
                "provisioning_model": "STANDARD"
              }
            ],
            "scratch_disk": [],
            "self_link": "https://www.googleapis.com/compute/v1/projects/potluck-ctf/zones/europe-west3-b/instances/challenge13-a",
            "service_account": [
              {
                "email": "challenge13-service-account@potluck-ctf.iam.gserviceaccount.com",
                "scopes": [
                  "https://www.googleapis.com/auth/cloud-platform"
                ]
              }
            ],
            "shielded_instance_config": [
              {
                "enable_integrity_monitoring": true,
                "enable_secure_boot": false,
                "enable_vtpm": true
              }
            ],
            "tags": [
              "challenge",
              "challenge13",
              "potluckctf"
            ],
            "tags_fingerprint": "P8j73rTcRYE=",
            "terraform_labels": {
              "challenge": "1"
            },
            "timeouts": null,
            "zone": "europe-west3-b"
          },
          "sensitive_attributes": [],
          "private": "eyJlMmJmYjczMC1lY2FhLTExZTYtOGY4OC0zNDM2M2JjN2M0YzAiOnsiY3JlYXRlIjoxMjAwMDAwMDAwMDAwLCJkZWxldGUiOjEyMDAwMDAwMDAwMDAsInVwZGF0ZSI6MTIwMDAwMDAwMDAwMH0sInNjaGVtYV92ZXJzaW9uIjoiNiJ9",
          "dependencies": [
            "google_compute_network.potluckctf_network",
            "google_compute_subnetwork.potluckctf_challenge_subnet",
            "google_service_account.challenge_service_account"
          ]
        },
        {
          "index_key": "challenge15-a",
          "schema_version": 6,
          "attributes": {
            "advanced_machine_features": [],
            "allow_stopping_for_update": true,
            "attached_disk": [],
            "boot_disk": [
              {
                "auto_delete": true,
                "device_name": "persistent-disk-0",
                "disk_encryption_key_raw": "",
                "disk_encryption_key_sha256": "",
                "initialize_params": [
                  {
                    "enable_confidential_compute": false,
                    "image": "https://www.googleapis.com/compute/beta/projects/debian-cloud/global/images/debian-11-bullseye-v20231212",
                    "labels": {},
                    "resource_manager_tags": {},
                    "size": 16,
                    "type": "pd-standard"
                  }
                ],
                "kms_key_self_link": "",
                "mode": "READ_WRITE",
                "source": "https://www.googleapis.com/compute/v1/projects/potluck-ctf/zones/europe-west3-b/disks/challenge15-a"
              }
            ],
            "can_ip_forward": false,
            "confidential_instance_config": [],
            "cpu_platform": "Intel Broadwell",
            "current_status": "RUNNING",
            "deletion_protection": false,
            "description": "",
            "desired_status": null,
            "effective_labels": {
              "challenge": "1"
            },
            "enable_display": false,
            "guest_accelerator": [],
            "hostname": "",
            "id": "projects/potluck-ctf/zones/europe-west3-b/instances/challenge15-a",
            "instance_id": "8239122379367192683",
            "label_fingerprint": "Q_iIQpWMFMc=",
            "labels": {
              "challenge": "1"
            },
            "machine_type": "e2-standard-2",
            "metadata": {},
            "metadata_fingerprint": "sPgbUE6W0-o=",
            "metadata_startup_script": null,
            "min_cpu_platform": "",
            "name": "challenge15-a",
            "network_interface": [
              {
                "access_config": [
                  {
                    "nat_ip": "34.159.87.221",
                    "network_tier": "PREMIUM",
                    "public_ptr_domain_name": "",
                    "security_policy": ""
                  }
                ],
                "alias_ip_range": [],
                "internal_ipv6_prefix_length": 0,
                "ipv6_access_config": [],
                "ipv6_access_type": "",
                "ipv6_address": "",
                "name": "nic0",
                "network": "https://www.googleapis.com/compute/v1/projects/potluck-ctf/global/networks/potluckctf-network",
                "network_attachment": "",
                "network_ip": "10.0.15.2",
                "nic_type": "",
                "queue_count": 0,
                "security_policy": "",
                "stack_type": "IPV4_ONLY",
                "subnetwork": "https://www.googleapis.com/compute/v1/projects/potluck-ctf/regions/europe-west3/subnetworks/potluckctf-challenge15-subnet",
                "subnetwork_project": "potluck-ctf"
              }
            ],
            "network_performance_config": [],
            "params": [],
            "project": "potluck-ctf",
            "reservation_affinity": [],
            "resource_policies": [],
            "scheduling": [
              {
                "automatic_restart": true,
                "instance_termination_action": "",
                "local_ssd_recovery_timeout": [],
                "maintenance_interval": "",
                "max_run_duration": [],
                "min_node_cpus": 0,
                "node_affinities": [],
                "on_host_maintenance": "MIGRATE",
                "preemptible": false,
                "provisioning_model": "STANDARD"
              }
            ],
            "scratch_disk": [],
            "self_link": "https://www.googleapis.com/compute/v1/projects/potluck-ctf/zones/europe-west3-b/instances/challenge15-a",
            "service_account": [
              {
                "email": "challenge15-service-account@potluck-ctf.iam.gserviceaccount.com",
                "scopes": [
                  "https://www.googleapis.com/auth/cloud-platform"
                ]
              }
            ],
            "shielded_instance_config": [
              {
                "enable_integrity_monitoring": true,
                "enable_secure_boot": false,
                "enable_vtpm": true
              }
            ],
            "tags": [
              "challenge",
              "challenge15",
              "potluckctf"
            ],
            "tags_fingerprint": "gJ3O_4V0a-A=",
            "terraform_labels": {
              "challenge": "1"
            },
            "timeouts": null,
            "zone": "europe-west3-b"
          },
          "sensitive_attributes": [],
          "private": "eyJlMmJmYjczMC1lY2FhLTExZTYtOGY4OC0zNDM2M2JjN2M0YzAiOnsiY3JlYXRlIjoxMjAwMDAwMDAwMDAwLCJkZWxldGUiOjEyMDAwMDAwMDAwMDAsInVwZGF0ZSI6MTIwMDAwMDAwMDAwMH0sInNjaGVtYV92ZXJzaW9uIjoiNiJ9",
          "dependencies": [
            "google_compute_network.potluckctf_network",
            "google_compute_subnetwork.potluckctf_challenge_subnet",
            "google_service_account.challenge_service_account"
          ]
        },
        {
          "index_key": "challenge18-a",
          "schema_version": 6,
          "attributes": {
            "advanced_machine_features": [],
            "allow_stopping_for_update": true,
            "attached_disk": [],
            "boot_disk": [
              {
                "auto_delete": true,
                "device_name": "persistent-disk-0",
                "disk_encryption_key_raw": "",
                "disk_encryption_key_sha256": "",
                "initialize_params": [
                  {
                    "enable_confidential_compute": false,
                    "image": "https://www.googleapis.com/compute/beta/projects/debian-cloud/global/images/debian-11-bullseye-v20231212",
                    "labels": {},
                    "resource_manager_tags": {},
                    "size": 16,
                    "type": "pd-standard"
                  }
                ],
                "kms_key_self_link": "",
                "mode": "READ_WRITE",
                "source": "https://www.googleapis.com/compute/v1/projects/potluck-ctf/zones/europe-west3-b/disks/challenge18-a"
              }
            ],
            "can_ip_forward": false,
            "confidential_instance_config": [],
            "cpu_platform": "Intel Broadwell",
            "current_status": "RUNNING",
            "deletion_protection": false,
            "description": "",
            "desired_status": null,
            "effective_labels": {
              "challenge": "1"
            },
            "enable_display": false,
            "guest_accelerator": [],
            "hostname": "",
            "id": "projects/potluck-ctf/zones/europe-west3-b/instances/challenge18-a",
            "instance_id": "4276227192891316355",
            "label_fingerprint": "Q_iIQpWMFMc=",
            "labels": {
              "challenge": "1"
            },
            "machine_type": "e2-standard-2",
            "metadata": {},
            "metadata_fingerprint": "sPgbUE6W0-o=",
            "metadata_startup_script": null,
            "min_cpu_platform": "",
            "name": "challenge18-a",
            "network_interface": [
              {
                "access_config": [
                  {
                    "nat_ip": "35.242.204.156",
                    "network_tier": "PREMIUM",
                    "public_ptr_domain_name": "",
                    "security_policy": ""
                  }
                ],
                "alias_ip_range": [],
                "internal_ipv6_prefix_length": 0,
                "ipv6_access_config": [],
                "ipv6_access_type": "",
                "ipv6_address": "",
                "name": "nic0",
                "network": "https://www.googleapis.com/compute/v1/projects/potluck-ctf/global/networks/potluckctf-network",
                "network_attachment": "",
                "network_ip": "10.0.18.2",
                "nic_type": "",
                "queue_count": 0,
                "security_policy": "",
                "stack_type": "IPV4_ONLY",
                "subnetwork": "https://www.googleapis.com/compute/v1/projects/potluck-ctf/regions/europe-west3/subnetworks/potluckctf-challenge18-subnet",
                "subnetwork_project": "potluck-ctf"
              }
            ],
            "network_performance_config": [],
            "params": [],
            "project": "potluck-ctf",
            "reservation_affinity": [],
            "resource_policies": [],
            "scheduling": [
              {
                "automatic_restart": true,
                "instance_termination_action": "",
                "local_ssd_recovery_timeout": [],
                "maintenance_interval": "",
                "max_run_duration": [],
                "min_node_cpus": 0,
                "node_affinities": [],
                "on_host_maintenance": "MIGRATE",
                "preemptible": false,
                "provisioning_model": "STANDARD"
              }
            ],
            "scratch_disk": [],
            "self_link": "https://www.googleapis.com/compute/v1/projects/potluck-ctf/zones/europe-west3-b/instances/challenge18-a",
            "service_account": [
              {
                "email": "challenge18-service-account@potluck-ctf.iam.gserviceaccount.com",
                "scopes": [
                  "https://www.googleapis.com/auth/cloud-platform"
                ]
              }
            ],
            "shielded_instance_config": [
              {
                "enable_integrity_monitoring": true,
                "enable_secure_boot": false,
                "enable_vtpm": true
              }
            ],
            "tags": [
              "challenge",
              "challenge18",
              "potluckctf"
            ],
            "tags_fingerprint": "7kzJ6VWIicE=",
            "terraform_labels": {
              "challenge": "1"
            },
            "timeouts": null,
            "zone": "europe-west3-b"
          },
          "sensitive_attributes": [],
          "private": "eyJlMmJmYjczMC1lY2FhLTExZTYtOGY4OC0zNDM2M2JjN2M0YzAiOnsiY3JlYXRlIjoxMjAwMDAwMDAwMDAwLCJkZWxldGUiOjEyMDAwMDAwMDAwMDAsInVwZGF0ZSI6MTIwMDAwMDAwMDAwMH0sInNjaGVtYV92ZXJzaW9uIjoiNiJ9",
          "dependencies": [
            "google_compute_network.potluckctf_network",
            "google_compute_subnetwork.potluckctf_challenge_subnet",
            "google_service_account.challenge_service_account"
          ]
        },
        {
          "index_key": "challenge19-a",
          "schema_version": 6,
          "attributes": {
            "advanced_machine_features": [],
            "allow_stopping_for_update": true,
            "attached_disk": [],
            "boot_disk": [
              {
                "auto_delete": true,
                "device_name": "persistent-disk-0",
                "disk_encryption_key_raw": "",
                "disk_encryption_key_sha256": "",
                "initialize_params": [
                  {
                    "enable_confidential_compute": false,
                    "image": "https://www.googleapis.com/compute/beta/projects/debian-cloud/global/images/debian-11-bullseye-v20231212",
                    "labels": {},
                    "resource_manager_tags": {},
                    "size": 16,
                    "type": "pd-standard"
                  }
                ],
                "kms_key_self_link": "",
                "mode": "READ_WRITE",
                "source": "https://www.googleapis.com/compute/v1/projects/potluck-ctf/zones/europe-west3-b/disks/challenge19-a"
              }
            ],
            "can_ip_forward": false,
            "confidential_instance_config": [],
            "cpu_platform": "Intel Broadwell",
            "current_status": "RUNNING",
            "deletion_protection": false,
            "description": "",
            "desired_status": null,
            "effective_labels": {
              "challenge": "1"
            },
            "enable_display": false,
            "guest_accelerator": [],
            "hostname": "",
            "id": "projects/potluck-ctf/zones/europe-west3-b/instances/challenge19-a",
            "instance_id": "1295276759958624365",
            "label_fingerprint": "Q_iIQpWMFMc=",
            "labels": {
              "challenge": "1"
            },
            "machine_type": "e2-standard-2",
            "metadata": {},
            "metadata_fingerprint": "sPgbUE6W0-o=",
            "metadata_startup_script": null,
            "min_cpu_platform": "",
            "name": "challenge19-a",
            "network_interface": [
              {
                "access_config": [
                  {
                    "nat_ip": "35.198.125.72",
                    "network_tier": "PREMIUM",
                    "public_ptr_domain_name": "",
                    "security_policy": ""
                  }
                ],
                "alias_ip_range": [],
                "internal_ipv6_prefix_length": 0,
                "ipv6_access_config": [],
                "ipv6_access_type": "",
                "ipv6_address": "",
                "name": "nic0",
                "network": "https://www.googleapis.com/compute/v1/projects/potluck-ctf/global/networks/potluckctf-network",
                "network_attachment": "",
                "network_ip": "10.0.19.2",
                "nic_type": "",
                "queue_count": 0,
                "security_policy": "",
                "stack_type": "IPV4_ONLY",
                "subnetwork": "https://www.googleapis.com/compute/v1/projects/potluck-ctf/regions/europe-west3/subnetworks/potluckctf-challenge19-subnet",
                "subnetwork_project": "potluck-ctf"
              }
            ],
            "network_performance_config": [],
            "params": [],
            "project": "potluck-ctf",
            "reservation_affinity": [],
            "resource_policies": [],
            "scheduling": [
              {
                "automatic_restart": true,
                "instance_termination_action": "",
                "local_ssd_recovery_timeout": [],
                "maintenance_interval": "",
                "max_run_duration": [],
                "min_node_cpus": 0,
                "node_affinities": [],
                "on_host_maintenance": "MIGRATE",
                "preemptible": false,
                "provisioning_model": "STANDARD"
              }
            ],
            "scratch_disk": [],
            "self_link": "https://www.googleapis.com/compute/v1/projects/potluck-ctf/zones/europe-west3-b/instances/challenge19-a",
            "service_account": [
              {
                "email": "challenge19-service-account@potluck-ctf.iam.gserviceaccount.com",
                "scopes": [
                  "https://www.googleapis.com/auth/cloud-platform"
                ]
              }
            ],
            "shielded_instance_config": [
              {
                "enable_integrity_monitoring": true,
                "enable_secure_boot": false,
                "enable_vtpm": true
              }
            ],
            "tags": [
              "challenge",
              "challenge19",
              "potluckctf"
            ],
            "tags_fingerprint": "zIp1VY04wDM=",
            "terraform_labels": {
              "challenge": "1"
            },
            "timeouts": null,
            "zone": "europe-west3-b"
          },
          "sensitive_attributes": [],
          "private": "eyJlMmJmYjczMC1lY2FhLTExZTYtOGY4OC0zNDM2M2JjN2M0YzAiOnsiY3JlYXRlIjoxMjAwMDAwMDAwMDAwLCJkZWxldGUiOjEyMDAwMDAwMDAwMDAsInVwZGF0ZSI6MTIwMDAwMDAwMDAwMH0sInNjaGVtYV92ZXJzaW9uIjoiNiJ9",
          "dependencies": [
            "google_compute_network.potluckctf_network",
            "google_compute_subnetwork.potluckctf_challenge_subnet",
            "google_service_account.challenge_service_account"
          ]
        },
        {
          "index_key": "challenge21-a",
          "schema_version": 6,
          "attributes": {
            "advanced_machine_features": [],
            "allow_stopping_for_update": true,
            "attached_disk": [],
            "boot_disk": [
              {
                "auto_delete": true,
                "device_name": "persistent-disk-0",
                "disk_encryption_key_raw": "",
                "disk_encryption_key_sha256": "",
                "initialize_params": [
                  {
                    "enable_confidential_compute": false,
                    "image": "https://www.googleapis.com/compute/beta/projects/debian-cloud/global/images/debian-11-bullseye-v20231212",
                    "labels": {},
                    "resource_manager_tags": {},
                    "size": 16,
                    "type": "pd-standard"
                  }
                ],
                "kms_key_self_link": "",
                "mode": "READ_WRITE",
                "source": "https://www.googleapis.com/compute/v1/projects/potluck-ctf/zones/europe-west3-b/disks/challenge21-a"
              }
            ],
            "can_ip_forward": false,
            "confidential_instance_config": [],
            "cpu_platform": "Intel Broadwell",
            "current_status": "RUNNING",
            "deletion_protection": false,
            "description": "",
            "desired_status": null,
            "effective_labels": {
              "challenge": "1"
            },
            "enable_display": false,
            "guest_accelerator": [],
            "hostname": "",
            "id": "projects/potluck-ctf/zones/europe-west3-b/instances/challenge21-a",
            "instance_id": "8703594496537346267",
            "label_fingerprint": "Q_iIQpWMFMc=",
            "labels": {
              "challenge": "1"
            },
            "machine_type": "e2-standard-2",
            "metadata": {},
            "metadata_fingerprint": "sPgbUE6W0-o=",
            "metadata_startup_script": null,
            "min_cpu_platform": "",
            "name": "challenge21-a",
            "network_interface": [
              {
                "access_config": [
                  {
                    "nat_ip": "35.198.76.38",
                    "network_tier": "PREMIUM",
                    "public_ptr_domain_name": "",
                    "security_policy": ""
                  }
                ],
                "alias_ip_range": [],
                "internal_ipv6_prefix_length": 0,
                "ipv6_access_config": [],
                "ipv6_access_type": "",
                "ipv6_address": "",
                "name": "nic0",
                "network": "https://www.googleapis.com/compute/v1/projects/potluck-ctf/global/networks/potluckctf-network",
                "network_attachment": "",
                "network_ip": "10.0.21.3",
                "nic_type": "",
                "queue_count": 0,
                "security_policy": "",
                "stack_type": "IPV4_ONLY",
                "subnetwork": "https://www.googleapis.com/compute/v1/projects/potluck-ctf/regions/europe-west3/subnetworks/potluckctf-challenge21-subnet",
                "subnetwork_project": "potluck-ctf"
              }
            ],
            "network_performance_config": [],
            "params": [],
            "project": "potluck-ctf",
            "reservation_affinity": [],
            "resource_policies": [],
            "scheduling": [
              {
                "automatic_restart": true,
                "instance_termination_action": "",
                "local_ssd_recovery_timeout": [],
                "maintenance_interval": "",
                "max_run_duration": [],
                "min_node_cpus": 0,
                "node_affinities": [],
                "on_host_maintenance": "MIGRATE",
                "preemptible": false,
                "provisioning_model": "STANDARD"
              }
            ],
            "scratch_disk": [],
            "self_link": "https://www.googleapis.com/compute/v1/projects/potluck-ctf/zones/europe-west3-b/instances/challenge21-a",
            "service_account": [
              {
                "email": "challenge21-service-account@potluck-ctf.iam.gserviceaccount.com",
                "scopes": [
                  "https://www.googleapis.com/auth/cloud-platform"
                ]
              }
            ],
            "shielded_instance_config": [
              {
                "enable_integrity_monitoring": true,
                "enable_secure_boot": false,
                "enable_vtpm": true
              }
            ],
            "tags": [
              "challenge",
              "challenge21",
              "potluckctf"
            ],
            "tags_fingerprint": "Jnkn2L-6XxI=",
            "terraform_labels": {
              "challenge": "1"
            },
            "timeouts": null,
            "zone": "europe-west3-b"
          },
          "sensitive_attributes": [],
          "private": "eyJlMmJmYjczMC1lY2FhLTExZTYtOGY4OC0zNDM2M2JjN2M0YzAiOnsiY3JlYXRlIjoxMjAwMDAwMDAwMDAwLCJkZWxldGUiOjEyMDAwMDAwMDAwMDAsInVwZGF0ZSI6MTIwMDAwMDAwMDAwMH0sInNjaGVtYV92ZXJzaW9uIjoiNiJ9",
          "dependencies": [
            "google_compute_network.potluckctf_network",
            "google_compute_subnetwork.potluckctf_challenge_subnet",
            "google_service_account.challenge_service_account"
          ]
        },
        {
          "index_key": "challenge22-a",
          "schema_version": 6,
          "attributes": {
            "advanced_machine_features": [],
            "allow_stopping_for_update": true,
            "attached_disk": [],
            "boot_disk": [
              {
                "auto_delete": true,
                "device_name": "persistent-disk-0",
                "disk_encryption_key_raw": "",
                "disk_encryption_key_sha256": "",
                "initialize_params": [
                  {
                    "enable_confidential_compute": false,
                    "image": "https://www.googleapis.com/compute/beta/projects/debian-cloud/global/images/debian-11-bullseye-v20231212",
                    "labels": {},
                    "resource_manager_tags": {},
                    "size": 16,
                    "type": "pd-standard"
                  }
                ],
                "kms_key_self_link": "",
                "mode": "READ_WRITE",
                "source": "https://www.googleapis.com/compute/v1/projects/potluck-ctf/zones/europe-west3-b/disks/challenge22-a"
              }
            ],
            "can_ip_forward": false,
            "confidential_instance_config": [],
            "cpu_platform": "Intel Broadwell",
            "current_status": "RUNNING",
            "deletion_protection": false,
            "description": "",
            "desired_status": null,
            "effective_labels": {
              "challenge": "1"
            },
            "enable_display": false,
            "guest_accelerator": [],
            "hostname": "",
            "id": "projects/potluck-ctf/zones/europe-west3-b/instances/challenge22-a",
            "instance_id": "5879035277529782371",
            "label_fingerprint": "Q_iIQpWMFMc=",
            "labels": {
              "challenge": "1"
            },
            "machine_type": "e2-standard-2",
            "metadata": {},
            "metadata_fingerprint": "sPgbUE6W0-o=",
            "metadata_startup_script": null,
            "min_cpu_platform": "",
            "name": "challenge22-a",
            "network_interface": [
              {
                "access_config": [
                  {
                    "nat_ip": "35.246.209.96",
                    "network_tier": "PREMIUM",
                    "public_ptr_domain_name": "",
                    "security_policy": ""
                  }
                ],
                "alias_ip_range": [],
                "internal_ipv6_prefix_length": 0,
                "ipv6_access_config": [],
                "ipv6_access_type": "",
                "ipv6_address": "",
                "name": "nic0",
                "network": "https://www.googleapis.com/compute/v1/projects/potluck-ctf/global/networks/potluckctf-network",
                "network_attachment": "",
                "network_ip": "10.0.22.2",
                "nic_type": "",
                "queue_count": 0,
                "security_policy": "",
                "stack_type": "IPV4_ONLY",
                "subnetwork": "https://www.googleapis.com/compute/v1/projects/potluck-ctf/regions/europe-west3/subnetworks/potluckctf-challenge22-subnet",
                "subnetwork_project": "potluck-ctf"
              }
            ],
            "network_performance_config": [],
            "params": [],
            "project": "potluck-ctf",
            "reservation_affinity": [],
            "resource_policies": [],
            "scheduling": [
              {
                "automatic_restart": true,
                "instance_termination_action": "",
                "local_ssd_recovery_timeout": [],
                "maintenance_interval": "",
                "max_run_duration": [],
                "min_node_cpus": 0,
                "node_affinities": [],
                "on_host_maintenance": "MIGRATE",
                "preemptible": false,
                "provisioning_model": "STANDARD"
              }
            ],
            "scratch_disk": [],
            "self_link": "https://www.googleapis.com/compute/v1/projects/potluck-ctf/zones/europe-west3-b/instances/challenge22-a",
            "service_account": [
              {
                "email": "challenge22-service-account@potluck-ctf.iam.gserviceaccount.com",
                "scopes": [
                  "https://www.googleapis.com/auth/cloud-platform"
                ]
              }
            ],
            "shielded_instance_config": [
              {
                "enable_integrity_monitoring": true,
                "enable_secure_boot": false,
                "enable_vtpm": true
              }
            ],
            "tags": [
              "challenge",
              "challenge22",
              "potluckctf"
            ],
            "tags_fingerprint": "7z0bzJk3iho=",
            "terraform_labels": {
              "challenge": "1"
            },
            "timeouts": null,
            "zone": "europe-west3-b"
          },
          "sensitive_attributes": [],
          "private": "eyJlMmJmYjczMC1lY2FhLTExZTYtOGY4OC0zNDM2M2JjN2M0YzAiOnsiY3JlYXRlIjoxMjAwMDAwMDAwMDAwLCJkZWxldGUiOjEyMDAwMDAwMDAwMDAsInVwZGF0ZSI6MTIwMDAwMDAwMDAwMH0sInNjaGVtYV92ZXJzaW9uIjoiNiJ9",
          "dependencies": [
            "google_compute_network.potluckctf_network",
            "google_compute_subnetwork.potluckctf_challenge_subnet",
            "google_service_account.challenge_service_account"
          ]
        },
        {
          "index_key": "challenge24-a",
          "schema_version": 6,
          "attributes": {
            "advanced_machine_features": [],
            "allow_stopping_for_update": true,
            "attached_disk": [],
            "boot_disk": [
              {
                "auto_delete": true,
                "device_name": "persistent-disk-0",
                "disk_encryption_key_raw": "",
                "disk_encryption_key_sha256": "",
                "initialize_params": [
                  {
                    "enable_confidential_compute": false,
                    "image": "https://www.googleapis.com/compute/beta/projects/debian-cloud/global/images/debian-11-bullseye-v20231212",
                    "labels": {},
                    "resource_manager_tags": {},
                    "size": 16,
                    "type": "pd-standard"
                  }
                ],
                "kms_key_self_link": "",
                "mode": "READ_WRITE",
                "source": "https://www.googleapis.com/compute/v1/projects/potluck-ctf/zones/europe-west3-b/disks/challenge24-a"
              }
            ],
            "can_ip_forward": false,
            "confidential_instance_config": [],
            "cpu_platform": "AMD Rome",
            "current_status": "RUNNING",
            "deletion_protection": false,
            "description": "",
            "desired_status": null,
            "effective_labels": {
              "challenge": "1"
            },
            "enable_display": false,
            "guest_accelerator": [],
            "hostname": "",
            "id": "projects/potluck-ctf/zones/europe-west3-b/instances/challenge24-a",
            "instance_id": "8870158087099979885",
            "label_fingerprint": "Q_iIQpWMFMc=",
            "labels": {
              "challenge": "1"
            },
            "machine_type": "e2-standard-2",
            "metadata": {},
            "metadata_fingerprint": "sPgbUE6W0-o=",
            "metadata_startup_script": null,
            "min_cpu_platform": "",
            "name": "challenge24-a",
            "network_interface": [
              {
                "access_config": [
                  {
                    "nat_ip": "34.107.1.179",
                    "network_tier": "PREMIUM",
                    "public_ptr_domain_name": "",
                    "security_policy": ""
                  }
                ],
                "alias_ip_range": [],
                "internal_ipv6_prefix_length": 0,
                "ipv6_access_config": [],
                "ipv6_access_type": "",
                "ipv6_address": "",
                "name": "nic0",
                "network": "https://www.googleapis.com/compute/v1/projects/potluck-ctf/global/networks/potluckctf-network",
                "network_attachment": "",
                "network_ip": "10.0.24.2",
                "nic_type": "",
                "queue_count": 0,
                "security_policy": "",
                "stack_type": "IPV4_ONLY",
                "subnetwork": "https://www.googleapis.com/compute/v1/projects/potluck-ctf/regions/europe-west3/subnetworks/potluckctf-challenge24-subnet",
                "subnetwork_project": "potluck-ctf"
              }
            ],
            "network_performance_config": [],
            "params": [],
            "project": "potluck-ctf",
            "reservation_affinity": [],
            "resource_policies": [],
            "scheduling": [
              {
                "automatic_restart": true,
                "instance_termination_action": "",
                "local_ssd_recovery_timeout": [],
                "maintenance_interval": "",
                "max_run_duration": [],
                "min_node_cpus": 0,
                "node_affinities": [],
                "on_host_maintenance": "MIGRATE",
                "preemptible": false,
                "provisioning_model": "STANDARD"
              }
            ],
            "scratch_disk": [],
            "self_link": "https://www.googleapis.com/compute/v1/projects/potluck-ctf/zones/europe-west3-b/instances/challenge24-a",
            "service_account": [
              {
                "email": "challenge24-service-account@potluck-ctf.iam.gserviceaccount.com",
                "scopes": [
                  "https://www.googleapis.com/auth/cloud-platform"
                ]
              }
            ],
            "shielded_instance_config": [
              {
                "enable_integrity_monitoring": true,
                "enable_secure_boot": false,
                "enable_vtpm": true
              }
            ],
            "tags": [
              "challenge",
              "challenge24",
              "potluckctf"
            ],
            "tags_fingerprint": "KcVnU3RrHQA=",
            "terraform_labels": {
              "challenge": "1"
            },
            "timeouts": null,
            "zone": "europe-west3-b"
          },
          "sensitive_attributes": [],
          "private": "eyJlMmJmYjczMC1lY2FhLTExZTYtOGY4OC0zNDM2M2JjN2M0YzAiOnsiY3JlYXRlIjoxMjAwMDAwMDAwMDAwLCJkZWxldGUiOjEyMDAwMDAwMDAwMDAsInVwZGF0ZSI6MTIwMDAwMDAwMDAwMH0sInNjaGVtYV92ZXJzaW9uIjoiNiJ9",
          "dependencies": [
            "google_compute_network.potluckctf_network",
            "google_compute_subnetwork.potluckctf_challenge_subnet",
            "google_service_account.challenge_service_account"
          ]
        },
        {
          "index_key": "challenge25-a",
          "schema_version": 6,
          "attributes": {
            "advanced_machine_features": [
              {
                "enable_nested_virtualization": true,
                "threads_per_core": 0,
                "visible_core_count": 0
              }
            ],
            "allow_stopping_for_update": true,
            "attached_disk": [],
            "boot_disk": [
              {
                "auto_delete": true,
                "device_name": "persistent-disk-0",
                "disk_encryption_key_raw": "",
                "disk_encryption_key_sha256": "",
                "initialize_params": [
                  {
                    "enable_confidential_compute": false,
                    "image": "https://www.googleapis.com/compute/beta/projects/debian-cloud/global/images/debian-11-bullseye-v20231212",
                    "labels": {},
                    "resource_manager_tags": {},
                    "size": 16,
                    "type": "pd-standard"
                  }
                ],
                "kms_key_self_link": "",
                "mode": "READ_WRITE",
                "source": "https://www.googleapis.com/compute/v1/projects/potluck-ctf/zones/europe-west3-b/disks/challenge25-a"
              }
            ],
            "can_ip_forward": false,
            "confidential_instance_config": [],
            "cpu_platform": "Unknown CPU Platform",
            "current_status": "TERMINATED",
            "deletion_protection": false,
            "description": "",
            "desired_status": null,
            "effective_labels": {
              "challenge": "1"
            },
            "enable_display": false,
            "guest_accelerator": [],
            "hostname": "",
            "id": "projects/potluck-ctf/zones/europe-west3-b/instances/challenge25-a",
            "instance_id": "7950892162129270939",
            "label_fingerprint": "Q_iIQpWMFMc=",
            "labels": {
              "challenge": "1"
            },
            "machine_type": "n2-standard-2",
            "metadata": {},
            "metadata_fingerprint": "sPgbUE6W0-o=",
            "metadata_startup_script": null,
            "min_cpu_platform": "",
            "name": "challenge25-a",
            "network_interface": [
              {
                "access_config": [
                  {
                    "nat_ip": "",
                    "network_tier": "PREMIUM",
                    "public_ptr_domain_name": "",
                    "security_policy": ""
                  }
                ],
                "alias_ip_range": [],
                "internal_ipv6_prefix_length": 0,
                "ipv6_access_config": [],
                "ipv6_access_type": "",
                "ipv6_address": "",
                "name": "nic0",
                "network": "https://www.googleapis.com/compute/v1/projects/potluck-ctf/global/networks/potluckctf-network",
                "network_attachment": "",
                "network_ip": "10.0.25.2",
                "nic_type": "",
                "queue_count": 0,
                "security_policy": "",
                "stack_type": "IPV4_ONLY",
                "subnetwork": "https://www.googleapis.com/compute/v1/projects/potluck-ctf/regions/europe-west3/subnetworks/potluckctf-challenge25-subnet",
                "subnetwork_project": "potluck-ctf"
              }
            ],
            "network_performance_config": [],
            "params": [],
            "project": "potluck-ctf",
            "reservation_affinity": [],
            "resource_policies": [],
            "scheduling": [
              {
                "automatic_restart": true,
                "instance_termination_action": "",
                "local_ssd_recovery_timeout": [],
                "maintenance_interval": "",
                "max_run_duration": [],
                "min_node_cpus": 0,
                "node_affinities": [],
                "on_host_maintenance": "MIGRATE",
                "preemptible": false,
                "provisioning_model": "STANDARD"
              }
            ],
            "scratch_disk": [],
            "self_link": "https://www.googleapis.com/compute/v1/projects/potluck-ctf/zones/europe-west3-b/instances/challenge25-a",
            "service_account": [
              {
                "email": "challenge25-service-account@potluck-ctf.iam.gserviceaccount.com",
                "scopes": [
                  "https://www.googleapis.com/auth/cloud-platform"
                ]
              }
            ],
            "shielded_instance_config": [
              {
                "enable_integrity_monitoring": true,
                "enable_secure_boot": false,
                "enable_vtpm": true
              }
            ],
            "tags": [
              "challenge",
              "challenge25",
              "potluckctf"
            ],
            "tags_fingerprint": "VhwzR7OvMbk=",
            "terraform_labels": {
              "challenge": "1"
            },
            "timeouts": null,
            "zone": "europe-west3-b"
          },
          "sensitive_attributes": [],
          "private": "eyJlMmJmYjczMC1lY2FhLTExZTYtOGY4OC0zNDM2M2JjN2M0YzAiOnsiY3JlYXRlIjoxMjAwMDAwMDAwMDAwLCJkZWxldGUiOjEyMDAwMDAwMDAwMDAsInVwZGF0ZSI6MTIwMDAwMDAwMDAwMH0sInNjaGVtYV92ZXJzaW9uIjoiNiJ9",
          "dependencies": [
            "google_compute_network.potluckctf_network",
            "google_compute_subnetwork.potluckctf_challenge_subnet",
            "google_service_account.challenge_service_account"
          ]
        },
        {
          "index_key": "challenge26-a",
          "schema_version": 6,
          "attributes": {
            "advanced_machine_features": [],
            "allow_stopping_for_update": true,
            "attached_disk": [],
            "boot_disk": [
              {
                "auto_delete": true,
                "device_name": "persistent-disk-0",
                "disk_encryption_key_raw": "",
                "disk_encryption_key_sha256": "",
                "initialize_params": [
                  {
                    "enable_confidential_compute": false,
                    "image": "https://www.googleapis.com/compute/beta/projects/debian-cloud/global/images/debian-11-bullseye-v20231212",
                    "labels": {},
                    "resource_manager_tags": {},
                    "size": 16,
                    "type": "pd-standard"
                  }
                ],
                "kms_key_self_link": "",
                "mode": "READ_WRITE",
                "source": "https://www.googleapis.com/compute/v1/projects/potluck-ctf/zones/europe-west3-b/disks/challenge26-a"
              }
            ],
            "can_ip_forward": false,
            "confidential_instance_config": [],
            "cpu_platform": "AMD Rome",
            "current_status": "RUNNING",
            "deletion_protection": false,
            "description": "",
            "desired_status": null,
            "effective_labels": {
              "challenge": "1"
            },
            "enable_display": false,
            "guest_accelerator": [],
            "hostname": "",
            "id": "projects/potluck-ctf/zones/europe-west3-b/instances/challenge26-a",
            "instance_id": "6352933735518115948",
            "label_fingerprint": "Q_iIQpWMFMc=",
            "labels": {
              "challenge": "1"
            },
            "machine_type": "e2-standard-2",
            "metadata": {},
            "metadata_fingerprint": "sPgbUE6W0-o=",
            "metadata_startup_script": null,
            "min_cpu_platform": "",
            "name": "challenge26-a",
            "network_interface": [
              {
                "access_config": [
                  {
                    "nat_ip": "34.141.48.58",
                    "network_tier": "PREMIUM",
                    "public_ptr_domain_name": "",
                    "security_policy": ""
                  }
                ],
                "alias_ip_range": [],
                "internal_ipv6_prefix_length": 0,
                "ipv6_access_config": [],
                "ipv6_access_type": "",
                "ipv6_address": "",
                "name": "nic0",
                "network": "https://www.googleapis.com/compute/v1/projects/potluck-ctf/global/networks/potluckctf-network",
                "network_attachment": "",
                "network_ip": "10.0.26.2",
                "nic_type": "",
                "queue_count": 0,
                "security_policy": "",
                "stack_type": "IPV4_ONLY",
                "subnetwork": "https://www.googleapis.com/compute/v1/projects/potluck-ctf/regions/europe-west3/subnetworks/potluckctf-challenge26-subnet",
                "subnetwork_project": "potluck-ctf"
              }
            ],
            "network_performance_config": [],
            "params": [],
            "project": "potluck-ctf",
            "reservation_affinity": [],
            "resource_policies": [],
            "scheduling": [
              {
                "automatic_restart": true,
                "instance_termination_action": "",
                "local_ssd_recovery_timeout": [],
                "maintenance_interval": "",
                "max_run_duration": [],
                "min_node_cpus": 0,
                "node_affinities": [],
                "on_host_maintenance": "MIGRATE",
                "preemptible": false,
                "provisioning_model": "STANDARD"
              }
            ],
            "scratch_disk": [],
            "self_link": "https://www.googleapis.com/compute/v1/projects/potluck-ctf/zones/europe-west3-b/instances/challenge26-a",
            "service_account": [
              {
                "email": "challenge26-service-account@potluck-ctf.iam.gserviceaccount.com",
                "scopes": [
                  "https://www.googleapis.com/auth/cloud-platform"
                ]
              }
            ],
            "shielded_instance_config": [
              {
                "enable_integrity_monitoring": true,
                "enable_secure_boot": false,
                "enable_vtpm": true
              }
            ],
            "tags": [
              "challenge",
              "challenge26",
              "potluckctf"
            ],
            "tags_fingerprint": "l-WlO0R-Dak=",
            "terraform_labels": {
              "challenge": "1"
            },
            "timeouts": null,
            "zone": "europe-west3-b"
          },
          "sensitive_attributes": [],
          "private": "eyJlMmJmYjczMC1lY2FhLTExZTYtOGY4OC0zNDM2M2JjN2M0YzAiOnsiY3JlYXRlIjoxMjAwMDAwMDAwMDAwLCJkZWxldGUiOjEyMDAwMDAwMDAwMDAsInVwZGF0ZSI6MTIwMDAwMDAwMDAwMH0sInNjaGVtYV92ZXJzaW9uIjoiNiJ9",
          "dependencies": [
            "google_compute_network.potluckctf_network",
            "google_compute_subnetwork.potluckctf_challenge_subnet",
            "google_service_account.challenge_service_account"
          ]
        },
        {
          "index_key": "challenge27-a",
          "schema_version": 6,
          "attributes": {
            "advanced_machine_features": [],
            "allow_stopping_for_update": true,
            "attached_disk": [],
            "boot_disk": [
              {
                "auto_delete": true,
                "device_name": "persistent-disk-0",
                "disk_encryption_key_raw": "",
                "disk_encryption_key_sha256": "",
                "initialize_params": [
                  {
                    "enable_confidential_compute": false,
                    "image": "https://www.googleapis.com/compute/beta/projects/debian-cloud/global/images/debian-11-bullseye-v20231212",
                    "labels": {},
                    "resource_manager_tags": {},
                    "size": 16,
                    "type": "pd-standard"
                  }
                ],
                "kms_key_self_link": "",
                "mode": "READ_WRITE",
                "source": "https://www.googleapis.com/compute/v1/projects/potluck-ctf/zones/europe-west3-b/disks/challenge27-a"
              }
            ],
            "can_ip_forward": false,
            "confidential_instance_config": [],
            "cpu_platform": "Intel Broadwell",
            "current_status": "RUNNING",
            "deletion_protection": false,
            "description": "",
            "desired_status": null,
            "effective_labels": {
              "challenge": "1"
            },
            "enable_display": false,
            "guest_accelerator": [],
            "hostname": "",
            "id": "projects/potluck-ctf/zones/europe-west3-b/instances/challenge27-a",
            "instance_id": "8324338434645104789",
            "label_fingerprint": "Q_iIQpWMFMc=",
            "labels": {
              "challenge": "1"
            },
            "machine_type": "e2-standard-2",
            "metadata": {},
            "metadata_fingerprint": "sPgbUE6W0-o=",
            "metadata_startup_script": null,
            "min_cpu_platform": "",
            "name": "challenge27-a",
            "network_interface": [
              {
                "access_config": [
                  {
                    "nat_ip": "34.107.119.26",
                    "network_tier": "PREMIUM",
                    "public_ptr_domain_name": "",
                    "security_policy": ""
                  }
                ],
                "alias_ip_range": [],
                "internal_ipv6_prefix_length": 0,
                "ipv6_access_config": [],
                "ipv6_access_type": "",
                "ipv6_address": "",
                "name": "nic0",
                "network": "https://www.googleapis.com/compute/v1/projects/potluck-ctf/global/networks/potluckctf-network",
                "network_attachment": "",
                "network_ip": "10.0.27.2",
                "nic_type": "",
                "queue_count": 0,
                "security_policy": "",
                "stack_type": "IPV4_ONLY",
                "subnetwork": "https://www.googleapis.com/compute/v1/projects/potluck-ctf/regions/europe-west3/subnetworks/potluckctf-challenge27-subnet",
                "subnetwork_project": "potluck-ctf"
              }
            ],
            "network_performance_config": [],
            "params": [],
            "project": "potluck-ctf",
            "reservation_affinity": [],
            "resource_policies": [],
            "scheduling": [
              {
                "automatic_restart": true,
                "instance_termination_action": "",
                "local_ssd_recovery_timeout": [],
                "maintenance_interval": "",
                "max_run_duration": [],
                "min_node_cpus": 0,
                "node_affinities": [],
                "on_host_maintenance": "MIGRATE",
                "preemptible": false,
                "provisioning_model": "STANDARD"
              }
            ],
            "scratch_disk": [],
            "self_link": "https://www.googleapis.com/compute/v1/projects/potluck-ctf/zones/europe-west3-b/instances/challenge27-a",
            "service_account": [
              {
                "email": "challenge27-service-account@potluck-ctf.iam.gserviceaccount.com",
                "scopes": [
                  "https://www.googleapis.com/auth/cloud-platform"
                ]
              }
            ],
            "shielded_instance_config": [
              {
                "enable_integrity_monitoring": true,
                "enable_secure_boot": false,
                "enable_vtpm": true
              }
            ],
            "tags": [
              "challenge",
              "challenge27",
              "potluckctf"
            ],
            "tags_fingerprint": "Qo-uO_MIceE=",
            "terraform_labels": {
              "challenge": "1"
            },
            "timeouts": null,
            "zone": "europe-west3-b"
          },
          "sensitive_attributes": [],
          "private": "eyJlMmJmYjczMC1lY2FhLTExZTYtOGY4OC0zNDM2M2JjN2M0YzAiOnsiY3JlYXRlIjoxMjAwMDAwMDAwMDAwLCJkZWxldGUiOjEyMDAwMDAwMDAwMDAsInVwZGF0ZSI6MTIwMDAwMDAwMDAwMH0sInNjaGVtYV92ZXJzaW9uIjoiNiJ9",
          "dependencies": [
            "google_compute_network.potluckctf_network",
            "google_compute_subnetwork.potluckctf_challenge_subnet",
            "google_service_account.challenge_service_account"
          ]
        },
        {
          "index_key": "challenge28-a",
          "schema_version": 6,
          "attributes": {
            "advanced_machine_features": [],
            "allow_stopping_for_update": true,
            "attached_disk": [],
            "boot_disk": [
              {
                "auto_delete": true,
                "device_name": "persistent-disk-0",
                "disk_encryption_key_raw": "",
                "disk_encryption_key_sha256": "",
                "initialize_params": [
                  {
                    "enable_confidential_compute": false,
                    "image": "https://www.googleapis.com/compute/beta/projects/debian-cloud/global/images/debian-11-bullseye-v20231212",
                    "labels": {},
                    "resource_manager_tags": {},
                    "size": 16,
                    "type": "pd-standard"
                  }
                ],
                "kms_key_self_link": "",
                "mode": "READ_WRITE",
                "source": "https://www.googleapis.com/compute/v1/projects/potluck-ctf/zones/europe-west3-b/disks/challenge28-a"
              }
            ],
            "can_ip_forward": false,
            "confidential_instance_config": [],
            "cpu_platform": "Intel Broadwell",
            "current_status": "RUNNING",
            "deletion_protection": false,
            "description": "",
            "desired_status": null,
            "effective_labels": {
              "challenge": "1"
            },
            "enable_display": false,
            "guest_accelerator": [],
            "hostname": "",
            "id": "projects/potluck-ctf/zones/europe-west3-b/instances/challenge28-a",
            "instance_id": "4075707775570090094",
            "label_fingerprint": "Q_iIQpWMFMc=",
            "labels": {
              "challenge": "1"
            },
            "machine_type": "e2-standard-2",
            "metadata": {},
            "metadata_fingerprint": "sPgbUE6W0-o=",
            "metadata_startup_script": null,
            "min_cpu_platform": "",
            "name": "challenge28-a",
            "network_interface": [
              {
                "access_config": [
                  {
                    "nat_ip": "35.246.230.27",
                    "network_tier": "PREMIUM",
                    "public_ptr_domain_name": "",
                    "security_policy": ""
                  }
                ],
                "alias_ip_range": [],
                "internal_ipv6_prefix_length": 0,
                "ipv6_access_config": [],
                "ipv6_access_type": "",
                "ipv6_address": "",
                "name": "nic0",
                "network": "https://www.googleapis.com/compute/v1/projects/potluck-ctf/global/networks/potluckctf-network",
                "network_attachment": "",
                "network_ip": "10.0.28.2",
                "nic_type": "",
                "queue_count": 0,
                "security_policy": "",
                "stack_type": "IPV4_ONLY",
                "subnetwork": "https://www.googleapis.com/compute/v1/projects/potluck-ctf/regions/europe-west3/subnetworks/potluckctf-challenge28-subnet",
                "subnetwork_project": "potluck-ctf"
              }
            ],
            "network_performance_config": [],
            "params": [],
            "project": "potluck-ctf",
            "reservation_affinity": [],
            "resource_policies": [],
            "scheduling": [
              {
                "automatic_restart": true,
                "instance_termination_action": "",
                "local_ssd_recovery_timeout": [],
                "maintenance_interval": "",
                "max_run_duration": [],
                "min_node_cpus": 0,
                "node_affinities": [],
                "on_host_maintenance": "MIGRATE",
                "preemptible": false,
                "provisioning_model": "STANDARD"
              }
            ],
            "scratch_disk": [],
            "self_link": "https://www.googleapis.com/compute/v1/projects/potluck-ctf/zones/europe-west3-b/instances/challenge28-a",
            "service_account": [
              {
                "email": "challenge28-service-account@potluck-ctf.iam.gserviceaccount.com",
                "scopes": [
                  "https://www.googleapis.com/auth/cloud-platform"
                ]
              }
            ],
            "shielded_instance_config": [
              {
                "enable_integrity_monitoring": true,
                "enable_secure_boot": false,
                "enable_vtpm": true
              }
            ],
            "tags": [
              "challenge",
              "challenge28",
              "potluckctf"
            ],
            "tags_fingerprint": "pQLG64QqkTU=",
            "terraform_labels": {
              "challenge": "1"
            },
            "timeouts": null,
            "zone": "europe-west3-b"
          },
          "sensitive_attributes": [],
          "private": "eyJlMmJmYjczMC1lY2FhLTExZTYtOGY4OC0zNDM2M2JjN2M0YzAiOnsiY3JlYXRlIjoxMjAwMDAwMDAwMDAwLCJkZWxldGUiOjEyMDAwMDAwMDAwMDAsInVwZGF0ZSI6MTIwMDAwMDAwMDAwMH0sInNjaGVtYV92ZXJzaW9uIjoiNiJ9",
          "dependencies": [
            "google_compute_network.potluckctf_network",
            "google_compute_subnetwork.potluckctf_challenge_subnet",
            "google_service_account.challenge_service_account"
          ]
        },
        {
          "index_key": "challenge29-a",
          "schema_version": 6,
          "attributes": {
            "advanced_machine_features": [],
            "allow_stopping_for_update": true,
            "attached_disk": [],
            "boot_disk": [
              {
                "auto_delete": true,
                "device_name": "persistent-disk-0",
                "disk_encryption_key_raw": "",
                "disk_encryption_key_sha256": "",
                "initialize_params": [
                  {
                    "enable_confidential_compute": false,
                    "image": "https://www.googleapis.com/compute/beta/projects/debian-cloud/global/images/debian-11-bullseye-v20231212",
                    "labels": {},
                    "resource_manager_tags": {},
                    "size": 16,
                    "type": "pd-standard"
                  }
                ],
                "kms_key_self_link": "",
                "mode": "READ_WRITE",
                "source": "https://www.googleapis.com/compute/v1/projects/potluck-ctf/zones/europe-west3-b/disks/challenge29-a"
              }
            ],
            "can_ip_forward": false,
            "confidential_instance_config": [],
            "cpu_platform": "Intel Broadwell",
            "current_status": "RUNNING",
            "deletion_protection": false,
            "description": "",
            "desired_status": null,
            "effective_labels": {
              "challenge": "1"
            },
            "enable_display": false,
            "guest_accelerator": [],
            "hostname": "",
            "id": "projects/potluck-ctf/zones/europe-west3-b/instances/challenge29-a",
            "instance_id": "7137291473546320003",
            "label_fingerprint": "Q_iIQpWMFMc=",
            "labels": {
              "challenge": "1"
            },
            "machine_type": "e2-standard-2",
            "metadata": {},
            "metadata_fingerprint": "sPgbUE6W0-o=",
            "metadata_startup_script": null,
            "min_cpu_platform": "",
            "name": "challenge29-a",
            "network_interface": [
              {
                "access_config": [
                  {
                    "nat_ip": "34.107.15.33",
                    "network_tier": "PREMIUM",
                    "public_ptr_domain_name": "",
                    "security_policy": ""
                  }
                ],
                "alias_ip_range": [],
                "internal_ipv6_prefix_length": 0,
                "ipv6_access_config": [],
                "ipv6_access_type": "",
                "ipv6_address": "",
                "name": "nic0",
                "network": "https://www.googleapis.com/compute/v1/projects/potluck-ctf/global/networks/potluckctf-network",
                "network_attachment": "",
                "network_ip": "10.0.29.2",
                "nic_type": "",
                "queue_count": 0,
                "security_policy": "",
                "stack_type": "IPV4_ONLY",
                "subnetwork": "https://www.googleapis.com/compute/v1/projects/potluck-ctf/regions/europe-west3/subnetworks/potluckctf-challenge29-subnet",
                "subnetwork_project": "potluck-ctf"
              }
            ],
            "network_performance_config": [],
            "params": [],
            "project": "potluck-ctf",
            "reservation_affinity": [],
            "resource_policies": [],
            "scheduling": [
              {
                "automatic_restart": true,
                "instance_termination_action": "",
                "local_ssd_recovery_timeout": [],
                "maintenance_interval": "",
                "max_run_duration": [],
                "min_node_cpus": 0,
                "node_affinities": [],
                "on_host_maintenance": "MIGRATE",
                "preemptible": false,
                "provisioning_model": "STANDARD"
              }
            ],
            "scratch_disk": [],
            "self_link": "https://www.googleapis.com/compute/v1/projects/potluck-ctf/zones/europe-west3-b/instances/challenge29-a",
            "service_account": [
              {
                "email": "challenge29-service-account@potluck-ctf.iam.gserviceaccount.com",
                "scopes": [
                  "https://www.googleapis.com/auth/cloud-platform"
                ]
              }
            ],
            "shielded_instance_config": [
              {
                "enable_integrity_monitoring": true,
                "enable_secure_boot": false,
                "enable_vtpm": true
              }
            ],
            "tags": [
              "challenge",
              "challenge29",
              "potluckctf"
            ],
            "tags_fingerprint": "BHnhBvvGCCc=",
            "terraform_labels": {
              "challenge": "1"
            },
            "timeouts": null,
            "zone": "europe-west3-b"
          },
          "sensitive_attributes": [],
          "private": "eyJlMmJmYjczMC1lY2FhLTExZTYtOGY4OC0zNDM2M2JjN2M0YzAiOnsiY3JlYXRlIjoxMjAwMDAwMDAwMDAwLCJkZWxldGUiOjEyMDAwMDAwMDAwMDAsInVwZGF0ZSI6MTIwMDAwMDAwMDAwMH0sInNjaGVtYV92ZXJzaW9uIjoiNiJ9",
          "dependencies": [
            "google_compute_network.potluckctf_network",
            "google_compute_subnetwork.potluckctf_challenge_subnet",
            "google_service_account.challenge_service_account"
          ]
        }
      ]
    },
    {
      "mode": "managed",
      "type": "google_compute_instance",
      "name": "monitor_server",
      "provider": "provider[\"registry.terraform.io/hashicorp/google-beta\"]",
      "instances": [
        {
          "index_key": "monitor-a",
          "schema_version": 6,
          "attributes": {
            "advanced_machine_features": [],
            "allow_stopping_for_update": true,
            "attached_disk": [],
            "boot_disk": [
              {
                "auto_delete": true,
                "device_name": "persistent-disk-0",
                "disk_encryption_key_raw": "",
                "disk_encryption_key_sha256": "",
                "initialize_params": [
                  {
                    "enable_confidential_compute": false,
                    "image": "https://www.googleapis.com/compute/beta/projects/debian-cloud/global/images/debian-11-bullseye-v20231212",
                    "labels": {},
                    "resource_manager_tags": {},
                    "size": 128,
                    "type": "pd-standard"
                  }
                ],
                "kms_key_self_link": "",
                "mode": "READ_WRITE",
                "source": "https://www.googleapis.com/compute/v1/projects/potluck-ctf/zones/europe-west3-b/disks/monitor-a"
              }
            ],
            "can_ip_forward": false,
            "confidential_instance_config": [],
            "cpu_platform": "Intel Broadwell",
            "current_status": "RUNNING",
            "deletion_protection": false,
            "description": "",
            "desired_status": null,
            "effective_labels": {
              "monitor": "1"
            },
            "enable_display": false,
            "guest_accelerator": [],
            "hostname": "",
            "id": "projects/potluck-ctf/zones/europe-west3-b/instances/monitor-a",
            "instance_id": "7138774010358063127",
            "label_fingerprint": "-dTmVl9kWAo=",
            "labels": {
              "monitor": "1"
            },
            "machine_type": "e2-standard-8",
            "metadata": {},
            "metadata_fingerprint": "sPgbUE6W0-o=",
            "metadata_startup_script": null,
            "min_cpu_platform": "",
            "name": "monitor-a",
            "network_interface": [
              {
                "access_config": [
                  {
                    "nat_ip": "35.242.254.157",
                    "network_tier": "PREMIUM",
                    "public_ptr_domain_name": "",
                    "security_policy": ""
                  }
                ],
                "alias_ip_range": [],
                "internal_ipv6_prefix_length": 0,
                "ipv6_access_config": [],
                "ipv6_access_type": "",
                "ipv6_address": "",
                "name": "nic0",
                "network": "https://www.googleapis.com/compute/v1/projects/potluck-ctf/global/networks/potluckctf-network",
                "network_attachment": "",
                "network_ip": "10.0.0.100",
                "nic_type": "",
                "queue_count": 0,
                "security_policy": "",
                "stack_type": "IPV4_ONLY",
                "subnetwork": "https://www.googleapis.com/compute/v1/projects/potluck-ctf/regions/europe-west3/subnetworks/potluckctf-subnet",
                "subnetwork_project": "potluck-ctf"
              }
            ],
            "network_performance_config": [],
            "params": [],
            "project": "potluck-ctf",
            "reservation_affinity": [],
            "resource_policies": [],
            "scheduling": [
              {
                "automatic_restart": true,
                "instance_termination_action": "",
                "local_ssd_recovery_timeout": [],
                "maintenance_interval": "",
                "max_run_duration": [],
                "min_node_cpus": 0,
                "node_affinities": [],
                "on_host_maintenance": "MIGRATE",
                "preemptible": false,
                "provisioning_model": "STANDARD"
              }
            ],
            "scratch_disk": [],
            "self_link": "https://www.googleapis.com/compute/v1/projects/potluck-ctf/zones/europe-west3-b/instances/monitor-a",
            "service_account": [],
            "shielded_instance_config": [
              {
                "enable_integrity_monitoring": true,
                "enable_secure_boot": false,
                "enable_vtpm": true
              }
            ],
            "tags": [
              "monitor",
              "potluckctf"
            ],
            "tags_fingerprint": "fhFgd8ZsNCM=",
            "terraform_labels": {
              "monitor": "1"
            },
            "timeouts": null,
            "zone": "europe-west3-b"
          },
          "sensitive_attributes": [],
          "private": "eyJlMmJmYjczMC1lY2FhLTExZTYtOGY4OC0zNDM2M2JjN2M0YzAiOnsiY3JlYXRlIjoxMjAwMDAwMDAwMDAwLCJkZWxldGUiOjEyMDAwMDAwMDAwMDAsInVwZGF0ZSI6MTIwMDAwMDAwMDAwMH0sInNjaGVtYV92ZXJzaW9uIjoiNiJ9",
          "dependencies": [
            "google_compute_network.potluckctf_network",
            "google_compute_subnetwork.potluckctf_subnet"
          ]
        }
      ]
    },
    {
      "mode": "managed",
      "type": "google_compute_instance",
      "name": "scoreboard_server",
      "provider": "provider[\"registry.terraform.io/hashicorp/google-beta\"]",
      "instances": [
        {
          "index_key": "scoreboard-a",
          "schema_version": 6,
          "attributes": {
            "advanced_machine_features": [],
            "allow_stopping_for_update": true,
            "attached_disk": [],
            "boot_disk": [
              {
                "auto_delete": true,
                "device_name": "persistent-disk-0",
                "disk_encryption_key_raw": "",
                "disk_encryption_key_sha256": "",
                "initialize_params": [
                  {
                    "enable_confidential_compute": false,
                    "image": "https://www.googleapis.com/compute/beta/projects/debian-cloud/global/images/debian-11-bullseye-v20231212",
                    "labels": {},
                    "resource_manager_tags": {},
                    "size": 32,
                    "type": "pd-standard"
                  }
                ],
                "kms_key_self_link": "",
                "mode": "READ_WRITE",
                "source": "https://www.googleapis.com/compute/v1/projects/potluck-ctf/zones/europe-west3-b/disks/scoreboard-a"
              }
            ],
            "can_ip_forward": false,
            "confidential_instance_config": [],
            "cpu_platform": "Intel Broadwell",
            "current_status": "RUNNING",
            "deletion_protection": false,
            "description": "",
            "desired_status": null,
            "effective_labels": {
              "scoreboard": "1"
            },
            "enable_display": false,
            "guest_accelerator": [],
            "hostname": "",
            "id": "projects/potluck-ctf/zones/europe-west3-b/instances/scoreboard-a",
            "instance_id": "571669401597566999",
            "label_fingerprint": "ehQA31pVJuo=",
            "labels": {
              "scoreboard": "1"
            },
            "machine_type": "e2-standard-8",
            "metadata": {},
            "metadata_fingerprint": "sPgbUE6W0-o=",
            "metadata_startup_script": null,
            "min_cpu_platform": "",
            "name": "scoreboard-a",
            "network_interface": [
              {
                "access_config": [
                  {
                    "nat_ip": "34.141.85.165",
                    "network_tier": "PREMIUM",
                    "public_ptr_domain_name": "",
                    "security_policy": ""
                  }
                ],
                "alias_ip_range": [],
                "internal_ipv6_prefix_length": 0,
                "ipv6_access_config": [],
                "ipv6_access_type": "",
                "ipv6_address": "",
                "name": "nic0",
                "network": "https://www.googleapis.com/compute/v1/projects/potluck-ctf/global/networks/potluckctf-network",
                "network_attachment": "",
                "network_ip": "10.0.0.10",
                "nic_type": "",
                "queue_count": 0,
                "security_policy": "",
                "stack_type": "IPV4_ONLY",
                "subnetwork": "https://www.googleapis.com/compute/v1/projects/potluck-ctf/regions/europe-west3/subnetworks/potluckctf-subnet",
                "subnetwork_project": "potluck-ctf"
              }
            ],
            "network_performance_config": [],
            "params": [],
            "project": "potluck-ctf",
            "reservation_affinity": [],
            "resource_policies": [],
            "scheduling": [
              {
                "automatic_restart": true,
                "instance_termination_action": "",
                "local_ssd_recovery_timeout": [],
                "maintenance_interval": "",
                "max_run_duration": [],
                "min_node_cpus": 0,
                "node_affinities": [],
                "on_host_maintenance": "MIGRATE",
                "preemptible": false,
                "provisioning_model": "STANDARD"
              }
            ],
            "scratch_disk": [],
            "self_link": "https://www.googleapis.com/compute/v1/projects/potluck-ctf/zones/europe-west3-b/instances/scoreboard-a",
            "service_account": [],
            "shielded_instance_config": [
              {
                "enable_integrity_monitoring": true,
                "enable_secure_boot": false,
                "enable_vtpm": true
              }
            ],
            "tags": [
              "potluckctf",
              "scoreboard"
            ],
            "tags_fingerprint": "DcDfDGqkOj8=",
            "terraform_labels": {
              "scoreboard": "1"
            },
            "timeouts": null,
            "zone": "europe-west3-b"
          },
          "sensitive_attributes": [],
          "private": "eyJlMmJmYjczMC1lY2FhLTExZTYtOGY4OC0zNDM2M2JjN2M0YzAiOnsiY3JlYXRlIjoxMjAwMDAwMDAwMDAwLCJkZWxldGUiOjEyMDAwMDAwMDAwMDAsInVwZGF0ZSI6MTIwMDAwMDAwMDAwMH0sInNjaGVtYV92ZXJzaW9uIjoiNiJ9",
          "dependencies": [
            "google_compute_network.potluckctf_network",
            "google_compute_subnetwork.potluckctf_subnet"
          ]
        }
      ]
    },
    {
      "mode": "managed",
      "type": "google_compute_instance_group",
      "name": "challenge_group",
      "provider": "provider[\"registry.terraform.io/hashicorp/google-beta\"]",
      "instances": [
        {
          "index_key": "challenge00",
          "schema_version": 2,
          "attributes": {
            "description": "challenge00 server group",
            "id": "projects/potluck-ctf/zones/europe-west3-b/instanceGroups/challenge00-group",
            "instances": [
              "https://www.googleapis.com/compute/beta/projects/potluck-ctf/zones/europe-west3-b/instances/challenge00-a"
            ],
            "name": "challenge00-group",
            "named_port": [
              {
                "name": "challenge",
                "port": 31337
              }
            ],
            "network": "https://www.googleapis.com/compute/beta/projects/potluck-ctf/global/networks/potluckctf-network",
            "project": "potluck-ctf",
            "self_link": "https://www.googleapis.com/compute/beta/projects/potluck-ctf/zones/europe-west3-b/instanceGroups/challenge00-group",
            "size": 1,
            "timeouts": null,
            "zone": "europe-west3-b"
          },
          "sensitive_attributes": [],
          "private": "eyJlMmJmYjczMC1lY2FhLTExZTYtOGY4OC0zNDM2M2JjN2M0YzAiOnsiY3JlYXRlIjozNjAwMDAwMDAwMDAsImRlbGV0ZSI6MzYwMDAwMDAwMDAwLCJ1cGRhdGUiOjM2MDAwMDAwMDAwMH0sInNjaGVtYV92ZXJzaW9uIjoiMiJ9",
          "dependencies": [
            "google_compute_instance.challenge_server",
            "google_compute_network.potluckctf_network",
            "google_compute_subnetwork.potluckctf_challenge_subnet",
            "google_service_account.challenge_service_account"
          ]
        },
        {
          "index_key": "challenge01",
          "schema_version": 2,
          "attributes": {
            "description": "challenge01 server group",
            "id": "projects/potluck-ctf/zones/europe-west3-b/instanceGroups/challenge01-group",
            "instances": [
              "https://www.googleapis.com/compute/beta/projects/potluck-ctf/zones/europe-west3-b/instances/challenge01-a"
            ],
            "name": "challenge01-group",
            "named_port": [
              {
                "name": "challenge",
                "port": 31337
              }
            ],
            "network": "https://www.googleapis.com/compute/beta/projects/potluck-ctf/global/networks/potluckctf-network",
            "project": "potluck-ctf",
            "self_link": "https://www.googleapis.com/compute/beta/projects/potluck-ctf/zones/europe-west3-b/instanceGroups/challenge01-group",
            "size": 1,
            "timeouts": null,
            "zone": "europe-west3-b"
          },
          "sensitive_attributes": [],
          "private": "eyJlMmJmYjczMC1lY2FhLTExZTYtOGY4OC0zNDM2M2JjN2M0YzAiOnsiY3JlYXRlIjozNjAwMDAwMDAwMDAsImRlbGV0ZSI6MzYwMDAwMDAwMDAwLCJ1cGRhdGUiOjM2MDAwMDAwMDAwMH0sInNjaGVtYV92ZXJzaW9uIjoiMiJ9",
          "dependencies": [
            "google_compute_instance.challenge_server",
            "google_compute_network.potluckctf_network",
            "google_compute_subnetwork.potluckctf_challenge_subnet",
            "google_service_account.challenge_service_account"
          ]
        },
        {
          "index_key": "challenge03",
          "schema_version": 2,
          "attributes": {
            "description": "challenge03 server group",
            "id": "projects/potluck-ctf/zones/europe-west3-b/instanceGroups/challenge03-group",
            "instances": [
              "https://www.googleapis.com/compute/beta/projects/potluck-ctf/zones/europe-west3-b/instances/challenge03-a"
            ],
            "name": "challenge03-group",
            "named_port": [
              {
                "name": "challenge",
                "port": 31337
              }
            ],
            "network": "https://www.googleapis.com/compute/beta/projects/potluck-ctf/global/networks/potluckctf-network",
            "project": "potluck-ctf",
            "self_link": "https://www.googleapis.com/compute/beta/projects/potluck-ctf/zones/europe-west3-b/instanceGroups/challenge03-group",
            "size": 1,
            "timeouts": null,
            "zone": "europe-west3-b"
          },
          "sensitive_attributes": [],
          "private": "eyJlMmJmYjczMC1lY2FhLTExZTYtOGY4OC0zNDM2M2JjN2M0YzAiOnsiY3JlYXRlIjozNjAwMDAwMDAwMDAsImRlbGV0ZSI6MzYwMDAwMDAwMDAwLCJ1cGRhdGUiOjM2MDAwMDAwMDAwMH0sInNjaGVtYV92ZXJzaW9uIjoiMiJ9",
          "dependencies": [
            "google_compute_instance.challenge_server",
            "google_compute_network.potluckctf_network",
            "google_compute_subnetwork.potluckctf_challenge_subnet",
            "google_service_account.challenge_service_account"
          ]
        },
        {
          "index_key": "challenge05",
          "schema_version": 2,
          "attributes": {
            "description": "challenge05 server group",
            "id": "projects/potluck-ctf/zones/europe-west3-b/instanceGroups/challenge05-group",
            "instances": [
              "https://www.googleapis.com/compute/beta/projects/potluck-ctf/zones/europe-west3-b/instances/challenge05-a"
            ],
            "name": "challenge05-group",
            "named_port": [
              {
                "name": "challenge",
                "port": 31337
              }
            ],
            "network": "https://www.googleapis.com/compute/beta/projects/potluck-ctf/global/networks/potluckctf-network",
            "project": "potluck-ctf",
            "self_link": "https://www.googleapis.com/compute/beta/projects/potluck-ctf/zones/europe-west3-b/instanceGroups/challenge05-group",
            "size": 1,
            "timeouts": null,
            "zone": "europe-west3-b"
          },
          "sensitive_attributes": [],
          "private": "eyJlMmJmYjczMC1lY2FhLTExZTYtOGY4OC0zNDM2M2JjN2M0YzAiOnsiY3JlYXRlIjozNjAwMDAwMDAwMDAsImRlbGV0ZSI6MzYwMDAwMDAwMDAwLCJ1cGRhdGUiOjM2MDAwMDAwMDAwMH0sInNjaGVtYV92ZXJzaW9uIjoiMiJ9",
          "dependencies": [
            "google_compute_instance.challenge_server",
            "google_compute_network.potluckctf_network",
            "google_compute_subnetwork.potluckctf_challenge_subnet",
            "google_service_account.challenge_service_account"
          ]
        },
        {
          "index_key": "challenge06",
          "schema_version": 2,
          "attributes": {
            "description": "challenge06 server group",
            "id": "projects/potluck-ctf/zones/europe-west3-b/instanceGroups/challenge06-group",
            "instances": [
              "https://www.googleapis.com/compute/beta/projects/potluck-ctf/zones/europe-west3-b/instances/challenge06-a"
            ],
            "name": "challenge06-group",
            "named_port": [
              {
                "name": "challenge",
                "port": 31337
              }
            ],
            "network": "https://www.googleapis.com/compute/beta/projects/potluck-ctf/global/networks/potluckctf-network",
            "project": "potluck-ctf",
            "self_link": "https://www.googleapis.com/compute/beta/projects/potluck-ctf/zones/europe-west3-b/instanceGroups/challenge06-group",
            "size": 1,
            "timeouts": null,
            "zone": "europe-west3-b"
          },
          "sensitive_attributes": [],
          "private": "eyJlMmJmYjczMC1lY2FhLTExZTYtOGY4OC0zNDM2M2JjN2M0YzAiOnsiY3JlYXRlIjozNjAwMDAwMDAwMDAsImRlbGV0ZSI6MzYwMDAwMDAwMDAwLCJ1cGRhdGUiOjM2MDAwMDAwMDAwMH0sInNjaGVtYV92ZXJzaW9uIjoiMiJ9",
          "dependencies": [
            "google_compute_instance.challenge_server",
            "google_compute_network.potluckctf_network",
            "google_compute_subnetwork.potluckctf_challenge_subnet",
            "google_service_account.challenge_service_account"
          ]
        },
        {
          "index_key": "challenge07",
          "schema_version": 2,
          "attributes": {
            "description": "challenge07 server group",
            "id": "projects/potluck-ctf/zones/europe-west3-b/instanceGroups/challenge07-group",
            "instances": [
              "https://www.googleapis.com/compute/beta/projects/potluck-ctf/zones/europe-west3-b/instances/challenge07-a"
            ],
            "name": "challenge07-group",
            "named_port": [
              {
                "name": "challenge",
                "port": 31337
              }
            ],
            "network": "https://www.googleapis.com/compute/beta/projects/potluck-ctf/global/networks/potluckctf-network",
            "project": "potluck-ctf",
            "self_link": "https://www.googleapis.com/compute/beta/projects/potluck-ctf/zones/europe-west3-b/instanceGroups/challenge07-group",
            "size": 1,
            "timeouts": null,
            "zone": "europe-west3-b"
          },
          "sensitive_attributes": [],
          "private": "eyJlMmJmYjczMC1lY2FhLTExZTYtOGY4OC0zNDM2M2JjN2M0YzAiOnsiY3JlYXRlIjozNjAwMDAwMDAwMDAsImRlbGV0ZSI6MzYwMDAwMDAwMDAwLCJ1cGRhdGUiOjM2MDAwMDAwMDAwMH0sInNjaGVtYV92ZXJzaW9uIjoiMiJ9",
          "dependencies": [
            "google_compute_instance.challenge_server",
            "google_compute_network.potluckctf_network",
            "google_compute_subnetwork.potluckctf_challenge_subnet",
            "google_service_account.challenge_service_account"
          ]
        },
        {
          "index_key": "challenge09",
          "schema_version": 2,
          "attributes": {
            "description": "challenge09 server group",
            "id": "projects/potluck-ctf/zones/europe-west3-b/instanceGroups/challenge09-group",
            "instances": [
              "https://www.googleapis.com/compute/beta/projects/potluck-ctf/zones/europe-west3-b/instances/challenge09-a"
            ],
            "name": "challenge09-group",
            "named_port": [
              {
                "name": "challenge",
                "port": 31337
              }
            ],
            "network": "https://www.googleapis.com/compute/beta/projects/potluck-ctf/global/networks/potluckctf-network",
            "project": "potluck-ctf",
            "self_link": "https://www.googleapis.com/compute/beta/projects/potluck-ctf/zones/europe-west3-b/instanceGroups/challenge09-group",
            "size": 1,
            "timeouts": null,
            "zone": "europe-west3-b"
          },
          "sensitive_attributes": [],
          "private": "eyJlMmJmYjczMC1lY2FhLTExZTYtOGY4OC0zNDM2M2JjN2M0YzAiOnsiY3JlYXRlIjozNjAwMDAwMDAwMDAsImRlbGV0ZSI6MzYwMDAwMDAwMDAwLCJ1cGRhdGUiOjM2MDAwMDAwMDAwMH0sInNjaGVtYV92ZXJzaW9uIjoiMiJ9",
          "dependencies": [
            "google_compute_instance.challenge_server",
            "google_compute_network.potluckctf_network",
            "google_compute_subnetwork.potluckctf_challenge_subnet",
            "google_service_account.challenge_service_account"
          ]
        },
        {
          "index_key": "challenge11",
          "schema_version": 2,
          "attributes": {
            "description": "challenge11 server group",
            "id": "projects/potluck-ctf/zones/europe-west3-b/instanceGroups/challenge11-group",
            "instances": [
              "https://www.googleapis.com/compute/beta/projects/potluck-ctf/zones/europe-west3-b/instances/challenge11-a"
            ],
            "name": "challenge11-group",
            "named_port": [
              {
                "name": "challenge",
                "port": 31337
              }
            ],
            "network": "https://www.googleapis.com/compute/beta/projects/potluck-ctf/global/networks/potluckctf-network",
            "project": "potluck-ctf",
            "self_link": "https://www.googleapis.com/compute/beta/projects/potluck-ctf/zones/europe-west3-b/instanceGroups/challenge11-group",
            "size": 1,
            "timeouts": null,
            "zone": "europe-west3-b"
          },
          "sensitive_attributes": [],
          "private": "eyJlMmJmYjczMC1lY2FhLTExZTYtOGY4OC0zNDM2M2JjN2M0YzAiOnsiY3JlYXRlIjozNjAwMDAwMDAwMDAsImRlbGV0ZSI6MzYwMDAwMDAwMDAwLCJ1cGRhdGUiOjM2MDAwMDAwMDAwMH0sInNjaGVtYV92ZXJzaW9uIjoiMiJ9",
          "dependencies": [
            "google_compute_instance.challenge_server",
            "google_compute_network.potluckctf_network",
            "google_compute_subnetwork.potluckctf_challenge_subnet",
            "google_service_account.challenge_service_account"
          ]
        },
        {
          "index_key": "challenge12",
          "schema_version": 2,
          "attributes": {
            "description": "challenge12 server group",
            "id": "projects/potluck-ctf/zones/europe-west3-b/instanceGroups/challenge12-group",
            "instances": [
              "https://www.googleapis.com/compute/beta/projects/potluck-ctf/zones/europe-west3-b/instances/challenge12-a"
            ],
            "name": "challenge12-group",
            "named_port": [
              {
                "name": "challenge",
                "port": 31337
              }
            ],
            "network": "https://www.googleapis.com/compute/beta/projects/potluck-ctf/global/networks/potluckctf-network",
            "project": "potluck-ctf",
            "self_link": "https://www.googleapis.com/compute/beta/projects/potluck-ctf/zones/europe-west3-b/instanceGroups/challenge12-group",
            "size": 1,
            "timeouts": null,
            "zone": "europe-west3-b"
          },
          "sensitive_attributes": [],
          "private": "eyJlMmJmYjczMC1lY2FhLTExZTYtOGY4OC0zNDM2M2JjN2M0YzAiOnsiY3JlYXRlIjozNjAwMDAwMDAwMDAsImRlbGV0ZSI6MzYwMDAwMDAwMDAwLCJ1cGRhdGUiOjM2MDAwMDAwMDAwMH0sInNjaGVtYV92ZXJzaW9uIjoiMiJ9",
          "dependencies": [
            "google_compute_instance.challenge_server",
            "google_compute_network.potluckctf_network",
            "google_compute_subnetwork.potluckctf_challenge_subnet",
            "google_service_account.challenge_service_account"
          ]
        },
        {
          "index_key": "challenge13",
          "schema_version": 2,
          "attributes": {
            "description": "challenge13 server group",
            "id": "projects/potluck-ctf/zones/europe-west3-b/instanceGroups/challenge13-group",
            "instances": [
              "https://www.googleapis.com/compute/beta/projects/potluck-ctf/zones/europe-west3-b/instances/challenge13-a"
            ],
            "name": "challenge13-group",
            "named_port": [
              {
                "name": "challenge",
                "port": 31337
              }
            ],
            "network": "https://www.googleapis.com/compute/beta/projects/potluck-ctf/global/networks/potluckctf-network",
            "project": "potluck-ctf",
            "self_link": "https://www.googleapis.com/compute/beta/projects/potluck-ctf/zones/europe-west3-b/instanceGroups/challenge13-group",
            "size": 1,
            "timeouts": null,
            "zone": "europe-west3-b"
          },
          "sensitive_attributes": [],
          "private": "eyJlMmJmYjczMC1lY2FhLTExZTYtOGY4OC0zNDM2M2JjN2M0YzAiOnsiY3JlYXRlIjozNjAwMDAwMDAwMDAsImRlbGV0ZSI6MzYwMDAwMDAwMDAwLCJ1cGRhdGUiOjM2MDAwMDAwMDAwMH0sInNjaGVtYV92ZXJzaW9uIjoiMiJ9",
          "dependencies": [
            "google_compute_instance.challenge_server",
            "google_compute_network.potluckctf_network",
            "google_compute_subnetwork.potluckctf_challenge_subnet",
            "google_service_account.challenge_service_account"
          ]
        },
        {
          "index_key": "challenge15",
          "schema_version": 2,
          "attributes": {
            "description": "challenge15 server group",
            "id": "projects/potluck-ctf/zones/europe-west3-b/instanceGroups/challenge15-group",
            "instances": [
              "https://www.googleapis.com/compute/beta/projects/potluck-ctf/zones/europe-west3-b/instances/challenge15-a"
            ],
            "name": "challenge15-group",
            "named_port": [
              {
                "name": "challenge",
                "port": 31337
              }
            ],
            "network": "https://www.googleapis.com/compute/beta/projects/potluck-ctf/global/networks/potluckctf-network",
            "project": "potluck-ctf",
            "self_link": "https://www.googleapis.com/compute/beta/projects/potluck-ctf/zones/europe-west3-b/instanceGroups/challenge15-group",
            "size": 1,
            "timeouts": null,
            "zone": "europe-west3-b"
          },
          "sensitive_attributes": [],
          "private": "eyJlMmJmYjczMC1lY2FhLTExZTYtOGY4OC0zNDM2M2JjN2M0YzAiOnsiY3JlYXRlIjozNjAwMDAwMDAwMDAsImRlbGV0ZSI6MzYwMDAwMDAwMDAwLCJ1cGRhdGUiOjM2MDAwMDAwMDAwMH0sInNjaGVtYV92ZXJzaW9uIjoiMiJ9",
          "dependencies": [
            "google_compute_instance.challenge_server",
            "google_compute_network.potluckctf_network",
            "google_compute_subnetwork.potluckctf_challenge_subnet",
            "google_service_account.challenge_service_account"
          ]
        },
        {
          "index_key": "challenge18",
          "schema_version": 2,
          "attributes": {
            "description": "challenge18 server group",
            "id": "projects/potluck-ctf/zones/europe-west3-b/instanceGroups/challenge18-group",
            "instances": [
              "https://www.googleapis.com/compute/beta/projects/potluck-ctf/zones/europe-west3-b/instances/challenge18-a"
            ],
            "name": "challenge18-group",
            "named_port": [
              {
                "name": "challenge",
                "port": 31337
              }
            ],
            "network": "https://www.googleapis.com/compute/beta/projects/potluck-ctf/global/networks/potluckctf-network",
            "project": "potluck-ctf",
            "self_link": "https://www.googleapis.com/compute/beta/projects/potluck-ctf/zones/europe-west3-b/instanceGroups/challenge18-group",
            "size": 1,
            "timeouts": null,
            "zone": "europe-west3-b"
          },
          "sensitive_attributes": [],
          "private": "eyJlMmJmYjczMC1lY2FhLTExZTYtOGY4OC0zNDM2M2JjN2M0YzAiOnsiY3JlYXRlIjozNjAwMDAwMDAwMDAsImRlbGV0ZSI6MzYwMDAwMDAwMDAwLCJ1cGRhdGUiOjM2MDAwMDAwMDAwMH0sInNjaGVtYV92ZXJzaW9uIjoiMiJ9",
          "dependencies": [
            "google_compute_instance.challenge_server",
            "google_compute_network.potluckctf_network",
            "google_compute_subnetwork.potluckctf_challenge_subnet",
            "google_service_account.challenge_service_account"
          ]
        },
        {
          "index_key": "challenge19",
          "schema_version": 2,
          "attributes": {
            "description": "challenge19 server group",
            "id": "projects/potluck-ctf/zones/europe-west3-b/instanceGroups/challenge19-group",
            "instances": [
              "https://www.googleapis.com/compute/beta/projects/potluck-ctf/zones/europe-west3-b/instances/challenge19-a"
            ],
            "name": "challenge19-group",
            "named_port": [
              {
                "name": "challenge",
                "port": 31337
              }
            ],
            "network": "https://www.googleapis.com/compute/beta/projects/potluck-ctf/global/networks/potluckctf-network",
            "project": "potluck-ctf",
            "self_link": "https://www.googleapis.com/compute/beta/projects/potluck-ctf/zones/europe-west3-b/instanceGroups/challenge19-group",
            "size": 1,
            "timeouts": null,
            "zone": "europe-west3-b"
          },
          "sensitive_attributes": [],
          "private": "eyJlMmJmYjczMC1lY2FhLTExZTYtOGY4OC0zNDM2M2JjN2M0YzAiOnsiY3JlYXRlIjozNjAwMDAwMDAwMDAsImRlbGV0ZSI6MzYwMDAwMDAwMDAwLCJ1cGRhdGUiOjM2MDAwMDAwMDAwMH0sInNjaGVtYV92ZXJzaW9uIjoiMiJ9",
          "dependencies": [
            "google_compute_instance.challenge_server",
            "google_compute_network.potluckctf_network",
            "google_compute_subnetwork.potluckctf_challenge_subnet",
            "google_service_account.challenge_service_account"
          ]
        },
        {
          "index_key": "challenge21",
          "schema_version": 2,
          "attributes": {
            "description": "challenge21 server group",
            "id": "projects/potluck-ctf/zones/europe-west3-b/instanceGroups/challenge21-group",
            "instances": [
              "https://www.googleapis.com/compute/beta/projects/potluck-ctf/zones/europe-west3-b/instances/challenge21-a"
            ],
            "name": "challenge21-group",
            "named_port": [
              {
                "name": "challenge",
                "port": 31337
              }
            ],
            "network": "https://www.googleapis.com/compute/beta/projects/potluck-ctf/global/networks/potluckctf-network",
            "project": "potluck-ctf",
            "self_link": "https://www.googleapis.com/compute/beta/projects/potluck-ctf/zones/europe-west3-b/instanceGroups/challenge21-group",
            "size": 1,
            "timeouts": null,
            "zone": "europe-west3-b"
          },
          "sensitive_attributes": [],
          "private": "eyJlMmJmYjczMC1lY2FhLTExZTYtOGY4OC0zNDM2M2JjN2M0YzAiOnsiY3JlYXRlIjozNjAwMDAwMDAwMDAsImRlbGV0ZSI6MzYwMDAwMDAwMDAwLCJ1cGRhdGUiOjM2MDAwMDAwMDAwMH0sInNjaGVtYV92ZXJzaW9uIjoiMiJ9",
          "dependencies": [
            "google_compute_instance.challenge_server",
            "google_compute_network.potluckctf_network",
            "google_compute_subnetwork.potluckctf_challenge_subnet",
            "google_service_account.challenge_service_account"
          ]
        },
        {
          "index_key": "challenge22",
          "schema_version": 2,
          "attributes": {
            "description": "challenge22 server group",
            "id": "projects/potluck-ctf/zones/europe-west3-b/instanceGroups/challenge22-group",
            "instances": [
              "https://www.googleapis.com/compute/beta/projects/potluck-ctf/zones/europe-west3-b/instances/challenge22-a"
            ],
            "name": "challenge22-group",
            "named_port": [
              {
                "name": "challenge",
                "port": 31337
              }
            ],
            "network": "https://www.googleapis.com/compute/beta/projects/potluck-ctf/global/networks/potluckctf-network",
            "project": "potluck-ctf",
            "self_link": "https://www.googleapis.com/compute/beta/projects/potluck-ctf/zones/europe-west3-b/instanceGroups/challenge22-group",
            "size": 1,
            "timeouts": null,
            "zone": "europe-west3-b"
          },
          "sensitive_attributes": [],
          "private": "eyJlMmJmYjczMC1lY2FhLTExZTYtOGY4OC0zNDM2M2JjN2M0YzAiOnsiY3JlYXRlIjozNjAwMDAwMDAwMDAsImRlbGV0ZSI6MzYwMDAwMDAwMDAwLCJ1cGRhdGUiOjM2MDAwMDAwMDAwMH0sInNjaGVtYV92ZXJzaW9uIjoiMiJ9",
          "dependencies": [
            "google_compute_instance.challenge_server",
            "google_compute_network.potluckctf_network",
            "google_compute_subnetwork.potluckctf_challenge_subnet",
            "google_service_account.challenge_service_account"
          ]
        },
        {
          "index_key": "challenge24",
          "schema_version": 2,
          "attributes": {
            "description": "challenge24 server group",
            "id": "projects/potluck-ctf/zones/europe-west3-b/instanceGroups/challenge24-group",
            "instances": [
              "https://www.googleapis.com/compute/beta/projects/potluck-ctf/zones/europe-west3-b/instances/challenge24-a"
            ],
            "name": "challenge24-group",
            "named_port": [
              {
                "name": "challenge",
                "port": 31337
              }
            ],
            "network": "https://www.googleapis.com/compute/beta/projects/potluck-ctf/global/networks/potluckctf-network",
            "project": "potluck-ctf",
            "self_link": "https://www.googleapis.com/compute/beta/projects/potluck-ctf/zones/europe-west3-b/instanceGroups/challenge24-group",
            "size": 1,
            "timeouts": null,
            "zone": "europe-west3-b"
          },
          "sensitive_attributes": [],
          "private": "eyJlMmJmYjczMC1lY2FhLTExZTYtOGY4OC0zNDM2M2JjN2M0YzAiOnsiY3JlYXRlIjozNjAwMDAwMDAwMDAsImRlbGV0ZSI6MzYwMDAwMDAwMDAwLCJ1cGRhdGUiOjM2MDAwMDAwMDAwMH0sInNjaGVtYV92ZXJzaW9uIjoiMiJ9",
          "dependencies": [
            "google_compute_instance.challenge_server",
            "google_compute_network.potluckctf_network",
            "google_compute_subnetwork.potluckctf_challenge_subnet",
            "google_service_account.challenge_service_account"
          ]
        },
        {
          "index_key": "challenge25",
          "schema_version": 2,
          "attributes": {
            "description": "challenge25 server group",
            "id": "projects/potluck-ctf/zones/europe-west3-b/instanceGroups/challenge25-group",
            "instances": [
              "https://www.googleapis.com/compute/beta/projects/potluck-ctf/zones/europe-west3-b/instances/challenge25-a"
            ],
            "name": "challenge25-group",
            "named_port": [
              {
                "name": "challenge",
                "port": 31337
              }
            ],
            "network": "https://www.googleapis.com/compute/beta/projects/potluck-ctf/global/networks/potluckctf-network",
            "project": "potluck-ctf",
            "self_link": "https://www.googleapis.com/compute/beta/projects/potluck-ctf/zones/europe-west3-b/instanceGroups/challenge25-group",
            "size": 1,
            "timeouts": null,
            "zone": "europe-west3-b"
          },
          "sensitive_attributes": [],
          "private": "eyJlMmJmYjczMC1lY2FhLTExZTYtOGY4OC0zNDM2M2JjN2M0YzAiOnsiY3JlYXRlIjozNjAwMDAwMDAwMDAsImRlbGV0ZSI6MzYwMDAwMDAwMDAwLCJ1cGRhdGUiOjM2MDAwMDAwMDAwMH0sInNjaGVtYV92ZXJzaW9uIjoiMiJ9",
          "dependencies": [
            "google_compute_instance.challenge_server",
            "google_compute_network.potluckctf_network",
            "google_compute_subnetwork.potluckctf_challenge_subnet",
            "google_service_account.challenge_service_account"
          ]
        },
        {
          "index_key": "challenge26",
          "schema_version": 2,
          "attributes": {
            "description": "challenge26 server group",
            "id": "projects/potluck-ctf/zones/europe-west3-b/instanceGroups/challenge26-group",
            "instances": [
              "https://www.googleapis.com/compute/beta/projects/potluck-ctf/zones/europe-west3-b/instances/challenge26-a"
            ],
            "name": "challenge26-group",
            "named_port": [
              {
                "name": "challenge",
                "port": 31337
              }
            ],
            "network": "https://www.googleapis.com/compute/beta/projects/potluck-ctf/global/networks/potluckctf-network",
            "project": "potluck-ctf",
            "self_link": "https://www.googleapis.com/compute/beta/projects/potluck-ctf/zones/europe-west3-b/instanceGroups/challenge26-group",
            "size": 1,
            "timeouts": null,
            "zone": "europe-west3-b"
          },
          "sensitive_attributes": [],
          "private": "eyJlMmJmYjczMC1lY2FhLTExZTYtOGY4OC0zNDM2M2JjN2M0YzAiOnsiY3JlYXRlIjozNjAwMDAwMDAwMDAsImRlbGV0ZSI6MzYwMDAwMDAwMDAwLCJ1cGRhdGUiOjM2MDAwMDAwMDAwMH0sInNjaGVtYV92ZXJzaW9uIjoiMiJ9",
          "dependencies": [
            "google_compute_instance.challenge_server",
            "google_compute_network.potluckctf_network",
            "google_compute_subnetwork.potluckctf_challenge_subnet",
            "google_service_account.challenge_service_account"
          ]
        },
        {
          "index_key": "challenge27",
          "schema_version": 2,
          "attributes": {
            "description": "challenge27 server group",
            "id": "projects/potluck-ctf/zones/europe-west3-b/instanceGroups/challenge27-group",
            "instances": [
              "https://www.googleapis.com/compute/beta/projects/potluck-ctf/zones/europe-west3-b/instances/challenge27-a"
            ],
            "name": "challenge27-group",
            "named_port": [
              {
                "name": "challenge",
                "port": 31337
              }
            ],
            "network": "https://www.googleapis.com/compute/beta/projects/potluck-ctf/global/networks/potluckctf-network",
            "project": "potluck-ctf",
            "self_link": "https://www.googleapis.com/compute/beta/projects/potluck-ctf/zones/europe-west3-b/instanceGroups/challenge27-group",
            "size": 1,
            "timeouts": null,
            "zone": "europe-west3-b"
          },
          "sensitive_attributes": [],
          "private": "eyJlMmJmYjczMC1lY2FhLTExZTYtOGY4OC0zNDM2M2JjN2M0YzAiOnsiY3JlYXRlIjozNjAwMDAwMDAwMDAsImRlbGV0ZSI6MzYwMDAwMDAwMDAwLCJ1cGRhdGUiOjM2MDAwMDAwMDAwMH0sInNjaGVtYV92ZXJzaW9uIjoiMiJ9",
          "dependencies": [
            "google_compute_instance.challenge_server",
            "google_compute_network.potluckctf_network",
            "google_compute_subnetwork.potluckctf_challenge_subnet",
            "google_service_account.challenge_service_account"
          ]
        },
        {
          "index_key": "challenge28",
          "schema_version": 2,
          "attributes": {
            "description": "challenge28 server group",
            "id": "projects/potluck-ctf/zones/europe-west3-b/instanceGroups/challenge28-group",
            "instances": [
              "https://www.googleapis.com/compute/beta/projects/potluck-ctf/zones/europe-west3-b/instances/challenge28-a"
            ],
            "name": "challenge28-group",
            "named_port": [
              {
                "name": "challenge",
                "port": 31337
              }
            ],
            "network": "https://www.googleapis.com/compute/beta/projects/potluck-ctf/global/networks/potluckctf-network",
            "project": "potluck-ctf",
            "self_link": "https://www.googleapis.com/compute/beta/projects/potluck-ctf/zones/europe-west3-b/instanceGroups/challenge28-group",
            "size": 1,
            "timeouts": null,
            "zone": "europe-west3-b"
          },
          "sensitive_attributes": [],
          "private": "eyJlMmJmYjczMC1lY2FhLTExZTYtOGY4OC0zNDM2M2JjN2M0YzAiOnsiY3JlYXRlIjozNjAwMDAwMDAwMDAsImRlbGV0ZSI6MzYwMDAwMDAwMDAwLCJ1cGRhdGUiOjM2MDAwMDAwMDAwMH0sInNjaGVtYV92ZXJzaW9uIjoiMiJ9",
          "dependencies": [
            "google_compute_instance.challenge_server",
            "google_compute_network.potluckctf_network",
            "google_compute_subnetwork.potluckctf_challenge_subnet",
            "google_service_account.challenge_service_account"
          ]
        },
        {
          "index_key": "challenge29",
          "schema_version": 2,
          "attributes": {
            "description": "challenge29 server group",
            "id": "projects/potluck-ctf/zones/europe-west3-b/instanceGroups/challenge29-group",
            "instances": [
              "https://www.googleapis.com/compute/beta/projects/potluck-ctf/zones/europe-west3-b/instances/challenge29-a"
            ],
            "name": "challenge29-group",
            "named_port": [
              {
                "name": "challenge",
                "port": 31337
              }
            ],
            "network": "https://www.googleapis.com/compute/beta/projects/potluck-ctf/global/networks/potluckctf-network",
            "project": "potluck-ctf",
            "self_link": "https://www.googleapis.com/compute/beta/projects/potluck-ctf/zones/europe-west3-b/instanceGroups/challenge29-group",
            "size": 1,
            "timeouts": null,
            "zone": "europe-west3-b"
          },
          "sensitive_attributes": [],
          "private": "eyJlMmJmYjczMC1lY2FhLTExZTYtOGY4OC0zNDM2M2JjN2M0YzAiOnsiY3JlYXRlIjozNjAwMDAwMDAwMDAsImRlbGV0ZSI6MzYwMDAwMDAwMDAwLCJ1cGRhdGUiOjM2MDAwMDAwMDAwMH0sInNjaGVtYV92ZXJzaW9uIjoiMiJ9",
          "dependencies": [
            "google_compute_instance.challenge_server",
            "google_compute_network.potluckctf_network",
            "google_compute_subnetwork.potluckctf_challenge_subnet",
            "google_service_account.challenge_service_account"
          ]
        }
      ]
    },
    {
      "mode": "managed",
      "type": "google_compute_instance_iam_member",
      "name": "member",
      "provider": "provider[\"registry.terraform.io/hashicorp/google-beta\"]",
      "instances": [
        {
          "index_key": "challenge00-a",
          "schema_version": 0,
          "attributes": {
            "condition": [],
            "etag": "BwYNbFgdTTI=",
            "id": "projects/potluck-ctf/zones/europe-west3-b/instances/challenge00-a/projects/potluck-ctf/roles/computer_instance_viewer/user:calle.svensson@zeta-two.com",
            "instance_name": "projects/potluck-ctf/zones/europe-west3-b/instances/challenge00-a",
            "member": "user:calle.svensson@zeta-two.com",
            "project": "potluck-ctf",
            "role": "projects/potluck-ctf/roles/computer_instance_viewer",
            "zone": "europe-west3-b"
          },
          "sensitive_attributes": [],
          "private": "bnVsbA==",
          "dependencies": [
            "google_compute_instance.challenge_server",
            "google_compute_network.potluckctf_network",
            "google_compute_subnetwork.potluckctf_challenge_subnet",
            "google_project_iam_custom_role.compute_instance_get",
            "google_service_account.challenge_service_account"
          ]
        },
        {
          "index_key": "challenge01-a",
          "schema_version": 0,
          "attributes": {
            "condition": [],
            "etag": "BwYNbFgc7Ys=",
            "id": "projects/potluck-ctf/zones/europe-west3-b/instances/challenge01-a/projects/potluck-ctf/roles/computer_instance_viewer/serviceAccount:challenge-author-1@potluck-ctf.iam.gserviceaccount.com",
            "instance_name": "projects/potluck-ctf/zones/europe-west3-b/instances/challenge01-a",
            "member": "serviceAccount:challenge-author-1@potluck-ctf.iam.gserviceaccount.com",
            "project": "potluck-ctf",
            "role": "projects/potluck-ctf/roles/computer_instance_viewer",
            "zone": "europe-west3-b"
          },
          "sensitive_attributes": [],
          "private": "bnVsbA==",
          "dependencies": [
            "google_compute_instance.challenge_server",
            "google_compute_network.potluckctf_network",
            "google_compute_subnetwork.potluckctf_challenge_subnet",
            "google_project_iam_custom_role.compute_instance_get",
            "google_service_account.challenge_service_account"
          ]
        },
        {
          "index_key": "challenge03-a",
          "schema_version": 0,
          "attributes": {
            "condition": [],
            "etag": "BwYNbFiBgSU=",
            "id": "projects/potluck-ctf/zones/europe-west3-b/instances/challenge03-a/projects/potluck-ctf/roles/computer_instance_viewer/serviceAccount:challenge-author-3@potluck-ctf.iam.gserviceaccount.com",
            "instance_name": "projects/potluck-ctf/zones/europe-west3-b/instances/challenge03-a",
            "member": "serviceAccount:challenge-author-3@potluck-ctf.iam.gserviceaccount.com",
            "project": "potluck-ctf",
            "role": "projects/potluck-ctf/roles/computer_instance_viewer",
            "zone": "europe-west3-b"
          },
          "sensitive_attributes": [],
          "private": "bnVsbA==",
          "dependencies": [
            "google_compute_instance.challenge_server",
            "google_compute_network.potluckctf_network",
            "google_compute_subnetwork.potluckctf_challenge_subnet",
            "google_project_iam_custom_role.compute_instance_get",
            "google_service_account.challenge_service_account"
          ]
        },
        {
          "index_key": "challenge05-a",
          "schema_version": 0,
          "attributes": {
            "condition": [],
            "etag": "BwYNbFiDLWk=",
            "id": "projects/potluck-ctf/zones/europe-west3-b/instances/challenge05-a/projects/potluck-ctf/roles/computer_instance_viewer/serviceAccount:challenge-author-5@potluck-ctf.iam.gserviceaccount.com",
            "instance_name": "projects/potluck-ctf/zones/europe-west3-b/instances/challenge05-a",
            "member": "serviceAccount:challenge-author-5@potluck-ctf.iam.gserviceaccount.com",
            "project": "potluck-ctf",
            "role": "projects/potluck-ctf/roles/computer_instance_viewer",
            "zone": "europe-west3-b"
          },
          "sensitive_attributes": [],
          "private": "bnVsbA==",
          "dependencies": [
            "google_compute_instance.challenge_server",
            "google_compute_network.potluckctf_network",
            "google_compute_subnetwork.potluckctf_challenge_subnet",
            "google_project_iam_custom_role.compute_instance_get",
            "google_service_account.challenge_service_account"
          ]
        },
        {
          "index_key": "challenge06-a",
          "schema_version": 0,
          "attributes": {
            "condition": [],
            "etag": "BwYNbFiDpzs=",
            "id": "projects/potluck-ctf/zones/europe-west3-b/instances/challenge06-a/projects/potluck-ctf/roles/computer_instance_viewer/serviceAccount:challenge-author-6@potluck-ctf.iam.gserviceaccount.com",
            "instance_name": "projects/potluck-ctf/zones/europe-west3-b/instances/challenge06-a",
            "member": "serviceAccount:challenge-author-6@potluck-ctf.iam.gserviceaccount.com",
            "project": "potluck-ctf",
            "role": "projects/potluck-ctf/roles/computer_instance_viewer",
            "zone": "europe-west3-b"
          },
          "sensitive_attributes": [],
          "private": "bnVsbA==",
          "dependencies": [
            "google_compute_instance.challenge_server",
            "google_compute_network.potluckctf_network",
            "google_compute_subnetwork.potluckctf_challenge_subnet",
            "google_project_iam_custom_role.compute_instance_get",
            "google_service_account.challenge_service_account"
          ]
        },
        {
          "index_key": "challenge07-a",
          "schema_version": 0,
          "attributes": {
            "condition": [],
            "etag": "BwYNbFiGwxU=",
            "id": "projects/potluck-ctf/zones/europe-west3-b/instances/challenge07-a/projects/potluck-ctf/roles/computer_instance_viewer/serviceAccount:challenge-author-7@potluck-ctf.iam.gserviceaccount.com",
            "instance_name": "projects/potluck-ctf/zones/europe-west3-b/instances/challenge07-a",
            "member": "serviceAccount:challenge-author-7@potluck-ctf.iam.gserviceaccount.com",
            "project": "potluck-ctf",
            "role": "projects/potluck-ctf/roles/computer_instance_viewer",
            "zone": "europe-west3-b"
          },
          "sensitive_attributes": [],
          "private": "bnVsbA==",
          "dependencies": [
            "google_compute_instance.challenge_server",
            "google_compute_network.potluckctf_network",
            "google_compute_subnetwork.potluckctf_challenge_subnet",
            "google_project_iam_custom_role.compute_instance_get",
            "google_service_account.challenge_service_account"
          ]
        },
        {
          "index_key": "challenge09-a",
          "schema_version": 0,
          "attributes": {
            "condition": [],
            "etag": "BwYNbFh_pmY=",
            "id": "projects/potluck-ctf/zones/europe-west3-b/instances/challenge09-a/projects/potluck-ctf/roles/computer_instance_viewer/serviceAccount:challenge-author-9@potluck-ctf.iam.gserviceaccount.com",
            "instance_name": "projects/potluck-ctf/zones/europe-west3-b/instances/challenge09-a",
            "member": "serviceAccount:challenge-author-9@potluck-ctf.iam.gserviceaccount.com",
            "project": "potluck-ctf",
            "role": "projects/potluck-ctf/roles/computer_instance_viewer",
            "zone": "europe-west3-b"
          },
          "sensitive_attributes": [],
          "private": "bnVsbA==",
          "dependencies": [
            "google_compute_instance.challenge_server",
            "google_compute_network.potluckctf_network",
            "google_compute_subnetwork.potluckctf_challenge_subnet",
            "google_project_iam_custom_role.compute_instance_get",
            "google_service_account.challenge_service_account"
          ]
        },
        {
          "index_key": "challenge11-a",
          "schema_version": 0,
          "attributes": {
            "condition": [],
            "etag": "BwYNbFh8rLg=",
            "id": "projects/potluck-ctf/zones/europe-west3-b/instances/challenge11-a/projects/potluck-ctf/roles/computer_instance_viewer/serviceAccount:challenge-author-11@potluck-ctf.iam.gserviceaccount.com",
            "instance_name": "projects/potluck-ctf/zones/europe-west3-b/instances/challenge11-a",
            "member": "serviceAccount:challenge-author-11@potluck-ctf.iam.gserviceaccount.com",
            "project": "potluck-ctf",
            "role": "projects/potluck-ctf/roles/computer_instance_viewer",
            "zone": "europe-west3-b"
          },
          "sensitive_attributes": [],
          "private": "bnVsbA==",
          "dependencies": [
            "google_compute_instance.challenge_server",
            "google_compute_network.potluckctf_network",
            "google_compute_subnetwork.potluckctf_challenge_subnet",
            "google_project_iam_custom_role.compute_instance_get",
            "google_service_account.challenge_service_account"
          ]
        },
        {
          "index_key": "challenge12-a",
          "schema_version": 0,
          "attributes": {
            "condition": [],
            "etag": "BwYNbFjWEkE=",
            "id": "projects/potluck-ctf/zones/europe-west3-b/instances/challenge12-a/projects/potluck-ctf/roles/computer_instance_viewer/serviceAccount:challenge-author-12@potluck-ctf.iam.gserviceaccount.com",
            "instance_name": "projects/potluck-ctf/zones/europe-west3-b/instances/challenge12-a",
            "member": "serviceAccount:challenge-author-12@potluck-ctf.iam.gserviceaccount.com",
            "project": "potluck-ctf",
            "role": "projects/potluck-ctf/roles/computer_instance_viewer",
            "zone": "europe-west3-b"
          },
          "sensitive_attributes": [],
          "private": "bnVsbA==",
          "dependencies": [
            "google_compute_instance.challenge_server",
            "google_compute_network.potluckctf_network",
            "google_compute_subnetwork.potluckctf_challenge_subnet",
            "google_project_iam_custom_role.compute_instance_get",
            "google_service_account.challenge_service_account"
          ]
        },
        {
          "index_key": "challenge13-a",
          "schema_version": 0,
          "attributes": {
            "condition": [],
            "etag": "BwYNbFgebn0=",
            "id": "projects/potluck-ctf/zones/europe-west3-b/instances/challenge13-a/projects/potluck-ctf/roles/computer_instance_viewer/serviceAccount:challenge-author-13@potluck-ctf.iam.gserviceaccount.com",
            "instance_name": "projects/potluck-ctf/zones/europe-west3-b/instances/challenge13-a",
            "member": "serviceAccount:challenge-author-13@potluck-ctf.iam.gserviceaccount.com",
            "project": "potluck-ctf",
            "role": "projects/potluck-ctf/roles/computer_instance_viewer",
            "zone": "europe-west3-b"
          },
          "sensitive_attributes": [],
          "private": "bnVsbA==",
          "dependencies": [
            "google_compute_instance.challenge_server",
            "google_compute_network.potluckctf_network",
            "google_compute_subnetwork.potluckctf_challenge_subnet",
            "google_project_iam_custom_role.compute_instance_get",
            "google_service_account.challenge_service_account"
          ]
        },
        {
          "index_key": "challenge15-a",
          "schema_version": 0,
          "attributes": {
            "condition": [],
            "etag": "BwYNbFgdWLU=",
            "id": "projects/potluck-ctf/zones/europe-west3-b/instances/challenge15-a/projects/potluck-ctf/roles/computer_instance_viewer/serviceAccount:challenge-author-15@potluck-ctf.iam.gserviceaccount.com",
            "instance_name": "projects/potluck-ctf/zones/europe-west3-b/instances/challenge15-a",
            "member": "serviceAccount:challenge-author-15@potluck-ctf.iam.gserviceaccount.com",
            "project": "potluck-ctf",
            "role": "projects/potluck-ctf/roles/computer_instance_viewer",
            "zone": "europe-west3-b"
          },
          "sensitive_attributes": [],
          "private": "bnVsbA==",
          "dependencies": [
            "google_compute_instance.challenge_server",
            "google_compute_network.potluckctf_network",
            "google_compute_subnetwork.potluckctf_challenge_subnet",
            "google_project_iam_custom_role.compute_instance_get",
            "google_service_account.challenge_service_account"
          ]
        },
        {
          "index_key": "challenge18-a",
          "schema_version": 0,
          "attributes": {
            "condition": [],
            "etag": "BwYNbFga4ms=",
            "id": "projects/potluck-ctf/zones/europe-west3-b/instances/challenge18-a/projects/potluck-ctf/roles/computer_instance_viewer/serviceAccount:challenge-author-18@potluck-ctf.iam.gserviceaccount.com",
            "instance_name": "projects/potluck-ctf/zones/europe-west3-b/instances/challenge18-a",
            "member": "serviceAccount:challenge-author-18@potluck-ctf.iam.gserviceaccount.com",
            "project": "potluck-ctf",
            "role": "projects/potluck-ctf/roles/computer_instance_viewer",
            "zone": "europe-west3-b"
          },
          "sensitive_attributes": [],
          "private": "bnVsbA==",
          "dependencies": [
            "google_compute_instance.challenge_server",
            "google_compute_network.potluckctf_network",
            "google_compute_subnetwork.potluckctf_challenge_subnet",
            "google_project_iam_custom_role.compute_instance_get",
            "google_service_account.challenge_service_account"
          ]
        },
        {
          "index_key": "challenge19-a",
          "schema_version": 0,
          "attributes": {
            "condition": [],
            "etag": "BwYNbFiAcjo=",
            "id": "projects/potluck-ctf/zones/europe-west3-b/instances/challenge19-a/projects/potluck-ctf/roles/computer_instance_viewer/serviceAccount:challenge-author-19@potluck-ctf.iam.gserviceaccount.com",
            "instance_name": "projects/potluck-ctf/zones/europe-west3-b/instances/challenge19-a",
            "member": "serviceAccount:challenge-author-19@potluck-ctf.iam.gserviceaccount.com",
            "project": "potluck-ctf",
            "role": "projects/potluck-ctf/roles/computer_instance_viewer",
            "zone": "europe-west3-b"
          },
          "sensitive_attributes": [],
          "private": "bnVsbA==",
          "dependencies": [
            "google_compute_instance.challenge_server",
            "google_compute_network.potluckctf_network",
            "google_compute_subnetwork.potluckctf_challenge_subnet",
            "google_project_iam_custom_role.compute_instance_get",
            "google_service_account.challenge_service_account"
          ]
        },
        {
          "index_key": "challenge21-a",
          "schema_version": 0,
          "attributes": {
            "condition": [],
            "etag": "BwYNbFgbXKk=",
            "id": "projects/potluck-ctf/zones/europe-west3-b/instances/challenge21-a/projects/potluck-ctf/roles/computer_instance_viewer/serviceAccount:challenge-author-21@potluck-ctf.iam.gserviceaccount.com",
            "instance_name": "projects/potluck-ctf/zones/europe-west3-b/instances/challenge21-a",
            "member": "serviceAccount:challenge-author-21@potluck-ctf.iam.gserviceaccount.com",
            "project": "potluck-ctf",
            "role": "projects/potluck-ctf/roles/computer_instance_viewer",
            "zone": "europe-west3-b"
          },
          "sensitive_attributes": [],
          "private": "bnVsbA==",
          "dependencies": [
            "google_compute_instance.challenge_server",
            "google_compute_network.potluckctf_network",
            "google_compute_subnetwork.potluckctf_challenge_subnet",
            "google_project_iam_custom_role.compute_instance_get",
            "google_service_account.challenge_service_account"
          ]
        },
        {
          "index_key": "challenge22-a",
          "schema_version": 0,
          "attributes": {
            "condition": [],
            "etag": "BwYNbFh-nPQ=",
            "id": "projects/potluck-ctf/zones/europe-west3-b/instances/challenge22-a/projects/potluck-ctf/roles/computer_instance_viewer/serviceAccount:challenge-author-22@potluck-ctf.iam.gserviceaccount.com",
            "instance_name": "projects/potluck-ctf/zones/europe-west3-b/instances/challenge22-a",
            "member": "serviceAccount:challenge-author-22@potluck-ctf.iam.gserviceaccount.com",
            "project": "potluck-ctf",
            "role": "projects/potluck-ctf/roles/computer_instance_viewer",
            "zone": "europe-west3-b"
          },
          "sensitive_attributes": [],
          "private": "bnVsbA==",
          "dependencies": [
            "google_compute_instance.challenge_server",
            "google_compute_network.potluckctf_network",
            "google_compute_subnetwork.potluckctf_challenge_subnet",
            "google_project_iam_custom_role.compute_instance_get",
            "google_service_account.challenge_service_account"
          ]
        },
        {
          "index_key": "challenge24-a",
          "schema_version": 0,
          "attributes": {
            "condition": [],
            "etag": "BwYNbFgbiB4=",
            "id": "projects/potluck-ctf/zones/europe-west3-b/instances/challenge24-a/projects/potluck-ctf/roles/computer_instance_viewer/serviceAccount:challenge-author-24@potluck-ctf.iam.gserviceaccount.com",
            "instance_name": "projects/potluck-ctf/zones/europe-west3-b/instances/challenge24-a",
            "member": "serviceAccount:challenge-author-24@potluck-ctf.iam.gserviceaccount.com",
            "project": "potluck-ctf",
            "role": "projects/potluck-ctf/roles/computer_instance_viewer",
            "zone": "europe-west3-b"
          },
          "sensitive_attributes": [],
          "private": "bnVsbA==",
          "dependencies": [
            "google_compute_instance.challenge_server",
            "google_compute_network.potluckctf_network",
            "google_compute_subnetwork.potluckctf_challenge_subnet",
            "google_project_iam_custom_role.compute_instance_get",
            "google_service_account.challenge_service_account"
          ]
        },
        {
          "index_key": "challenge25-a",
          "schema_version": 0,
          "attributes": {
            "condition": [],
            "etag": "BwYNbFgfD3g=",
            "id": "projects/potluck-ctf/zones/europe-west3-b/instances/challenge25-a/projects/potluck-ctf/roles/computer_instance_viewer/serviceAccount:challenge-author-25@potluck-ctf.iam.gserviceaccount.com",
            "instance_name": "projects/potluck-ctf/zones/europe-west3-b/instances/challenge25-a",
            "member": "serviceAccount:challenge-author-25@potluck-ctf.iam.gserviceaccount.com",
            "project": "potluck-ctf",
            "role": "projects/potluck-ctf/roles/computer_instance_viewer",
            "zone": "europe-west3-b"
          },
          "sensitive_attributes": [],
          "private": "bnVsbA==",
          "dependencies": [
            "google_compute_instance.challenge_server",
            "google_compute_network.potluckctf_network",
            "google_compute_subnetwork.potluckctf_challenge_subnet",
            "google_project_iam_custom_role.compute_instance_get",
            "google_service_account.challenge_service_account"
          ]
        },
        {
          "index_key": "challenge26-a",
          "schema_version": 0,
          "attributes": {
            "condition": [],
            "etag": "BwYNbFgeZtI=",
            "id": "projects/potluck-ctf/zones/europe-west3-b/instances/challenge26-a/projects/potluck-ctf/roles/computer_instance_viewer/serviceAccount:challenge-author-26@potluck-ctf.iam.gserviceaccount.com",
            "instance_name": "projects/potluck-ctf/zones/europe-west3-b/instances/challenge26-a",
            "member": "serviceAccount:challenge-author-26@potluck-ctf.iam.gserviceaccount.com",
            "project": "potluck-ctf",
            "role": "projects/potluck-ctf/roles/computer_instance_viewer",
            "zone": "europe-west3-b"
          },
          "sensitive_attributes": [],
          "private": "bnVsbA==",
          "dependencies": [
            "google_compute_instance.challenge_server",
            "google_compute_network.potluckctf_network",
            "google_compute_subnetwork.potluckctf_challenge_subnet",
            "google_project_iam_custom_role.compute_instance_get",
            "google_service_account.challenge_service_account"
          ]
        },
        {
          "index_key": "challenge27-a",
          "schema_version": 0,
          "attributes": {
            "condition": [],
            "etag": "BwYNbFiFoAU=",
            "id": "projects/potluck-ctf/zones/europe-west3-b/instances/challenge27-a/projects/potluck-ctf/roles/computer_instance_viewer/serviceAccount:challenge-author-27@potluck-ctf.iam.gserviceaccount.com",
            "instance_name": "projects/potluck-ctf/zones/europe-west3-b/instances/challenge27-a",
            "member": "serviceAccount:challenge-author-27@potluck-ctf.iam.gserviceaccount.com",
            "project": "potluck-ctf",
            "role": "projects/potluck-ctf/roles/computer_instance_viewer",
            "zone": "europe-west3-b"
          },
          "sensitive_attributes": [],
          "private": "bnVsbA==",
          "dependencies": [
            "google_compute_instance.challenge_server",
            "google_compute_network.potluckctf_network",
            "google_compute_subnetwork.potluckctf_challenge_subnet",
            "google_project_iam_custom_role.compute_instance_get",
            "google_service_account.challenge_service_account"
          ]
        },
        {
          "index_key": "challenge28-a",
          "schema_version": 0,
          "attributes": {
            "condition": [],
            "etag": "BwYNbFgdfgc=",
            "id": "projects/potluck-ctf/zones/europe-west3-b/instances/challenge28-a/projects/potluck-ctf/roles/computer_instance_viewer/serviceAccount:challenge-author-28@potluck-ctf.iam.gserviceaccount.com",
            "instance_name": "projects/potluck-ctf/zones/europe-west3-b/instances/challenge28-a",
            "member": "serviceAccount:challenge-author-28@potluck-ctf.iam.gserviceaccount.com",
            "project": "potluck-ctf",
            "role": "projects/potluck-ctf/roles/computer_instance_viewer",
            "zone": "europe-west3-b"
          },
          "sensitive_attributes": [],
          "private": "bnVsbA==",
          "dependencies": [
            "google_compute_instance.challenge_server",
            "google_compute_network.potluckctf_network",
            "google_compute_subnetwork.potluckctf_challenge_subnet",
            "google_project_iam_custom_role.compute_instance_get",
            "google_service_account.challenge_service_account"
          ]
        },
        {
          "index_key": "challenge29-a",
          "schema_version": 0,
          "attributes": {
            "condition": [],
            "etag": "BwYNbFh_IjI=",
            "id": "projects/potluck-ctf/zones/europe-west3-b/instances/challenge29-a/projects/potluck-ctf/roles/computer_instance_viewer/serviceAccount:challenge-author-29@potluck-ctf.iam.gserviceaccount.com",
            "instance_name": "projects/potluck-ctf/zones/europe-west3-b/instances/challenge29-a",
            "member": "serviceAccount:challenge-author-29@potluck-ctf.iam.gserviceaccount.com",
            "project": "potluck-ctf",
            "role": "projects/potluck-ctf/roles/computer_instance_viewer",
            "zone": "europe-west3-b"
          },
          "sensitive_attributes": [],
          "private": "bnVsbA==",
          "dependencies": [
            "google_compute_instance.challenge_server",
            "google_compute_network.potluckctf_network",
            "google_compute_subnetwork.potluckctf_challenge_subnet",
            "google_project_iam_custom_role.compute_instance_get",
            "google_service_account.challenge_service_account"
          ]
        }
      ]
    },
    {
      "mode": "managed",
      "type": "google_compute_network",
      "name": "potluckctf_network",
      "provider": "provider[\"registry.terraform.io/hashicorp/google-beta\"]",
      "instances": [
        {
          "schema_version": 0,
          "attributes": {
            "auto_create_subnetworks": false,
            "delete_default_routes_on_create": false,
            "description": "",
            "enable_ula_internal_ipv6": false,
            "gateway_ipv4": "",
            "id": "projects/potluck-ctf/global/networks/potluckctf-network",
            "internal_ipv6_range": "",
            "mtu": 0,
            "name": "potluckctf-network",
            "network_firewall_policy_enforcement_order": "AFTER_CLASSIC_FIREWALL",
            "numeric_id": "2593981957242019876",
            "project": "potluck-ctf",
            "routing_mode": "REGIONAL",
            "self_link": "https://www.googleapis.com/compute/v1/projects/potluck-ctf/global/networks/potluckctf-network",
            "timeouts": null
          },
          "sensitive_attributes": [],
          "private": "eyJlMmJmYjczMC1lY2FhLTExZTYtOGY4OC0zNDM2M2JjN2M0YzAiOnsiY3JlYXRlIjoxMjAwMDAwMDAwMDAwLCJkZWxldGUiOjEyMDAwMDAwMDAwMDAsInVwZGF0ZSI6MTIwMDAwMDAwMDAwMH19"
        }
      ]
    },
    {
      "mode": "managed",
      "type": "google_compute_subnetwork",
      "name": "potluckctf_challenge_subnet",
      "provider": "provider[\"registry.terraform.io/hashicorp/google-beta\"]",
      "instances": [
        {
          "index_key": "challenge00",
          "schema_version": 0,
          "attributes": {
            "allow_subnet_cidr_routes_overlap": false,
            "creation_timestamp": "2023-12-26T02:08:37.692-08:00",
            "description": "",
            "external_ipv6_prefix": "",
            "fingerprint": null,
            "gateway_address": "10.0.137.1",
            "id": "projects/potluck-ctf/regions/europe-west3/subnetworks/potluckctf-challenge00-subnet",
            "internal_ipv6_prefix": "",
            "ip_cidr_range": "10.0.137.0/24",
            "ipv6_access_type": "",
            "ipv6_cidr_range": "",
            "log_config": [],
            "name": "potluckctf-challenge00-subnet",
            "network": "https://www.googleapis.com/compute/v1/projects/potluck-ctf/global/networks/potluckctf-network",
            "private_ip_google_access": false,
            "private_ipv6_google_access": "DISABLE_GOOGLE_ACCESS",
            "project": "potluck-ctf",
            "purpose": "PRIVATE",
            "region": "europe-west3",
            "role": "",
            "secondary_ip_range": [],
            "self_link": "https://www.googleapis.com/compute/v1/projects/potluck-ctf/regions/europe-west3/subnetworks/potluckctf-challenge00-subnet",
            "stack_type": "IPV4_ONLY",
            "timeouts": null
          },
          "sensitive_attributes": [],
          "private": "eyJlMmJmYjczMC1lY2FhLTExZTYtOGY4OC0zNDM2M2JjN2M0YzAiOnsiY3JlYXRlIjoxMjAwMDAwMDAwMDAwLCJkZWxldGUiOjEyMDAwMDAwMDAwMDAsInVwZGF0ZSI6MTIwMDAwMDAwMDAwMH19",
          "dependencies": [
            "google_compute_network.potluckctf_network"
          ]
        },
        {
          "index_key": "challenge01",
          "schema_version": 0,
          "attributes": {
            "allow_subnet_cidr_routes_overlap": false,
            "creation_timestamp": "2023-12-26T02:08:47.480-08:00",
            "description": "",
            "external_ipv6_prefix": "",
            "fingerprint": null,
            "gateway_address": "10.0.1.1",
            "id": "projects/potluck-ctf/regions/europe-west3/subnetworks/potluckctf-challenge01-subnet",
            "internal_ipv6_prefix": "",
            "ip_cidr_range": "10.0.1.0/24",
            "ipv6_access_type": "",
            "ipv6_cidr_range": "",
            "log_config": [],
            "name": "potluckctf-challenge01-subnet",
            "network": "https://www.googleapis.com/compute/v1/projects/potluck-ctf/global/networks/potluckctf-network",
            "private_ip_google_access": false,
            "private_ipv6_google_access": "DISABLE_GOOGLE_ACCESS",
            "project": "potluck-ctf",
            "purpose": "PRIVATE",
            "region": "europe-west3",
            "role": "",
            "secondary_ip_range": [],
            "self_link": "https://www.googleapis.com/compute/v1/projects/potluck-ctf/regions/europe-west3/subnetworks/potluckctf-challenge01-subnet",
            "stack_type": "IPV4_ONLY",
            "timeouts": null
          },
          "sensitive_attributes": [],
          "private": "eyJlMmJmYjczMC1lY2FhLTExZTYtOGY4OC0zNDM2M2JjN2M0YzAiOnsiY3JlYXRlIjoxMjAwMDAwMDAwMDAwLCJkZWxldGUiOjEyMDAwMDAwMDAwMDAsInVwZGF0ZSI6MTIwMDAwMDAwMDAwMH19",
          "dependencies": [
            "google_compute_network.potluckctf_network"
          ]
        },
        {
          "index_key": "challenge03",
          "schema_version": 0,
          "attributes": {
            "allow_subnet_cidr_routes_overlap": false,
            "creation_timestamp": "2023-12-26T02:08:57.672-08:00",
            "description": "",
            "external_ipv6_prefix": "",
            "fingerprint": null,
            "gateway_address": "10.0.3.1",
            "id": "projects/potluck-ctf/regions/europe-west3/subnetworks/potluckctf-challenge03-subnet",
            "internal_ipv6_prefix": "",
            "ip_cidr_range": "10.0.3.0/24",
            "ipv6_access_type": "",
            "ipv6_cidr_range": "",
            "log_config": [],
            "name": "potluckctf-challenge03-subnet",
            "network": "https://www.googleapis.com/compute/v1/projects/potluck-ctf/global/networks/potluckctf-network",
            "private_ip_google_access": false,
            "private_ipv6_google_access": "DISABLE_GOOGLE_ACCESS",
            "project": "potluck-ctf",
            "purpose": "PRIVATE",
            "region": "europe-west3",
            "role": "",
            "secondary_ip_range": [],
            "self_link": "https://www.googleapis.com/compute/v1/projects/potluck-ctf/regions/europe-west3/subnetworks/potluckctf-challenge03-subnet",
            "stack_type": "IPV4_ONLY",
            "timeouts": null
          },
          "sensitive_attributes": [],
          "private": "eyJlMmJmYjczMC1lY2FhLTExZTYtOGY4OC0zNDM2M2JjN2M0YzAiOnsiY3JlYXRlIjoxMjAwMDAwMDAwMDAwLCJkZWxldGUiOjEyMDAwMDAwMDAwMDAsInVwZGF0ZSI6MTIwMDAwMDAwMDAwMH19",
          "dependencies": [
            "google_compute_network.potluckctf_network"
          ]
        },
        {
          "index_key": "challenge05",
          "schema_version": 0,
          "attributes": {
            "allow_subnet_cidr_routes_overlap": false,
            "creation_timestamp": "2023-12-26T02:08:13.468-08:00",
            "description": "",
            "external_ipv6_prefix": "",
            "fingerprint": null,
            "gateway_address": "10.0.5.1",
            "id": "projects/potluck-ctf/regions/europe-west3/subnetworks/potluckctf-challenge05-subnet",
            "internal_ipv6_prefix": "",
            "ip_cidr_range": "10.0.5.0/24",
            "ipv6_access_type": "",
            "ipv6_cidr_range": "",
            "log_config": [],
            "name": "potluckctf-challenge05-subnet",
            "network": "https://www.googleapis.com/compute/v1/projects/potluck-ctf/global/networks/potluckctf-network",
            "private_ip_google_access": false,
            "private_ipv6_google_access": "DISABLE_GOOGLE_ACCESS",
            "project": "potluck-ctf",
            "purpose": "PRIVATE",
            "region": "europe-west3",
            "role": "",
            "secondary_ip_range": [],
            "self_link": "https://www.googleapis.com/compute/v1/projects/potluck-ctf/regions/europe-west3/subnetworks/potluckctf-challenge05-subnet",
            "stack_type": "IPV4_ONLY",
            "timeouts": null
          },
          "sensitive_attributes": [],
          "private": "eyJlMmJmYjczMC1lY2FhLTExZTYtOGY4OC0zNDM2M2JjN2M0YzAiOnsiY3JlYXRlIjoxMjAwMDAwMDAwMDAwLCJkZWxldGUiOjEyMDAwMDAwMDAwMDAsInVwZGF0ZSI6MTIwMDAwMDAwMDAwMH19",
          "dependencies": [
            "google_compute_network.potluckctf_network"
          ]
        },
        {
          "index_key": "challenge06",
          "schema_version": 0,
          "attributes": {
            "allow_subnet_cidr_routes_overlap": false,
            "creation_timestamp": "2023-12-26T02:08:25.765-08:00",
            "description": "",
            "external_ipv6_prefix": "",
            "fingerprint": null,
            "gateway_address": "10.0.6.1",
            "id": "projects/potluck-ctf/regions/europe-west3/subnetworks/potluckctf-challenge06-subnet",
            "internal_ipv6_prefix": "",
            "ip_cidr_range": "10.0.6.0/24",
            "ipv6_access_type": "",
            "ipv6_cidr_range": "",
            "log_config": [],
            "name": "potluckctf-challenge06-subnet",
            "network": "https://www.googleapis.com/compute/v1/projects/potluck-ctf/global/networks/potluckctf-network",
            "private_ip_google_access": false,
            "private_ipv6_google_access": "DISABLE_GOOGLE_ACCESS",
            "project": "potluck-ctf",
            "purpose": "PRIVATE",
            "region": "europe-west3",
            "role": "",
            "secondary_ip_range": [],
            "self_link": "https://www.googleapis.com/compute/v1/projects/potluck-ctf/regions/europe-west3/subnetworks/potluckctf-challenge06-subnet",
            "stack_type": "IPV4_ONLY",
            "timeouts": null
          },
          "sensitive_attributes": [],
          "private": "eyJlMmJmYjczMC1lY2FhLTExZTYtOGY4OC0zNDM2M2JjN2M0YzAiOnsiY3JlYXRlIjoxMjAwMDAwMDAwMDAwLCJkZWxldGUiOjEyMDAwMDAwMDAwMDAsInVwZGF0ZSI6MTIwMDAwMDAwMDAwMH19",
          "dependencies": [
            "google_compute_network.potluckctf_network"
          ]
        },
        {
          "index_key": "challenge07",
          "schema_version": 0,
          "attributes": {
            "allow_subnet_cidr_routes_overlap": false,
            "creation_timestamp": "2023-12-26T02:08:13.582-08:00",
            "description": "",
            "external_ipv6_prefix": "",
            "fingerprint": null,
            "gateway_address": "10.0.7.1",
            "id": "projects/potluck-ctf/regions/europe-west3/subnetworks/potluckctf-challenge07-subnet",
            "internal_ipv6_prefix": "",
            "ip_cidr_range": "10.0.7.0/24",
            "ipv6_access_type": "",
            "ipv6_cidr_range": "",
            "log_config": [],
            "name": "potluckctf-challenge07-subnet",
            "network": "https://www.googleapis.com/compute/v1/projects/potluck-ctf/global/networks/potluckctf-network",
            "private_ip_google_access": false,
            "private_ipv6_google_access": "DISABLE_GOOGLE_ACCESS",
            "project": "potluck-ctf",
            "purpose": "PRIVATE",
            "region": "europe-west3",
            "role": "",
            "secondary_ip_range": [],
            "self_link": "https://www.googleapis.com/compute/v1/projects/potluck-ctf/regions/europe-west3/subnetworks/potluckctf-challenge07-subnet",
            "stack_type": "IPV4_ONLY",
            "timeouts": null
          },
          "sensitive_attributes": [],
          "private": "eyJlMmJmYjczMC1lY2FhLTExZTYtOGY4OC0zNDM2M2JjN2M0YzAiOnsiY3JlYXRlIjoxMjAwMDAwMDAwMDAwLCJkZWxldGUiOjEyMDAwMDAwMDAwMDAsInVwZGF0ZSI6MTIwMDAwMDAwMDAwMH19",
          "dependencies": [
            "google_compute_network.potluckctf_network"
          ]
        },
        {
          "index_key": "challenge09",
          "schema_version": 0,
          "attributes": {
            "allow_subnet_cidr_routes_overlap": false,
            "creation_timestamp": "2023-12-26T02:08:35.882-08:00",
            "description": "",
            "external_ipv6_prefix": "",
            "fingerprint": null,
            "gateway_address": "10.0.9.1",
            "id": "projects/potluck-ctf/regions/europe-west3/subnetworks/potluckctf-challenge09-subnet",
            "internal_ipv6_prefix": "",
            "ip_cidr_range": "10.0.9.0/24",
            "ipv6_access_type": "",
            "ipv6_cidr_range": "",
            "log_config": [],
            "name": "potluckctf-challenge09-subnet",
            "network": "https://www.googleapis.com/compute/v1/projects/potluck-ctf/global/networks/potluckctf-network",
            "private_ip_google_access": false,
            "private_ipv6_google_access": "DISABLE_GOOGLE_ACCESS",
            "project": "potluck-ctf",
            "purpose": "PRIVATE",
            "region": "europe-west3",
            "role": "",
            "secondary_ip_range": [],
            "self_link": "https://www.googleapis.com/compute/v1/projects/potluck-ctf/regions/europe-west3/subnetworks/potluckctf-challenge09-subnet",
            "stack_type": "IPV4_ONLY",
            "timeouts": null
          },
          "sensitive_attributes": [],
          "private": "eyJlMmJmYjczMC1lY2FhLTExZTYtOGY4OC0zNDM2M2JjN2M0YzAiOnsiY3JlYXRlIjoxMjAwMDAwMDAwMDAwLCJkZWxldGUiOjEyMDAwMDAwMDAwMDAsInVwZGF0ZSI6MTIwMDAwMDAwMDAwMH19",
          "dependencies": [
            "google_compute_network.potluckctf_network"
          ]
        },
        {
          "index_key": "challenge11",
          "schema_version": 0,
          "attributes": {
            "allow_subnet_cidr_routes_overlap": false,
            "creation_timestamp": "2023-12-26T02:08:38.200-08:00",
            "description": "",
            "external_ipv6_prefix": "",
            "fingerprint": null,
            "gateway_address": "10.0.11.1",
            "id": "projects/potluck-ctf/regions/europe-west3/subnetworks/potluckctf-challenge11-subnet",
            "internal_ipv6_prefix": "",
            "ip_cidr_range": "10.0.11.0/24",
            "ipv6_access_type": "",
            "ipv6_cidr_range": "",
            "log_config": [],
            "name": "potluckctf-challenge11-subnet",
            "network": "https://www.googleapis.com/compute/v1/projects/potluck-ctf/global/networks/potluckctf-network",
            "private_ip_google_access": false,
            "private_ipv6_google_access": "DISABLE_GOOGLE_ACCESS",
            "project": "potluck-ctf",
            "purpose": "PRIVATE",
            "region": "europe-west3",
            "role": "",
            "secondary_ip_range": [],
            "self_link": "https://www.googleapis.com/compute/v1/projects/potluck-ctf/regions/europe-west3/subnetworks/potluckctf-challenge11-subnet",
            "stack_type": "IPV4_ONLY",
            "timeouts": null
          },
          "sensitive_attributes": [],
          "private": "eyJlMmJmYjczMC1lY2FhLTExZTYtOGY4OC0zNDM2M2JjN2M0YzAiOnsiY3JlYXRlIjoxMjAwMDAwMDAwMDAwLCJkZWxldGUiOjEyMDAwMDAwMDAwMDAsInVwZGF0ZSI6MTIwMDAwMDAwMDAwMH19",
          "dependencies": [
            "google_compute_network.potluckctf_network"
          ]
        },
        {
          "index_key": "challenge12",
          "schema_version": 0,
          "attributes": {
            "allow_subnet_cidr_routes_overlap": false,
            "creation_timestamp": "2023-12-26T02:08:13.565-08:00",
            "description": "",
            "external_ipv6_prefix": "",
            "fingerprint": null,
            "gateway_address": "10.0.12.1",
            "id": "projects/potluck-ctf/regions/europe-west3/subnetworks/potluckctf-challenge12-subnet",
            "internal_ipv6_prefix": "",
            "ip_cidr_range": "10.0.12.0/24",
            "ipv6_access_type": "",
            "ipv6_cidr_range": "",
            "log_config": [],
            "name": "potluckctf-challenge12-subnet",
            "network": "https://www.googleapis.com/compute/v1/projects/potluck-ctf/global/networks/potluckctf-network",
            "private_ip_google_access": false,
            "private_ipv6_google_access": "DISABLE_GOOGLE_ACCESS",
            "project": "potluck-ctf",
            "purpose": "PRIVATE",
            "region": "europe-west3",
            "role": "",
            "secondary_ip_range": [],
            "self_link": "https://www.googleapis.com/compute/v1/projects/potluck-ctf/regions/europe-west3/subnetworks/potluckctf-challenge12-subnet",
            "stack_type": "IPV4_ONLY",
            "timeouts": null
          },
          "sensitive_attributes": [],
          "private": "eyJlMmJmYjczMC1lY2FhLTExZTYtOGY4OC0zNDM2M2JjN2M0YzAiOnsiY3JlYXRlIjoxMjAwMDAwMDAwMDAwLCJkZWxldGUiOjEyMDAwMDAwMDAwMDAsInVwZGF0ZSI6MTIwMDAwMDAwMDAwMH19",
          "dependencies": [
            "google_compute_network.potluckctf_network"
          ]
        },
        {
          "index_key": "challenge13",
          "schema_version": 0,
          "attributes": {
            "allow_subnet_cidr_routes_overlap": false,
            "creation_timestamp": "2023-12-26T02:08:26.060-08:00",
            "description": "",
            "external_ipv6_prefix": "",
            "fingerprint": null,
            "gateway_address": "10.0.13.1",
            "id": "projects/potluck-ctf/regions/europe-west3/subnetworks/potluckctf-challenge13-subnet",
            "internal_ipv6_prefix": "",
            "ip_cidr_range": "10.0.13.0/24",
            "ipv6_access_type": "",
            "ipv6_cidr_range": "",
            "log_config": [],
            "name": "potluckctf-challenge13-subnet",
            "network": "https://www.googleapis.com/compute/v1/projects/potluck-ctf/global/networks/potluckctf-network",
            "private_ip_google_access": false,
            "private_ipv6_google_access": "DISABLE_GOOGLE_ACCESS",
            "project": "potluck-ctf",
            "purpose": "PRIVATE",
            "region": "europe-west3",
            "role": "",
            "secondary_ip_range": [],
            "self_link": "https://www.googleapis.com/compute/v1/projects/potluck-ctf/regions/europe-west3/subnetworks/potluckctf-challenge13-subnet",
            "stack_type": "IPV4_ONLY",
            "timeouts": null
          },
          "sensitive_attributes": [],
          "private": "eyJlMmJmYjczMC1lY2FhLTExZTYtOGY4OC0zNDM2M2JjN2M0YzAiOnsiY3JlYXRlIjoxMjAwMDAwMDAwMDAwLCJkZWxldGUiOjEyMDAwMDAwMDAwMDAsInVwZGF0ZSI6MTIwMDAwMDAwMDAwMH19",
          "dependencies": [
            "google_compute_network.potluckctf_network"
          ]
        },
        {
          "index_key": "challenge15",
          "schema_version": 0,
          "attributes": {
            "allow_subnet_cidr_routes_overlap": false,
            "creation_timestamp": "2023-12-26T02:08:26.372-08:00",
            "description": "",
            "external_ipv6_prefix": "",
            "fingerprint": null,
            "gateway_address": "10.0.15.1",
            "id": "projects/potluck-ctf/regions/europe-west3/subnetworks/potluckctf-challenge15-subnet",
            "internal_ipv6_prefix": "",
            "ip_cidr_range": "10.0.15.0/24",
            "ipv6_access_type": "",
            "ipv6_cidr_range": "",
            "log_config": [],
            "name": "potluckctf-challenge15-subnet",
            "network": "https://www.googleapis.com/compute/v1/projects/potluck-ctf/global/networks/potluckctf-network",
            "private_ip_google_access": false,
            "private_ipv6_google_access": "DISABLE_GOOGLE_ACCESS",
            "project": "potluck-ctf",
            "purpose": "PRIVATE",
            "region": "europe-west3",
            "role": "",
            "secondary_ip_range": [],
            "self_link": "https://www.googleapis.com/compute/v1/projects/potluck-ctf/regions/europe-west3/subnetworks/potluckctf-challenge15-subnet",
            "stack_type": "IPV4_ONLY",
            "timeouts": null
          },
          "sensitive_attributes": [],
          "private": "eyJlMmJmYjczMC1lY2FhLTExZTYtOGY4OC0zNDM2M2JjN2M0YzAiOnsiY3JlYXRlIjoxMjAwMDAwMDAwMDAwLCJkZWxldGUiOjEyMDAwMDAwMDAwMDAsInVwZGF0ZSI6MTIwMDAwMDAwMDAwMH19",
          "dependencies": [
            "google_compute_network.potluckctf_network"
          ]
        },
        {
          "index_key": "challenge18",
          "schema_version": 0,
          "attributes": {
            "allow_subnet_cidr_routes_overlap": false,
            "creation_timestamp": "2023-12-26T02:08:35.873-08:00",
            "description": "",
            "external_ipv6_prefix": "",
            "fingerprint": null,
            "gateway_address": "10.0.18.1",
            "id": "projects/potluck-ctf/regions/europe-west3/subnetworks/potluckctf-challenge18-subnet",
            "internal_ipv6_prefix": "",
            "ip_cidr_range": "10.0.18.0/24",
            "ipv6_access_type": "",
            "ipv6_cidr_range": "",
            "log_config": [],
            "name": "potluckctf-challenge18-subnet",
            "network": "https://www.googleapis.com/compute/v1/projects/potluck-ctf/global/networks/potluckctf-network",
            "private_ip_google_access": false,
            "private_ipv6_google_access": "DISABLE_GOOGLE_ACCESS",
            "project": "potluck-ctf",
            "purpose": "PRIVATE",
            "region": "europe-west3",
            "role": "",
            "secondary_ip_range": [],
            "self_link": "https://www.googleapis.com/compute/v1/projects/potluck-ctf/regions/europe-west3/subnetworks/potluckctf-challenge18-subnet",
            "stack_type": "IPV4_ONLY",
            "timeouts": null
          },
          "sensitive_attributes": [],
          "private": "eyJlMmJmYjczMC1lY2FhLTExZTYtOGY4OC0zNDM2M2JjN2M0YzAiOnsiY3JlYXRlIjoxMjAwMDAwMDAwMDAwLCJkZWxldGUiOjEyMDAwMDAwMDAwMDAsInVwZGF0ZSI6MTIwMDAwMDAwMDAwMH19",
          "dependencies": [
            "google_compute_network.potluckctf_network"
          ]
        },
        {
          "index_key": "challenge19",
          "schema_version": 0,
          "attributes": {
            "allow_subnet_cidr_routes_overlap": false,
            "creation_timestamp": "2023-12-26T02:08:25.171-08:00",
            "description": "",
            "external_ipv6_prefix": "",
            "fingerprint": null,
            "gateway_address": "10.0.19.1",
            "id": "projects/potluck-ctf/regions/europe-west3/subnetworks/potluckctf-challenge19-subnet",
            "internal_ipv6_prefix": "",
            "ip_cidr_range": "10.0.19.0/24",
            "ipv6_access_type": "",
            "ipv6_cidr_range": "",
            "log_config": [],
            "name": "potluckctf-challenge19-subnet",
            "network": "https://www.googleapis.com/compute/v1/projects/potluck-ctf/global/networks/potluckctf-network",
            "private_ip_google_access": false,
            "private_ipv6_google_access": "DISABLE_GOOGLE_ACCESS",
            "project": "potluck-ctf",
            "purpose": "PRIVATE",
            "region": "europe-west3",
            "role": "",
            "secondary_ip_range": [],
            "self_link": "https://www.googleapis.com/compute/v1/projects/potluck-ctf/regions/europe-west3/subnetworks/potluckctf-challenge19-subnet",
            "stack_type": "IPV4_ONLY",
            "timeouts": null
          },
          "sensitive_attributes": [],
          "private": "eyJlMmJmYjczMC1lY2FhLTExZTYtOGY4OC0zNDM2M2JjN2M0YzAiOnsiY3JlYXRlIjoxMjAwMDAwMDAwMDAwLCJkZWxldGUiOjEyMDAwMDAwMDAwMDAsInVwZGF0ZSI6MTIwMDAwMDAwMDAwMH19",
          "dependencies": [
            "google_compute_network.potluckctf_network"
          ]
        },
        {
          "index_key": "challenge21",
          "schema_version": 0,
          "attributes": {
            "allow_subnet_cidr_routes_overlap": false,
            "creation_timestamp": "2023-12-26T02:08:37.969-08:00",
            "description": "",
            "external_ipv6_prefix": "",
            "fingerprint": null,
            "gateway_address": "10.0.21.1",
            "id": "projects/potluck-ctf/regions/europe-west3/subnetworks/potluckctf-challenge21-subnet",
            "internal_ipv6_prefix": "",
            "ip_cidr_range": "10.0.21.0/24",
            "ipv6_access_type": "",
            "ipv6_cidr_range": "",
            "log_config": [],
            "name": "potluckctf-challenge21-subnet",
            "network": "https://www.googleapis.com/compute/v1/projects/potluck-ctf/global/networks/potluckctf-network",
            "private_ip_google_access": false,
            "private_ipv6_google_access": "DISABLE_GOOGLE_ACCESS",
            "project": "potluck-ctf",
            "purpose": "PRIVATE",
            "region": "europe-west3",
            "role": "",
            "secondary_ip_range": [],
            "self_link": "https://www.googleapis.com/compute/v1/projects/potluck-ctf/regions/europe-west3/subnetworks/potluckctf-challenge21-subnet",
            "stack_type": "IPV4_ONLY",
            "timeouts": null
          },
          "sensitive_attributes": [],
          "private": "eyJlMmJmYjczMC1lY2FhLTExZTYtOGY4OC0zNDM2M2JjN2M0YzAiOnsiY3JlYXRlIjoxMjAwMDAwMDAwMDAwLCJkZWxldGUiOjEyMDAwMDAwMDAwMDAsInVwZGF0ZSI6MTIwMDAwMDAwMDAwMH19",
          "dependencies": [
            "google_compute_network.potluckctf_network"
          ]
        },
        {
          "index_key": "challenge22",
          "schema_version": 0,
          "attributes": {
            "allow_subnet_cidr_routes_overlap": false,
            "creation_timestamp": "2023-12-26T02:08:47.178-08:00",
            "description": "",
            "external_ipv6_prefix": "",
            "fingerprint": null,
            "gateway_address": "10.0.22.1",
            "id": "projects/potluck-ctf/regions/europe-west3/subnetworks/potluckctf-challenge22-subnet",
            "internal_ipv6_prefix": "",
            "ip_cidr_range": "10.0.22.0/24",
            "ipv6_access_type": "",
            "ipv6_cidr_range": "",
            "log_config": [],
            "name": "potluckctf-challenge22-subnet",
            "network": "https://www.googleapis.com/compute/v1/projects/potluck-ctf/global/networks/potluckctf-network",
            "private_ip_google_access": false,
            "private_ipv6_google_access": "DISABLE_GOOGLE_ACCESS",
            "project": "potluck-ctf",
            "purpose": "PRIVATE",
            "region": "europe-west3",
            "role": "",
            "secondary_ip_range": [],
            "self_link": "https://www.googleapis.com/compute/v1/projects/potluck-ctf/regions/europe-west3/subnetworks/potluckctf-challenge22-subnet",
            "stack_type": "IPV4_ONLY",
            "timeouts": null
          },
          "sensitive_attributes": [],
          "private": "eyJlMmJmYjczMC1lY2FhLTExZTYtOGY4OC0zNDM2M2JjN2M0YzAiOnsiY3JlYXRlIjoxMjAwMDAwMDAwMDAwLCJkZWxldGUiOjEyMDAwMDAwMDAwMDAsInVwZGF0ZSI6MTIwMDAwMDAwMDAwMH19",
          "dependencies": [
            "google_compute_network.potluckctf_network"
          ]
        },
        {
          "index_key": "challenge24",
          "schema_version": 0,
          "attributes": {
            "allow_subnet_cidr_routes_overlap": false,
            "creation_timestamp": "2023-12-26T02:08:26.178-08:00",
            "description": "",
            "external_ipv6_prefix": "",
            "fingerprint": null,
            "gateway_address": "10.0.24.1",
            "id": "projects/potluck-ctf/regions/europe-west3/subnetworks/potluckctf-challenge24-subnet",
            "internal_ipv6_prefix": "",
            "ip_cidr_range": "10.0.24.0/24",
            "ipv6_access_type": "",
            "ipv6_cidr_range": "",
            "log_config": [],
            "name": "potluckctf-challenge24-subnet",
            "network": "https://www.googleapis.com/compute/v1/projects/potluck-ctf/global/networks/potluckctf-network",
            "private_ip_google_access": false,
            "private_ipv6_google_access": "DISABLE_GOOGLE_ACCESS",
            "project": "potluck-ctf",
            "purpose": "PRIVATE",
            "region": "europe-west3",
            "role": "",
            "secondary_ip_range": [],
            "self_link": "https://www.googleapis.com/compute/v1/projects/potluck-ctf/regions/europe-west3/subnetworks/potluckctf-challenge24-subnet",
            "stack_type": "IPV4_ONLY",
            "timeouts": null
          },
          "sensitive_attributes": [],
          "private": "eyJlMmJmYjczMC1lY2FhLTExZTYtOGY4OC0zNDM2M2JjN2M0YzAiOnsiY3JlYXRlIjoxMjAwMDAwMDAwMDAwLCJkZWxldGUiOjEyMDAwMDAwMDAwMDAsInVwZGF0ZSI6MTIwMDAwMDAwMDAwMH19",
          "dependencies": [
            "google_compute_network.potluckctf_network"
          ]
        },
        {
          "index_key": "challenge25",
          "schema_version": 0,
          "attributes": {
            "allow_subnet_cidr_routes_overlap": false,
            "creation_timestamp": "2023-12-26T02:08:25.176-08:00",
            "description": "",
            "external_ipv6_prefix": "",
            "fingerprint": null,
            "gateway_address": "10.0.25.1",
            "id": "projects/potluck-ctf/regions/europe-west3/subnetworks/potluckctf-challenge25-subnet",
            "internal_ipv6_prefix": "",
            "ip_cidr_range": "10.0.25.0/24",
            "ipv6_access_type": "",
            "ipv6_cidr_range": "",
            "log_config": [],
            "name": "potluckctf-challenge25-subnet",
            "network": "https://www.googleapis.com/compute/v1/projects/potluck-ctf/global/networks/potluckctf-network",
            "private_ip_google_access": false,
            "private_ipv6_google_access": "DISABLE_GOOGLE_ACCESS",
            "project": "potluck-ctf",
            "purpose": "PRIVATE",
            "region": "europe-west3",
            "role": "",
            "secondary_ip_range": [],
            "self_link": "https://www.googleapis.com/compute/v1/projects/potluck-ctf/regions/europe-west3/subnetworks/potluckctf-challenge25-subnet",
            "stack_type": "IPV4_ONLY",
            "timeouts": null
          },
          "sensitive_attributes": [],
          "private": "eyJlMmJmYjczMC1lY2FhLTExZTYtOGY4OC0zNDM2M2JjN2M0YzAiOnsiY3JlYXRlIjoxMjAwMDAwMDAwMDAwLCJkZWxldGUiOjEyMDAwMDAwMDAwMDAsInVwZGF0ZSI6MTIwMDAwMDAwMDAwMH19",
          "dependencies": [
            "google_compute_network.potluckctf_network"
          ]
        },
        {
          "index_key": "challenge26",
          "schema_version": 0,
          "attributes": {
            "allow_subnet_cidr_routes_overlap": false,
            "creation_timestamp": "2023-12-26T02:08:25.561-08:00",
            "description": "",
            "external_ipv6_prefix": "",
            "fingerprint": null,
            "gateway_address": "10.0.26.1",
            "id": "projects/potluck-ctf/regions/europe-west3/subnetworks/potluckctf-challenge26-subnet",
            "internal_ipv6_prefix": "",
            "ip_cidr_range": "10.0.26.0/24",
            "ipv6_access_type": "",
            "ipv6_cidr_range": "",
            "log_config": [],
            "name": "potluckctf-challenge26-subnet",
            "network": "https://www.googleapis.com/compute/v1/projects/potluck-ctf/global/networks/potluckctf-network",
            "private_ip_google_access": false,
            "private_ipv6_google_access": "DISABLE_GOOGLE_ACCESS",
            "project": "potluck-ctf",
            "purpose": "PRIVATE",
            "region": "europe-west3",
            "role": "",
            "secondary_ip_range": [],
            "self_link": "https://www.googleapis.com/compute/v1/projects/potluck-ctf/regions/europe-west3/subnetworks/potluckctf-challenge26-subnet",
            "stack_type": "IPV4_ONLY",
            "timeouts": null
          },
          "sensitive_attributes": [],
          "private": "eyJlMmJmYjczMC1lY2FhLTExZTYtOGY4OC0zNDM2M2JjN2M0YzAiOnsiY3JlYXRlIjoxMjAwMDAwMDAwMDAwLCJkZWxldGUiOjEyMDAwMDAwMDAwMDAsInVwZGF0ZSI6MTIwMDAwMDAwMDAwMH19",
          "dependencies": [
            "google_compute_network.potluckctf_network"
          ]
        },
        {
          "index_key": "challenge27",
          "schema_version": 0,
          "attributes": {
            "allow_subnet_cidr_routes_overlap": false,
            "creation_timestamp": "2023-12-26T02:08:35.860-08:00",
            "description": "",
            "external_ipv6_prefix": "",
            "fingerprint": null,
            "gateway_address": "10.0.27.1",
            "id": "projects/potluck-ctf/regions/europe-west3/subnetworks/potluckctf-challenge27-subnet",
            "internal_ipv6_prefix": "",
            "ip_cidr_range": "10.0.27.0/24",
            "ipv6_access_type": "",
            "ipv6_cidr_range": "",
            "log_config": [],
            "name": "potluckctf-challenge27-subnet",
            "network": "https://www.googleapis.com/compute/v1/projects/potluck-ctf/global/networks/potluckctf-network",
            "private_ip_google_access": false,
            "private_ipv6_google_access": "DISABLE_GOOGLE_ACCESS",
            "project": "potluck-ctf",
            "purpose": "PRIVATE",
            "region": "europe-west3",
            "role": "",
            "secondary_ip_range": [],
            "self_link": "https://www.googleapis.com/compute/v1/projects/potluck-ctf/regions/europe-west3/subnetworks/potluckctf-challenge27-subnet",
            "stack_type": "IPV4_ONLY",
            "timeouts": null
          },
          "sensitive_attributes": [],
          "private": "eyJlMmJmYjczMC1lY2FhLTExZTYtOGY4OC0zNDM2M2JjN2M0YzAiOnsiY3JlYXRlIjoxMjAwMDAwMDAwMDAwLCJkZWxldGUiOjEyMDAwMDAwMDAwMDAsInVwZGF0ZSI6MTIwMDAwMDAwMDAwMH19",
          "dependencies": [
            "google_compute_network.potluckctf_network"
          ]
        },
        {
          "index_key": "challenge28",
          "schema_version": 0,
          "attributes": {
            "allow_subnet_cidr_routes_overlap": false,
            "creation_timestamp": "2023-12-26T02:08:57.574-08:00",
            "description": "",
            "external_ipv6_prefix": "",
            "fingerprint": null,
            "gateway_address": "10.0.28.1",
            "id": "projects/potluck-ctf/regions/europe-west3/subnetworks/potluckctf-challenge28-subnet",
            "internal_ipv6_prefix": "",
            "ip_cidr_range": "10.0.28.0/24",
            "ipv6_access_type": "",
            "ipv6_cidr_range": "",
            "log_config": [],
            "name": "potluckctf-challenge28-subnet",
            "network": "https://www.googleapis.com/compute/v1/projects/potluck-ctf/global/networks/potluckctf-network",
            "private_ip_google_access": false,
            "private_ipv6_google_access": "DISABLE_GOOGLE_ACCESS",
            "project": "potluck-ctf",
            "purpose": "PRIVATE",
            "region": "europe-west3",
            "role": "",
            "secondary_ip_range": [],
            "self_link": "https://www.googleapis.com/compute/v1/projects/potluck-ctf/regions/europe-west3/subnetworks/potluckctf-challenge28-subnet",
            "stack_type": "IPV4_ONLY",
            "timeouts": null
          },
          "sensitive_attributes": [],
          "private": "eyJlMmJmYjczMC1lY2FhLTExZTYtOGY4OC0zNDM2M2JjN2M0YzAiOnsiY3JlYXRlIjoxMjAwMDAwMDAwMDAwLCJkZWxldGUiOjEyMDAwMDAwMDAwMDAsInVwZGF0ZSI6MTIwMDAwMDAwMDAwMH19",
          "dependencies": [
            "google_compute_network.potluckctf_network"
          ]
        },
        {
          "index_key": "challenge29",
          "schema_version": 0,
          "attributes": {
            "allow_subnet_cidr_routes_overlap": false,
            "creation_timestamp": "2023-12-26T02:08:37.079-08:00",
            "description": "",
            "external_ipv6_prefix": "",
            "fingerprint": null,
            "gateway_address": "10.0.29.1",
            "id": "projects/potluck-ctf/regions/europe-west3/subnetworks/potluckctf-challenge29-subnet",
            "internal_ipv6_prefix": "",
            "ip_cidr_range": "10.0.29.0/24",
            "ipv6_access_type": "",
            "ipv6_cidr_range": "",
            "log_config": [],
            "name": "potluckctf-challenge29-subnet",
            "network": "https://www.googleapis.com/compute/v1/projects/potluck-ctf/global/networks/potluckctf-network",
            "private_ip_google_access": false,
            "private_ipv6_google_access": "DISABLE_GOOGLE_ACCESS",
            "project": "potluck-ctf",
            "purpose": "PRIVATE",
            "region": "europe-west3",
            "role": "",
            "secondary_ip_range": [],
            "self_link": "https://www.googleapis.com/compute/v1/projects/potluck-ctf/regions/europe-west3/subnetworks/potluckctf-challenge29-subnet",
            "stack_type": "IPV4_ONLY",
            "timeouts": null
          },
          "sensitive_attributes": [],
          "private": "eyJlMmJmYjczMC1lY2FhLTExZTYtOGY4OC0zNDM2M2JjN2M0YzAiOnsiY3JlYXRlIjoxMjAwMDAwMDAwMDAwLCJkZWxldGUiOjEyMDAwMDAwMDAwMDAsInVwZGF0ZSI6MTIwMDAwMDAwMDAwMH19",
          "dependencies": [
            "google_compute_network.potluckctf_network"
          ]
        }
      ]
    },
    {
      "mode": "managed",
      "type": "google_compute_subnetwork",
      "name": "potluckctf_subnet",
      "provider": "provider[\"registry.terraform.io/hashicorp/google-beta\"]",
      "instances": [
        {
          "schema_version": 0,
          "attributes": {
            "allow_subnet_cidr_routes_overlap": false,
            "creation_timestamp": "2023-12-20T13:38:42.490-08:00",
            "description": "",
            "external_ipv6_prefix": "",
            "fingerprint": null,
            "gateway_address": "10.0.0.1",
            "id": "projects/potluck-ctf/regions/europe-west3/subnetworks/potluckctf-subnet",
            "internal_ipv6_prefix": "",
            "ip_cidr_range": "10.0.0.0/24",
            "ipv6_access_type": "",
            "ipv6_cidr_range": "",
            "log_config": [],
            "name": "potluckctf-subnet",
            "network": "https://www.googleapis.com/compute/v1/projects/potluck-ctf/global/networks/potluckctf-network",
            "private_ip_google_access": false,
            "private_ipv6_google_access": "DISABLE_GOOGLE_ACCESS",
            "project": "potluck-ctf",
            "purpose": "PRIVATE",
            "region": "europe-west3",
            "role": "",
            "secondary_ip_range": [],
            "self_link": "https://www.googleapis.com/compute/v1/projects/potluck-ctf/regions/europe-west3/subnetworks/potluckctf-subnet",
            "stack_type": "IPV4_ONLY",
            "timeouts": null
          },
          "sensitive_attributes": [],
          "private": "eyJlMmJmYjczMC1lY2FhLTExZTYtOGY4OC0zNDM2M2JjN2M0YzAiOnsiY3JlYXRlIjoxMjAwMDAwMDAwMDAwLCJkZWxldGUiOjEyMDAwMDAwMDAwMDAsInVwZGF0ZSI6MTIwMDAwMDAwMDAwMH19",
          "dependencies": [
            "google_compute_network.potluckctf_network"
          ]
        }
      ]
    },
    {
      "mode": "managed",
      "type": "google_compute_target_tcp_proxy",
      "name": "challenge_proxy",
      "provider": "provider[\"registry.terraform.io/hashicorp/google-beta\"]",
      "instances": [
        {
          "index_key": "challenge00",
          "schema_version": 0,
          "attributes": {
            "backend_service": "https://www.googleapis.com/compute/v1/projects/potluck-ctf/global/backendServices/challenge00-backend-service",
            "creation_timestamp": "2023-12-26T02:12:40.622-08:00",
            "description": "",
            "id": "projects/potluck-ctf/global/targetTcpProxies/challenge00-health-check",
            "name": "challenge00-health-check",
            "project": "potluck-ctf",
            "proxy_bind": false,
            "proxy_header": "NONE",
            "proxy_id": 6298098208717871607,
            "self_link": "https://www.googleapis.com/compute/v1/projects/potluck-ctf/global/targetTcpProxies/challenge00-health-check",
            "timeouts": null
          },
          "sensitive_attributes": [],
          "private": "eyJlMmJmYjczMC1lY2FhLTExZTYtOGY4OC0zNDM2M2JjN2M0YzAiOnsiY3JlYXRlIjoxMjAwMDAwMDAwMDAwLCJkZWxldGUiOjEyMDAwMDAwMDAwMDAsInVwZGF0ZSI6MTIwMDAwMDAwMDAwMH19",
          "dependencies": [
            "google_compute_backend_service.challenge_service",
            "google_compute_health_check.challenge_healthcheck",
            "google_compute_instance.challenge_server",
            "google_compute_instance_group.challenge_group",
            "google_compute_network.potluckctf_network",
            "google_compute_subnetwork.potluckctf_challenge_subnet",
            "google_service_account.challenge_service_account"
          ]
        },
        {
          "index_key": "challenge01",
          "schema_version": 0,
          "attributes": {
            "backend_service": "https://www.googleapis.com/compute/v1/projects/potluck-ctf/global/backendServices/challenge01-backend-service",
            "creation_timestamp": "2023-12-26T02:12:28.768-08:00",
            "description": "",
            "id": "projects/potluck-ctf/global/targetTcpProxies/challenge01-health-check",
            "name": "challenge01-health-check",
            "project": "potluck-ctf",
            "proxy_bind": false,
            "proxy_header": "NONE",
            "proxy_id": 949760535214627299,
            "self_link": "https://www.googleapis.com/compute/v1/projects/potluck-ctf/global/targetTcpProxies/challenge01-health-check",
            "timeouts": null
          },
          "sensitive_attributes": [],
          "private": "eyJlMmJmYjczMC1lY2FhLTExZTYtOGY4OC0zNDM2M2JjN2M0YzAiOnsiY3JlYXRlIjoxMjAwMDAwMDAwMDAwLCJkZWxldGUiOjEyMDAwMDAwMDAwMDAsInVwZGF0ZSI6MTIwMDAwMDAwMDAwMH19",
          "dependencies": [
            "google_compute_backend_service.challenge_service",
            "google_compute_health_check.challenge_healthcheck",
            "google_compute_instance.challenge_server",
            "google_compute_instance_group.challenge_group",
            "google_compute_network.potluckctf_network",
            "google_compute_subnetwork.potluckctf_challenge_subnet",
            "google_service_account.challenge_service_account"
          ]
        },
        {
          "index_key": "challenge03",
          "schema_version": 0,
          "attributes": {
            "backend_service": "https://www.googleapis.com/compute/v1/projects/potluck-ctf/global/backendServices/challenge03-backend-service",
            "creation_timestamp": "2023-12-26T02:12:52.063-08:00",
            "description": "",
            "id": "projects/potluck-ctf/global/targetTcpProxies/challenge03-health-check",
            "name": "challenge03-health-check",
            "project": "potluck-ctf",
            "proxy_bind": false,
            "proxy_header": "NONE",
            "proxy_id": 4046200697411541451,
            "self_link": "https://www.googleapis.com/compute/v1/projects/potluck-ctf/global/targetTcpProxies/challenge03-health-check",
            "timeouts": null
          },
          "sensitive_attributes": [],
          "private": "eyJlMmJmYjczMC1lY2FhLTExZTYtOGY4OC0zNDM2M2JjN2M0YzAiOnsiY3JlYXRlIjoxMjAwMDAwMDAwMDAwLCJkZWxldGUiOjEyMDAwMDAwMDAwMDAsInVwZGF0ZSI6MTIwMDAwMDAwMDAwMH19",
          "dependencies": [
            "google_compute_backend_service.challenge_service",
            "google_compute_health_check.challenge_healthcheck",
            "google_compute_instance.challenge_server",
            "google_compute_instance_group.challenge_group",
            "google_compute_network.potluckctf_network",
            "google_compute_subnetwork.potluckctf_challenge_subnet",
            "google_service_account.challenge_service_account"
          ]
        },
        {
          "index_key": "challenge05",
          "schema_version": 0,
          "attributes": {
            "backend_service": "https://www.googleapis.com/compute/v1/projects/potluck-ctf/global/backendServices/challenge05-backend-service",
            "creation_timestamp": "2023-12-26T02:12:40.366-08:00",
            "description": "",
            "id": "projects/potluck-ctf/global/targetTcpProxies/challenge05-health-check",
            "name": "challenge05-health-check",
            "project": "potluck-ctf",
            "proxy_bind": false,
            "proxy_header": "NONE",
            "proxy_id": 8598557768483805687,
            "self_link": "https://www.googleapis.com/compute/v1/projects/potluck-ctf/global/targetTcpProxies/challenge05-health-check",
            "timeouts": null
          },
          "sensitive_attributes": [],
          "private": "eyJlMmJmYjczMC1lY2FhLTExZTYtOGY4OC0zNDM2M2JjN2M0YzAiOnsiY3JlYXRlIjoxMjAwMDAwMDAwMDAwLCJkZWxldGUiOjEyMDAwMDAwMDAwMDAsInVwZGF0ZSI6MTIwMDAwMDAwMDAwMH19",
          "dependencies": [
            "google_compute_backend_service.challenge_service",
            "google_compute_health_check.challenge_healthcheck",
            "google_compute_instance.challenge_server",
            "google_compute_instance_group.challenge_group",
            "google_compute_network.potluckctf_network",
            "google_compute_subnetwork.potluckctf_challenge_subnet",
            "google_service_account.challenge_service_account"
          ]
        },
        {
          "index_key": "challenge06",
          "schema_version": 0,
          "attributes": {
            "backend_service": "https://www.googleapis.com/compute/v1/projects/potluck-ctf/global/backendServices/challenge06-backend-service",
            "creation_timestamp": "2023-12-26T02:12:28.736-08:00",
            "description": "",
            "id": "projects/potluck-ctf/global/targetTcpProxies/challenge06-health-check",
            "name": "challenge06-health-check",
            "project": "potluck-ctf",
            "proxy_bind": false,
            "proxy_header": "NONE",
            "proxy_id": 4472046292493081059,
            "self_link": "https://www.googleapis.com/compute/v1/projects/potluck-ctf/global/targetTcpProxies/challenge06-health-check",
            "timeouts": null
          },
          "sensitive_attributes": [],
          "private": "eyJlMmJmYjczMC1lY2FhLTExZTYtOGY4OC0zNDM2M2JjN2M0YzAiOnsiY3JlYXRlIjoxMjAwMDAwMDAwMDAwLCJkZWxldGUiOjEyMDAwMDAwMDAwMDAsInVwZGF0ZSI6MTIwMDAwMDAwMDAwMH19",
          "dependencies": [
            "google_compute_backend_service.challenge_service",
            "google_compute_health_check.challenge_healthcheck",
            "google_compute_instance.challenge_server",
            "google_compute_instance_group.challenge_group",
            "google_compute_network.potluckctf_network",
            "google_compute_subnetwork.potluckctf_challenge_subnet",
            "google_service_account.challenge_service_account"
          ]
        },
        {
          "index_key": "challenge07",
          "schema_version": 0,
          "attributes": {
            "backend_service": "https://www.googleapis.com/compute/v1/projects/potluck-ctf/global/backendServices/challenge07-backend-service",
            "creation_timestamp": "2023-12-26T02:12:40.512-08:00",
            "description": "",
            "id": "projects/potluck-ctf/global/targetTcpProxies/challenge07-health-check",
            "name": "challenge07-health-check",
            "project": "potluck-ctf",
            "proxy_bind": false,
            "proxy_header": "NONE",
            "proxy_id": 8093853245248051703,
            "self_link": "https://www.googleapis.com/compute/v1/projects/potluck-ctf/global/targetTcpProxies/challenge07-health-check",
            "timeouts": null
          },
          "sensitive_attributes": [],
          "private": "eyJlMmJmYjczMC1lY2FhLTExZTYtOGY4OC0zNDM2M2JjN2M0YzAiOnsiY3JlYXRlIjoxMjAwMDAwMDAwMDAwLCJkZWxldGUiOjEyMDAwMDAwMDAwMDAsInVwZGF0ZSI6MTIwMDAwMDAwMDAwMH19",
          "dependencies": [
            "google_compute_backend_service.challenge_service",
            "google_compute_health_check.challenge_healthcheck",
            "google_compute_instance.challenge_server",
            "google_compute_instance_group.challenge_group",
            "google_compute_network.potluckctf_network",
            "google_compute_subnetwork.potluckctf_challenge_subnet",
            "google_service_account.challenge_service_account"
          ]
        },
        {
          "index_key": "challenge09",
          "schema_version": 0,
          "attributes": {
            "backend_service": "https://www.googleapis.com/compute/v1/projects/potluck-ctf/global/backendServices/challenge09-backend-service",
            "creation_timestamp": "2023-12-26T02:12:40.529-08:00",
            "description": "",
            "id": "projects/potluck-ctf/global/targetTcpProxies/challenge09-health-check",
            "name": "challenge09-health-check",
            "project": "potluck-ctf",
            "proxy_bind": false,
            "proxy_header": "NONE",
            "proxy_id": 5778062060984670711,
            "self_link": "https://www.googleapis.com/compute/v1/projects/potluck-ctf/global/targetTcpProxies/challenge09-health-check",
            "timeouts": null
          },
          "sensitive_attributes": [],
          "private": "eyJlMmJmYjczMC1lY2FhLTExZTYtOGY4OC0zNDM2M2JjN2M0YzAiOnsiY3JlYXRlIjoxMjAwMDAwMDAwMDAwLCJkZWxldGUiOjEyMDAwMDAwMDAwMDAsInVwZGF0ZSI6MTIwMDAwMDAwMDAwMH19",
          "dependencies": [
            "google_compute_backend_service.challenge_service",
            "google_compute_health_check.challenge_healthcheck",
            "google_compute_instance.challenge_server",
            "google_compute_instance_group.challenge_group",
            "google_compute_network.potluckctf_network",
            "google_compute_subnetwork.potluckctf_challenge_subnet",
            "google_service_account.challenge_service_account"
          ]
        },
        {
          "index_key": "challenge11",
          "schema_version": 0,
          "attributes": {
            "backend_service": "https://www.googleapis.com/compute/v1/projects/potluck-ctf/global/backendServices/challenge11-backend-service",
            "creation_timestamp": "2023-12-26T02:12:28.741-08:00",
            "description": "",
            "id": "projects/potluck-ctf/global/targetTcpProxies/challenge11-health-check",
            "name": "challenge11-health-check",
            "project": "potluck-ctf",
            "proxy_bind": false,
            "proxy_header": "NONE",
            "proxy_id": 7385630979431799267,
            "self_link": "https://www.googleapis.com/compute/v1/projects/potluck-ctf/global/targetTcpProxies/challenge11-health-check",
            "timeouts": null
          },
          "sensitive_attributes": [],
          "private": "eyJlMmJmYjczMC1lY2FhLTExZTYtOGY4OC0zNDM2M2JjN2M0YzAiOnsiY3JlYXRlIjoxMjAwMDAwMDAwMDAwLCJkZWxldGUiOjEyMDAwMDAwMDAwMDAsInVwZGF0ZSI6MTIwMDAwMDAwMDAwMH19",
          "dependencies": [
            "google_compute_backend_service.challenge_service",
            "google_compute_health_check.challenge_healthcheck",
            "google_compute_instance.challenge_server",
            "google_compute_instance_group.challenge_group",
            "google_compute_network.potluckctf_network",
            "google_compute_subnetwork.potluckctf_challenge_subnet",
            "google_service_account.challenge_service_account"
          ]
        },
        {
          "index_key": "challenge12",
          "schema_version": 0,
          "attributes": {
            "backend_service": "https://www.googleapis.com/compute/v1/projects/potluck-ctf/global/backendServices/challenge12-backend-service",
            "creation_timestamp": "2023-12-26T02:12:28.775-08:00",
            "description": "",
            "id": "projects/potluck-ctf/global/targetTcpProxies/challenge12-health-check",
            "name": "challenge12-health-check",
            "project": "potluck-ctf",
            "proxy_bind": false,
            "proxy_header": "NONE",
            "proxy_id": 5863601832242649571,
            "self_link": "https://www.googleapis.com/compute/v1/projects/potluck-ctf/global/targetTcpProxies/challenge12-health-check",
            "timeouts": null
          },
          "sensitive_attributes": [],
          "private": "eyJlMmJmYjczMC1lY2FhLTExZTYtOGY4OC0zNDM2M2JjN2M0YzAiOnsiY3JlYXRlIjoxMjAwMDAwMDAwMDAwLCJkZWxldGUiOjEyMDAwMDAwMDAwMDAsInVwZGF0ZSI6MTIwMDAwMDAwMDAwMH19",
          "dependencies": [
            "google_compute_backend_service.challenge_service",
            "google_compute_health_check.challenge_healthcheck",
            "google_compute_instance.challenge_server",
            "google_compute_instance_group.challenge_group",
            "google_compute_network.potluckctf_network",
            "google_compute_subnetwork.potluckctf_challenge_subnet",
            "google_service_account.challenge_service_account"
          ]
        },
        {
          "index_key": "challenge13",
          "schema_version": 0,
          "attributes": {
            "backend_service": "https://www.googleapis.com/compute/v1/projects/potluck-ctf/global/backendServices/challenge13-backend-service",
            "creation_timestamp": "2023-12-26T02:12:28.743-08:00",
            "description": "",
            "id": "projects/potluck-ctf/global/targetTcpProxies/challenge13-health-check",
            "name": "challenge13-health-check",
            "project": "potluck-ctf",
            "proxy_bind": false,
            "proxy_header": "NONE",
            "proxy_id": 6971507883404368355,
            "self_link": "https://www.googleapis.com/compute/v1/projects/potluck-ctf/global/targetTcpProxies/challenge13-health-check",
            "timeouts": null
          },
          "sensitive_attributes": [],
          "private": "eyJlMmJmYjczMC1lY2FhLTExZTYtOGY4OC0zNDM2M2JjN2M0YzAiOnsiY3JlYXRlIjoxMjAwMDAwMDAwMDAwLCJkZWxldGUiOjEyMDAwMDAwMDAwMDAsInVwZGF0ZSI6MTIwMDAwMDAwMDAwMH19",
          "dependencies": [
            "google_compute_backend_service.challenge_service",
            "google_compute_health_check.challenge_healthcheck",
            "google_compute_instance.challenge_server",
            "google_compute_instance_group.challenge_group",
            "google_compute_network.potluckctf_network",
            "google_compute_subnetwork.potluckctf_challenge_subnet",
            "google_service_account.challenge_service_account"
          ]
        },
        {
          "index_key": "challenge15",
          "schema_version": 0,
          "attributes": {
            "backend_service": "https://www.googleapis.com/compute/v1/projects/potluck-ctf/global/backendServices/challenge15-backend-service",
            "creation_timestamp": "2023-12-26T02:12:40.690-08:00",
            "description": "",
            "id": "projects/potluck-ctf/global/targetTcpProxies/challenge15-health-check",
            "name": "challenge15-health-check",
            "project": "potluck-ctf",
            "proxy_bind": false,
            "proxy_header": "NONE",
            "proxy_id": 1124581939138206199,
            "self_link": "https://www.googleapis.com/compute/v1/projects/potluck-ctf/global/targetTcpProxies/challenge15-health-check",
            "timeouts": null
          },
          "sensitive_attributes": [],
          "private": "eyJlMmJmYjczMC1lY2FhLTExZTYtOGY4OC0zNDM2M2JjN2M0YzAiOnsiY3JlYXRlIjoxMjAwMDAwMDAwMDAwLCJkZWxldGUiOjEyMDAwMDAwMDAwMDAsInVwZGF0ZSI6MTIwMDAwMDAwMDAwMH19",
          "dependencies": [
            "google_compute_backend_service.challenge_service",
            "google_compute_health_check.challenge_healthcheck",
            "google_compute_instance.challenge_server",
            "google_compute_instance_group.challenge_group",
            "google_compute_network.potluckctf_network",
            "google_compute_subnetwork.potluckctf_challenge_subnet",
            "google_service_account.challenge_service_account"
          ]
        },
        {
          "index_key": "challenge18",
          "schema_version": 0,
          "attributes": {
            "backend_service": "https://www.googleapis.com/compute/v1/projects/potluck-ctf/global/backendServices/challenge18-backend-service",
            "creation_timestamp": "2023-12-26T02:12:28.470-08:00",
            "description": "",
            "id": "projects/potluck-ctf/global/targetTcpProxies/challenge18-health-check",
            "name": "challenge18-health-check",
            "project": "potluck-ctf",
            "proxy_bind": false,
            "proxy_header": "NONE",
            "proxy_id": 106147903657417187,
            "self_link": "https://www.googleapis.com/compute/v1/projects/potluck-ctf/global/targetTcpProxies/challenge18-health-check",
            "timeouts": null
          },
          "sensitive_attributes": [],
          "private": "eyJlMmJmYjczMC1lY2FhLTExZTYtOGY4OC0zNDM2M2JjN2M0YzAiOnsiY3JlYXRlIjoxMjAwMDAwMDAwMDAwLCJkZWxldGUiOjEyMDAwMDAwMDAwMDAsInVwZGF0ZSI6MTIwMDAwMDAwMDAwMH19",
          "dependencies": [
            "google_compute_backend_service.challenge_service",
            "google_compute_health_check.challenge_healthcheck",
            "google_compute_instance.challenge_server",
            "google_compute_instance_group.challenge_group",
            "google_compute_network.potluckctf_network",
            "google_compute_subnetwork.potluckctf_challenge_subnet",
            "google_service_account.challenge_service_account"
          ]
        },
        {
          "index_key": "challenge19",
          "schema_version": 0,
          "attributes": {
            "backend_service": "https://www.googleapis.com/compute/v1/projects/potluck-ctf/global/backendServices/challenge19-backend-service",
            "creation_timestamp": "2023-12-26T02:12:28.793-08:00",
            "description": "",
            "id": "projects/potluck-ctf/global/targetTcpProxies/challenge19-health-check",
            "name": "challenge19-health-check",
            "project": "potluck-ctf",
            "proxy_bind": false,
            "proxy_header": "NONE",
            "proxy_id": 4450930390724975075,
            "self_link": "https://www.googleapis.com/compute/v1/projects/potluck-ctf/global/targetTcpProxies/challenge19-health-check",
            "timeouts": null
          },
          "sensitive_attributes": [],
          "private": "eyJlMmJmYjczMC1lY2FhLTExZTYtOGY4OC0zNDM2M2JjN2M0YzAiOnsiY3JlYXRlIjoxMjAwMDAwMDAwMDAwLCJkZWxldGUiOjEyMDAwMDAwMDAwMDAsInVwZGF0ZSI6MTIwMDAwMDAwMDAwMH19",
          "dependencies": [
            "google_compute_backend_service.challenge_service",
            "google_compute_health_check.challenge_healthcheck",
            "google_compute_instance.challenge_server",
            "google_compute_instance_group.challenge_group",
            "google_compute_network.potluckctf_network",
            "google_compute_subnetwork.potluckctf_challenge_subnet",
            "google_service_account.challenge_service_account"
          ]
        },
        {
          "index_key": "challenge21",
          "schema_version": 0,
          "attributes": {
            "backend_service": "https://www.googleapis.com/compute/v1/projects/potluck-ctf/global/backendServices/challenge21-backend-service",
            "creation_timestamp": "2023-12-26T02:12:40.591-08:00",
            "description": "",
            "id": "projects/potluck-ctf/global/targetTcpProxies/challenge21-health-check",
            "name": "challenge21-health-check",
            "project": "potluck-ctf",
            "proxy_bind": false,
            "proxy_header": "NONE",
            "proxy_id": 5086020427326102007,
            "self_link": "https://www.googleapis.com/compute/v1/projects/potluck-ctf/global/targetTcpProxies/challenge21-health-check",
            "timeouts": null
          },
          "sensitive_attributes": [],
          "private": "eyJlMmJmYjczMC1lY2FhLTExZTYtOGY4OC0zNDM2M2JjN2M0YzAiOnsiY3JlYXRlIjoxMjAwMDAwMDAwMDAwLCJkZWxldGUiOjEyMDAwMDAwMDAwMDAsInVwZGF0ZSI6MTIwMDAwMDAwMDAwMH19",
          "dependencies": [
            "google_compute_backend_service.challenge_service",
            "google_compute_health_check.challenge_healthcheck",
            "google_compute_instance.challenge_server",
            "google_compute_instance_group.challenge_group",
            "google_compute_network.potluckctf_network",
            "google_compute_subnetwork.potluckctf_challenge_subnet",
            "google_service_account.challenge_service_account"
          ]
        },
        {
          "index_key": "challenge22",
          "schema_version": 0,
          "attributes": {
            "backend_service": "https://www.googleapis.com/compute/v1/projects/potluck-ctf/global/backendServices/challenge22-backend-service",
            "creation_timestamp": "2023-12-26T02:12:29.009-08:00",
            "description": "",
            "id": "projects/potluck-ctf/global/targetTcpProxies/challenge22-health-check",
            "name": "challenge22-health-check",
            "project": "potluck-ctf",
            "proxy_bind": false,
            "proxy_header": "NONE",
            "proxy_id": 4923725428665293283,
            "self_link": "https://www.googleapis.com/compute/v1/projects/potluck-ctf/global/targetTcpProxies/challenge22-health-check",
            "timeouts": null
          },
          "sensitive_attributes": [],
          "private": "eyJlMmJmYjczMC1lY2FhLTExZTYtOGY4OC0zNDM2M2JjN2M0YzAiOnsiY3JlYXRlIjoxMjAwMDAwMDAwMDAwLCJkZWxldGUiOjEyMDAwMDAwMDAwMDAsInVwZGF0ZSI6MTIwMDAwMDAwMDAwMH19",
          "dependencies": [
            "google_compute_backend_service.challenge_service",
            "google_compute_health_check.challenge_healthcheck",
            "google_compute_instance.challenge_server",
            "google_compute_instance_group.challenge_group",
            "google_compute_network.potluckctf_network",
            "google_compute_subnetwork.potluckctf_challenge_subnet",
            "google_service_account.challenge_service_account"
          ]
        },
        {
          "index_key": "challenge24",
          "schema_version": 0,
          "attributes": {
            "backend_service": "https://www.googleapis.com/compute/v1/projects/potluck-ctf/global/backendServices/challenge24-backend-service",
            "creation_timestamp": "2023-12-26T02:12:40.977-08:00",
            "description": "",
            "id": "projects/potluck-ctf/global/targetTcpProxies/challenge24-health-check",
            "name": "challenge24-health-check",
            "project": "potluck-ctf",
            "proxy_bind": false,
            "proxy_header": "NONE",
            "proxy_id": 8824430880264493559,
            "self_link": "https://www.googleapis.com/compute/v1/projects/potluck-ctf/global/targetTcpProxies/challenge24-health-check",
            "timeouts": null
          },
          "sensitive_attributes": [],
          "private": "eyJlMmJmYjczMC1lY2FhLTExZTYtOGY4OC0zNDM2M2JjN2M0YzAiOnsiY3JlYXRlIjoxMjAwMDAwMDAwMDAwLCJkZWxldGUiOjEyMDAwMDAwMDAwMDAsInVwZGF0ZSI6MTIwMDAwMDAwMDAwMH19",
          "dependencies": [
            "google_compute_backend_service.challenge_service",
            "google_compute_health_check.challenge_healthcheck",
            "google_compute_instance.challenge_server",
            "google_compute_instance_group.challenge_group",
            "google_compute_network.potluckctf_network",
            "google_compute_subnetwork.potluckctf_challenge_subnet",
            "google_service_account.challenge_service_account"
          ]
        },
        {
          "index_key": "challenge25",
          "schema_version": 0,
          "attributes": {
            "backend_service": "https://www.googleapis.com/compute/v1/projects/potluck-ctf/global/backendServices/challenge25-backend-service",
            "creation_timestamp": "2023-12-26T02:12:28.747-08:00",
            "description": "",
            "id": "projects/potluck-ctf/global/targetTcpProxies/challenge25-health-check",
            "name": "challenge25-health-check",
            "project": "potluck-ctf",
            "proxy_bind": false,
            "proxy_header": "NONE",
            "proxy_id": 2517709638781573603,
            "self_link": "https://www.googleapis.com/compute/v1/projects/potluck-ctf/global/targetTcpProxies/challenge25-health-check",
            "timeouts": null
          },
          "sensitive_attributes": [],
          "private": "eyJlMmJmYjczMC1lY2FhLTExZTYtOGY4OC0zNDM2M2JjN2M0YzAiOnsiY3JlYXRlIjoxMjAwMDAwMDAwMDAwLCJkZWxldGUiOjEyMDAwMDAwMDAwMDAsInVwZGF0ZSI6MTIwMDAwMDAwMDAwMH19",
          "dependencies": [
            "google_compute_backend_service.challenge_service",
            "google_compute_health_check.challenge_healthcheck",
            "google_compute_instance.challenge_server",
            "google_compute_instance_group.challenge_group",
            "google_compute_network.potluckctf_network",
            "google_compute_subnetwork.potluckctf_challenge_subnet",
            "google_service_account.challenge_service_account"
          ]
        },
        {
          "index_key": "challenge26",
          "schema_version": 0,
          "attributes": {
            "backend_service": "https://www.googleapis.com/compute/v1/projects/potluck-ctf/global/backendServices/challenge26-backend-service",
            "creation_timestamp": "2023-12-26T02:12:28.777-08:00",
            "description": "",
            "id": "projects/potluck-ctf/global/targetTcpProxies/challenge26-health-check",
            "name": "challenge26-health-check",
            "project": "potluck-ctf",
            "proxy_bind": false,
            "proxy_header": "NONE",
            "proxy_id": 6572947764582750691,
            "self_link": "https://www.googleapis.com/compute/v1/projects/potluck-ctf/global/targetTcpProxies/challenge26-health-check",
            "timeouts": null
          },
          "sensitive_attributes": [],
          "private": "eyJlMmJmYjczMC1lY2FhLTExZTYtOGY4OC0zNDM2M2JjN2M0YzAiOnsiY3JlYXRlIjoxMjAwMDAwMDAwMDAwLCJkZWxldGUiOjEyMDAwMDAwMDAwMDAsInVwZGF0ZSI6MTIwMDAwMDAwMDAwMH19",
          "dependencies": [
            "google_compute_backend_service.challenge_service",
            "google_compute_health_check.challenge_healthcheck",
            "google_compute_instance.challenge_server",
            "google_compute_instance_group.challenge_group",
            "google_compute_network.potluckctf_network",
            "google_compute_subnetwork.potluckctf_challenge_subnet",
            "google_service_account.challenge_service_account"
          ]
        },
        {
          "index_key": "challenge27",
          "schema_version": 0,
          "attributes": {
            "backend_service": "https://www.googleapis.com/compute/v1/projects/potluck-ctf/global/backendServices/challenge27-backend-service",
            "creation_timestamp": "2023-12-26T02:12:40.692-08:00",
            "description": "",
            "id": "projects/potluck-ctf/global/targetTcpProxies/challenge27-health-check",
            "name": "challenge27-health-check",
            "project": "potluck-ctf",
            "proxy_bind": false,
            "proxy_header": "NONE",
            "proxy_id": 878119540119509495,
            "self_link": "https://www.googleapis.com/compute/v1/projects/potluck-ctf/global/targetTcpProxies/challenge27-health-check",
            "timeouts": null
          },
          "sensitive_attributes": [],
          "private": "eyJlMmJmYjczMC1lY2FhLTExZTYtOGY4OC0zNDM2M2JjN2M0YzAiOnsiY3JlYXRlIjoxMjAwMDAwMDAwMDAwLCJkZWxldGUiOjEyMDAwMDAwMDAwMDAsInVwZGF0ZSI6MTIwMDAwMDAwMDAwMH19",
          "dependencies": [
            "google_compute_backend_service.challenge_service",
            "google_compute_health_check.challenge_healthcheck",
            "google_compute_instance.challenge_server",
            "google_compute_instance_group.challenge_group",
            "google_compute_network.potluckctf_network",
            "google_compute_subnetwork.potluckctf_challenge_subnet",
            "google_service_account.challenge_service_account"
          ]
        },
        {
          "index_key": "challenge28",
          "schema_version": 0,
          "attributes": {
            "backend_service": "https://www.googleapis.com/compute/v1/projects/potluck-ctf/global/backendServices/challenge28-backend-service",
            "creation_timestamp": "2023-12-26T02:12:51.962-08:00",
            "description": "",
            "id": "projects/potluck-ctf/global/targetTcpProxies/challenge28-health-check",
            "name": "challenge28-health-check",
            "project": "potluck-ctf",
            "proxy_bind": false,
            "proxy_header": "NONE",
            "proxy_id": 5764014331061017036,
            "self_link": "https://www.googleapis.com/compute/v1/projects/potluck-ctf/global/targetTcpProxies/challenge28-health-check",
            "timeouts": null
          },
          "sensitive_attributes": [],
          "private": "eyJlMmJmYjczMC1lY2FhLTExZTYtOGY4OC0zNDM2M2JjN2M0YzAiOnsiY3JlYXRlIjoxMjAwMDAwMDAwMDAwLCJkZWxldGUiOjEyMDAwMDAwMDAwMDAsInVwZGF0ZSI6MTIwMDAwMDAwMDAwMH19",
          "dependencies": [
            "google_compute_backend_service.challenge_service",
            "google_compute_health_check.challenge_healthcheck",
            "google_compute_instance.challenge_server",
            "google_compute_instance_group.challenge_group",
            "google_compute_network.potluckctf_network",
            "google_compute_subnetwork.potluckctf_challenge_subnet",
            "google_service_account.challenge_service_account"
          ]
        },
        {
          "index_key": "challenge29",
          "schema_version": 0,
          "attributes": {
            "backend_service": "https://www.googleapis.com/compute/v1/projects/potluck-ctf/global/backendServices/challenge29-backend-service",
            "creation_timestamp": "2023-12-26T02:12:40.589-08:00",
            "description": "",
            "id": "projects/potluck-ctf/global/targetTcpProxies/challenge29-health-check",
            "name": "challenge29-health-check",
            "project": "potluck-ctf",
            "proxy_bind": false,
            "proxy_header": "NONE",
            "proxy_id": 1030170985944783351,
            "self_link": "https://www.googleapis.com/compute/v1/projects/potluck-ctf/global/targetTcpProxies/challenge29-health-check",
            "timeouts": null
          },
          "sensitive_attributes": [],
          "private": "eyJlMmJmYjczMC1lY2FhLTExZTYtOGY4OC0zNDM2M2JjN2M0YzAiOnsiY3JlYXRlIjoxMjAwMDAwMDAwMDAwLCJkZWxldGUiOjEyMDAwMDAwMDAwMDAsInVwZGF0ZSI6MTIwMDAwMDAwMDAwMH19",
          "dependencies": [
            "google_compute_backend_service.challenge_service",
            "google_compute_health_check.challenge_healthcheck",
            "google_compute_instance.challenge_server",
            "google_compute_instance_group.challenge_group",
            "google_compute_network.potluckctf_network",
            "google_compute_subnetwork.potluckctf_challenge_subnet",
            "google_service_account.challenge_service_account"
          ]
        }
      ]
    },
    {
      "mode": "managed",
      "type": "google_dns_managed_zone",
      "name": "play",
      "provider": "provider[\"registry.terraform.io/hashicorp/google-beta\"]",
      "instances": [
        {
          "schema_version": 0,
          "attributes": {
            "cloud_logging_config": [
              {
                "enable_logging": false
              }
            ],
            "creation_time": "2023-12-20T21:38:19.538Z",
            "description": "Managed by Terraform",
            "dns_name": "play.potluckctf.com.",
            "dnssec_config": [],
            "effective_labels": {},
            "force_destroy": false,
            "forwarding_config": [],
            "id": "projects/potluck-ctf/managedZones/play-zone",
            "labels": {},
            "managed_zone_id": 3309127863869858470,
            "name": "play-zone",
            "name_servers": [
              "ns-cloud-c1.googledomains.com.",
              "ns-cloud-c2.googledomains.com.",
              "ns-cloud-c3.googledomains.com.",
              "ns-cloud-c4.googledomains.com."
            ],
            "peering_config": [],
            "private_visibility_config": [],
            "project": "potluck-ctf",
            "reverse_lookup": false,
            "service_directory_config": [],
            "terraform_labels": {},
            "timeouts": null,
            "visibility": "public"
          },
          "sensitive_attributes": [],
          "private": "eyJlMmJmYjczMC1lY2FhLTExZTYtOGY4OC0zNDM2M2JjN2M0YzAiOnsiY3JlYXRlIjoxMjAwMDAwMDAwMDAwLCJkZWxldGUiOjEyMDAwMDAwMDAwMDAsInVwZGF0ZSI6MTIwMDAwMDAwMDAwMH19"
        }
      ]
    },
    {
      "mode": "managed",
      "type": "google_dns_record_set",
      "name": "challenge_subdomain",
      "provider": "provider[\"registry.terraform.io/hashicorp/google-beta\"]",
      "instances": [
        {
          "index_key": "challenge00",
          "schema_version": 0,
          "attributes": {
            "id": "projects/potluck-ctf/managedZones/play-zone/rrsets/challenge00.play.potluckctf.com./A",
            "managed_zone": "play-zone",
            "name": "challenge00.play.potluckctf.com.",
            "project": "potluck-ctf",
            "routing_policy": [],
            "rrdatas": [
              "34.117.182.222"
            ],
            "ttl": 300,
            "type": "A"
          },
          "sensitive_attributes": [],
          "private": "bnVsbA==",
          "dependencies": [
            "google_compute_global_address.challenge_ip",
            "google_dns_managed_zone.play"
          ]
        },
        {
          "index_key": "challenge01",
          "schema_version": 0,
          "attributes": {
            "id": "projects/potluck-ctf/managedZones/play-zone/rrsets/challenge01.play.potluckctf.com./A",
            "managed_zone": "play-zone",
            "name": "challenge01.play.potluckctf.com.",
            "project": "potluck-ctf",
            "routing_policy": [],
            "rrdatas": [
              "34.107.204.216"
            ],
            "ttl": 300,
            "type": "A"
          },
          "sensitive_attributes": [],
          "private": "bnVsbA==",
          "dependencies": [
            "google_compute_global_address.challenge_ip",
            "google_dns_managed_zone.play"
          ]
        },
        {
          "index_key": "challenge03",
          "schema_version": 0,
          "attributes": {
            "id": "projects/potluck-ctf/managedZones/play-zone/rrsets/challenge03.play.potluckctf.com./A",
            "managed_zone": "play-zone",
            "name": "challenge03.play.potluckctf.com.",
            "project": "potluck-ctf",
            "routing_policy": [],
            "rrdatas": [
              "107.178.254.251"
            ],
            "ttl": 300,
            "type": "A"
          },
          "sensitive_attributes": [],
          "private": "bnVsbA==",
          "dependencies": [
            "google_compute_global_address.challenge_ip",
            "google_dns_managed_zone.play"
          ]
        },
        {
          "index_key": "challenge05",
          "schema_version": 0,
          "attributes": {
            "id": "projects/potluck-ctf/managedZones/play-zone/rrsets/challenge05.play.potluckctf.com./A",
            "managed_zone": "play-zone",
            "name": "challenge05.play.potluckctf.com.",
            "project": "potluck-ctf",
            "routing_policy": [],
            "rrdatas": [
              "35.244.253.69"
            ],
            "ttl": 300,
            "type": "A"
          },
          "sensitive_attributes": [],
          "private": "bnVsbA==",
          "dependencies": [
            "google_compute_global_address.challenge_ip",
            "google_dns_managed_zone.play"
          ]
        },
        {
          "index_key": "challenge06",
          "schema_version": 0,
          "attributes": {
            "id": "projects/potluck-ctf/managedZones/play-zone/rrsets/challenge06.play.potluckctf.com./A",
            "managed_zone": "play-zone",
            "name": "challenge06.play.potluckctf.com.",
            "project": "potluck-ctf",
            "routing_policy": [],
            "rrdatas": [
              "34.111.95.66"
            ],
            "ttl": 300,
            "type": "A"
          },
          "sensitive_attributes": [],
          "private": "bnVsbA==",
          "dependencies": [
            "google_compute_global_address.challenge_ip",
            "google_dns_managed_zone.play"
          ]
        },
        {
          "index_key": "challenge07",
          "schema_version": 0,
          "attributes": {
            "id": "projects/potluck-ctf/managedZones/play-zone/rrsets/challenge07.play.potluckctf.com./A",
            "managed_zone": "play-zone",
            "name": "challenge07.play.potluckctf.com.",
            "project": "potluck-ctf",
            "routing_policy": [],
            "rrdatas": [
              "34.144.192.21"
            ],
            "ttl": 300,
            "type": "A"
          },
          "sensitive_attributes": [],
          "private": "bnVsbA==",
          "dependencies": [
            "google_compute_global_address.challenge_ip",
            "google_dns_managed_zone.play"
          ]
        },
        {
          "index_key": "challenge09",
          "schema_version": 0,
          "attributes": {
            "id": "projects/potluck-ctf/managedZones/play-zone/rrsets/challenge09.play.potluckctf.com./A",
            "managed_zone": "play-zone",
            "name": "challenge09.play.potluckctf.com.",
            "project": "potluck-ctf",
            "routing_policy": [],
            "rrdatas": [
              "34.120.122.99"
            ],
            "ttl": 300,
            "type": "A"
          },
          "sensitive_attributes": [],
          "private": "bnVsbA==",
          "dependencies": [
            "google_compute_global_address.challenge_ip",
            "google_dns_managed_zone.play"
          ]
        },
        {
          "index_key": "challenge11",
          "schema_version": 0,
          "attributes": {
            "id": "projects/potluck-ctf/managedZones/play-zone/rrsets/challenge11.play.potluckctf.com./A",
            "managed_zone": "play-zone",
            "name": "challenge11.play.potluckctf.com.",
            "project": "potluck-ctf",
            "routing_policy": [],
            "rrdatas": [
              "34.36.128.223"
            ],
            "ttl": 300,
            "type": "A"
          },
          "sensitive_attributes": [],
          "private": "bnVsbA==",
          "dependencies": [
            "google_compute_global_address.challenge_ip",
            "google_dns_managed_zone.play"
          ]
        },
        {
          "index_key": "challenge12",
          "schema_version": 0,
          "attributes": {
            "id": "projects/potluck-ctf/managedZones/play-zone/rrsets/challenge12.play.potluckctf.com./A",
            "managed_zone": "play-zone",
            "name": "challenge12.play.potluckctf.com.",
            "project": "potluck-ctf",
            "routing_policy": [],
            "rrdatas": [
              "34.128.167.54"
            ],
            "ttl": 300,
            "type": "A"
          },
          "sensitive_attributes": [],
          "private": "bnVsbA==",
          "dependencies": [
            "google_compute_global_address.challenge_ip",
            "google_dns_managed_zone.play"
          ]
        },
        {
          "index_key": "challenge13",
          "schema_version": 0,
          "attributes": {
            "id": "projects/potluck-ctf/managedZones/play-zone/rrsets/challenge13.play.potluckctf.com./A",
            "managed_zone": "play-zone",
            "name": "challenge13.play.potluckctf.com.",
            "project": "potluck-ctf",
            "routing_policy": [],
            "rrdatas": [
              "34.107.252.3"
            ],
            "ttl": 300,
            "type": "A"
          },
          "sensitive_attributes": [],
          "private": "bnVsbA==",
          "dependencies": [
            "google_compute_global_address.challenge_ip",
            "google_dns_managed_zone.play"
          ]
        },
        {
          "index_key": "challenge15",
          "schema_version": 0,
          "attributes": {
            "id": "projects/potluck-ctf/managedZones/play-zone/rrsets/challenge15.play.potluckctf.com./A",
            "managed_zone": "play-zone",
            "name": "challenge15.play.potluckctf.com.",
            "project": "potluck-ctf",
            "routing_policy": [],
            "rrdatas": [
              "34.160.151.106"
            ],
            "ttl": 300,
            "type": "A"
          },
          "sensitive_attributes": [],
          "private": "bnVsbA==",
          "dependencies": [
            "google_compute_global_address.challenge_ip",
            "google_dns_managed_zone.play"
          ]
        },
        {
          "index_key": "challenge18",
          "schema_version": 0,
          "attributes": {
            "id": "projects/potluck-ctf/managedZones/play-zone/rrsets/challenge18.play.potluckctf.com./A",
            "managed_zone": "play-zone",
            "name": "challenge18.play.potluckctf.com.",
            "project": "potluck-ctf",
            "routing_policy": [],
            "rrdatas": [
              "34.144.255.97"
            ],
            "ttl": 300,
            "type": "A"
          },
          "sensitive_attributes": [],
          "private": "bnVsbA==",
          "dependencies": [
            "google_compute_global_address.challenge_ip",
            "google_dns_managed_zone.play"
          ]
        },
        {
          "index_key": "challenge19",
          "schema_version": 0,
          "attributes": {
            "id": "projects/potluck-ctf/managedZones/play-zone/rrsets/challenge19.play.potluckctf.com./A",
            "managed_zone": "play-zone",
            "name": "challenge19.play.potluckctf.com.",
            "project": "potluck-ctf",
            "routing_policy": [],
            "rrdatas": [
              "34.128.154.35"
            ],
            "ttl": 300,
            "type": "A"
          },
          "sensitive_attributes": [],
          "private": "bnVsbA==",
          "dependencies": [
            "google_compute_global_address.challenge_ip",
            "google_dns_managed_zone.play"
          ]
        },
        {
          "index_key": "challenge21",
          "schema_version": 0,
          "attributes": {
            "id": "projects/potluck-ctf/managedZones/play-zone/rrsets/challenge21.play.potluckctf.com./A",
            "managed_zone": "play-zone",
            "name": "challenge21.play.potluckctf.com.",
            "project": "potluck-ctf",
            "routing_policy": [],
            "rrdatas": [
              "34.36.29.126"
            ],
            "ttl": 300,
            "type": "A"
          },
          "sensitive_attributes": [],
          "private": "bnVsbA==",
          "dependencies": [
            "google_compute_global_address.challenge_ip",
            "google_dns_managed_zone.play"
          ]
        },
        {
          "index_key": "challenge22",
          "schema_version": 0,
          "attributes": {
            "id": "projects/potluck-ctf/managedZones/play-zone/rrsets/challenge22.play.potluckctf.com./A",
            "managed_zone": "play-zone",
            "name": "challenge22.play.potluckctf.com.",
            "project": "potluck-ctf",
            "routing_policy": [],
            "rrdatas": [
              "34.117.148.182"
            ],
            "ttl": 300,
            "type": "A"
          },
          "sensitive_attributes": [],
          "private": "bnVsbA==",
          "dependencies": [
            "google_compute_global_address.challenge_ip",
            "google_dns_managed_zone.play"
          ]
        },
        {
          "index_key": "challenge24",
          "schema_version": 0,
          "attributes": {
            "id": "projects/potluck-ctf/managedZones/play-zone/rrsets/challenge24.play.potluckctf.com./A",
            "managed_zone": "play-zone",
            "name": "challenge24.play.potluckctf.com.",
            "project": "potluck-ctf",
            "routing_policy": [],
            "rrdatas": [
              "34.120.15.221"
            ],
            "ttl": 300,
            "type": "A"
          },
          "sensitive_attributes": [],
          "private": "bnVsbA==",
          "dependencies": [
            "google_compute_global_address.challenge_ip",
            "google_dns_managed_zone.play"
          ]
        },
        {
          "index_key": "challenge25",
          "schema_version": 0,
          "attributes": {
            "id": "projects/potluck-ctf/managedZones/play-zone/rrsets/challenge25.play.potluckctf.com./A",
            "managed_zone": "play-zone",
            "name": "challenge25.play.potluckctf.com.",
            "project": "potluck-ctf",
            "routing_policy": [],
            "rrdatas": [
              "34.102.231.130"
            ],
            "ttl": 300,
            "type": "A"
          },
          "sensitive_attributes": [],
          "private": "bnVsbA==",
          "dependencies": [
            "google_compute_global_address.challenge_ip",
            "google_dns_managed_zone.play"
          ]
        },
        {
          "index_key": "challenge26",
          "schema_version": 0,
          "attributes": {
            "id": "projects/potluck-ctf/managedZones/play-zone/rrsets/challenge26.play.potluckctf.com./A",
            "managed_zone": "play-zone",
            "name": "challenge26.play.potluckctf.com.",
            "project": "potluck-ctf",
            "routing_policy": [],
            "rrdatas": [
              "35.227.211.43"
            ],
            "ttl": 300,
            "type": "A"
          },
          "sensitive_attributes": [],
          "private": "bnVsbA==",
          "dependencies": [
            "google_compute_global_address.challenge_ip",
            "google_dns_managed_zone.play"
          ]
        },
        {
          "index_key": "challenge27",
          "schema_version": 0,
          "attributes": {
            "id": "projects/potluck-ctf/managedZones/play-zone/rrsets/challenge27.play.potluckctf.com./A",
            "managed_zone": "play-zone",
            "name": "challenge27.play.potluckctf.com.",
            "project": "potluck-ctf",
            "routing_policy": [],
            "rrdatas": [
              "34.110.200.53"
            ],
            "ttl": 300,
            "type": "A"
          },
          "sensitive_attributes": [],
          "private": "bnVsbA==",
          "dependencies": [
            "google_compute_global_address.challenge_ip",
            "google_dns_managed_zone.play"
          ]
        },
        {
          "index_key": "challenge28",
          "schema_version": 0,
          "attributes": {
            "id": "projects/potluck-ctf/managedZones/play-zone/rrsets/challenge28.play.potluckctf.com./A",
            "managed_zone": "play-zone",
            "name": "challenge28.play.potluckctf.com.",
            "project": "potluck-ctf",
            "routing_policy": [],
            "rrdatas": [
              "34.144.203.150"
            ],
            "ttl": 300,
            "type": "A"
          },
          "sensitive_attributes": [],
          "private": "bnVsbA==",
          "dependencies": [
            "google_compute_global_address.challenge_ip",
            "google_dns_managed_zone.play"
          ]
        },
        {
          "index_key": "challenge29",
          "schema_version": 0,
          "attributes": {
            "id": "projects/potluck-ctf/managedZones/play-zone/rrsets/challenge29.play.potluckctf.com./A",
            "managed_zone": "play-zone",
            "name": "challenge29.play.potluckctf.com.",
            "project": "potluck-ctf",
            "routing_policy": [],
            "rrdatas": [
              "34.36.167.111"
            ],
            "ttl": 300,
            "type": "A"
          },
          "sensitive_attributes": [],
          "private": "bnVsbA==",
          "dependencies": [
            "google_compute_global_address.challenge_ip",
            "google_dns_managed_zone.play"
          ]
        }
      ]
    },
    {
      "mode": "managed",
      "type": "google_dns_record_set",
      "name": "challenge_subdomain_challenge10",
      "provider": "provider[\"registry.terraform.io/hashicorp/google-beta\"]",
      "instances": [
        {
          "schema_version": 0,
          "attributes": {
            "id": "projects/potluck-ctf/managedZones/play-zone/rrsets/challenge10.play.potluckctf.com./NS",
            "managed_zone": "play-zone",
            "name": "challenge10.play.potluckctf.com.",
            "project": "potluck-ctf",
            "routing_policy": [],
            "rrdatas": [
              "ns-cloud-d1.googledomains.com.",
              "ns-cloud-d2.googledomains.com.",
              "ns-cloud-d3.googledomains.com.",
              "ns-cloud-d4.googledomains.com."
            ],
            "ttl": 300,
            "type": "NS"
          },
          "sensitive_attributes": [],
          "private": "bnVsbA==",
          "dependencies": [
            "google_dns_managed_zone.play"
          ]
        }
      ]
    },
    {
      "mode": "managed",
      "type": "google_dns_record_set",
      "name": "monitor_subdomain",
      "provider": "provider[\"registry.terraform.io/hashicorp/google-beta\"]",
      "instances": [
        {
          "schema_version": 0,
          "attributes": {
            "id": "projects/potluck-ctf/managedZones/play-zone/rrsets/monitor.play.potluckctf.com./A",
            "managed_zone": "play-zone",
            "name": "monitor.play.potluckctf.com.",
            "project": "potluck-ctf",
            "routing_policy": [],
            "rrdatas": [
              "35.242.254.157"
            ],
            "ttl": 300,
            "type": "A"
          },
          "sensitive_attributes": [],
          "private": "bnVsbA==",
          "dependencies": [
            "google_compute_instance.monitor_server",
            "google_compute_network.potluckctf_network",
            "google_compute_subnetwork.potluckctf_subnet",
            "google_dns_managed_zone.play"
          ]
        }
      ]
    },
    {
      "mode": "managed",
      "type": "google_dns_record_set",
      "name": "scoreboard_subdomain",
      "provider": "provider[\"registry.terraform.io/hashicorp/google-beta\"]",
      "instances": [
        {
          "schema_version": 0,
          "attributes": {
            "id": "projects/potluck-ctf/managedZones/play-zone/rrsets/play.potluckctf.com./A",
            "managed_zone": "play-zone",
            "name": "play.potluckctf.com.",
            "project": "potluck-ctf",
            "routing_policy": [],
            "rrdatas": [
              "34.141.85.165"
            ],
            "ttl": 300,
            "type": "A"
          },
          "sensitive_attributes": [],
          "private": "bnVsbA==",
          "dependencies": [
            "google_compute_instance.scoreboard_server",
            "google_compute_network.potluckctf_network",
            "google_compute_subnetwork.potluckctf_subnet",
            "google_dns_managed_zone.play"
          ]
        }
      ]
    },
    {
      "mode": "managed",
      "type": "google_iap_tunnel_instance_iam_member",
      "name": "member",
      "provider": "provider[\"registry.terraform.io/hashicorp/google-beta\"]",
      "instances": [
        {
          "index_key": "challenge00-a",
          "schema_version": 0,
          "attributes": {
            "condition": [],
            "etag": "BwYNZyjqdE4=",
            "id": "projects/potluck-ctf/iap_tunnel/zones/europe-west3-b/instances/challenge00-a/roles/iap.tunnelResourceAccessor/user:calle.svensson@zeta-two.com",
            "instance": "projects/potluck-ctf/iap_tunnel/zones/europe-west3-b/instances/challenge00-a",
            "member": "user:calle.svensson@zeta-two.com",
            "project": "potluck-ctf",
            "role": "roles/iap.tunnelResourceAccessor",
            "zone": "europe-west3-b"
          },
          "sensitive_attributes": [],
          "private": "bnVsbA==",
          "dependencies": [
            "google_compute_instance.challenge_server",
            "google_compute_network.potluckctf_network",
            "google_compute_subnetwork.potluckctf_challenge_subnet",
            "google_service_account.challenge_service_account"
          ]
        },
        {
          "index_key": "challenge01-a",
          "schema_version": 0,
          "attributes": {
            "condition": [],
            "etag": "BwYNZyzQ6ow=",
            "id": "projects/potluck-ctf/iap_tunnel/zones/europe-west3-b/instances/challenge01-a/roles/iap.tunnelResourceAccessor/serviceAccount:challenge-author-1@potluck-ctf.iam.gserviceaccount.com",
            "instance": "projects/potluck-ctf/iap_tunnel/zones/europe-west3-b/instances/challenge01-a",
            "member": "serviceAccount:challenge-author-1@potluck-ctf.iam.gserviceaccount.com",
            "project": "potluck-ctf",
            "role": "roles/iap.tunnelResourceAccessor",
            "zone": "europe-west3-b"
          },
          "sensitive_attributes": [],
          "private": "bnVsbA==",
          "dependencies": [
            "google_compute_instance.challenge_server",
            "google_compute_network.potluckctf_network",
            "google_compute_subnetwork.potluckctf_challenge_subnet",
            "google_service_account.challenge_service_account"
          ]
        },
        {
          "index_key": "challenge03-a",
          "schema_version": 0,
          "attributes": {
            "condition": [],
            "etag": "BwYNZy0xjYE=",
            "id": "projects/potluck-ctf/iap_tunnel/zones/europe-west3-b/instances/challenge03-a/roles/iap.tunnelResourceAccessor/serviceAccount:challenge-author-3@potluck-ctf.iam.gserviceaccount.com",
            "instance": "projects/potluck-ctf/iap_tunnel/zones/europe-west3-b/instances/challenge03-a",
            "member": "serviceAccount:challenge-author-3@potluck-ctf.iam.gserviceaccount.com",
            "project": "potluck-ctf",
            "role": "roles/iap.tunnelResourceAccessor",
            "zone": "europe-west3-b"
          },
          "sensitive_attributes": [],
          "private": "bnVsbA==",
          "dependencies": [
            "google_compute_instance.challenge_server",
            "google_compute_network.potluckctf_network",
            "google_compute_subnetwork.potluckctf_challenge_subnet",
            "google_service_account.challenge_service_account"
          ]
        },
        {
          "index_key": "challenge05-a",
          "schema_version": 0,
          "attributes": {
            "condition": [],
            "etag": "BwYNZyzSWos=",
            "id": "projects/potluck-ctf/iap_tunnel/zones/europe-west3-b/instances/challenge05-a/roles/iap.tunnelResourceAccessor/serviceAccount:challenge-author-5@potluck-ctf.iam.gserviceaccount.com",
            "instance": "projects/potluck-ctf/iap_tunnel/zones/europe-west3-b/instances/challenge05-a",
            "member": "serviceAccount:challenge-author-5@potluck-ctf.iam.gserviceaccount.com",
            "project": "potluck-ctf",
            "role": "roles/iap.tunnelResourceAccessor",
            "zone": "europe-west3-b"
          },
          "sensitive_attributes": [],
          "private": "bnVsbA==",
          "dependencies": [
            "google_compute_instance.challenge_server",
            "google_compute_network.potluckctf_network",
            "google_compute_subnetwork.potluckctf_challenge_subnet",
            "google_service_account.challenge_service_account"
          ]
        },
        {
          "index_key": "challenge06-a",
          "schema_version": 0,
          "attributes": {
            "condition": [],
            "etag": "BwYNZyzQw6g=",
            "id": "projects/potluck-ctf/iap_tunnel/zones/europe-west3-b/instances/challenge06-a/roles/iap.tunnelResourceAccessor/serviceAccount:challenge-author-6@potluck-ctf.iam.gserviceaccount.com",
            "instance": "projects/potluck-ctf/iap_tunnel/zones/europe-west3-b/instances/challenge06-a",
            "member": "serviceAccount:challenge-author-6@potluck-ctf.iam.gserviceaccount.com",
            "project": "potluck-ctf",
            "role": "roles/iap.tunnelResourceAccessor",
            "zone": "europe-west3-b"
          },
          "sensitive_attributes": [],
          "private": "bnVsbA==",
          "dependencies": [
            "google_compute_instance.challenge_server",
            "google_compute_network.potluckctf_network",
            "google_compute_subnetwork.potluckctf_challenge_subnet",
            "google_service_account.challenge_service_account"
          ]
        },
        {
          "index_key": "challenge07-a",
          "schema_version": 0,
          "attributes": {
            "condition": [],
            "etag": "BwYNZy2DdrM=",
            "id": "projects/potluck-ctf/iap_tunnel/zones/europe-west3-b/instances/challenge07-a/roles/iap.tunnelResourceAccessor/serviceAccount:challenge-author-7@potluck-ctf.iam.gserviceaccount.com",
            "instance": "projects/potluck-ctf/iap_tunnel/zones/europe-west3-b/instances/challenge07-a",
            "member": "serviceAccount:challenge-author-7@potluck-ctf.iam.gserviceaccount.com",
            "project": "potluck-ctf",
            "role": "roles/iap.tunnelResourceAccessor",
            "zone": "europe-west3-b"
          },
          "sensitive_attributes": [],
          "private": "bnVsbA==",
          "dependencies": [
            "google_compute_instance.challenge_server",
            "google_compute_network.potluckctf_network",
            "google_compute_subnetwork.potluckctf_challenge_subnet",
            "google_service_account.challenge_service_account"
          ]
        },
        {
          "index_key": "challenge09-a",
          "schema_version": 0,
          "attributes": {
            "condition": [],
            "etag": "BwYNZy0whTw=",
            "id": "projects/potluck-ctf/iap_tunnel/zones/europe-west3-b/instances/challenge09-a/roles/iap.tunnelResourceAccessor/serviceAccount:challenge-author-9@potluck-ctf.iam.gserviceaccount.com",
            "instance": "projects/potluck-ctf/iap_tunnel/zones/europe-west3-b/instances/challenge09-a",
            "member": "serviceAccount:challenge-author-9@potluck-ctf.iam.gserviceaccount.com",
            "project": "potluck-ctf",
            "role": "roles/iap.tunnelResourceAccessor",
            "zone": "europe-west3-b"
          },
          "sensitive_attributes": [],
          "private": "bnVsbA==",
          "dependencies": [
            "google_compute_instance.challenge_server",
            "google_compute_network.potluckctf_network",
            "google_compute_subnetwork.potluckctf_challenge_subnet",
            "google_service_account.challenge_service_account"
          ]
        },
        {
          "index_key": "challenge11-a",
          "schema_version": 0,
          "attributes": {
            "condition": [],
            "etag": "BwYNZy0vC9w=",
            "id": "projects/potluck-ctf/iap_tunnel/zones/europe-west3-b/instances/challenge11-a/roles/iap.tunnelResourceAccessor/serviceAccount:challenge-author-11@potluck-ctf.iam.gserviceaccount.com",
            "instance": "projects/potluck-ctf/iap_tunnel/zones/europe-west3-b/instances/challenge11-a",
            "member": "serviceAccount:challenge-author-11@potluck-ctf.iam.gserviceaccount.com",
            "project": "potluck-ctf",
            "role": "roles/iap.tunnelResourceAccessor",
            "zone": "europe-west3-b"
          },
          "sensitive_attributes": [],
          "private": "bnVsbA==",
          "dependencies": [
            "google_compute_instance.challenge_server",
            "google_compute_network.potluckctf_network",
            "google_compute_subnetwork.potluckctf_challenge_subnet",
            "google_service_account.challenge_service_account"
          ]
        },
        {
          "index_key": "challenge12-a",
          "schema_version": 0,
          "attributes": {
            "condition": [],
            "etag": "BwYNZyzTX/w=",
            "id": "projects/potluck-ctf/iap_tunnel/zones/europe-west3-b/instances/challenge12-a/roles/iap.tunnelResourceAccessor/serviceAccount:challenge-author-12@potluck-ctf.iam.gserviceaccount.com",
            "instance": "projects/potluck-ctf/iap_tunnel/zones/europe-west3-b/instances/challenge12-a",
            "member": "serviceAccount:challenge-author-12@potluck-ctf.iam.gserviceaccount.com",
            "project": "potluck-ctf",
            "role": "roles/iap.tunnelResourceAccessor",
            "zone": "europe-west3-b"
          },
          "sensitive_attributes": [],
          "private": "bnVsbA==",
          "dependencies": [
            "google_compute_instance.challenge_server",
            "google_compute_network.potluckctf_network",
            "google_compute_subnetwork.potluckctf_challenge_subnet",
            "google_service_account.challenge_service_account"
          ]
        },
        {
          "index_key": "challenge13-a",
          "schema_version": 0,
          "attributes": {
            "condition": [],
            "etag": "BwYNZy0rZsY=",
            "id": "projects/potluck-ctf/iap_tunnel/zones/europe-west3-b/instances/challenge13-a/roles/iap.tunnelResourceAccessor/serviceAccount:challenge-author-13@potluck-ctf.iam.gserviceaccount.com",
            "instance": "projects/potluck-ctf/iap_tunnel/zones/europe-west3-b/instances/challenge13-a",
            "member": "serviceAccount:challenge-author-13@potluck-ctf.iam.gserviceaccount.com",
            "project": "potluck-ctf",
            "role": "roles/iap.tunnelResourceAccessor",
            "zone": "europe-west3-b"
          },
          "sensitive_attributes": [],
          "private": "bnVsbA==",
          "dependencies": [
            "google_compute_instance.challenge_server",
            "google_compute_network.potluckctf_network",
            "google_compute_subnetwork.potluckctf_challenge_subnet",
            "google_service_account.challenge_service_account"
          ]
        },
        {
          "index_key": "challenge15-a",
          "schema_version": 0,
          "attributes": {
            "condition": [],
            "etag": "BwYNZyzVZDE=",
            "id": "projects/potluck-ctf/iap_tunnel/zones/europe-west3-b/instances/challenge15-a/roles/iap.tunnelResourceAccessor/serviceAccount:challenge-author-15@potluck-ctf.iam.gserviceaccount.com",
            "instance": "projects/potluck-ctf/iap_tunnel/zones/europe-west3-b/instances/challenge15-a",
            "member": "serviceAccount:challenge-author-15@potluck-ctf.iam.gserviceaccount.com",
            "project": "potluck-ctf",
            "role": "roles/iap.tunnelResourceAccessor",
            "zone": "europe-west3-b"
          },
          "sensitive_attributes": [],
          "private": "bnVsbA==",
          "dependencies": [
            "google_compute_instance.challenge_server",
            "google_compute_network.potluckctf_network",
            "google_compute_subnetwork.potluckctf_challenge_subnet",
            "google_service_account.challenge_service_account"
          ]
        },
        {
          "index_key": "challenge18-a",
          "schema_version": 0,
          "attributes": {
            "condition": [],
            "etag": "BwYNZyzVczQ=",
            "id": "projects/potluck-ctf/iap_tunnel/zones/europe-west3-b/instances/challenge18-a/roles/iap.tunnelResourceAccessor/serviceAccount:challenge-author-18@potluck-ctf.iam.gserviceaccount.com",
            "instance": "projects/potluck-ctf/iap_tunnel/zones/europe-west3-b/instances/challenge18-a",
            "member": "serviceAccount:challenge-author-18@potluck-ctf.iam.gserviceaccount.com",
            "project": "potluck-ctf",
            "role": "roles/iap.tunnelResourceAccessor",
            "zone": "europe-west3-b"
          },
          "sensitive_attributes": [],
          "private": "bnVsbA==",
          "dependencies": [
            "google_compute_instance.challenge_server",
            "google_compute_network.potluckctf_network",
            "google_compute_subnetwork.potluckctf_challenge_subnet",
            "google_service_account.challenge_service_account"
          ]
        },
        {
          "index_key": "challenge19-a",
          "schema_version": 0,
          "attributes": {
            "condition": [],
            "etag": "BwYNZy00Gao=",
            "id": "projects/potluck-ctf/iap_tunnel/zones/europe-west3-b/instances/challenge19-a/roles/iap.tunnelResourceAccessor/serviceAccount:challenge-author-19@potluck-ctf.iam.gserviceaccount.com",
            "instance": "projects/potluck-ctf/iap_tunnel/zones/europe-west3-b/instances/challenge19-a",
            "member": "serviceAccount:challenge-author-19@potluck-ctf.iam.gserviceaccount.com",
            "project": "potluck-ctf",
            "role": "roles/iap.tunnelResourceAccessor",
            "zone": "europe-west3-b"
          },
          "sensitive_attributes": [],
          "private": "bnVsbA==",
          "dependencies": [
            "google_compute_instance.challenge_server",
            "google_compute_network.potluckctf_network",
            "google_compute_subnetwork.potluckctf_challenge_subnet",
            "google_service_account.challenge_service_account"
          ]
        },
        {
          "index_key": "challenge21-a",
          "schema_version": 0,
          "attributes": {
            "condition": [],
            "etag": "BwYNbCEL1as=",
            "id": "projects/potluck-ctf/iap_tunnel/zones/europe-west3-b/instances/challenge21-a/roles/iap.tunnelResourceAccessor/serviceAccount:challenge-author-21@potluck-ctf.iam.gserviceaccount.com",
            "instance": "projects/potluck-ctf/iap_tunnel/zones/europe-west3-b/instances/challenge21-a",
            "member": "serviceAccount:challenge-author-21@potluck-ctf.iam.gserviceaccount.com",
            "project": "potluck-ctf",
            "role": "roles/iap.tunnelResourceAccessor",
            "zone": "europe-west3-b"
          },
          "sensitive_attributes": [],
          "private": "bnVsbA==",
          "dependencies": [
            "google_compute_instance.challenge_server",
            "google_compute_network.potluckctf_network",
            "google_compute_subnetwork.potluckctf_challenge_subnet",
            "google_service_account.challenge_service_account"
          ]
        },
        {
          "index_key": "challenge22-a",
          "schema_version": 0,
          "attributes": {
            "condition": [],
            "etag": "BwYNZyzVb/Y=",
            "id": "projects/potluck-ctf/iap_tunnel/zones/europe-west3-b/instances/challenge22-a/roles/iap.tunnelResourceAccessor/serviceAccount:challenge-author-22@potluck-ctf.iam.gserviceaccount.com",
            "instance": "projects/potluck-ctf/iap_tunnel/zones/europe-west3-b/instances/challenge22-a",
            "member": "serviceAccount:challenge-author-22@potluck-ctf.iam.gserviceaccount.com",
            "project": "potluck-ctf",
            "role": "roles/iap.tunnelResourceAccessor",
            "zone": "europe-west3-b"
          },
          "sensitive_attributes": [],
          "private": "bnVsbA==",
          "dependencies": [
            "google_compute_instance.challenge_server",
            "google_compute_network.potluckctf_network",
            "google_compute_subnetwork.potluckctf_challenge_subnet",
            "google_service_account.challenge_service_account"
          ]
        },
        {
          "index_key": "challenge24-a",
          "schema_version": 0,
          "attributes": {
            "condition": [],
            "etag": "BwYNZy0wb6U=",
            "id": "projects/potluck-ctf/iap_tunnel/zones/europe-west3-b/instances/challenge24-a/roles/iap.tunnelResourceAccessor/serviceAccount:challenge-author-24@potluck-ctf.iam.gserviceaccount.com",
            "instance": "projects/potluck-ctf/iap_tunnel/zones/europe-west3-b/instances/challenge24-a",
            "member": "serviceAccount:challenge-author-24@potluck-ctf.iam.gserviceaccount.com",
            "project": "potluck-ctf",
            "role": "roles/iap.tunnelResourceAccessor",
            "zone": "europe-west3-b"
          },
          "sensitive_attributes": [],
          "private": "bnVsbA==",
          "dependencies": [
            "google_compute_instance.challenge_server",
            "google_compute_network.potluckctf_network",
            "google_compute_subnetwork.potluckctf_challenge_subnet",
            "google_service_account.challenge_service_account"
          ]
        },
        {
          "index_key": "challenge25-a",
          "schema_version": 0,
          "attributes": {
            "condition": [],
            "etag": "BwYNZyzRBlw=",
            "id": "projects/potluck-ctf/iap_tunnel/zones/europe-west3-b/instances/challenge25-a/roles/iap.tunnelResourceAccessor/serviceAccount:challenge-author-25@potluck-ctf.iam.gserviceaccount.com",
            "instance": "projects/potluck-ctf/iap_tunnel/zones/europe-west3-b/instances/challenge25-a",
            "member": "serviceAccount:challenge-author-25@potluck-ctf.iam.gserviceaccount.com",
            "project": "potluck-ctf",
            "role": "roles/iap.tunnelResourceAccessor",
            "zone": "europe-west3-b"
          },
          "sensitive_attributes": [],
          "private": "bnVsbA==",
          "dependencies": [
            "google_compute_instance.challenge_server",
            "google_compute_network.potluckctf_network",
            "google_compute_subnetwork.potluckctf_challenge_subnet",
            "google_service_account.challenge_service_account"
          ]
        },
        {
          "index_key": "challenge26-a",
          "schema_version": 0,
          "attributes": {
            "condition": [],
            "etag": "BwYNZy0pR4c=",
            "id": "projects/potluck-ctf/iap_tunnel/zones/europe-west3-b/instances/challenge26-a/roles/iap.tunnelResourceAccessor/serviceAccount:challenge-author-26@potluck-ctf.iam.gserviceaccount.com",
            "instance": "projects/potluck-ctf/iap_tunnel/zones/europe-west3-b/instances/challenge26-a",
            "member": "serviceAccount:challenge-author-26@potluck-ctf.iam.gserviceaccount.com",
            "project": "potluck-ctf",
            "role": "roles/iap.tunnelResourceAccessor",
            "zone": "europe-west3-b"
          },
          "sensitive_attributes": [],
          "private": "bnVsbA==",
          "dependencies": [
            "google_compute_instance.challenge_server",
            "google_compute_network.potluckctf_network",
            "google_compute_subnetwork.potluckctf_challenge_subnet",
            "google_service_account.challenge_service_account"
          ]
        },
        {
          "index_key": "challenge27-a",
          "schema_version": 0,
          "attributes": {
            "condition": [],
            "etag": "BwYNZy0t4B0=",
            "id": "projects/potluck-ctf/iap_tunnel/zones/europe-west3-b/instances/challenge27-a/roles/iap.tunnelResourceAccessor/serviceAccount:challenge-author-27@potluck-ctf.iam.gserviceaccount.com",
            "instance": "projects/potluck-ctf/iap_tunnel/zones/europe-west3-b/instances/challenge27-a",
            "member": "serviceAccount:challenge-author-27@potluck-ctf.iam.gserviceaccount.com",
            "project": "potluck-ctf",
            "role": "roles/iap.tunnelResourceAccessor",
            "zone": "europe-west3-b"
          },
          "sensitive_attributes": [],
          "private": "bnVsbA==",
          "dependencies": [
            "google_compute_instance.challenge_server",
            "google_compute_network.potluckctf_network",
            "google_compute_subnetwork.potluckctf_challenge_subnet",
            "google_service_account.challenge_service_account"
          ]
        },
        {
          "index_key": "challenge28-a",
          "schema_version": 0,
          "attributes": {
            "condition": [],
            "etag": "BwYNZy0l18E=",
            "id": "projects/potluck-ctf/iap_tunnel/zones/europe-west3-b/instances/challenge28-a/roles/iap.tunnelResourceAccessor/serviceAccount:challenge-author-28@potluck-ctf.iam.gserviceaccount.com",
            "instance": "projects/potluck-ctf/iap_tunnel/zones/europe-west3-b/instances/challenge28-a",
            "member": "serviceAccount:challenge-author-28@potluck-ctf.iam.gserviceaccount.com",
            "project": "potluck-ctf",
            "role": "roles/iap.tunnelResourceAccessor",
            "zone": "europe-west3-b"
          },
          "sensitive_attributes": [],
          "private": "bnVsbA==",
          "dependencies": [
            "google_compute_instance.challenge_server",
            "google_compute_network.potluckctf_network",
            "google_compute_subnetwork.potluckctf_challenge_subnet",
            "google_service_account.challenge_service_account"
          ]
        },
        {
          "index_key": "challenge29-a",
          "schema_version": 0,
          "attributes": {
            "condition": [],
            "etag": "BwYNZyzSVLs=",
            "id": "projects/potluck-ctf/iap_tunnel/zones/europe-west3-b/instances/challenge29-a/roles/iap.tunnelResourceAccessor/serviceAccount:challenge-author-29@potluck-ctf.iam.gserviceaccount.com",
            "instance": "projects/potluck-ctf/iap_tunnel/zones/europe-west3-b/instances/challenge29-a",
            "member": "serviceAccount:challenge-author-29@potluck-ctf.iam.gserviceaccount.com",
            "project": "potluck-ctf",
            "role": "roles/iap.tunnelResourceAccessor",
            "zone": "europe-west3-b"
          },
          "sensitive_attributes": [],
          "private": "bnVsbA==",
          "dependencies": [
            "google_compute_instance.challenge_server",
            "google_compute_network.potluckctf_network",
            "google_compute_subnetwork.potluckctf_challenge_subnet",
            "google_service_account.challenge_service_account"
          ]
        }
      ]
    },
    {
      "mode": "managed",
      "type": "google_project_iam_custom_role",
      "name": "compute_instance_get",
      "provider": "provider[\"registry.terraform.io/hashicorp/google-beta\"]",
      "instances": [
        {
          "schema_version": 0,
          "attributes": {
            "deleted": false,
            "description": "View iinfo about compute instance",
            "id": "projects/potluck-ctf/roles/computer_instance_viewer",
            "name": "projects/potluck-ctf/roles/computer_instance_viewer",
            "permissions": [
              "compute.instances.get"
            ],
            "project": "potluck-ctf",
            "role_id": "computer_instance_viewer",
            "stage": "GA",
            "title": "Compute Instance Viewer"
          },
          "sensitive_attributes": [],
          "private": "bnVsbA=="
        }
      ]
    },
    {
      "mode": "managed",
      "type": "google_service_account",
      "name": "challenge_service_account",
      "provider": "provider[\"registry.terraform.io/hashicorp/google-beta\"]",
      "instances": [
        {
          "index_key": "challenge00",
          "schema_version": 0,
          "attributes": {
            "account_id": "challenge00-service-account",
            "description": "",
            "disabled": false,
            "display_name": "challenge00 Challenge Service Account",
            "email": "challenge00-service-account@potluck-ctf.iam.gserviceaccount.com",
            "id": "projects/potluck-ctf/serviceAccounts/challenge00-service-account@potluck-ctf.iam.gserviceaccount.com",
            "member": "serviceAccount:challenge00-service-account@potluck-ctf.iam.gserviceaccount.com",
            "name": "projects/potluck-ctf/serviceAccounts/challenge00-service-account@potluck-ctf.iam.gserviceaccount.com",
            "project": "potluck-ctf",
            "timeouts": null,
            "unique_id": "104027661879728281276"
          },
          "sensitive_attributes": [],
          "private": "eyJlMmJmYjczMC1lY2FhLTExZTYtOGY4OC0zNDM2M2JjN2M0YzAiOnsiY3JlYXRlIjozMDAwMDAwMDAwMDB9fQ=="
        },
        {
          "index_key": "challenge01",
          "schema_version": 0,
          "attributes": {
            "account_id": "challenge01-service-account",
            "description": "",
            "disabled": false,
            "display_name": "challenge01 Challenge Service Account",
            "email": "challenge01-service-account@potluck-ctf.iam.gserviceaccount.com",
            "id": "projects/potluck-ctf/serviceAccounts/challenge01-service-account@potluck-ctf.iam.gserviceaccount.com",
            "member": "serviceAccount:challenge01-service-account@potluck-ctf.iam.gserviceaccount.com",
            "name": "projects/potluck-ctf/serviceAccounts/challenge01-service-account@potluck-ctf.iam.gserviceaccount.com",
            "project": "potluck-ctf",
            "timeouts": null,
            "unique_id": "115362305668040916687"
          },
          "sensitive_attributes": [],
          "private": "eyJlMmJmYjczMC1lY2FhLTExZTYtOGY4OC0zNDM2M2JjN2M0YzAiOnsiY3JlYXRlIjozMDAwMDAwMDAwMDB9fQ=="
        },
        {
          "index_key": "challenge03",
          "schema_version": 0,
          "attributes": {
            "account_id": "challenge03-service-account",
            "description": "",
            "disabled": false,
            "display_name": "challenge03 Challenge Service Account",
            "email": "challenge03-service-account@potluck-ctf.iam.gserviceaccount.com",
            "id": "projects/potluck-ctf/serviceAccounts/challenge03-service-account@potluck-ctf.iam.gserviceaccount.com",
            "member": "serviceAccount:challenge03-service-account@potluck-ctf.iam.gserviceaccount.com",
            "name": "projects/potluck-ctf/serviceAccounts/challenge03-service-account@potluck-ctf.iam.gserviceaccount.com",
            "project": "potluck-ctf",
            "timeouts": null,
            "unique_id": "100424972653145979931"
          },
          "sensitive_attributes": [],
          "private": "eyJlMmJmYjczMC1lY2FhLTExZTYtOGY4OC0zNDM2M2JjN2M0YzAiOnsiY3JlYXRlIjozMDAwMDAwMDAwMDB9fQ=="
        },
        {
          "index_key": "challenge05",
          "schema_version": 0,
          "attributes": {
            "account_id": "challenge05-service-account",
            "description": "",
            "disabled": false,
            "display_name": "challenge05 Challenge Service Account",
            "email": "challenge05-service-account@potluck-ctf.iam.gserviceaccount.com",
            "id": "projects/potluck-ctf/serviceAccounts/challenge05-service-account@potluck-ctf.iam.gserviceaccount.com",
            "member": "serviceAccount:challenge05-service-account@potluck-ctf.iam.gserviceaccount.com",
            "name": "projects/potluck-ctf/serviceAccounts/challenge05-service-account@potluck-ctf.iam.gserviceaccount.com",
            "project": "potluck-ctf",
            "timeouts": null,
            "unique_id": "109540395402907947744"
          },
          "sensitive_attributes": [],
          "private": "eyJlMmJmYjczMC1lY2FhLTExZTYtOGY4OC0zNDM2M2JjN2M0YzAiOnsiY3JlYXRlIjozMDAwMDAwMDAwMDB9fQ=="
        },
        {
          "index_key": "challenge06",
          "schema_version": 0,
          "attributes": {
            "account_id": "challenge06-service-account",
            "description": "",
            "disabled": false,
            "display_name": "challenge06 Challenge Service Account",
            "email": "challenge06-service-account@potluck-ctf.iam.gserviceaccount.com",
            "id": "projects/potluck-ctf/serviceAccounts/challenge06-service-account@potluck-ctf.iam.gserviceaccount.com",
            "member": "serviceAccount:challenge06-service-account@potluck-ctf.iam.gserviceaccount.com",
            "name": "projects/potluck-ctf/serviceAccounts/challenge06-service-account@potluck-ctf.iam.gserviceaccount.com",
            "project": "potluck-ctf",
            "timeouts": null,
            "unique_id": "108297983376223225187"
          },
          "sensitive_attributes": [],
          "private": "eyJlMmJmYjczMC1lY2FhLTExZTYtOGY4OC0zNDM2M2JjN2M0YzAiOnsiY3JlYXRlIjozMDAwMDAwMDAwMDB9fQ=="
        },
        {
          "index_key": "challenge07",
          "schema_version": 0,
          "attributes": {
            "account_id": "challenge07-service-account",
            "description": "",
            "disabled": false,
            "display_name": "challenge07 Challenge Service Account",
            "email": "challenge07-service-account@potluck-ctf.iam.gserviceaccount.com",
            "id": "projects/potluck-ctf/serviceAccounts/challenge07-service-account@potluck-ctf.iam.gserviceaccount.com",
            "member": "serviceAccount:challenge07-service-account@potluck-ctf.iam.gserviceaccount.com",
            "name": "projects/potluck-ctf/serviceAccounts/challenge07-service-account@potluck-ctf.iam.gserviceaccount.com",
            "project": "potluck-ctf",
            "timeouts": null,
            "unique_id": "104233122797180847572"
          },
          "sensitive_attributes": [],
          "private": "eyJlMmJmYjczMC1lY2FhLTExZTYtOGY4OC0zNDM2M2JjN2M0YzAiOnsiY3JlYXRlIjozMDAwMDAwMDAwMDB9fQ=="
        },
        {
          "index_key": "challenge09",
          "schema_version": 0,
          "attributes": {
            "account_id": "challenge09-service-account",
            "description": "",
            "disabled": false,
            "display_name": "challenge09 Challenge Service Account",
            "email": "challenge09-service-account@potluck-ctf.iam.gserviceaccount.com",
            "id": "projects/potluck-ctf/serviceAccounts/challenge09-service-account@potluck-ctf.iam.gserviceaccount.com",
            "member": "serviceAccount:challenge09-service-account@potluck-ctf.iam.gserviceaccount.com",
            "name": "projects/potluck-ctf/serviceAccounts/challenge09-service-account@potluck-ctf.iam.gserviceaccount.com",
            "project": "potluck-ctf",
            "timeouts": null,
            "unique_id": "104911762965933381573"
          },
          "sensitive_attributes": [],
          "private": "eyJlMmJmYjczMC1lY2FhLTExZTYtOGY4OC0zNDM2M2JjN2M0YzAiOnsiY3JlYXRlIjozMDAwMDAwMDAwMDB9fQ=="
        },
        {
          "index_key": "challenge11",
          "schema_version": 0,
          "attributes": {
            "account_id": "challenge11-service-account",
            "description": "",
            "disabled": false,
            "display_name": "challenge11 Challenge Service Account",
            "email": "challenge11-service-account@potluck-ctf.iam.gserviceaccount.com",
            "id": "projects/potluck-ctf/serviceAccounts/challenge11-service-account@potluck-ctf.iam.gserviceaccount.com",
            "member": "serviceAccount:challenge11-service-account@potluck-ctf.iam.gserviceaccount.com",
            "name": "projects/potluck-ctf/serviceAccounts/challenge11-service-account@potluck-ctf.iam.gserviceaccount.com",
            "project": "potluck-ctf",
            "timeouts": null,
            "unique_id": "102874547074961166479"
          },
          "sensitive_attributes": [],
          "private": "eyJlMmJmYjczMC1lY2FhLTExZTYtOGY4OC0zNDM2M2JjN2M0YzAiOnsiY3JlYXRlIjozMDAwMDAwMDAwMDB9fQ=="
        },
        {
          "index_key": "challenge12",
          "schema_version": 0,
          "attributes": {
            "account_id": "challenge12-service-account",
            "description": "",
            "disabled": false,
            "display_name": "challenge12 Challenge Service Account",
            "email": "challenge12-service-account@potluck-ctf.iam.gserviceaccount.com",
            "id": "projects/potluck-ctf/serviceAccounts/challenge12-service-account@potluck-ctf.iam.gserviceaccount.com",
            "member": "serviceAccount:challenge12-service-account@potluck-ctf.iam.gserviceaccount.com",
            "name": "projects/potluck-ctf/serviceAccounts/challenge12-service-account@potluck-ctf.iam.gserviceaccount.com",
            "project": "potluck-ctf",
            "timeouts": null,
            "unique_id": "107214006072571876104"
          },
          "sensitive_attributes": [],
          "private": "eyJlMmJmYjczMC1lY2FhLTExZTYtOGY4OC0zNDM2M2JjN2M0YzAiOnsiY3JlYXRlIjozMDAwMDAwMDAwMDB9fQ=="
        },
        {
          "index_key": "challenge13",
          "schema_version": 0,
          "attributes": {
            "account_id": "challenge13-service-account",
            "description": "",
            "disabled": false,
            "display_name": "challenge13 Challenge Service Account",
            "email": "challenge13-service-account@potluck-ctf.iam.gserviceaccount.com",
            "id": "projects/potluck-ctf/serviceAccounts/challenge13-service-account@potluck-ctf.iam.gserviceaccount.com",
            "member": "serviceAccount:challenge13-service-account@potluck-ctf.iam.gserviceaccount.com",
            "name": "projects/potluck-ctf/serviceAccounts/challenge13-service-account@potluck-ctf.iam.gserviceaccount.com",
            "project": "potluck-ctf",
            "timeouts": null,
            "unique_id": "104491104867639522476"
          },
          "sensitive_attributes": [],
          "private": "eyJlMmJmYjczMC1lY2FhLTExZTYtOGY4OC0zNDM2M2JjN2M0YzAiOnsiY3JlYXRlIjozMDAwMDAwMDAwMDB9fQ=="
        },
        {
          "index_key": "challenge15",
          "schema_version": 0,
          "attributes": {
            "account_id": "challenge15-service-account",
            "description": "",
            "disabled": false,
            "display_name": "challenge15 Challenge Service Account",
            "email": "challenge15-service-account@potluck-ctf.iam.gserviceaccount.com",
            "id": "projects/potluck-ctf/serviceAccounts/challenge15-service-account@potluck-ctf.iam.gserviceaccount.com",
            "member": "serviceAccount:challenge15-service-account@potluck-ctf.iam.gserviceaccount.com",
            "name": "projects/potluck-ctf/serviceAccounts/challenge15-service-account@potluck-ctf.iam.gserviceaccount.com",
            "project": "potluck-ctf",
            "timeouts": null,
            "unique_id": "100398301764032244013"
          },
          "sensitive_attributes": [],
          "private": "eyJlMmJmYjczMC1lY2FhLTExZTYtOGY4OC0zNDM2M2JjN2M0YzAiOnsiY3JlYXRlIjozMDAwMDAwMDAwMDB9fQ=="
        },
        {
          "index_key": "challenge18",
          "schema_version": 0,
          "attributes": {
            "account_id": "challenge18-service-account",
            "description": "",
            "disabled": false,
            "display_name": "challenge18 Challenge Service Account",
            "email": "challenge18-service-account@potluck-ctf.iam.gserviceaccount.com",
            "id": "projects/potluck-ctf/serviceAccounts/challenge18-service-account@potluck-ctf.iam.gserviceaccount.com",
            "member": "serviceAccount:challenge18-service-account@potluck-ctf.iam.gserviceaccount.com",
            "name": "projects/potluck-ctf/serviceAccounts/challenge18-service-account@potluck-ctf.iam.gserviceaccount.com",
            "project": "potluck-ctf",
            "timeouts": null,
            "unique_id": "116025138607142239937"
          },
          "sensitive_attributes": [],
          "private": "eyJlMmJmYjczMC1lY2FhLTExZTYtOGY4OC0zNDM2M2JjN2M0YzAiOnsiY3JlYXRlIjozMDAwMDAwMDAwMDB9fQ=="
        },
        {
          "index_key": "challenge19",
          "schema_version": 0,
          "attributes": {
            "account_id": "challenge19-service-account",
            "description": "",
            "disabled": false,
            "display_name": "challenge19 Challenge Service Account",
            "email": "challenge19-service-account@potluck-ctf.iam.gserviceaccount.com",
            "id": "projects/potluck-ctf/serviceAccounts/challenge19-service-account@potluck-ctf.iam.gserviceaccount.com",
            "member": "serviceAccount:challenge19-service-account@potluck-ctf.iam.gserviceaccount.com",
            "name": "projects/potluck-ctf/serviceAccounts/challenge19-service-account@potluck-ctf.iam.gserviceaccount.com",
            "project": "potluck-ctf",
            "timeouts": null,
            "unique_id": "110516586629996972444"
          },
          "sensitive_attributes": [],
          "private": "eyJlMmJmYjczMC1lY2FhLTExZTYtOGY4OC0zNDM2M2JjN2M0YzAiOnsiY3JlYXRlIjozMDAwMDAwMDAwMDB9fQ=="
        },
        {
          "index_key": "challenge21",
          "schema_version": 0,
          "attributes": {
            "account_id": "challenge21-service-account",
            "description": "",
            "disabled": false,
            "display_name": "challenge21 Challenge Service Account",
            "email": "challenge21-service-account@potluck-ctf.iam.gserviceaccount.com",
            "id": "projects/potluck-ctf/serviceAccounts/challenge21-service-account@potluck-ctf.iam.gserviceaccount.com",
            "member": "serviceAccount:challenge21-service-account@potluck-ctf.iam.gserviceaccount.com",
            "name": "projects/potluck-ctf/serviceAccounts/challenge21-service-account@potluck-ctf.iam.gserviceaccount.com",
            "project": "potluck-ctf",
            "timeouts": null,
            "unique_id": "115167870228554961942"
          },
          "sensitive_attributes": [],
          "private": "eyJlMmJmYjczMC1lY2FhLTExZTYtOGY4OC0zNDM2M2JjN2M0YzAiOnsiY3JlYXRlIjozMDAwMDAwMDAwMDB9fQ=="
        },
        {
          "index_key": "challenge22",
          "schema_version": 0,
          "attributes": {
            "account_id": "challenge22-service-account",
            "description": "",
            "disabled": false,
            "display_name": "challenge22 Challenge Service Account",
            "email": "challenge22-service-account@potluck-ctf.iam.gserviceaccount.com",
            "id": "projects/potluck-ctf/serviceAccounts/challenge22-service-account@potluck-ctf.iam.gserviceaccount.com",
            "member": "serviceAccount:challenge22-service-account@potluck-ctf.iam.gserviceaccount.com",
            "name": "projects/potluck-ctf/serviceAccounts/challenge22-service-account@potluck-ctf.iam.gserviceaccount.com",
            "project": "potluck-ctf",
            "timeouts": null,
            "unique_id": "103601303714815651775"
          },
          "sensitive_attributes": [],
          "private": "eyJlMmJmYjczMC1lY2FhLTExZTYtOGY4OC0zNDM2M2JjN2M0YzAiOnsiY3JlYXRlIjozMDAwMDAwMDAwMDB9fQ=="
        },
        {
          "index_key": "challenge24",
          "schema_version": 0,
          "attributes": {
            "account_id": "challenge24-service-account",
            "description": "",
            "disabled": false,
            "display_name": "challenge24 Challenge Service Account",
            "email": "challenge24-service-account@potluck-ctf.iam.gserviceaccount.com",
            "id": "projects/potluck-ctf/serviceAccounts/challenge24-service-account@potluck-ctf.iam.gserviceaccount.com",
            "member": "serviceAccount:challenge24-service-account@potluck-ctf.iam.gserviceaccount.com",
            "name": "projects/potluck-ctf/serviceAccounts/challenge24-service-account@potluck-ctf.iam.gserviceaccount.com",
            "project": "potluck-ctf",
            "timeouts": null,
            "unique_id": "116360947258626326504"
          },
          "sensitive_attributes": [],
          "private": "eyJlMmJmYjczMC1lY2FhLTExZTYtOGY4OC0zNDM2M2JjN2M0YzAiOnsiY3JlYXRlIjozMDAwMDAwMDAwMDB9fQ=="
        },
        {
          "index_key": "challenge25",
          "schema_version": 0,
          "attributes": {
            "account_id": "challenge25-service-account",
            "description": "",
            "disabled": false,
            "display_name": "challenge25 Challenge Service Account",
            "email": "challenge25-service-account@potluck-ctf.iam.gserviceaccount.com",
            "id": "projects/potluck-ctf/serviceAccounts/challenge25-service-account@potluck-ctf.iam.gserviceaccount.com",
            "member": "serviceAccount:challenge25-service-account@potluck-ctf.iam.gserviceaccount.com",
            "name": "projects/potluck-ctf/serviceAccounts/challenge25-service-account@potluck-ctf.iam.gserviceaccount.com",
            "project": "potluck-ctf",
            "timeouts": null,
            "unique_id": "113784566637708288871"
          },
          "sensitive_attributes": [],
          "private": "eyJlMmJmYjczMC1lY2FhLTExZTYtOGY4OC0zNDM2M2JjN2M0YzAiOnsiY3JlYXRlIjozMDAwMDAwMDAwMDB9fQ=="
        },
        {
          "index_key": "challenge26",
          "schema_version": 0,
          "attributes": {
            "account_id": "challenge26-service-account",
            "description": "",
            "disabled": false,
            "display_name": "challenge26 Challenge Service Account",
            "email": "challenge26-service-account@potluck-ctf.iam.gserviceaccount.com",
            "id": "projects/potluck-ctf/serviceAccounts/challenge26-service-account@potluck-ctf.iam.gserviceaccount.com",
            "member": "serviceAccount:challenge26-service-account@potluck-ctf.iam.gserviceaccount.com",
            "name": "projects/potluck-ctf/serviceAccounts/challenge26-service-account@potluck-ctf.iam.gserviceaccount.com",
            "project": "potluck-ctf",
            "timeouts": null,
            "unique_id": "116407679959875226807"
          },
          "sensitive_attributes": [],
          "private": "eyJlMmJmYjczMC1lY2FhLTExZTYtOGY4OC0zNDM2M2JjN2M0YzAiOnsiY3JlYXRlIjozMDAwMDAwMDAwMDB9fQ=="
        },
        {
          "index_key": "challenge27",
          "schema_version": 0,
          "attributes": {
            "account_id": "challenge27-service-account",
            "description": "",
            "disabled": false,
            "display_name": "challenge27 Challenge Service Account",
            "email": "challenge27-service-account@potluck-ctf.iam.gserviceaccount.com",
            "id": "projects/potluck-ctf/serviceAccounts/challenge27-service-account@potluck-ctf.iam.gserviceaccount.com",
            "member": "serviceAccount:challenge27-service-account@potluck-ctf.iam.gserviceaccount.com",
            "name": "projects/potluck-ctf/serviceAccounts/challenge27-service-account@potluck-ctf.iam.gserviceaccount.com",
            "project": "potluck-ctf",
            "timeouts": null,
            "unique_id": "106610484075783151629"
          },
          "sensitive_attributes": [],
          "private": "eyJlMmJmYjczMC1lY2FhLTExZTYtOGY4OC0zNDM2M2JjN2M0YzAiOnsiY3JlYXRlIjozMDAwMDAwMDAwMDB9fQ=="
        },
        {
          "index_key": "challenge28",
          "schema_version": 0,
          "attributes": {
            "account_id": "challenge28-service-account",
            "description": "",
            "disabled": false,
            "display_name": "challenge28 Challenge Service Account",
            "email": "challenge28-service-account@potluck-ctf.iam.gserviceaccount.com",
            "id": "projects/potluck-ctf/serviceAccounts/challenge28-service-account@potluck-ctf.iam.gserviceaccount.com",
            "member": "serviceAccount:challenge28-service-account@potluck-ctf.iam.gserviceaccount.com",
            "name": "projects/potluck-ctf/serviceAccounts/challenge28-service-account@potluck-ctf.iam.gserviceaccount.com",
            "project": "potluck-ctf",
            "timeouts": null,
            "unique_id": "118077653015801438363"
          },
          "sensitive_attributes": [],
          "private": "eyJlMmJmYjczMC1lY2FhLTExZTYtOGY4OC0zNDM2M2JjN2M0YzAiOnsiY3JlYXRlIjozMDAwMDAwMDAwMDB9fQ=="
        },
        {
          "index_key": "challenge29",
          "schema_version": 0,
          "attributes": {
            "account_id": "challenge29-service-account",
            "description": "",
            "disabled": false,
            "display_name": "challenge29 Challenge Service Account",
            "email": "challenge29-service-account@potluck-ctf.iam.gserviceaccount.com",
            "id": "projects/potluck-ctf/serviceAccounts/challenge29-service-account@potluck-ctf.iam.gserviceaccount.com",
            "member": "serviceAccount:challenge29-service-account@potluck-ctf.iam.gserviceaccount.com",
            "name": "projects/potluck-ctf/serviceAccounts/challenge29-service-account@potluck-ctf.iam.gserviceaccount.com",
            "project": "potluck-ctf",
            "timeouts": null,
            "unique_id": "106645642480315639543"
          },
          "sensitive_attributes": [],
          "private": "eyJlMmJmYjczMC1lY2FhLTExZTYtOGY4OC0zNDM2M2JjN2M0YzAiOnsiY3JlYXRlIjozMDAwMDAwMDAwMDB9fQ=="
        }
      ]
    },
    {
      "mode": "managed",
      "type": "local_file",
      "name": "hosts_ansible_inventory",
      "provider": "provider[\"registry.terraform.io/hashicorp/local\"]",
      "instances": [
        {
          "schema_version": 0,
          "attributes": {
            "content": "all:\n  hosts:\n  children:\n    scoreboard:\n      hosts:\n        scoreboard-a:\n    challenges:\n      children:\n        challenge00:\n          hosts:\n            challenge00-a:\n        challenge01:\n          hosts:\n            challenge01-a:\n        challenge03:\n          hosts:\n            challenge03-a:\n        challenge05:\n          hosts:\n            challenge05-a:\n        challenge06:\n          hosts:\n            challenge06-a:\n        challenge07:\n          hosts:\n            challenge07-a:\n        challenge09:\n          hosts:\n            challenge09-a:\n        challenge11:\n          hosts:\n            challenge11-a:\n        challenge12:\n          hosts:\n            challenge12-a:\n        challenge13:\n          hosts:\n            challenge13-a:\n        challenge15:\n          hosts:\n            challenge15-a:\n        challenge18:\n          hosts:\n            challenge18-a:\n        challenge19:\n          hosts:\n            challenge19-a:\n        challenge21:\n          hosts:\n            challenge21-a:\n        challenge22:\n          hosts:\n            challenge22-a:\n        challenge24:\n          hosts:\n            challenge24-a:\n        challenge25:\n          hosts:\n            challenge25-a:\n        challenge26:\n          hosts:\n            challenge26-a:\n        challenge27:\n          hosts:\n            challenge27-a:\n        challenge28:\n          hosts:\n            challenge28-a:\n        challenge29:\n          hosts:\n            challenge29-a:\n\n    docker:\n      hosts:\n        challenge00-a:\n        challenge01-a:\n        challenge03-a:\n        challenge05-a:\n        challenge06-a:\n        challenge07-a:\n        challenge09-a:\n        challenge11-a:\n        challenge12-a:\n        challenge13-a:\n        challenge15-a:\n        challenge18-a:\n        challenge19-a:\n        challenge21-a:\n        challenge22-a:\n        challenge24-a:\n        challenge26-a:\n        challenge27-a:\n        challenge28-a:\n        challenge29-a:\n\n    docker_single:\n      hosts:\n        challenge00-a:\n        challenge01-a:\n        challenge03-a:\n        challenge05-a:\n        challenge06-a:\n        challenge07-a:\n        challenge09-a:\n        challenge12-a:\n        challenge13-a:\n        challenge15-a:\n        challenge18-a:\n        challenge19-a:\n        challenge21-a:\n        challenge22-a:\n        challenge24-a:\n        challenge26-a:\n        challenge27-a:\n        challenge28-a:\n        challenge29-a:\n\n    monitor:\n      hosts:\n        monitor-a:\n",
            "content_base64": null,
            "content_base64sha256": "X3MTUeBH7GWTJLt6+0Miw4GPPfBMYWHRlv4I1Uwh+4s=",
            "content_base64sha512": "fNipmVtinyjpl6M712WqW5JsRTlDDND3KE2UE1BvXqt4B5rCs6JlJFYCR0jN67DNwfsah2pYqpogD7c+fpvU/w==",
            "content_md5": "eb9b54577c807dcc619c7111113f25c9",
            "content_sha1": "d29ae9f098e9bd92faad25a094f36ccad7667f25",
            "content_sha256": "5f731351e047ec659324bb7afb4322c3818f3df04c6161d196fe08d54c21fb8b",
            "content_sha512": "7cd8a9995b629f28e997a33bd765aa5b926c4539430cd0f7284d9413506f5eab78079ac2b3a2652456024748cdebb0cdc1fb1a876a58aa9a200fb73e7e9bd4ff",
            "directory_permission": "0777",
            "file_permission": "0644",
            "filename": "hosts.yml",
            "id": "d29ae9f098e9bd92faad25a094f36ccad7667f25",
            "sensitive_content": null,
            "source": null
          },
          "sensitive_attributes": [
            [
              {
                "type": "get_attr",
                "value": "content"
              }
            ]
          ],
          "dependencies": [
            "google_compute_instance.challenge_server",
            "google_compute_instance.monitor_server",
            "google_compute_instance.scoreboard_server",
            "google_compute_network.potluckctf_network",
            "google_compute_subnetwork.potluckctf_challenge_subnet",
            "google_compute_subnetwork.potluckctf_subnet",
            "google_service_account.challenge_service_account"
          ]
        }
      ]
    }
  ],
  "check_results": null
}
